{"format_version":"0.1","provider_schemas":{"azurerm":{"provider":{"version":0,"block":{"attributes":{"auxiliary_tenant_ids":{"type":["list","string"],"optional":true},"client_certificate_password":{"type":"string","description":"The password associated with the Client Certificate. For use when authenticating as a Service Principal using a Client Certificate","optional":true},"client_certificate_path":{"type":"string","description":"The path to the Client Certificate associated with the Service Principal for use when authenticating as a Service Principal using a Client Certificate.","optional":true},"client_id":{"type":"string","description":"The Client ID which should be used.","optional":true},"client_secret":{"type":"string","description":"The Client Secret which should be used. For use When authenticating as a Service Principal using a Client Secret.","optional":true},"disable_correlation_request_id":{"type":"bool","description":"This will disable the x-ms-correlation-request-id header.","optional":true},"disable_terraform_partner_id":{"type":"bool","description":"This will disable the Terraform Partner ID which is used if a custom `partner_id` isn't specified.","optional":true},"environment":{"type":"string","description":"The Cloud Environment which should be used. Possible values are public, usgovernment, german, and china. Defaults to public.","optional":true},"msi_endpoint":{"type":"string","description":"The path to a custom endpoint for Managed Service Identity - in most circumstances this should be detected automatically. ","optional":true},"partner_id":{"type":"string","description":"A GUID/UUID that is registered with Microsoft to facilitate partner resource usage attribution.","optional":true},"skip_credentials_validation":{"type":"bool","description":"This will cause the AzureRM Provider to skip verifying the credentials being used are valid.","optional":true},"skip_provider_registration":{"type":"bool","description":"Should the AzureRM Provider skip registering all of the Resource Providers that it supports, if they're not already registered?","optional":true},"storage_use_azuread":{"type":"bool","description":"Should the AzureRM Provider use AzureAD to access the Storage Data Plane API's?","optional":true},"subscription_id":{"type":"string","description":"The Subscription ID which should be used.","optional":true},"tenant_id":{"type":"string","description":"The Tenant ID which should be used.","optional":true},"use_msi":{"type":"bool","description":"Allowed Managed Service Identity be used for Authentication.","optional":true}},"block_types":{"features":{"nesting_mode":"list","block":{"block_types":{"key_vault":{"nesting_mode":"list","block":{"attributes":{"purge_soft_delete_on_destroy":{"type":"bool","optional":true},"recover_soft_deleted_key_vaults":{"type":"bool","optional":true}}},"max_items":1},"virtual_machine":{"nesting_mode":"list","block":{"attributes":{"delete_os_disk_on_deletion":{"type":"bool","required":true}}},"max_items":1},"virtual_machine_scale_set":{"nesting_mode":"list","block":{"attributes":{"roll_instances_when_required":{"type":"bool","required":true}}},"max_items":1}}},"min_items":1,"max_items":1}}}},"resource_schemas":{"azurerm_advanced_threat_protection":{"version":0,"block":{"attributes":{"enabled":{"type":"bool","required":true},"id":{"type":"string","optional":true,"computed":true},"target_resource_id":{"type":"string","required":true}},"block_types":{"timeouts":{"nesting_mode":"single","block":{"attributes":{"create":{"type":"string","optional":true},"delete":{"type":"string","optional":true},"read":{"type":"string","optional":true},"update":{"type":"string","optional":true}}}}}}},"azurerm_analysis_services_server":{"version":0,"block":{"attributes":{"admin_users":{"type":["set","string"],"optional":true},"backup_blob_container_uri":{"type":"string","optional":true,"sensitive":true},"enable_power_bi_service":{"type":"bool","optional":true},"id":{"type":"string","optional":true,"computed":true},"location":{"type":"string","required":true},"name":{"type":"string","required":true},"querypool_connection_mode":{"type":"string","optional":true,"computed":true},"resource_group_name":{"type":"string","required":true},"server_full_name":{"type":"string","computed":true},"sku":{"type":"string","required":true},"tags":{"type":["map","string"],"optional":true}},"block_types":{"ipv4_firewall_rule":{"nesting_mode":"set","block":{"attributes":{"name":{"type":"string","required":true},"range_end":{"type":"string","required":true},"range_start":{"type":"string","required":true}}}},"timeouts":{"nesting_mode":"single","block":{"attributes":{"create":{"type":"string","optional":true},"delete":{"type":"string","optional":true},"read":{"type":"string","optional":true},"update":{"type":"string","optional":true}}}}}}},"azurerm_api_management":{"version":0,"block":{"attributes":{"developer_portal_url":{"type":"string","computed":true},"gateway_regional_url":{"type":"string","computed":true},"gateway_url":{"type":"string","computed":true},"id":{"type":"string","optional":true,"computed":true},"location":{"type":"string","required":true},"management_api_url":{"type":"string","computed":true},"name":{"type":"string","required":true},"notification_sender_email":{"type":"string","optional":true,"computed":true},"policy":{"type":["list",["object",{"xml_content":"string","xml_link":"string"}]],"optional":true,"computed":true},"portal_url":{"type":"string","computed":true},"private_ip_addresses":{"type":["list","string"],"computed":true},"public_ip_addresses":{"type":["list","string"],"computed":true},"publisher_email":{"type":"string","required":true},"publisher_name":{"type":"string","required":true},"resource_group_name":{"type":"string","required":true},"scm_url":{"type":"string","computed":true},"sku_name":{"type":"string","required":true},"tags":{"type":["map","string"],"optional":true},"virtual_network_type":{"type":"string","optional":true}},"block_types":{"additional_location":{"nesting_mode":"list","block":{"attributes":{"gateway_regional_url":{"type":"string","computed":true},"location":{"type":"string","required":true},"public_ip_addresses":{"type":["list","string"],"computed":true}}}},"certificate":{"nesting_mode":"list","block":{"attributes":{"certificate_password":{"type":"string","required":true,"sensitive":true},"encoded_certificate":{"type":"string","required":true,"sensitive":true},"store_name":{"type":"string","required":true}}},"max_items":10},"hostname_configuration":{"nesting_mode":"list","block":{"block_types":{"developer_portal":{"nesting_mode":"list","block":{"attributes":{"certificate":{"type":"string","optional":true,"sensitive":true},"certificate_password":{"type":"string","optional":true,"sensitive":true},"host_name":{"type":"string","required":true},"key_vault_id":{"type":"string","optional":true},"negotiate_client_certificate":{"type":"bool","optional":true}}}},"management":{"nesting_mode":"list","block":{"attributes":{"certificate":{"type":"string","optional":true,"sensitive":true},"certificate_password":{"type":"string","optional":true,"sensitive":true},"host_name":{"type":"string","required":true},"key_vault_id":{"type":"string","optional":true},"negotiate_client_certificate":{"type":"bool","optional":true}}}},"portal":{"nesting_mode":"list","block":{"attributes":{"certificate":{"type":"string","optional":true,"sensitive":true},"certificate_password":{"type":"string","optional":true,"sensitive":true},"host_name":{"type":"string","required":true},"key_vault_id":{"type":"string","optional":true},"negotiate_client_certificate":{"type":"bool","optional":true}}}},"proxy":{"nesting_mode":"list","block":{"attributes":{"certificate":{"type":"string","optional":true,"sensitive":true},"certificate_password":{"type":"string","optional":true,"sensitive":true},"default_ssl_binding":{"type":"bool","optional":true,"computed":true},"host_name":{"type":"string","required":true},"key_vault_id":{"type":"string","optional":true},"negotiate_client_certificate":{"type":"bool","optional":true}}}},"scm":{"nesting_mode":"list","block":{"attributes":{"certificate":{"type":"string","optional":true,"sensitive":true},"certificate_password":{"type":"string","optional":true,"sensitive":true},"host_name":{"type":"string","required":true},"key_vault_id":{"type":"string","optional":true},"negotiate_client_certificate":{"type":"bool","optional":true}}}}}},"max_items":1},"identity":{"nesting_mode":"list","block":{"attributes":{"identity_ids":{"type":["set","string"],"optional":true},"principal_id":{"type":"string","computed":true},"tenant_id":{"type":"string","computed":true},"type":{"type":"string","optional":true}}},"max_items":1},"protocols":{"nesting_mode":"list","block":{"attributes":{"enable_http2":{"type":"bool","optional":true}}},"max_items":1},"security":{"nesting_mode":"list","block":{"attributes":{"enable_backend_ssl30":{"type":"bool","optional":true},"enable_backend_tls10":{"type":"bool","optional":true},"enable_backend_tls11":{"type":"bool","optional":true},"enable_frontend_ssl30":{"type":"bool","optional":true},"enable_frontend_tls10":{"type":"bool","optional":true},"enable_frontend_tls11":{"type":"bool","optional":true},"enable_triple_des_ciphers":{"type":"bool","optional":true}}},"max_items":1},"sign_in":{"nesting_mode":"list","block":{"attributes":{"enabled":{"type":"bool","required":true}}},"max_items":1},"sign_up":{"nesting_mode":"list","block":{"attributes":{"enabled":{"type":"bool","required":true}},"block_types":{"terms_of_service":{"nesting_mode":"list","block":{"attributes":{"consent_required":{"type":"bool","required":true},"enabled":{"type":"bool","required":true},"text":{"type":"string","optional":true}}},"min_items":1,"max_items":1}}},"max_items":1},"timeouts":{"nesting_mode":"single","block":{"attributes":{"create":{"type":"string","optional":true},"delete":{"type":"string","optional":true},"read":{"type":"string","optional":true},"update":{"type":"string","optional":true}}}},"virtual_network_configuration":{"nesting_mode":"list","block":{"attributes":{"subnet_id":{"type":"string","required":true}}},"max_items":1}}}},"azurerm_api_management_api":{"version":0,"block":{"attributes":{"api_management_name":{"type":"string","required":true},"description":{"type":"string","optional":true},"display_name":{"type":"string","required":true},"id":{"type":"string","optional":true,"computed":true},"is_current":{"type":"bool","computed":true},"is_online":{"type":"bool","computed":true},"name":{"type":"string","required":true},"path":{"type":"string","required":true},"protocols":{"type":["set","string"],"required":true},"resource_group_name":{"type":"string","required":true},"revision":{"type":"string","required":true},"service_url":{"type":"string","optional":true,"computed":true},"soap_pass_through":{"type":"bool","optional":true},"subscription_required":{"type":"bool","optional":true,"computed":true},"version":{"type":"string","optional":true,"computed":true},"version_set_id":{"type":"string","optional":true,"computed":true}},"block_types":{"import":{"nesting_mode":"list","block":{"attributes":{"content_format":{"type":"string","required":true},"content_value":{"type":"string","required":true}},"block_types":{"wsdl_selector":{"nesting_mode":"list","block":{"attributes":{"endpoint_name":{"type":"string","required":true},"service_name":{"type":"string","required":true}}},"max_items":1}}},"max_items":1},"subscription_key_parameter_names":{"nesting_mode":"list","block":{"attributes":{"header":{"type":"string","required":true},"query":{"type":"string","required":true}}},"max_items":1},"timeouts":{"nesting_mode":"single","block":{"attributes":{"create":{"type":"string","optional":true},"delete":{"type":"string","optional":true},"read":{"type":"string","optional":true},"update":{"type":"string","optional":true}}}}}}},"azurerm_api_management_api_operation":{"version":0,"block":{"attributes":{"api_management_name":{"type":"string","required":true},"api_name":{"type":"string","required":true},"description":{"type":"string","optional":true},"display_name":{"type":"string","required":true},"id":{"type":"string","optional":true,"computed":true},"method":{"type":"string","required":true},"operation_id":{"type":"string","required":true},"resource_group_name":{"type":"string","required":true},"url_template":{"type":"string","required":true}},"block_types":{"request":{"nesting_mode":"list","block":{"attributes":{"description":{"type":"string","optional":true}},"block_types":{"header":{"nesting_mode":"list","block":{"attributes":{"default_value":{"type":"string","optional":true},"description":{"type":"string","optional":true},"name":{"type":"string","required":true},"required":{"type":"bool","required":true},"type":{"type":"string","required":true},"values":{"type":["set","string"],"optional":true}}}},"query_parameter":{"nesting_mode":"list","block":{"attributes":{"default_value":{"type":"string","optional":true},"description":{"type":"string","optional":true},"name":{"type":"string","required":true},"required":{"type":"bool","required":true},"type":{"type":"string","required":true},"values":{"type":["set","string"],"optional":true}}}},"representation":{"nesting_mode":"list","block":{"attributes":{"content_type":{"type":"string","required":true},"sample":{"type":"string","optional":true},"schema_id":{"type":"string","optional":true},"type_name":{"type":"string","optional":true}},"block_types":{"form_parameter":{"nesting_mode":"list","block":{"attributes":{"default_value":{"type":"string","optional":true},"description":{"type":"string","optional":true},"name":{"type":"string","required":true},"required":{"type":"bool","required":true},"type":{"type":"string","required":true},"values":{"type":["set","string"],"optional":true}}}}}}}}},"max_items":1},"response":{"nesting_mode":"list","block":{"attributes":{"description":{"type":"string","optional":true},"status_code":{"type":"number","required":true}},"block_types":{"header":{"nesting_mode":"list","block":{"attributes":{"default_value":{"type":"string","optional":true},"description":{"type":"string","optional":true},"name":{"type":"string","required":true},"required":{"type":"bool","required":true},"type":{"type":"string","required":true},"values":{"type":["set","string"],"optional":true}}}},"representation":{"nesting_mode":"list","block":{"attributes":{"content_type":{"type":"string","required":true},"sample":{"type":"string","optional":true},"schema_id":{"type":"string","optional":true},"type_name":{"type":"string","optional":true}},"block_types":{"form_parameter":{"nesting_mode":"list","block":{"attributes":{"default_value":{"type":"string","optional":true},"description":{"type":"string","optional":true},"name":{"type":"string","required":true},"required":{"type":"bool","required":true},"type":{"type":"string","required":true},"values":{"type":["set","string"],"optional":true}}}}}}}}}},"template_parameter":{"nesting_mode":"list","block":{"attributes":{"default_value":{"type":"string","optional":true},"description":{"type":"string","optional":true},"name":{"type":"string","required":true},"required":{"type":"bool","required":true},"type":{"type":"string","required":true},"values":{"type":["set","string"],"optional":true}}}},"timeouts":{"nesting_mode":"single","block":{"attributes":{"create":{"type":"string","optional":true},"delete":{"type":"string","optional":true},"read":{"type":"string","optional":true},"update":{"type":"string","optional":true}}}}}}},"azurerm_api_management_api_operation_policy":{"version":0,"block":{"attributes":{"api_management_name":{"type":"string","required":true},"api_name":{"type":"string","required":true},"id":{"type":"string","optional":true,"computed":true},"operation_id":{"type":"string","required":true},"resource_group_name":{"type":"string","required":true},"xml_content":{"type":"string","optional":true,"computed":true},"xml_link":{"type":"string","optional":true}},"block_types":{"timeouts":{"nesting_mode":"single","block":{"attributes":{"create":{"type":"string","optional":true},"delete":{"type":"string","optional":true},"read":{"type":"string","optional":true},"update":{"type":"string","optional":true}}}}}}},"azurerm_api_management_api_policy":{"version":0,"block":{"attributes":{"api_management_name":{"type":"string","required":true},"api_name":{"type":"string","required":true},"id":{"type":"string","optional":true,"computed":true},"resource_group_name":{"type":"string","required":true},"xml_content":{"type":"string","optional":true,"computed":true},"xml_link":{"type":"string","optional":true}},"block_types":{"timeouts":{"nesting_mode":"single","block":{"attributes":{"create":{"type":"string","optional":true},"delete":{"type":"string","optional":true},"read":{"type":"string","optional":true},"update":{"type":"string","optional":true}}}}}}},"azurerm_api_management_api_schema":{"version":0,"block":{"attributes":{"api_management_name":{"type":"string","required":true},"api_name":{"type":"string","required":true},"content_type":{"type":"string","required":true},"id":{"type":"string","optional":true,"computed":true},"resource_group_name":{"type":"string","required":true},"schema_id":{"type":"string","required":true},"value":{"type":"string","required":true}},"block_types":{"timeouts":{"nesting_mode":"single","block":{"attributes":{"create":{"type":"string","optional":true},"delete":{"type":"string","optional":true},"read":{"type":"string","optional":true},"update":{"type":"string","optional":true}}}}}}},"azurerm_api_management_api_version_set":{"version":1,"block":{"attributes":{"api_management_name":{"type":"string","required":true},"description":{"type":"string","optional":true},"display_name":{"type":"string","required":true},"id":{"type":"string","optional":true,"computed":true},"name":{"type":"string","required":true},"resource_group_name":{"type":"string","required":true},"version_header_name":{"type":"string","optional":true},"version_query_name":{"type":"string","optional":true},"versioning_scheme":{"type":"string","required":true}},"block_types":{"timeouts":{"nesting_mode":"single","block":{"attributes":{"create":{"type":"string","optional":true},"delete":{"type":"string","optional":true},"read":{"type":"string","optional":true},"update":{"type":"string","optional":true}}}}}}},"azurerm_api_management_authorization_server":{"version":0,"block":{"attributes":{"api_management_name":{"type":"string","required":true},"authorization_endpoint":{"type":"string","required":true},"authorization_methods":{"type":["set","string"],"required":true},"bearer_token_sending_methods":{"type":["set","string"],"optional":true},"client_authentication_method":{"type":["set","string"],"optional":true},"client_id":{"type":"string","required":true},"client_registration_endpoint":{"type":"string","required":true},"client_secret":{"type":"string","optional":true,"sensitive":true},"default_scope":{"type":"string","optional":true},"description":{"type":"string","optional":true},"display_name":{"type":"string","required":true},"grant_types":{"type":["set","string"],"required":true},"id":{"type":"string","optional":true,"computed":true},"name":{"type":"string","required":true},"resource_group_name":{"type":"string","required":true},"resource_owner_password":{"type":"string","optional":true,"sensitive":true},"resource_owner_username":{"type":"string","optional":true},"support_state":{"type":"bool","optional":true},"token_endpoint":{"type":"string","optional":true}},"block_types":{"timeouts":{"nesting_mode":"single","block":{"attributes":{"create":{"type":"string","optional":true},"delete":{"type":"string","optional":true},"read":{"type":"string","optional":true},"update":{"type":"string","optional":true}}}},"token_body_parameter":{"nesting_mode":"list","block":{"attributes":{"name":{"type":"string","required":true},"value":{"type":"string","required":true}}}}}}},"azurerm_api_management_backend":{"version":0,"block":{"attributes":{"api_management_name":{"type":"string","required":true},"description":{"type":"string","optional":true},"id":{"type":"string","optional":true,"computed":true},"name":{"type":"string","required":true},"protocol":{"type":"string","required":true},"resource_group_name":{"type":"string","required":true},"resource_id":{"type":"string","optional":true},"title":{"type":"string","optional":true},"url":{"type":"string","required":true}},"block_types":{"credentials":{"nesting_mode":"list","block":{"attributes":{"certificate":{"type":["list","string"],"optional":true},"header":{"type":["map","string"],"optional":true},"query":{"type":["map","string"],"optional":true}},"block_types":{"authorization":{"nesting_mode":"list","block":{"attributes":{"parameter":{"type":"string","optional":true},"scheme":{"type":"string","optional":true}}},"max_items":1}}},"max_items":1},"proxy":{"nesting_mode":"list","block":{"attributes":{"password":{"type":"string","optional":true,"sensitive":true},"url":{"type":"string","required":true},"username":{"type":"string","required":true}}},"max_items":1},"service_fabric_cluster":{"nesting_mode":"list","block":{"attributes":{"client_certificate_thumbprint":{"type":"string","required":true},"management_endpoints":{"type":["set","string"],"required":true},"max_partition_resolution_retries":{"type":"number","required":true},"server_certificate_thumbprints":{"type":["set","string"],"optional":true}},"block_types":{"server_x509_name":{"nesting_mode":"set","block":{"attributes":{"issuer_certificate_thumbprint":{"type":"string","required":true},"name":{"type":"string","required":true}}}}}},"max_items":1},"timeouts":{"nesting_mode":"single","block":{"attributes":{"create":{"type":"string","optional":true},"delete":{"type":"string","optional":true},"read":{"type":"string","optional":true},"update":{"type":"string","optional":true}}}},"tls":{"nesting_mode":"list","block":{"attributes":{"validate_certificate_chain":{"type":"bool","optional":true},"validate_certificate_name":{"type":"bool","optional":true}}},"max_items":1}}}},"azurerm_api_management_certificate":{"version":0,"block":{"attributes":{"api_management_name":{"type":"string","required":true},"data":{"type":"string","required":true,"sensitive":true},"expiration":{"type":"string","computed":true},"id":{"type":"string","optional":true,"computed":true},"name":{"type":"string","required":true},"password":{"type":"string","optional":true,"sensitive":true},"resource_group_name":{"type":"string","required":true},"subject":{"type":"string","computed":true},"thumbprint":{"type":"string","computed":true}},"block_types":{"timeouts":{"nesting_mode":"single","block":{"attributes":{"create":{"type":"string","optional":true},"delete":{"type":"string","optional":true},"read":{"type":"string","optional":true},"update":{"type":"string","optional":true}}}}}}},"azurerm_api_management_diagnostic":{"version":0,"block":{"attributes":{"api_management_logger_id":{"type":"string","required":true},"api_management_name":{"type":"string","required":true},"enabled":{"type":"bool","optional":true},"id":{"type":"string","optional":true,"computed":true},"identifier":{"type":"string","required":true},"resource_group_name":{"type":"string","required":true}},"block_types":{"timeouts":{"nesting_mode":"single","block":{"attributes":{"create":{"type":"string","optional":true},"delete":{"type":"string","optional":true},"read":{"type":"string","optional":true},"update":{"type":"string","optional":true}}}}}}},"azurerm_api_management_group":{"version":0,"block":{"attributes":{"api_management_name":{"type":"string","required":true},"description":{"type":"string","optional":true},"display_name":{"type":"string","required":true},"external_id":{"type":"string","optional":true},"id":{"type":"string","optional":true,"computed":true},"name":{"type":"string","required":true},"resource_group_name":{"type":"string","required":true},"type":{"type":"string","optional":true}},"block_types":{"timeouts":{"nesting_mode":"single","block":{"attributes":{"create":{"type":"string","optional":true},"delete":{"type":"string","optional":true},"read":{"type":"string","optional":true},"update":{"type":"string","optional":true}}}}}}},"azurerm_api_management_group_user":{"version":0,"block":{"attributes":{"api_management_name":{"type":"string","required":true},"group_name":{"type":"string","required":true},"id":{"type":"string","optional":true,"computed":true},"resource_group_name":{"type":"string","required":true},"user_id":{"type":"string","required":true}},"block_types":{"timeouts":{"nesting_mode":"single","block":{"attributes":{"create":{"type":"string","optional":true},"delete":{"type":"string","optional":true},"read":{"type":"string","optional":true},"update":{"type":"string","optional":true}}}}}}},"azurerm_api_management_identity_provider_aad":{"version":0,"block":{"attributes":{"allowed_tenants":{"type":["list","string"],"required":true},"api_management_name":{"type":"string","required":true},"client_id":{"type":"string","required":true},"client_secret":{"type":"string","required":true,"sensitive":true},"id":{"type":"string","optional":true,"computed":true},"resource_group_name":{"type":"string","required":true}},"block_types":{"timeouts":{"nesting_mode":"single","block":{"attributes":{"create":{"type":"string","optional":true},"delete":{"type":"string","optional":true},"read":{"type":"string","optional":true},"update":{"type":"string","optional":true}}}}}}},"azurerm_api_management_identity_provider_facebook":{"version":0,"block":{"attributes":{"api_management_name":{"type":"string","required":true},"app_id":{"type":"string","required":true},"app_secret":{"type":"string","required":true,"sensitive":true},"id":{"type":"string","optional":true,"computed":true},"resource_group_name":{"type":"string","required":true}},"block_types":{"timeouts":{"nesting_mode":"single","block":{"attributes":{"create":{"type":"string","optional":true},"delete":{"type":"string","optional":true},"read":{"type":"string","optional":true},"update":{"type":"string","optional":true}}}}}}},"azurerm_api_management_identity_provider_google":{"version":0,"block":{"attributes":{"api_management_name":{"type":"string","required":true},"client_id":{"type":"string","required":true},"client_secret":{"type":"string","required":true,"sensitive":true},"id":{"type":"string","optional":true,"computed":true},"resource_group_name":{"type":"string","required":true}},"block_types":{"timeouts":{"nesting_mode":"single","block":{"attributes":{"create":{"type":"string","optional":true},"delete":{"type":"string","optional":true},"read":{"type":"string","optional":true},"update":{"type":"string","optional":true}}}}}}},"azurerm_api_management_identity_provider_microsoft":{"version":0,"block":{"attributes":{"api_management_name":{"type":"string","required":true},"client_id":{"type":"string","required":true},"client_secret":{"type":"string","required":true,"sensitive":true},"id":{"type":"string","optional":true,"computed":true},"resource_group_name":{"type":"string","required":true}},"block_types":{"timeouts":{"nesting_mode":"single","block":{"attributes":{"create":{"type":"string","optional":true},"delete":{"type":"string","optional":true},"read":{"type":"string","optional":true},"update":{"type":"string","optional":true}}}}}}},"azurerm_api_management_identity_provider_twitter":{"version":0,"block":{"attributes":{"api_key":{"type":"string","required":true},"api_management_name":{"type":"string","required":true},"api_secret_key":{"type":"string","required":true,"sensitive":true},"id":{"type":"string","optional":true,"computed":true},"resource_group_name":{"type":"string","required":true}},"block_types":{"timeouts":{"nesting_mode":"single","block":{"attributes":{"create":{"type":"string","optional":true},"delete":{"type":"string","optional":true},"read":{"type":"string","optional":true},"update":{"type":"string","optional":true}}}}}}},"azurerm_api_management_logger":{"version":0,"block":{"attributes":{"api_management_name":{"type":"string","required":true},"buffered":{"type":"bool","optional":true},"description":{"type":"string","optional":true},"id":{"type":"string","optional":true,"computed":true},"name":{"type":"string","required":true},"resource_group_name":{"type":"string","required":true}},"block_types":{"application_insights":{"nesting_mode":"list","block":{"attributes":{"instrumentation_key":{"type":"string","required":true,"sensitive":true}}},"max_items":1},"eventhub":{"nesting_mode":"list","block":{"attributes":{"connection_string":{"type":"string","required":true,"sensitive":true},"name":{"type":"string","required":true}}},"max_items":1},"timeouts":{"nesting_mode":"single","block":{"attributes":{"create":{"type":"string","optional":true},"delete":{"type":"string","optional":true},"read":{"type":"string","optional":true},"update":{"type":"string","optional":true}}}}}}},"azurerm_api_management_named_value":{"version":0,"block":{"attributes":{"api_management_name":{"type":"string","required":true},"display_name":{"type":"string","required":true},"id":{"type":"string","optional":true,"computed":true},"name":{"type":"string","required":true},"resource_group_name":{"type":"string","required":true},"secret":{"type":"bool","optional":true},"tags":{"type":["list","string"],"optional":true},"value":{"type":"string","required":true}},"block_types":{"timeouts":{"nesting_mode":"single","block":{"attributes":{"create":{"type":"string","optional":true},"delete":{"type":"string","optional":true},"read":{"type":"string","optional":true},"update":{"type":"string","optional":true}}}}}}},"azurerm_api_management_openid_connect_provider":{"version":0,"block":{"attributes":{"api_management_name":{"type":"string","required":true},"client_id":{"type":"string","required":true,"sensitive":true},"client_secret":{"type":"string","required":true,"sensitive":true},"description":{"type":"string","optional":true},"display_name":{"type":"string","required":true},"id":{"type":"string","optional":true,"computed":true},"metadata_endpoint":{"type":"string","required":true},"name":{"type":"string","required":true},"resource_group_name":{"type":"string","required":true}},"block_types":{"timeouts":{"nesting_mode":"single","block":{"attributes":{"create":{"type":"string","optional":true},"delete":{"type":"string","optional":true},"read":{"type":"string","optional":true},"update":{"type":"string","optional":true}}}}}}},"azurerm_api_management_product":{"version":0,"block":{"attributes":{"api_management_name":{"type":"string","required":true},"approval_required":{"type":"bool","optional":true},"description":{"type":"string","optional":true},"display_name":{"type":"string","required":true},"id":{"type":"string","optional":true,"computed":true},"product_id":{"type":"string","required":true},"published":{"type":"bool","required":true},"resource_group_name":{"type":"string","required":true},"subscription_required":{"type":"bool","required":true},"subscriptions_limit":{"type":"number","optional":true},"terms":{"type":"string","optional":true}},"block_types":{"timeouts":{"nesting_mode":"single","block":{"attributes":{"create":{"type":"string","optional":true},"delete":{"type":"string","optional":true},"read":{"type":"string","optional":true},"update":{"type":"string","optional":true}}}}}}},"azurerm_api_management_product_api":{"version":0,"block":{"attributes":{"api_management_name":{"type":"string","required":true},"api_name":{"type":"string","required":true},"id":{"type":"string","optional":true,"computed":true},"product_id":{"type":"string","required":true},"resource_group_name":{"type":"string","required":true}},"block_types":{"timeouts":{"nesting_mode":"single","block":{"attributes":{"create":{"type":"string","optional":true},"delete":{"type":"string","optional":true},"read":{"type":"string","optional":true},"update":{"type":"string","optional":true}}}}}}},"azurerm_api_management_product_group":{"version":0,"block":{"attributes":{"api_management_name":{"type":"string","required":true},"group_name":{"type":"string","required":true},"id":{"type":"string","optional":true,"computed":true},"product_id":{"type":"string","required":true},"resource_group_name":{"type":"string","required":true}},"block_types":{"timeouts":{"nesting_mode":"single","block":{"attributes":{"create":{"type":"string","optional":true},"delete":{"type":"string","optional":true},"read":{"type":"string","optional":true},"update":{"type":"string","optional":true}}}}}}},"azurerm_api_management_product_policy":{"version":0,"block":{"attributes":{"api_management_name":{"type":"string","required":true},"id":{"type":"string","optional":true,"computed":true},"product_id":{"type":"string","required":true},"resource_group_name":{"type":"string","required":true},"xml_content":{"type":"string","optional":true,"computed":true},"xml_link":{"type":"string","optional":true}},"block_types":{"timeouts":{"nesting_mode":"single","block":{"attributes":{"create":{"type":"string","optional":true},"delete":{"type":"string","optional":true},"read":{"type":"string","optional":true},"update":{"type":"string","optional":true}}}}}}},"azurerm_api_management_property":{"version":1,"block":{"attributes":{"api_management_name":{"type":"string","required":true},"display_name":{"type":"string","required":true},"id":{"type":"string","optional":true,"computed":true},"name":{"type":"string","required":true},"resource_group_name":{"type":"string","required":true},"secret":{"type":"bool","optional":true},"tags":{"type":["list","string"],"optional":true},"value":{"type":"string","required":true}},"block_types":{"timeouts":{"nesting_mode":"single","block":{"attributes":{"create":{"type":"string","optional":true},"delete":{"type":"string","optional":true},"read":{"type":"string","optional":true},"update":{"type":"string","optional":true}}}}}}},"azurerm_api_management_subscription":{"version":0,"block":{"attributes":{"api_management_name":{"type":"string","required":true},"display_name":{"type":"string","required":true},"id":{"type":"string","optional":true,"computed":true},"primary_key":{"type":"string","optional":true,"computed":true,"sensitive":true},"product_id":{"type":"string","optional":true},"resource_group_name":{"type":"string","required":true},"secondary_key":{"type":"string","optional":true,"computed":true,"sensitive":true},"state":{"type":"string","optional":true},"subscription_id":{"type":"string","optional":true,"computed":true},"user_id":{"type":"string","required":true}},"block_types":{"timeouts":{"nesting_mode":"single","block":{"attributes":{"create":{"type":"string","optional":true},"delete":{"type":"string","optional":true},"read":{"type":"string","optional":true},"update":{"type":"string","optional":true}}}}}}},"azurerm_api_management_user":{"version":0,"block":{"attributes":{"api_management_name":{"type":"string","required":true},"confirmation":{"type":"string","optional":true},"email":{"type":"string","required":true},"first_name":{"type":"string","required":true},"id":{"type":"string","optional":true,"computed":true},"last_name":{"type":"string","required":true},"note":{"type":"string","optional":true},"password":{"type":"string","optional":true,"sensitive":true},"resource_group_name":{"type":"string","required":true},"state":{"type":"string","optional":true,"computed":true},"user_id":{"type":"string","required":true}},"block_types":{"timeouts":{"nesting_mode":"single","block":{"attributes":{"create":{"type":"string","optional":true},"delete":{"type":"string","optional":true},"read":{"type":"string","optional":true},"update":{"type":"string","optional":true}}}}}}},"azurerm_app_configuration":{"version":0,"block":{"attributes":{"endpoint":{"type":"string","computed":true},"id":{"type":"string","optional":true,"computed":true},"location":{"type":"string","required":true},"name":{"type":"string","required":true},"primary_read_key":{"type":["list",["object",{"connection_string":"string","id":"string","secret":"string"}]],"computed":true},"primary_write_key":{"type":["list",["object",{"connection_string":"string","id":"string","secret":"string"}]],"computed":true},"resource_group_name":{"type":"string","required":true},"secondary_read_key":{"type":["list",["object",{"connection_string":"string","id":"string","secret":"string"}]],"computed":true},"secondary_write_key":{"type":["list",["object",{"connection_string":"string","id":"string","secret":"string"}]],"computed":true},"sku":{"type":"string","optional":true},"tags":{"type":["map","string"],"optional":true}},"block_types":{"timeouts":{"nesting_mode":"single","block":{"attributes":{"create":{"type":"string","optional":true},"delete":{"type":"string","optional":true},"read":{"type":"string","optional":true},"update":{"type":"string","optional":true}}}}}}},"azurerm_app_service":{"version":0,"block":{"attributes":{"app_service_plan_id":{"type":"string","required":true},"app_settings":{"type":["map","string"],"optional":true,"computed":true},"client_affinity_enabled":{"type":"bool","optional":true,"computed":true},"client_cert_enabled":{"type":"bool","optional":true},"default_site_hostname":{"type":"string","computed":true},"enabled":{"type":"bool","optional":true},"https_only":{"type":"bool","optional":true},"id":{"type":"string","optional":true,"computed":true},"location":{"type":"string","required":true},"name":{"type":"string","required":true},"outbound_ip_addresses":{"type":"string","computed":true},"possible_outbound_ip_addresses":{"type":"string","computed":true},"resource_group_name":{"type":"string","required":true},"site_credential":{"type":["list",["object",{"password":"string","username":"string"}]],"computed":true},"source_control":{"type":["list",["object",{"branch":"string","repo_url":"string"}]],"computed":true},"tags":{"type":["map","string"],"optional":true}},"block_types":{"auth_settings":{"nesting_mode":"list","block":{"attributes":{"additional_login_params":{"type":["map","string"],"optional":true},"allowed_external_redirect_urls":{"type":["list","string"],"optional":true},"default_provider":{"type":"string","optional":true},"enabled":{"type":"bool","required":true},"issuer":{"type":"string","optional":true},"runtime_version":{"type":"string","optional":true},"token_refresh_extension_hours":{"type":"number","optional":true},"token_store_enabled":{"type":"bool","optional":true},"unauthenticated_client_action":{"type":"string","optional":true}},"block_types":{"active_directory":{"nesting_mode":"list","block":{"attributes":{"allowed_audiences":{"type":["list","string"],"optional":true},"client_id":{"type":"string","required":true},"client_secret":{"type":"string","optional":true,"sensitive":true}}},"max_items":1},"facebook":{"nesting_mode":"list","block":{"attributes":{"app_id":{"type":"string","required":true},"app_secret":{"type":"string","required":true,"sensitive":true},"oauth_scopes":{"type":["list","string"],"optional":true}}},"max_items":1},"google":{"nesting_mode":"list","block":{"attributes":{"client_id":{"type":"string","required":true},"client_secret":{"type":"string","required":true,"sensitive":true},"oauth_scopes":{"type":["list","string"],"optional":true}}},"max_items":1},"microsoft":{"nesting_mode":"list","block":{"attributes":{"client_id":{"type":"string","required":true},"client_secret":{"type":"string","required":true,"sensitive":true},"oauth_scopes":{"type":["list","string"],"optional":true}}},"max_items":1},"twitter":{"nesting_mode":"list","block":{"attributes":{"consumer_key":{"type":"string","required":true},"consumer_secret":{"type":"string","required":true,"sensitive":true}}},"max_items":1}}},"max_items":1},"backup":{"nesting_mode":"list","block":{"attributes":{"enabled":{"type":"bool","optional":true},"name":{"type":"string","required":true},"storage_account_url":{"type":"string","required":true,"sensitive":true}},"block_types":{"schedule":{"nesting_mode":"list","block":{"attributes":{"frequency_interval":{"type":"number","required":true},"frequency_unit":{"type":"string","required":true},"keep_at_least_one_backup":{"type":"bool","optional":true},"retention_period_in_days":{"type":"number","optional":true},"start_time":{"type":"string","optional":true}}},"min_items":1,"max_items":1}}},"max_items":1},"connection_string":{"nesting_mode":"set","block":{"attributes":{"name":{"type":"string","required":true},"type":{"type":"string","required":true},"value":{"type":"string","required":true,"sensitive":true}}}},"identity":{"nesting_mode":"list","block":{"attributes":{"identity_ids":{"type":["list","string"],"optional":true},"principal_id":{"type":"string","computed":true},"tenant_id":{"type":"string","computed":true},"type":{"type":"string","required":true}}},"max_items":1},"logs":{"nesting_mode":"list","block":{"block_types":{"application_logs":{"nesting_mode":"list","block":{"block_types":{"azure_blob_storage":{"nesting_mode":"list","block":{"attributes":{"level":{"type":"string","required":true},"retention_in_days":{"type":"number","required":true},"sas_url":{"type":"string","required":true,"sensitive":true}}},"max_items":1}}},"max_items":1},"http_logs":{"nesting_mode":"list","block":{"block_types":{"azure_blob_storage":{"nesting_mode":"list","block":{"attributes":{"retention_in_days":{"type":"number","required":true},"sas_url":{"type":"string","required":true,"sensitive":true}}},"max_items":1},"file_system":{"nesting_mode":"list","block":{"attributes":{"retention_in_days":{"type":"number","required":true},"retention_in_mb":{"type":"number","required":true}}},"max_items":1}}},"max_items":1}}},"max_items":1},"site_config":{"nesting_mode":"list","block":{"attributes":{"always_on":{"type":"bool","optional":true},"app_command_line":{"type":"string","optional":true},"auto_swap_slot_name":{"type":"string","optional":true},"default_documents":{"type":["list","string"],"optional":true},"dotnet_framework_version":{"type":"string","optional":true},"ftps_state":{"type":"string","optional":true,"computed":true},"health_check_path":{"type":"string","optional":true},"http2_enabled":{"type":"bool","optional":true},"ip_restriction":{"type":["list",["object",{"action":"string","ip_address":"string","name":"string","priority":"number","virtual_network_subnet_id":"string"}]],"optional":true,"computed":true},"java_container":{"type":"string","optional":true},"java_container_version":{"type":"string","optional":true},"java_version":{"type":"string","optional":true},"linux_fx_version":{"type":"string","optional":true,"computed":true},"local_mysql_enabled":{"type":"bool","optional":true,"computed":true},"managed_pipeline_mode":{"type":"string","optional":true,"computed":true},"min_tls_version":{"type":"string","optional":true,"computed":true},"php_version":{"type":"string","optional":true},"python_version":{"type":"string","optional":true},"remote_debugging_enabled":{"type":"bool","optional":true},"remote_debugging_version":{"type":"string","optional":true,"computed":true},"scm_ip_restriction":{"type":["list",["object",{"action":"string","ip_address":"string","name":"string","priority":"number","virtual_network_subnet_id":"string"}]],"optional":true,"computed":true},"scm_type":{"type":"string","optional":true},"scm_use_main_ip_restriction":{"type":"bool","optional":true},"use_32_bit_worker_process":{"type":"bool","optional":true},"websockets_enabled":{"type":"bool","optional":true,"computed":true},"windows_fx_version":{"type":"string","optional":true,"computed":true}},"block_types":{"cors":{"nesting_mode":"list","block":{"attributes":{"allowed_origins":{"type":["set","string"],"required":true},"support_credentials":{"type":"bool","optional":true}}},"max_items":1}}},"max_items":1},"storage_account":{"nesting_mode":"set","block":{"attributes":{"access_key":{"type":"string","required":true,"sensitive":true},"account_name":{"type":"string","required":true},"mount_path":{"type":"string","optional":true},"name":{"type":"string","required":true},"share_name":{"type":"string","required":true},"type":{"type":"string","required":true}}}},"timeouts":{"nesting_mode":"single","block":{"attributes":{"create":{"type":"string","optional":true},"delete":{"type":"string","optional":true},"read":{"type":"string","optional":true},"update":{"type":"string","optional":true}}}}}}},"azurerm_app_service_active_slot":{"version":0,"block":{"attributes":{"app_service_name":{"type":"string","required":true},"app_service_slot_name":{"type":"string","required":true},"id":{"type":"string","optional":true,"computed":true},"resource_group_name":{"type":"string","required":true}},"block_types":{"timeouts":{"nesting_mode":"single","block":{"attributes":{"create":{"type":"string","optional":true},"delete":{"type":"string","optional":true},"read":{"type":"string","optional":true},"update":{"type":"string","optional":true}}}}}}},"azurerm_app_service_certificate":{"version":0,"block":{"attributes":{"expiration_date":{"type":"string","computed":true},"friendly_name":{"type":"string","computed":true},"host_names":{"type":["list","string"],"computed":true},"hosting_environment_profile_id":{"type":"string","optional":true},"id":{"type":"string","optional":true,"computed":true},"issue_date":{"type":"string","computed":true},"issuer":{"type":"string","computed":true},"key_vault_secret_id":{"type":"string","optional":true},"location":{"type":"string","required":true},"name":{"type":"string","required":true},"password":{"type":"string","optional":true,"sensitive":true},"pfx_blob":{"type":"string","optional":true,"sensitive":true},"resource_group_name":{"type":"string","required":true},"subject_name":{"type":"string","computed":true},"tags":{"type":["map","string"],"optional":true},"thumbprint":{"type":"string","computed":true}},"block_types":{"timeouts":{"nesting_mode":"single","block":{"attributes":{"create":{"type":"string","optional":true},"delete":{"type":"string","optional":true},"read":{"type":"string","optional":true},"update":{"type":"string","optional":true}}}}}}},"azurerm_app_service_certificate_order":{"version":0,"block":{"attributes":{"app_service_certificate_not_renewable_reasons":{"type":["list","string"],"computed":true},"auto_renew":{"type":"bool","optional":true},"certificates":{"type":["list",["object",{"certificate_name":"string","key_vault_id":"string","key_vault_secret_name":"string","provisioning_state":"string"}]],"computed":true},"csr":{"type":"string","optional":true,"computed":true},"distinguished_name":{"type":"string","optional":true,"computed":true},"domain_verification_token":{"type":"string","computed":true},"expiration_time":{"type":"string","computed":true},"id":{"type":"string","optional":true,"computed":true},"intermediate_thumbprint":{"type":"string","computed":true},"is_private_key_external":{"type":"bool","computed":true},"key_size":{"type":"number","optional":true},"location":{"type":"string","required":true},"name":{"type":"string","required":true},"product_type":{"type":"string","optional":true},"resource_group_name":{"type":"string","required":true},"root_thumbprint":{"type":"string","computed":true},"signed_certificate_thumbprint":{"type":"string","computed":true},"status":{"type":"string","computed":true},"tags":{"type":["map","string"],"optional":true},"validity_in_years":{"type":"number","optional":true}},"block_types":{"timeouts":{"nesting_mode":"single","block":{"attributes":{"create":{"type":"string","optional":true},"delete":{"type":"string","optional":true},"read":{"type":"string","optional":true},"update":{"type":"string","optional":true}}}}}}},"azurerm_app_service_custom_hostname_binding":{"version":0,"block":{"attributes":{"app_service_name":{"type":"string","required":true},"hostname":{"type":"string","required":true},"id":{"type":"string","optional":true,"computed":true},"resource_group_name":{"type":"string","required":true},"ssl_state":{"type":"string","optional":true},"thumbprint":{"type":"string","optional":true},"virtual_ip":{"type":"string","computed":true}},"block_types":{"timeouts":{"nesting_mode":"single","block":{"attributes":{"create":{"type":"string","optional":true},"delete":{"type":"string","optional":true},"read":{"type":"string","optional":true},"update":{"type":"string","optional":true}}}}}}},"azurerm_app_service_environment":{"version":0,"block":{"attributes":{"front_end_scale_factor":{"type":"number","optional":true},"id":{"type":"string","optional":true,"computed":true},"internal_load_balancing_mode":{"type":"string","optional":true},"location":{"type":"string","computed":true},"name":{"type":"string","required":true},"pricing_tier":{"type":"string","optional":true},"resource_group_name":{"type":"string","optional":true,"computed":true},"subnet_id":{"type":"string","required":true},"tags":{"type":["map","string"],"optional":true},"user_whitelisted_ip_ranges":{"type":["set","string"],"optional":true}},"block_types":{"timeouts":{"nesting_mode":"single","block":{"attributes":{"create":{"type":"string","optional":true},"delete":{"type":"string","optional":true},"read":{"type":"string","optional":true},"update":{"type":"string","optional":true}}}}}}},"azurerm_app_service_hybrid_connection":{"version":0,"block":{"attributes":{"app_service_name":{"type":"string","required":true},"hostname":{"type":"string","required":true},"id":{"type":"string","optional":true,"computed":true},"namespace_name":{"type":"string","computed":true},"port":{"type":"number","required":true},"relay_id":{"type":"string","required":true},"relay_name":{"type":"string","computed":true},"resource_group_name":{"type":"string","required":true},"send_key_name":{"type":"string","optional":true},"send_key_value":{"type":"string","computed":true,"sensitive":true},"service_bus_namespace":{"type":"string","computed":true},"service_bus_suffix":{"type":"string","computed":true}},"block_types":{"timeouts":{"nesting_mode":"single","block":{"attributes":{"create":{"type":"string","optional":true},"delete":{"type":"string","optional":true},"read":{"type":"string","optional":true},"update":{"type":"string","optional":true}}}}}}},"azurerm_app_service_plan":{"version":0,"block":{"attributes":{"app_service_environment_id":{"type":"string","optional":true},"id":{"type":"string","optional":true,"computed":true},"is_xenon":{"type":"bool","optional":true},"kind":{"type":"string","optional":true},"location":{"type":"string","required":true},"maximum_elastic_worker_count":{"type":"number","optional":true,"computed":true},"maximum_number_of_workers":{"type":"number","computed":true},"name":{"type":"string","required":true},"per_site_scaling":{"type":"bool","optional":true},"reserved":{"type":"bool","optional":true},"resource_group_name":{"type":"string","required":true},"tags":{"type":["map","string"],"optional":true}},"block_types":{"sku":{"nesting_mode":"list","block":{"attributes":{"capacity":{"type":"number","optional":true,"computed":true},"size":{"type":"string","required":true},"tier":{"type":"string","required":true}}},"min_items":1,"max_items":1},"timeouts":{"nesting_mode":"single","block":{"attributes":{"create":{"type":"string","optional":true},"delete":{"type":"string","optional":true},"read":{"type":"string","optional":true},"update":{"type":"string","optional":true}}}}}}},"azurerm_app_service_slot":{"version":0,"block":{"attributes":{"app_service_name":{"type":"string","required":true},"app_service_plan_id":{"type":"string","required":true},"app_settings":{"type":["map","string"],"optional":true,"computed":true},"client_affinity_enabled":{"type":"bool","optional":true,"computed":true},"default_site_hostname":{"type":"string","computed":true},"enabled":{"type":"bool","optional":true},"https_only":{"type":"bool","optional":true},"id":{"type":"string","optional":true,"computed":true},"location":{"type":"string","required":true},"name":{"type":"string","required":true},"resource_group_name":{"type":"string","required":true},"site_credential":{"type":["list",["object",{"password":"string","username":"string"}]],"computed":true},"tags":{"type":["map","string"],"optional":true}},"block_types":{"auth_settings":{"nesting_mode":"list","block":{"attributes":{"additional_login_params":{"type":["map","string"],"optional":true},"allowed_external_redirect_urls":{"type":["list","string"],"optional":true},"default_provider":{"type":"string","optional":true},"enabled":{"type":"bool","required":true},"issuer":{"type":"string","optional":true},"runtime_version":{"type":"string","optional":true},"token_refresh_extension_hours":{"type":"number","optional":true},"token_store_enabled":{"type":"bool","optional":true},"unauthenticated_client_action":{"type":"string","optional":true}},"block_types":{"active_directory":{"nesting_mode":"list","block":{"attributes":{"allowed_audiences":{"type":["list","string"],"optional":true},"client_id":{"type":"string","required":true},"client_secret":{"type":"string","optional":true,"sensitive":true}}},"max_items":1},"facebook":{"nesting_mode":"list","block":{"attributes":{"app_id":{"type":"string","required":true},"app_secret":{"type":"string","required":true,"sensitive":true},"oauth_scopes":{"type":["list","string"],"optional":true}}},"max_items":1},"google":{"nesting_mode":"list","block":{"attributes":{"client_id":{"type":"string","required":true},"client_secret":{"type":"string","required":true,"sensitive":true},"oauth_scopes":{"type":["list","string"],"optional":true}}},"max_items":1},"microsoft":{"nesting_mode":"list","block":{"attributes":{"client_id":{"type":"string","required":true},"client_secret":{"type":"string","required":true,"sensitive":true},"oauth_scopes":{"type":["list","string"],"optional":true}}},"max_items":1},"twitter":{"nesting_mode":"list","block":{"attributes":{"consumer_key":{"type":"string","required":true},"consumer_secret":{"type":"string","required":true,"sensitive":true}}},"max_items":1}}},"max_items":1},"connection_string":{"nesting_mode":"set","block":{"attributes":{"name":{"type":"string","required":true},"type":{"type":"string","required":true},"value":{"type":"string","required":true,"sensitive":true}}}},"identity":{"nesting_mode":"list","block":{"attributes":{"identity_ids":{"type":["list","string"],"optional":true},"principal_id":{"type":"string","computed":true},"tenant_id":{"type":"string","computed":true},"type":{"type":"string","required":true}}},"max_items":1},"logs":{"nesting_mode":"list","block":{"block_types":{"application_logs":{"nesting_mode":"list","block":{"block_types":{"azure_blob_storage":{"nesting_mode":"list","block":{"attributes":{"level":{"type":"string","required":true},"retention_in_days":{"type":"number","required":true},"sas_url":{"type":"string","required":true,"sensitive":true}}},"max_items":1}}},"max_items":1},"http_logs":{"nesting_mode":"list","block":{"block_types":{"azure_blob_storage":{"nesting_mode":"list","block":{"attributes":{"retention_in_days":{"type":"number","required":true},"sas_url":{"type":"string","required":true,"sensitive":true}}},"max_items":1},"file_system":{"nesting_mode":"list","block":{"attributes":{"retention_in_days":{"type":"number","required":true},"retention_in_mb":{"type":"number","required":true}}},"max_items":1}}},"max_items":1}}},"max_items":1},"site_config":{"nesting_mode":"list","block":{"attributes":{"always_on":{"type":"bool","optional":true},"app_command_line":{"type":"string","optional":true},"auto_swap_slot_name":{"type":"string","optional":true},"default_documents":{"type":["list","string"],"optional":true},"dotnet_framework_version":{"type":"string","optional":true},"ftps_state":{"type":"string","optional":true,"computed":true},"health_check_path":{"type":"string","optional":true},"http2_enabled":{"type":"bool","optional":true},"ip_restriction":{"type":["list",["object",{"action":"string","ip_address":"string","name":"string","priority":"number","virtual_network_subnet_id":"string"}]],"optional":true,"computed":true},"java_container":{"type":"string","optional":true},"java_container_version":{"type":"string","optional":true},"java_version":{"type":"string","optional":true},"linux_fx_version":{"type":"string","optional":true,"computed":true},"local_mysql_enabled":{"type":"bool","optional":true,"computed":true},"managed_pipeline_mode":{"type":"string","optional":true,"computed":true},"min_tls_version":{"type":"string","optional":true,"computed":true},"php_version":{"type":"string","optional":true},"python_version":{"type":"string","optional":true},"remote_debugging_enabled":{"type":"bool","optional":true},"remote_debugging_version":{"type":"string","optional":true,"computed":true},"scm_ip_restriction":{"type":["list",["object",{"action":"string","ip_address":"string","name":"string","priority":"number","virtual_network_subnet_id":"string"}]],"optional":true,"computed":true},"scm_type":{"type":"string","optional":true},"scm_use_main_ip_restriction":{"type":"bool","optional":true},"use_32_bit_worker_process":{"type":"bool","optional":true},"websockets_enabled":{"type":"bool","optional":true,"computed":true},"windows_fx_version":{"type":"string","optional":true,"computed":true}},"block_types":{"cors":{"nesting_mode":"list","block":{"attributes":{"allowed_origins":{"type":["set","string"],"required":true},"support_credentials":{"type":"bool","optional":true}}},"max_items":1}}},"max_items":1},"timeouts":{"nesting_mode":"single","block":{"attributes":{"create":{"type":"string","optional":true},"delete":{"type":"string","optional":true},"read":{"type":"string","optional":true},"update":{"type":"string","optional":true}}}}}}},"azurerm_app_service_source_control_token":{"version":0,"block":{"attributes":{"id":{"type":"string","optional":true,"computed":true},"token":{"type":"string","required":true,"sensitive":true},"token_secret":{"type":"string","optional":true,"sensitive":true},"type":{"type":"string","required":true}},"block_types":{"timeouts":{"nesting_mode":"single","block":{"attributes":{"create":{"type":"string","optional":true},"delete":{"type":"string","optional":true},"read":{"type":"string","optional":true},"update":{"type":"string","optional":true}}}}}}},"azurerm_app_service_virtual_network_swift_connection":{"version":0,"block":{"attributes":{"app_service_id":{"type":"string","required":true},"id":{"type":"string","optional":true,"computed":true},"subnet_id":{"type":"string","required":true}},"block_types":{"timeouts":{"nesting_mode":"single","block":{"attributes":{"create":{"type":"string","optional":true},"delete":{"type":"string","optional":true},"read":{"type":"string","optional":true},"update":{"type":"string","optional":true}}}}}}},"azurerm_application_gateway":{"version":0,"block":{"attributes":{"enable_http2":{"type":"bool","optional":true},"firewall_policy_id":{"type":"string","optional":true},"id":{"type":"string","optional":true,"computed":true},"location":{"type":"string","required":true},"name":{"type":"string","required":true},"resource_group_name":{"type":"string","required":true},"tags":{"type":["map","string"],"optional":true},"zones":{"type":["list","string"],"optional":true}},"block_types":{"authentication_certificate":{"nesting_mode":"list","block":{"attributes":{"data":{"type":"string","required":true,"sensitive":true},"id":{"type":"string","computed":true},"name":{"type":"string","required":true}}}},"autoscale_configuration":{"nesting_mode":"list","block":{"attributes":{"max_capacity":{"type":"number","optional":true},"min_capacity":{"type":"number","required":true}}},"max_items":1},"backend_address_pool":{"nesting_mode":"list","block":{"attributes":{"fqdns":{"type":["list","string"],"optional":true},"id":{"type":"string","computed":true},"ip_addresses":{"type":["list","string"],"optional":true},"name":{"type":"string","required":true}}},"min_items":1},"backend_http_settings":{"nesting_mode":"list","block":{"attributes":{"affinity_cookie_name":{"type":"string","optional":true},"cookie_based_affinity":{"type":"string","required":true},"host_name":{"type":"string","optional":true},"id":{"type":"string","computed":true},"name":{"type":"string","required":true},"path":{"type":"string","optional":true},"pick_host_name_from_backend_address":{"type":"bool","optional":true},"port":{"type":"number","required":true},"probe_id":{"type":"string","computed":true},"probe_name":{"type":"string","optional":true},"protocol":{"type":"string","required":true},"request_timeout":{"type":"number","optional":true},"trusted_root_certificate_names":{"type":["list","string"],"optional":true}},"block_types":{"authentication_certificate":{"nesting_mode":"list","block":{"attributes":{"id":{"type":"string","computed":true},"name":{"type":"string","required":true}}}},"connection_draining":{"nesting_mode":"list","block":{"attributes":{"drain_timeout_sec":{"type":"number","required":true},"enabled":{"type":"bool","required":true}}},"max_items":1}}},"min_items":1},"custom_error_configuration":{"nesting_mode":"list","block":{"attributes":{"custom_error_page_url":{"type":"string","required":true},"id":{"type":"string","computed":true},"status_code":{"type":"string","required":true}}}},"frontend_ip_configuration":{"nesting_mode":"list","block":{"attributes":{"id":{"type":"string","computed":true},"name":{"type":"string","required":true},"private_ip_address":{"type":"string","optional":true,"computed":true},"private_ip_address_allocation":{"type":"string","optional":true,"computed":true},"public_ip_address_id":{"type":"string","optional":true,"computed":true},"subnet_id":{"type":"string","optional":true,"computed":true}}},"min_items":1},"frontend_port":{"nesting_mode":"set","block":{"attributes":{"id":{"type":"string","computed":true},"name":{"type":"string","required":true},"port":{"type":"number","required":true}}},"min_items":1},"gateway_ip_configuration":{"nesting_mode":"list","block":{"attributes":{"id":{"type":"string","computed":true},"name":{"type":"string","required":true},"subnet_id":{"type":"string","required":true}}},"min_items":1,"max_items":2},"http_listener":{"nesting_mode":"list","block":{"attributes":{"frontend_ip_configuration_id":{"type":"string","computed":true},"frontend_ip_configuration_name":{"type":"string","required":true},"frontend_port_id":{"type":"string","computed":true},"frontend_port_name":{"type":"string","required":true},"host_name":{"type":"string","optional":true},"host_names":{"type":["set","string"],"optional":true},"id":{"type":"string","computed":true},"name":{"type":"string","required":true},"protocol":{"type":"string","required":true},"require_sni":{"type":"bool","optional":true},"ssl_certificate_id":{"type":"string","computed":true},"ssl_certificate_name":{"type":"string","optional":true}},"block_types":{"custom_error_configuration":{"nesting_mode":"list","block":{"attributes":{"custom_error_page_url":{"type":"string","required":true},"id":{"type":"string","computed":true},"status_code":{"type":"string","required":true}}}}}},"min_items":1},"identity":{"nesting_mode":"list","block":{"attributes":{"identity_ids":{"type":["list","string"],"required":true},"type":{"type":"string","optional":true}}},"max_items":1},"probe":{"nesting_mode":"list","block":{"attributes":{"host":{"type":"string","optional":true},"id":{"type":"string","computed":true},"interval":{"type":"number","required":true},"minimum_servers":{"type":"number","optional":true},"name":{"type":"string","required":true},"path":{"type":"string","required":true},"pick_host_name_from_backend_http_settings":{"type":"bool","optional":true},"protocol":{"type":"string","required":true},"timeout":{"type":"number","required":true},"unhealthy_threshold":{"type":"number","required":true}},"block_types":{"match":{"nesting_mode":"list","block":{"attributes":{"body":{"type":"string","optional":true},"status_code":{"type":["list","string"],"optional":true}}},"max_items":1}}}},"redirect_configuration":{"nesting_mode":"set","block":{"attributes":{"id":{"type":"string","computed":true},"include_path":{"type":"bool","optional":true},"include_query_string":{"type":"bool","optional":true},"name":{"type":"string","required":true},"redirect_type":{"type":"string","required":true},"target_listener_id":{"type":"string","computed":true},"target_listener_name":{"type":"string","optional":true},"target_url":{"type":"string","optional":true}}}},"request_routing_rule":{"nesting_mode":"set","block":{"attributes":{"backend_address_pool_id":{"type":"string","computed":true},"backend_address_pool_name":{"type":"string","optional":true},"backend_http_settings_id":{"type":"string","computed":true},"backend_http_settings_name":{"type":"string","optional":true},"http_listener_id":{"type":"string","computed":true},"http_listener_name":{"type":"string","required":true},"id":{"type":"string","computed":true},"name":{"type":"string","required":true},"redirect_configuration_id":{"type":"string","computed":true},"redirect_configuration_name":{"type":"string","optional":true},"rewrite_rule_set_id":{"type":"string","computed":true},"rewrite_rule_set_name":{"type":"string","optional":true},"rule_type":{"type":"string","required":true},"url_path_map_id":{"type":"string","computed":true},"url_path_map_name":{"type":"string","optional":true}}},"min_items":1},"rewrite_rule_set":{"nesting_mode":"list","block":{"attributes":{"id":{"type":"string","computed":true},"name":{"type":"string","required":true}},"block_types":{"rewrite_rule":{"nesting_mode":"list","block":{"attributes":{"name":{"type":"string","required":true},"rule_sequence":{"type":"number","required":true}},"block_types":{"condition":{"nesting_mode":"list","block":{"attributes":{"ignore_case":{"type":"bool","optional":true},"negate":{"type":"bool","optional":true},"pattern":{"type":"string","required":true},"variable":{"type":"string","required":true}}}},"request_header_configuration":{"nesting_mode":"list","block":{"attributes":{"header_name":{"type":"string","required":true},"header_value":{"type":"string","required":true}}}},"response_header_configuration":{"nesting_mode":"list","block":{"attributes":{"header_name":{"type":"string","required":true},"header_value":{"type":"string","required":true}}}}}}}}}},"sku":{"nesting_mode":"list","block":{"attributes":{"capacity":{"type":"number","optional":true},"name":{"type":"string","required":true},"tier":{"type":"string","required":true}}},"min_items":1,"max_items":1},"ssl_certificate":{"nesting_mode":"list","block":{"attributes":{"data":{"type":"string","optional":true,"sensitive":true},"id":{"type":"string","computed":true},"key_vault_secret_id":{"type":"string","optional":true},"name":{"type":"string","required":true},"password":{"type":"string","optional":true,"sensitive":true},"public_cert_data":{"type":"string","computed":true}}}},"ssl_policy":{"nesting_mode":"list","block":{"attributes":{"cipher_suites":{"type":["list","string"],"optional":true},"disabled_protocols":{"type":["list","string"],"optional":true},"min_protocol_version":{"type":"string","optional":true},"policy_name":{"type":"string","optional":true},"policy_type":{"type":"string","optional":true}}}},"timeouts":{"nesting_mode":"single","block":{"attributes":{"create":{"type":"string","optional":true},"delete":{"type":"string","optional":true},"read":{"type":"string","optional":true},"update":{"type":"string","optional":true}}}},"trusted_root_certificate":{"nesting_mode":"list","block":{"attributes":{"data":{"type":"string","required":true,"sensitive":true},"id":{"type":"string","computed":true},"name":{"type":"string","required":true}}}},"url_path_map":{"nesting_mode":"list","block":{"attributes":{"default_backend_address_pool_id":{"type":"string","computed":true},"default_backend_address_pool_name":{"type":"string","optional":true},"default_backend_http_settings_id":{"type":"string","computed":true},"default_backend_http_settings_name":{"type":"string","optional":true},"default_redirect_configuration_id":{"type":"string","computed":true},"default_redirect_configuration_name":{"type":"string","optional":true},"default_rewrite_rule_set_id":{"type":"string","computed":true},"default_rewrite_rule_set_name":{"type":"string","optional":true},"id":{"type":"string","computed":true},"name":{"type":"string","required":true}},"block_types":{"path_rule":{"nesting_mode":"list","block":{"attributes":{"backend_address_pool_id":{"type":"string","computed":true},"backend_address_pool_name":{"type":"string","optional":true},"backend_http_settings_id":{"type":"string","computed":true},"backend_http_settings_name":{"type":"string","optional":true},"id":{"type":"string","computed":true},"name":{"type":"string","required":true},"paths":{"type":["list","string"],"required":true},"redirect_configuration_id":{"type":"string","computed":true},"redirect_configuration_name":{"type":"string","optional":true},"rewrite_rule_set_id":{"type":"string","computed":true},"rewrite_rule_set_name":{"type":"string","optional":true}}},"min_items":1}}}},"waf_configuration":{"nesting_mode":"list","block":{"attributes":{"enabled":{"type":"bool","required":true},"file_upload_limit_mb":{"type":"number","optional":true},"firewall_mode":{"type":"string","required":true},"max_request_body_size_kb":{"type":"number","optional":true},"request_body_check":{"type":"bool","optional":true},"rule_set_type":{"type":"string","optional":true},"rule_set_version":{"type":"string","required":true}},"block_types":{"disabled_rule_group":{"nesting_mode":"list","block":{"attributes":{"rule_group_name":{"type":"string","required":true},"rules":{"type":["list","number"],"optional":true}}}},"exclusion":{"nesting_mode":"list","block":{"attributes":{"match_variable":{"type":"string","required":true},"selector":{"type":"string","optional":true},"selector_match_operator":{"type":"string","optional":true}}}}}},"max_items":1}}}},"azurerm_application_insights":{"version":0,"block":{"attributes":{"app_id":{"type":"string","computed":true},"application_type":{"type":"string","required":true},"daily_data_cap_in_gb":{"type":"number","optional":true,"computed":true},"daily_data_cap_notifications_disabled":{"type":"bool","optional":true,"computed":true},"disable_ip_masking":{"type":"bool","optional":true},"id":{"type":"string","optional":true,"computed":true},"instrumentation_key":{"type":"string","computed":true,"sensitive":true},"location":{"type":"string","required":true},"name":{"type":"string","required":true},"resource_group_name":{"type":"string","required":true},"retention_in_days":{"type":"number","optional":true},"sampling_percentage":{"type":"number","optional":true},"tags":{"type":["map","string"],"optional":true}},"block_types":{"timeouts":{"nesting_mode":"single","block":{"attributes":{"create":{"type":"string","optional":true},"delete":{"type":"string","optional":true},"read":{"type":"string","optional":true},"update":{"type":"string","optional":true}}}}}}},"azurerm_application_insights_analytics_item":{"version":0,"block":{"attributes":{"application_insights_id":{"type":"string","required":true},"content":{"type":"string","required":true},"function_alias":{"type":"string","optional":true},"id":{"type":"string","optional":true,"computed":true},"name":{"type":"string","required":true},"scope":{"type":"string","required":true},"time_created":{"type":"string","computed":true},"time_modified":{"type":"string","computed":true},"type":{"type":"string","required":true},"version":{"type":"string","computed":true}},"block_types":{"timeouts":{"nesting_mode":"single","block":{"attributes":{"create":{"type":"string","optional":true},"delete":{"type":"string","optional":true},"read":{"type":"string","optional":true},"update":{"type":"string","optional":true}}}}}}},"azurerm_application_insights_api_key":{"version":0,"block":{"attributes":{"api_key":{"type":"string","computed":true,"sensitive":true},"application_insights_id":{"type":"string","required":true},"id":{"type":"string","optional":true,"computed":true},"name":{"type":"string","required":true},"read_permissions":{"type":["set","string"],"optional":true},"write_permissions":{"type":["set","string"],"optional":true}},"block_types":{"timeouts":{"nesting_mode":"single","block":{"attributes":{"create":{"type":"string","optional":true},"delete":{"type":"string","optional":true},"read":{"type":"string","optional":true},"update":{"type":"string","optional":true}}}}}}},"azurerm_application_insights_web_test":{"version":0,"block":{"attributes":{"application_insights_id":{"type":"string","required":true},"configuration":{"type":"string","required":true},"description":{"type":"string","optional":true},"enabled":{"type":"bool","optional":true},"frequency":{"type":"number","optional":true},"geo_locations":{"type":["list","string"],"required":true},"id":{"type":"string","optional":true,"computed":true},"kind":{"type":"string","required":true},"location":{"type":"string","required":true},"name":{"type":"string","required":true},"resource_group_name":{"type":"string","required":true},"retry_enabled":{"type":"bool","optional":true},"synthetic_monitor_id":{"type":"string","computed":true},"tags":{"type":["map","string"],"optional":true},"timeout":{"type":"number","optional":true}},"block_types":{"timeouts":{"nesting_mode":"single","block":{"attributes":{"create":{"type":"string","optional":true},"delete":{"type":"string","optional":true},"read":{"type":"string","optional":true},"update":{"type":"string","optional":true}}}}}}},"azurerm_application_security_group":{"version":0,"block":{"attributes":{"id":{"type":"string","optional":true,"computed":true},"location":{"type":"string","required":true},"name":{"type":"string","required":true},"resource_group_name":{"type":"string","required":true},"tags":{"type":["map","string"],"optional":true}},"block_types":{"timeouts":{"nesting_mode":"single","block":{"attributes":{"create":{"type":"string","optional":true},"delete":{"type":"string","optional":true},"read":{"type":"string","optional":true},"update":{"type":"string","optional":true}}}}}}},"azurerm_automation_account":{"version":0,"block":{"attributes":{"dsc_primary_access_key":{"type":"string","computed":true},"dsc_secondary_access_key":{"type":"string","computed":true},"dsc_server_endpoint":{"type":"string","computed":true},"id":{"type":"string","optional":true,"computed":true},"location":{"type":"string","required":true},"name":{"type":"string","required":true},"resource_group_name":{"type":"string","required":true},"sku_name":{"type":"string","required":true},"tags":{"type":["map","string"],"optional":true}},"block_types":{"timeouts":{"nesting_mode":"single","block":{"attributes":{"create":{"type":"string","optional":true},"delete":{"type":"string","optional":true},"read":{"type":"string","optional":true},"update":{"type":"string","optional":true}}}}}}},"azurerm_automation_certificate":{"version":0,"block":{"attributes":{"automation_account_name":{"type":"string","required":true},"base64":{"type":"string","required":true,"sensitive":true},"description":{"type":"string","optional":true},"exportable":{"type":"bool","computed":true},"id":{"type":"string","optional":true,"computed":true},"name":{"type":"string","required":true},"resource_group_name":{"type":"string","required":true},"thumbprint":{"type":"string","computed":true}},"block_types":{"timeouts":{"nesting_mode":"single","block":{"attributes":{"create":{"type":"string","optional":true},"delete":{"type":"string","optional":true},"read":{"type":"string","optional":true},"update":{"type":"string","optional":true}}}}}}},"azurerm_automation_credential":{"version":0,"block":{"attributes":{"automation_account_name":{"type":"string","required":true},"description":{"type":"string","optional":true},"id":{"type":"string","optional":true,"computed":true},"name":{"type":"string","required":true},"password":{"type":"string","required":true,"sensitive":true},"resource_group_name":{"type":"string","required":true},"username":{"type":"string","required":true}},"block_types":{"timeouts":{"nesting_mode":"single","block":{"attributes":{"create":{"type":"string","optional":true},"delete":{"type":"string","optional":true},"read":{"type":"string","optional":true},"update":{"type":"string","optional":true}}}}}}},"azurerm_automation_dsc_configuration":{"version":0,"block":{"attributes":{"automation_account_name":{"type":"string","required":true},"content_embedded":{"type":"string","required":true},"description":{"type":"string","optional":true},"id":{"type":"string","optional":true,"computed":true},"location":{"type":"string","required":true},"log_verbose":{"type":"bool","optional":true},"name":{"type":"string","required":true},"resource_group_name":{"type":"string","required":true},"state":{"type":"string","computed":true},"tags":{"type":["map","string"],"optional":true}},"block_types":{"timeouts":{"nesting_mode":"single","block":{"attributes":{"create":{"type":"string","optional":true},"delete":{"type":"string","optional":true},"read":{"type":"string","optional":true},"update":{"type":"string","optional":true}}}}}}},"azurerm_automation_dsc_nodeconfiguration":{"version":0,"block":{"attributes":{"automation_account_name":{"type":"string","required":true},"configuration_name":{"type":"string","computed":true},"content_embedded":{"type":"string","required":true},"id":{"type":"string","optional":true,"computed":true},"name":{"type":"string","required":true},"resource_group_name":{"type":"string","required":true}},"block_types":{"timeouts":{"nesting_mode":"single","block":{"attributes":{"create":{"type":"string","optional":true},"delete":{"type":"string","optional":true},"read":{"type":"string","optional":true},"update":{"type":"string","optional":true}}}}}}},"azurerm_automation_job_schedule":{"version":0,"block":{"attributes":{"automation_account_name":{"type":"string","required":true},"id":{"type":"string","optional":true,"computed":true},"job_schedule_id":{"type":"string","optional":true,"computed":true},"parameters":{"type":["map","string"],"optional":true},"resource_group_name":{"type":"string","required":true},"run_on":{"type":"string","optional":true},"runbook_name":{"type":"string","required":true},"schedule_name":{"type":"string","required":true}},"block_types":{"timeouts":{"nesting_mode":"single","block":{"attributes":{"create":{"type":"string","optional":true},"delete":{"type":"string","optional":true},"read":{"type":"string","optional":true},"update":{"type":"string","optional":true}}}}}}},"azurerm_automation_module":{"version":0,"block":{"attributes":{"automation_account_name":{"type":"string","required":true},"id":{"type":"string","optional":true,"computed":true},"name":{"type":"string","required":true},"resource_group_name":{"type":"string","required":true}},"block_types":{"module_link":{"nesting_mode":"list","block":{"attributes":{"uri":{"type":"string","required":true}},"block_types":{"hash":{"nesting_mode":"list","block":{"attributes":{"algorithm":{"type":"string","required":true},"value":{"type":"string","required":true}}},"max_items":1}}},"min_items":1,"max_items":1},"timeouts":{"nesting_mode":"single","block":{"attributes":{"create":{"type":"string","optional":true},"delete":{"type":"string","optional":true},"read":{"type":"string","optional":true},"update":{"type":"string","optional":true}}}}}}},"azurerm_automation_runbook":{"version":0,"block":{"attributes":{"automation_account_name":{"type":"string","required":true},"content":{"type":"string","optional":true,"computed":true},"description":{"type":"string","optional":true},"id":{"type":"string","optional":true,"computed":true},"location":{"type":"string","required":true},"log_progress":{"type":"bool","required":true},"log_verbose":{"type":"bool","required":true},"name":{"type":"string","required":true},"resource_group_name":{"type":"string","required":true},"runbook_type":{"type":"string","required":true},"tags":{"type":["map","string"],"optional":true}},"block_types":{"publish_content_link":{"nesting_mode":"list","block":{"attributes":{"uri":{"type":"string","required":true},"version":{"type":"string","optional":true}},"block_types":{"hash":{"nesting_mode":"list","block":{"attributes":{"algorithm":{"type":"string","required":true},"value":{"type":"string","required":true}}},"max_items":1}}},"max_items":1},"timeouts":{"nesting_mode":"single","block":{"attributes":{"create":{"type":"string","optional":true},"delete":{"type":"string","optional":true},"read":{"type":"string","optional":true},"update":{"type":"string","optional":true}}}}}}},"azurerm_automation_schedule":{"version":0,"block":{"attributes":{"automation_account_name":{"type":"string","required":true},"description":{"type":"string","optional":true},"expiry_time":{"type":"string","optional":true,"computed":true},"frequency":{"type":"string","required":true},"id":{"type":"string","optional":true,"computed":true},"interval":{"type":"number","optional":true,"computed":true},"month_days":{"type":["set","number"],"optional":true},"name":{"type":"string","required":true},"resource_group_name":{"type":"string","required":true},"start_time":{"type":"string","optional":true,"computed":true},"timezone":{"type":"string","optional":true},"week_days":{"type":["set","string"],"optional":true}},"block_types":{"monthly_occurrence":{"nesting_mode":"list","block":{"attributes":{"day":{"type":"string","required":true},"occurrence":{"type":"number","required":true}}}},"timeouts":{"nesting_mode":"single","block":{"attributes":{"create":{"type":"string","optional":true},"delete":{"type":"string","optional":true},"read":{"type":"string","optional":true},"update":{"type":"string","optional":true}}}}}}},"azurerm_automation_variable_bool":{"version":0,"block":{"attributes":{"automation_account_name":{"type":"string","required":true},"description":{"type":"string","optional":true},"encrypted":{"type":"bool","optional":true},"id":{"type":"string","optional":true,"computed":true},"name":{"type":"string","required":true},"resource_group_name":{"type":"string","required":true},"value":{"type":"bool","optional":true}},"block_types":{"timeouts":{"nesting_mode":"single","block":{"attributes":{"create":{"type":"string","optional":true},"delete":{"type":"string","optional":true},"read":{"type":"string","optional":true},"update":{"type":"string","optional":true}}}}}}},"azurerm_automation_variable_datetime":{"version":0,"block":{"attributes":{"automation_account_name":{"type":"string","required":true},"description":{"type":"string","optional":true},"encrypted":{"type":"bool","optional":true},"id":{"type":"string","optional":true,"computed":true},"name":{"type":"string","required":true},"resource_group_name":{"type":"string","required":true},"value":{"type":"string","optional":true}},"block_types":{"timeouts":{"nesting_mode":"single","block":{"attributes":{"create":{"type":"string","optional":true},"delete":{"type":"string","optional":true},"read":{"type":"string","optional":true},"update":{"type":"string","optional":true}}}}}}},"azurerm_automation_variable_int":{"version":0,"block":{"attributes":{"automation_account_name":{"type":"string","required":true},"description":{"type":"string","optional":true},"encrypted":{"type":"bool","optional":true},"id":{"type":"string","optional":true,"computed":true},"name":{"type":"string","required":true},"resource_group_name":{"type":"string","required":true},"value":{"type":"number","optional":true}},"block_types":{"timeouts":{"nesting_mode":"single","block":{"attributes":{"create":{"type":"string","optional":true},"delete":{"type":"string","optional":true},"read":{"type":"string","optional":true},"update":{"type":"string","optional":true}}}}}}},"azurerm_automation_variable_string":{"version":0,"block":{"attributes":{"automation_account_name":{"type":"string","required":true},"description":{"type":"string","optional":true},"encrypted":{"type":"bool","optional":true},"id":{"type":"string","optional":true,"computed":true},"name":{"type":"string","required":true},"resource_group_name":{"type":"string","required":true},"value":{"type":"string","optional":true}},"block_types":{"timeouts":{"nesting_mode":"single","block":{"attributes":{"create":{"type":"string","optional":true},"delete":{"type":"string","optional":true},"read":{"type":"string","optional":true},"update":{"type":"string","optional":true}}}}}}},"azurerm_availability_set":{"version":0,"block":{"attributes":{"id":{"type":"string","optional":true,"computed":true},"location":{"type":"string","required":true},"managed":{"type":"bool","optional":true},"name":{"type":"string","required":true},"platform_fault_domain_count":{"type":"number","optional":true},"platform_update_domain_count":{"type":"number","optional":true},"proximity_placement_group_id":{"type":"string","optional":true},"resource_group_name":{"type":"string","required":true},"tags":{"type":["map","string"],"optional":true}},"block_types":{"timeouts":{"nesting_mode":"single","block":{"attributes":{"create":{"type":"string","optional":true},"delete":{"type":"string","optional":true},"read":{"type":"string","optional":true},"update":{"type":"string","optional":true}}}}}}},"azurerm_backup_container_storage_account":{"version":0,"block":{"attributes":{"id":{"type":"string","optional":true,"computed":true},"recovery_vault_name":{"type":"string","required":true},"resource_group_name":{"type":"string","required":true},"storage_account_id":{"type":"string","required":true}},"block_types":{"timeouts":{"nesting_mode":"single","block":{"attributes":{"create":{"type":"string","optional":true},"delete":{"type":"string","optional":true},"read":{"type":"string","optional":true},"update":{"type":"string","optional":true}}}}}}},"azurerm_backup_policy_file_share":{"version":0,"block":{"attributes":{"id":{"type":"string","optional":true,"computed":true},"name":{"type":"string","required":true},"recovery_vault_name":{"type":"string","required":true},"resource_group_name":{"type":"string","required":true},"timezone":{"type":"string","optional":true}},"block_types":{"backup":{"nesting_mode":"list","block":{"attributes":{"frequency":{"type":"string","required":true},"time":{"type":"string","required":true}}},"min_items":1,"max_items":1},"retention_daily":{"nesting_mode":"list","block":{"attributes":{"count":{"type":"number","required":true}}},"min_items":1,"max_items":1},"timeouts":{"nesting_mode":"single","block":{"attributes":{"create":{"type":"string","optional":true},"delete":{"type":"string","optional":true},"read":{"type":"string","optional":true},"update":{"type":"string","optional":true}}}}}}},"azurerm_backup_policy_vm":{"version":0,"block":{"attributes":{"id":{"type":"string","optional":true,"computed":true},"name":{"type":"string","required":true},"recovery_vault_name":{"type":"string","required":true},"resource_group_name":{"type":"string","required":true},"tags":{"type":["map","string"],"optional":true},"timezone":{"type":"string","optional":true}},"block_types":{"backup":{"nesting_mode":"list","block":{"attributes":{"frequency":{"type":"string","required":true},"time":{"type":"string","required":true},"weekdays":{"type":["set","string"],"optional":true}}},"min_items":1,"max_items":1},"retention_daily":{"nesting_mode":"list","block":{"attributes":{"count":{"type":"number","required":true}}},"max_items":1},"retention_monthly":{"nesting_mode":"list","block":{"attributes":{"count":{"type":"number","required":true},"weekdays":{"type":["set","string"],"required":true},"weeks":{"type":["set","string"],"required":true}}},"max_items":1},"retention_weekly":{"nesting_mode":"list","block":{"attributes":{"count":{"type":"number","required":true},"weekdays":{"type":["set","string"],"required":true}}},"max_items":1},"retention_yearly":{"nesting_mode":"list","block":{"attributes":{"count":{"type":"number","required":true},"months":{"type":["set","string"],"required":true},"weekdays":{"type":["set","string"],"required":true},"weeks":{"type":["set","string"],"required":true}}},"max_items":1},"timeouts":{"nesting_mode":"single","block":{"attributes":{"create":{"type":"string","optional":true},"delete":{"type":"string","optional":true},"read":{"type":"string","optional":true},"update":{"type":"string","optional":true}}}}}}},"azurerm_backup_protected_file_share":{"version":0,"block":{"attributes":{"backup_policy_id":{"type":"string","required":true},"id":{"type":"string","optional":true,"computed":true},"recovery_vault_name":{"type":"string","required":true},"resource_group_name":{"type":"string","required":true},"source_file_share_name":{"type":"string","required":true},"source_storage_account_id":{"type":"string","required":true}},"block_types":{"timeouts":{"nesting_mode":"single","block":{"attributes":{"create":{"type":"string","optional":true},"delete":{"type":"string","optional":true},"read":{"type":"string","optional":true},"update":{"type":"string","optional":true}}}}}}},"azurerm_backup_protected_vm":{"version":0,"block":{"attributes":{"backup_policy_id":{"type":"string","required":true},"id":{"type":"string","optional":true,"computed":true},"recovery_vault_name":{"type":"string","required":true},"resource_group_name":{"type":"string","required":true},"source_vm_id":{"type":"string","required":true},"tags":{"type":["map","string"],"optional":true}},"block_types":{"timeouts":{"nesting_mode":"single","block":{"attributes":{"create":{"type":"string","optional":true},"delete":{"type":"string","optional":true},"read":{"type":"string","optional":true},"update":{"type":"string","optional":true}}}}}}},"azurerm_bastion_host":{"version":0,"block":{"attributes":{"dns_name":{"type":"string","computed":true},"id":{"type":"string","optional":true,"computed":true},"location":{"type":"string","required":true},"name":{"type":"string","required":true},"resource_group_name":{"type":"string","required":true},"tags":{"type":["map","string"],"optional":true}},"block_types":{"ip_configuration":{"nesting_mode":"list","block":{"attributes":{"name":{"type":"string","required":true},"public_ip_address_id":{"type":"string","required":true},"subnet_id":{"type":"string","required":true}}},"max_items":1},"timeouts":{"nesting_mode":"single","block":{"attributes":{"create":{"type":"string","optional":true},"delete":{"type":"string","optional":true},"read":{"type":"string","optional":true},"update":{"type":"string","optional":true}}}}}}},"azurerm_batch_account":{"version":0,"block":{"attributes":{"account_endpoint":{"type":"string","computed":true},"id":{"type":"string","optional":true,"computed":true},"location":{"type":"string","required":true},"name":{"type":"string","required":true},"pool_allocation_mode":{"type":"string","optional":true},"primary_access_key":{"type":"string","computed":true,"sensitive":true},"resource_group_name":{"type":"string","required":true},"secondary_access_key":{"type":"string","computed":true,"sensitive":true},"storage_account_id":{"type":"string","optional":true,"computed":true},"tags":{"type":["map","string"],"optional":true}},"block_types":{"key_vault_reference":{"nesting_mode":"list","block":{"attributes":{"id":{"type":"string","required":true},"url":{"type":"string","required":true}}},"max_items":1},"timeouts":{"nesting_mode":"single","block":{"attributes":{"create":{"type":"string","optional":true},"delete":{"type":"string","optional":true},"read":{"type":"string","optional":true},"update":{"type":"string","optional":true}}}}}}},"azurerm_batch_application":{"version":0,"block":{"attributes":{"account_name":{"type":"string","required":true},"allow_updates":{"type":"bool","optional":true},"default_version":{"type":"string","optional":true},"display_name":{"type":"string","optional":true},"id":{"type":"string","optional":true,"computed":true},"name":{"type":"string","required":true},"resource_group_name":{"type":"string","required":true}},"block_types":{"timeouts":{"nesting_mode":"single","block":{"attributes":{"create":{"type":"string","optional":true},"delete":{"type":"string","optional":true},"read":{"type":"string","optional":true},"update":{"type":"string","optional":true}}}}}}},"azurerm_batch_certificate":{"version":0,"block":{"attributes":{"account_name":{"type":"string","required":true},"certificate":{"type":"string","required":true,"sensitive":true},"format":{"type":"string","required":true},"id":{"type":"string","optional":true,"computed":true},"name":{"type":"string","computed":true},"password":{"type":"string","optional":true,"sensitive":true},"public_data":{"type":"string","computed":true},"resource_group_name":{"type":"string","required":true},"thumbprint":{"type":"string","required":true},"thumbprint_algorithm":{"type":"string","required":true}},"block_types":{"timeouts":{"nesting_mode":"single","block":{"attributes":{"create":{"type":"string","optional":true},"delete":{"type":"string","optional":true},"read":{"type":"string","optional":true},"update":{"type":"string","optional":true}}}}}}},"azurerm_batch_pool":{"version":0,"block":{"attributes":{"account_name":{"type":"string","required":true},"display_name":{"type":"string","optional":true},"id":{"type":"string","optional":true,"computed":true},"max_tasks_per_node":{"type":"number","optional":true},"metadata":{"type":["map","string"],"optional":true},"name":{"type":"string","required":true},"node_agent_sku_id":{"type":"string","required":true},"resource_group_name":{"type":"string","required":true},"stop_pending_resize_operation":{"type":"bool","optional":true},"vm_size":{"type":"string","required":true}},"block_types":{"auto_scale":{"nesting_mode":"list","block":{"attributes":{"evaluation_interval":{"type":"string","optional":true},"formula":{"type":"string","required":true}}},"max_items":1},"certificate":{"nesting_mode":"list","block":{"attributes":{"id":{"type":"string","required":true},"store_location":{"type":"string","required":true},"store_name":{"type":"string","optional":true},"visibility":{"type":["set","string"],"optional":true}}}},"container_configuration":{"nesting_mode":"list","block":{"attributes":{"container_image_names":{"type":["set","string"],"optional":true},"container_registries":{"type":["list",["object",{"password":"string","registry_server":"string","user_name":"string"}]],"optional":true},"type":{"type":"string","optional":true}}},"max_items":1},"fixed_scale":{"nesting_mode":"list","block":{"attributes":{"resize_timeout":{"type":"string","optional":true},"target_dedicated_nodes":{"type":"number","optional":true},"target_low_priority_nodes":{"type":"number","optional":true}}},"max_items":1},"network_configuration":{"nesting_mode":"list","block":{"attributes":{"public_ips":{"type":["set","string"],"optional":true},"subnet_id":{"type":"string","required":true}},"block_types":{"endpoint_configuration":{"nesting_mode":"list","block":{"attributes":{"backend_port":{"type":"number","required":true},"frontend_port_range":{"type":"string","required":true},"name":{"type":"string","required":true},"protocol":{"type":"string","required":true}},"block_types":{"network_security_group_rules":{"nesting_mode":"list","block":{"attributes":{"access":{"type":"string","required":true},"priority":{"type":"number","required":true},"source_address_prefix":{"type":"string","required":true}}}}}}}}},"max_items":1},"start_task":{"nesting_mode":"list","block":{"attributes":{"command_line":{"type":"string","required":true},"environment":{"type":["map","string"],"optional":true},"max_task_retry_count":{"type":"number","optional":true},"wait_for_success":{"type":"bool","optional":true}},"block_types":{"resource_file":{"nesting_mode":"list","block":{"attributes":{"auto_storage_container_name":{"type":"string","optional":true},"blob_prefix":{"type":"string","optional":true},"file_mode":{"type":"string","optional":true},"file_path":{"type":"string","optional":true},"http_url":{"type":"string","optional":true},"storage_container_url":{"type":"string","optional":true}}}},"user_identity":{"nesting_mode":"list","block":{"attributes":{"user_name":{"type":"string","optional":true}},"block_types":{"auto_user":{"nesting_mode":"list","block":{"attributes":{"elevation_level":{"type":"string","optional":true},"scope":{"type":"string","optional":true}}},"max_items":1}}},"min_items":1,"max_items":1}}},"max_items":1},"storage_image_reference":{"nesting_mode":"list","block":{"attributes":{"id":{"type":"string","optional":true},"offer":{"type":"string","optional":true},"publisher":{"type":"string","optional":true},"sku":{"type":"string","optional":true},"version":{"type":"string","optional":true}}},"min_items":1,"max_items":1},"timeouts":{"nesting_mode":"single","block":{"attributes":{"create":{"type":"string","optional":true},"delete":{"type":"string","optional":true},"read":{"type":"string","optional":true},"update":{"type":"string","optional":true}}}}}}},"azurerm_blueprint_assignment":{"version":0,"block":{"attributes":{"blueprint_name":{"type":"string","computed":true},"description":{"type":"string","computed":true},"display_name":{"type":"string","computed":true},"id":{"type":"string","optional":true,"computed":true},"location":{"type":"string","required":true},"lock_exclude_principals":{"type":["list","string"],"optional":true},"lock_mode":{"type":"string","optional":true},"name":{"type":"string","required":true},"parameter_values":{"type":"string","optional":true},"resource_groups":{"type":"string","optional":true},"target_subscription_id":{"type":"string","required":true},"type":{"type":"string","computed":true},"version_id":{"type":"string","required":true}},"block_types":{"identity":{"nesting_mode":"list","block":{"attributes":{"identity_ids":{"type":["list","string"],"required":true},"principal_id":{"type":"string","computed":true},"tenant_id":{"type":"string","computed":true},"type":{"type":"string","required":true}}},"max_items":1},"timeouts":{"nesting_mode":"single","block":{"attributes":{"create":{"type":"string","optional":true},"delete":{"type":"string","optional":true},"read":{"type":"string","optional":true},"update":{"type":"string","optional":true}}}}}}},"azurerm_bot_channel_directline":{"version":0,"block":{"attributes":{"bot_name":{"type":"string","required":true},"id":{"type":"string","optional":true,"computed":true},"location":{"type":"string","required":true},"resource_group_name":{"type":"string","required":true}},"block_types":{"site":{"nesting_mode":"set","block":{"attributes":{"enabled":{"type":"bool","optional":true},"enhanced_authentication_enabled":{"type":"bool","optional":true},"id":{"type":"string","computed":true},"key":{"type":"string","computed":true,"sensitive":true},"key2":{"type":"string","computed":true,"sensitive":true},"name":{"type":"string","required":true},"trusted_origins":{"type":["set","string"],"optional":true},"v1_allowed":{"type":"bool","optional":true},"v3_allowed":{"type":"bool","optional":true}}},"min_items":1},"timeouts":{"nesting_mode":"single","block":{"attributes":{"create":{"type":"string","optional":true},"delete":{"type":"string","optional":true},"read":{"type":"string","optional":true},"update":{"type":"string","optional":true}}}}}}},"azurerm_bot_channel_email":{"version":0,"block":{"attributes":{"bot_name":{"type":"string","required":true},"email_address":{"type":"string","required":true},"email_password":{"type":"string","required":true,"sensitive":true},"id":{"type":"string","optional":true,"computed":true},"location":{"type":"string","required":true},"resource_group_name":{"type":"string","required":true}},"block_types":{"timeouts":{"nesting_mode":"single","block":{"attributes":{"create":{"type":"string","optional":true},"delete":{"type":"string","optional":true},"read":{"type":"string","optional":true},"update":{"type":"string","optional":true}}}}}}},"azurerm_bot_channel_ms_teams":{"version":0,"block":{"attributes":{"bot_name":{"type":"string","required":true},"calling_web_hook":{"type":"string","optional":true,"computed":true},"enable_calling":{"type":"bool","optional":true},"id":{"type":"string","optional":true,"computed":true},"location":{"type":"string","required":true},"resource_group_name":{"type":"string","required":true}},"block_types":{"timeouts":{"nesting_mode":"single","block":{"attributes":{"create":{"type":"string","optional":true},"delete":{"type":"string","optional":true},"read":{"type":"string","optional":true},"update":{"type":"string","optional":true}}}}}}},"azurerm_bot_channel_slack":{"version":0,"block":{"attributes":{"bot_name":{"type":"string","required":true},"client_id":{"type":"string","required":true},"client_secret":{"type":"string","required":true,"sensitive":true},"id":{"type":"string","optional":true,"computed":true},"landing_page_url":{"type":"string","optional":true},"location":{"type":"string","required":true},"resource_group_name":{"type":"string","required":true},"verification_token":{"type":"string","required":true,"sensitive":true}},"block_types":{"timeouts":{"nesting_mode":"single","block":{"attributes":{"create":{"type":"string","optional":true},"delete":{"type":"string","optional":true},"read":{"type":"string","optional":true},"update":{"type":"string","optional":true}}}}}}},"azurerm_bot_channels_registration":{"version":0,"block":{"attributes":{"developer_app_insights_api_key":{"type":"string","optional":true,"computed":true,"sensitive":true},"developer_app_insights_application_id":{"type":"string","optional":true,"computed":true},"developer_app_insights_key":{"type":"string","optional":true,"computed":true},"display_name":{"type":"string","optional":true,"computed":true},"endpoint":{"type":"string","optional":true},"id":{"type":"string","optional":true,"computed":true},"location":{"type":"string","required":true},"microsoft_app_id":{"type":"string","required":true},"name":{"type":"string","required":true},"resource_group_name":{"type":"string","required":true},"sku":{"type":"string","required":true},"tags":{"type":["map","string"],"optional":true}},"block_types":{"timeouts":{"nesting_mode":"single","block":{"attributes":{"create":{"type":"string","optional":true},"delete":{"type":"string","optional":true},"read":{"type":"string","optional":true},"update":{"type":"string","optional":true}}}}}}},"azurerm_bot_connection":{"version":0,"block":{"attributes":{"bot_name":{"type":"string","required":true},"client_id":{"type":"string","required":true},"client_secret":{"type":"string","required":true,"sensitive":true},"id":{"type":"string","optional":true,"computed":true},"location":{"type":"string","required":true},"name":{"type":"string","required":true},"parameters":{"type":["map","string"],"optional":true},"resource_group_name":{"type":"string","required":true},"scopes":{"type":"string","optional":true},"service_provider_name":{"type":"string","required":true},"tags":{"type":["map","string"],"optional":true}},"block_types":{"timeouts":{"nesting_mode":"single","block":{"attributes":{"create":{"type":"string","optional":true},"delete":{"type":"string","optional":true},"read":{"type":"string","optional":true},"update":{"type":"string","optional":true}}}}}}},"azurerm_bot_web_app":{"version":0,"block":{"attributes":{"developer_app_insights_api_key":{"type":"string","optional":true,"computed":true,"sensitive":true},"developer_app_insights_application_id":{"type":"string","optional":true,"computed":true},"developer_app_insights_key":{"type":"string","optional":true,"computed":true},"display_name":{"type":"string","optional":true,"computed":true},"endpoint":{"type":"string","optional":true},"id":{"type":"string","optional":true,"computed":true},"location":{"type":"string","required":true},"luis_app_ids":{"type":["list","string"],"optional":true},"luis_key":{"type":"string","optional":true,"sensitive":true},"microsoft_app_id":{"type":"string","required":true},"name":{"type":"string","required":true},"resource_group_name":{"type":"string","required":true},"sku":{"type":"string","required":true},"tags":{"type":["map","string"],"optional":true}},"block_types":{"timeouts":{"nesting_mode":"single","block":{"attributes":{"create":{"type":"string","optional":true},"delete":{"type":"string","optional":true},"read":{"type":"string","optional":true},"update":{"type":"string","optional":true}}}}}}},"azurerm_cdn_endpoint":{"version":0,"block":{"attributes":{"content_types_to_compress":{"type":["set","string"],"optional":true,"computed":true},"host_name":{"type":"string","computed":true},"id":{"type":"string","optional":true,"computed":true},"is_compression_enabled":{"type":"bool","optional":true},"is_http_allowed":{"type":"bool","optional":true},"is_https_allowed":{"type":"bool","optional":true},"location":{"type":"string","required":true},"name":{"type":"string","required":true},"optimization_type":{"type":"string","optional":true},"origin_host_header":{"type":"string","optional":true},"origin_path":{"type":"string","optional":true,"computed":true},"probe_path":{"type":"string","optional":true,"computed":true},"profile_name":{"type":"string","required":true},"querystring_caching_behaviour":{"type":"string","optional":true},"resource_group_name":{"type":"string","required":true},"tags":{"type":["map","string"],"optional":true}},"block_types":{"delivery_rule":{"nesting_mode":"list","block":{"attributes":{"name":{"type":"string","required":true},"order":{"type":"number","required":true}},"block_types":{"cache_expiration_action":{"nesting_mode":"list","block":{"attributes":{"behavior":{"type":"string","required":true},"duration":{"type":"string","optional":true}}},"max_items":1},"cache_key_query_string_action":{"nesting_mode":"list","block":{"attributes":{"behavior":{"type":"string","required":true},"parameters":{"type":"string","optional":true}}},"max_items":1},"cookies_condition":{"nesting_mode":"list","block":{"attributes":{"match_values":{"type":["set","string"],"required":true},"negate_condition":{"type":"bool","optional":true},"operator":{"type":"string","required":true},"selector":{"type":"string","required":true},"transforms":{"type":["list","string"],"optional":true}}}},"device_condition":{"nesting_mode":"list","block":{"attributes":{"match_values":{"type":["set","string"],"required":true},"negate_condition":{"type":"bool","optional":true},"operator":{"type":"string","optional":true}}},"max_items":1},"http_version_condition":{"nesting_mode":"list","block":{"attributes":{"match_values":{"type":["set","string"],"required":true},"negate_condition":{"type":"bool","optional":true},"operator":{"type":"string","optional":true}}}},"modify_request_header_action":{"nesting_mode":"list","block":{"attributes":{"action":{"type":"string","required":true},"name":{"type":"string","required":true},"value":{"type":"string","optional":true}}}},"modify_response_header_action":{"nesting_mode":"list","block":{"attributes":{"action":{"type":"string","required":true},"name":{"type":"string","required":true},"value":{"type":"string","optional":true}}}},"post_arg_condition":{"nesting_mode":"list","block":{"attributes":{"match_values":{"type":["set","string"],"required":true},"negate_condition":{"type":"bool","optional":true},"operator":{"type":"string","required":true},"selector":{"type":"string","required":true},"transforms":{"type":["list","string"],"optional":true}}}},"query_string_condition":{"nesting_mode":"list","block":{"attributes":{"match_values":{"type":["set","string"],"required":true},"negate_condition":{"type":"bool","optional":true},"operator":{"type":"string","required":true},"transforms":{"type":["list","string"],"optional":true}}}},"remote_address_condition":{"nesting_mode":"list","block":{"attributes":{"match_values":{"type":["set","string"],"required":true},"negate_condition":{"type":"bool","optional":true},"operator":{"type":"string","required":true}}}},"request_body_condition":{"nesting_mode":"list","block":{"attributes":{"match_values":{"type":["set","string"],"required":true},"negate_condition":{"type":"bool","optional":true},"operator":{"type":"string","required":true},"transforms":{"type":["list","string"],"optional":true}}}},"request_header_condition":{"nesting_mode":"list","block":{"attributes":{"match_values":{"type":["set","string"],"required":true},"negate_condition":{"type":"bool","optional":true},"operator":{"type":"string","required":true},"selector":{"type":"string","required":true},"transforms":{"type":["list","string"],"optional":true}}}},"request_method_condition":{"nesting_mode":"list","block":{"attributes":{"match_values":{"type":["set","string"],"required":true},"negate_condition":{"type":"bool","optional":true},"operator":{"type":"string","optional":true}}},"max_items":1},"request_scheme_condition":{"nesting_mode":"list","block":{"attributes":{"match_values":{"type":["set","string"],"required":true},"negate_condition":{"type":"bool","optional":true},"operator":{"type":"string","optional":true}}},"max_items":1},"request_uri_condition":{"nesting_mode":"list","block":{"attributes":{"match_values":{"type":["set","string"],"required":true},"negate_condition":{"type":"bool","optional":true},"operator":{"type":"string","required":true},"transforms":{"type":["list","string"],"optional":true}}}},"url_file_extension_condition":{"nesting_mode":"list","block":{"attributes":{"match_values":{"type":["set","string"],"required":true},"negate_condition":{"type":"bool","optional":true},"operator":{"type":"string","required":true},"transforms":{"type":["list","string"],"optional":true}}}},"url_file_name_condition":{"nesting_mode":"list","block":{"attributes":{"match_values":{"type":["set","string"],"required":true},"negate_condition":{"type":"bool","optional":true},"operator":{"type":"string","required":true},"transforms":{"type":["list","string"],"optional":true}}}},"url_path_condition":{"nesting_mode":"list","block":{"attributes":{"match_values":{"type":["set","string"],"required":true},"negate_condition":{"type":"bool","optional":true},"operator":{"type":"string","required":true},"transforms":{"type":["list","string"],"optional":true}}}},"url_redirect_action":{"nesting_mode":"list","block":{"attributes":{"fragment":{"type":"string","optional":true},"hostname":{"type":"string","optional":true},"path":{"type":"string","optional":true},"protocol":{"type":"string","optional":true},"query_string":{"type":"string","optional":true},"redirect_type":{"type":"string","required":true}}},"max_items":1},"url_rewrite_action":{"nesting_mode":"list","block":{"attributes":{"destination":{"type":"string","required":true},"preserve_unmatched_path":{"type":"bool","optional":true},"source_pattern":{"type":"string","required":true}}},"max_items":1}}}},"geo_filter":{"nesting_mode":"list","block":{"attributes":{"action":{"type":"string","required":true},"country_codes":{"type":["list","string"],"required":true},"relative_path":{"type":"string","required":true}}}},"global_delivery_rule":{"nesting_mode":"list","block":{"block_types":{"cache_expiration_action":{"nesting_mode":"list","block":{"attributes":{"behavior":{"type":"string","required":true},"duration":{"type":"string","optional":true}}},"max_items":1},"cache_key_query_string_action":{"nesting_mode":"list","block":{"attributes":{"behavior":{"type":"string","required":true},"parameters":{"type":"string","optional":true}}},"max_items":1},"modify_request_header_action":{"nesting_mode":"list","block":{"attributes":{"action":{"type":"string","required":true},"name":{"type":"string","required":true},"value":{"type":"string","optional":true}}}},"modify_response_header_action":{"nesting_mode":"list","block":{"attributes":{"action":{"type":"string","required":true},"name":{"type":"string","required":true},"value":{"type":"string","optional":true}}}},"url_redirect_action":{"nesting_mode":"list","block":{"attributes":{"fragment":{"type":"string","optional":true},"hostname":{"type":"string","optional":true},"path":{"type":"string","optional":true},"protocol":{"type":"string","optional":true},"query_string":{"type":"string","optional":true},"redirect_type":{"type":"string","required":true}}},"max_items":1},"url_rewrite_action":{"nesting_mode":"list","block":{"attributes":{"destination":{"type":"string","required":true},"preserve_unmatched_path":{"type":"bool","optional":true},"source_pattern":{"type":"string","required":true}}},"max_items":1}}},"max_items":1},"origin":{"nesting_mode":"set","block":{"attributes":{"host_name":{"type":"string","required":true},"http_port":{"type":"number","optional":true},"https_port":{"type":"number","optional":true},"name":{"type":"string","required":true}}},"min_items":1},"timeouts":{"nesting_mode":"single","block":{"attributes":{"create":{"type":"string","optional":true},"delete":{"type":"string","optional":true},"read":{"type":"string","optional":true},"update":{"type":"string","optional":true}}}}}}},"azurerm_cdn_profile":{"version":0,"block":{"attributes":{"id":{"type":"string","optional":true,"computed":true},"location":{"type":"string","required":true},"name":{"type":"string","required":true},"resource_group_name":{"type":"string","required":true},"sku":{"type":"string","required":true},"tags":{"type":["map","string"],"optional":true}},"block_types":{"timeouts":{"nesting_mode":"single","block":{"attributes":{"create":{"type":"string","optional":true},"delete":{"type":"string","optional":true},"read":{"type":"string","optional":true},"update":{"type":"string","optional":true}}}}}}},"azurerm_cognitive_account":{"version":0,"block":{"attributes":{"endpoint":{"type":"string","computed":true},"id":{"type":"string","optional":true,"computed":true},"kind":{"type":"string","required":true},"location":{"type":"string","required":true},"name":{"type":"string","required":true},"primary_access_key":{"type":"string","computed":true,"sensitive":true},"qna_runtime_endpoint":{"type":"string","optional":true},"resource_group_name":{"type":"string","required":true},"secondary_access_key":{"type":"string","computed":true,"sensitive":true},"sku_name":{"type":"string","required":true},"tags":{"type":["map","string"],"optional":true}},"block_types":{"timeouts":{"nesting_mode":"single","block":{"attributes":{"create":{"type":"string","optional":true},"delete":{"type":"string","optional":true},"read":{"type":"string","optional":true},"update":{"type":"string","optional":true}}}}}}},"azurerm_container_group":{"version":0,"block":{"attributes":{"dns_name_label":{"type":"string","optional":true},"fqdn":{"type":"string","computed":true},"id":{"type":"string","optional":true,"computed":true},"ip_address":{"type":"string","computed":true},"ip_address_type":{"type":"string","optional":true},"location":{"type":"string","required":true},"name":{"type":"string","required":true},"network_profile_id":{"type":"string","optional":true},"os_type":{"type":"string","required":true},"resource_group_name":{"type":"string","required":true},"restart_policy":{"type":"string","optional":true},"tags":{"type":["map","string"],"optional":true}},"block_types":{"container":{"nesting_mode":"list","block":{"attributes":{"commands":{"type":["list","string"],"optional":true,"computed":true},"cpu":{"type":"number","required":true},"environment_variables":{"type":["map","string"],"optional":true},"image":{"type":"string","required":true},"memory":{"type":"number","required":true},"name":{"type":"string","required":true},"secure_environment_variables":{"type":["map","string"],"optional":true,"sensitive":true}},"block_types":{"gpu":{"nesting_mode":"list","block":{"attributes":{"count":{"type":"number","optional":true},"sku":{"type":"string","optional":true}}},"max_items":1},"liveness_probe":{"nesting_mode":"list","block":{"attributes":{"exec":{"type":["list","string"],"optional":true},"failure_threshold":{"type":"number","optional":true},"initial_delay_seconds":{"type":"number","optional":true},"period_seconds":{"type":"number","optional":true},"success_threshold":{"type":"number","optional":true},"timeout_seconds":{"type":"number","optional":true}},"block_types":{"http_get":{"nesting_mode":"list","block":{"attributes":{"path":{"type":"string","optional":true},"port":{"type":"number","optional":true},"scheme":{"type":"string","optional":true}}}}}},"max_items":1},"ports":{"nesting_mode":"set","block":{"attributes":{"port":{"type":"number","optional":true},"protocol":{"type":"string","optional":true}}}},"readiness_probe":{"nesting_mode":"list","block":{"attributes":{"exec":{"type":["list","string"],"optional":true},"failure_threshold":{"type":"number","optional":true},"initial_delay_seconds":{"type":"number","optional":true},"period_seconds":{"type":"number","optional":true},"success_threshold":{"type":"number","optional":true},"timeout_seconds":{"type":"number","optional":true}},"block_types":{"http_get":{"nesting_mode":"list","block":{"attributes":{"path":{"type":"string","optional":true},"port":{"type":"number","optional":true},"scheme":{"type":"string","optional":true}}}}}},"max_items":1},"volume":{"nesting_mode":"list","block":{"attributes":{"mount_path":{"type":"string","required":true},"name":{"type":"string","required":true},"read_only":{"type":"bool","optional":true},"share_name":{"type":"string","required":true},"storage_account_key":{"type":"string","required":true,"sensitive":true},"storage_account_name":{"type":"string","required":true}}}}}},"min_items":1},"diagnostics":{"nesting_mode":"list","block":{"block_types":{"log_analytics":{"nesting_mode":"list","block":{"attributes":{"log_type":{"type":"string","optional":true},"metadata":{"type":["map","string"],"optional":true},"workspace_id":{"type":"string","required":true},"workspace_key":{"type":"string","required":true,"sensitive":true}}},"min_items":1,"max_items":1}}},"max_items":1},"identity":{"nesting_mode":"list","block":{"attributes":{"identity_ids":{"type":["list","string"],"optional":true},"principal_id":{"type":"string","computed":true},"type":{"type":"string","required":true}}},"max_items":1},"image_registry_credential":{"nesting_mode":"list","block":{"attributes":{"password":{"type":"string","required":true,"sensitive":true},"server":{"type":"string","required":true},"username":{"type":"string","required":true}}}},"timeouts":{"nesting_mode":"single","block":{"attributes":{"create":{"type":"string","optional":true},"delete":{"type":"string","optional":true},"read":{"type":"string","optional":true},"update":{"type":"string","optional":true}}}}}}},"azurerm_container_registry":{"version":2,"block":{"attributes":{"admin_enabled":{"type":"bool","optional":true},"admin_password":{"type":"string","computed":true,"sensitive":true},"admin_username":{"type":"string","computed":true},"georeplication_locations":{"type":["set","string"],"optional":true},"id":{"type":"string","optional":true,"computed":true},"location":{"type":"string","required":true},"login_server":{"type":"string","computed":true},"name":{"type":"string","required":true},"network_rule_set":{"type":["list",["object",{"default_action":"string","ip_rule":["set",["object",{"action":"string","ip_range":"string"}]],"virtual_network":["set",["object",{"action":"string","subnet_id":"string"}]]}]],"optional":true,"computed":true},"resource_group_name":{"type":"string","required":true},"sku":{"type":"string","optional":true},"storage_account_id":{"type":"string","optional":true},"tags":{"type":["map","string"],"optional":true}},"block_types":{"timeouts":{"nesting_mode":"single","block":{"attributes":{"create":{"type":"string","optional":true},"delete":{"type":"string","optional":true},"read":{"type":"string","optional":true},"update":{"type":"string","optional":true}}}}}}},"azurerm_container_registry_webhook":{"version":0,"block":{"attributes":{"actions":{"type":["set","string"],"required":true},"custom_headers":{"type":["map","string"],"optional":true},"id":{"type":"string","optional":true,"computed":true},"location":{"type":"string","required":true},"name":{"type":"string","required":true},"registry_name":{"type":"string","required":true},"resource_group_name":{"type":"string","required":true},"scope":{"type":"string","optional":true},"service_uri":{"type":"string","required":true},"status":{"type":"string","optional":true},"tags":{"type":["map","string"],"optional":true}},"block_types":{"timeouts":{"nesting_mode":"single","block":{"attributes":{"create":{"type":"string","optional":true},"delete":{"type":"string","optional":true},"read":{"type":"string","optional":true},"update":{"type":"string","optional":true}}}}}}},"azurerm_cosmosdb_account":{"version":0,"block":{"attributes":{"connection_strings":{"type":["list","string"],"computed":true,"sensitive":true},"enable_automatic_failover":{"type":"bool","optional":true},"enable_multiple_write_locations":{"type":"bool","optional":true},"endpoint":{"type":"string","computed":true},"id":{"type":"string","optional":true,"computed":true},"ip_range_filter":{"type":"string","optional":true},"is_virtual_network_filter_enabled":{"type":"bool","optional":true},"kind":{"type":"string","optional":true},"location":{"type":"string","required":true},"name":{"type":"string","required":true},"offer_type":{"type":"string","required":true},"primary_master_key":{"type":"string","computed":true,"sensitive":true},"primary_readonly_master_key":{"type":"string","computed":true,"sensitive":true},"read_endpoints":{"type":["list","string"],"computed":true},"resource_group_name":{"type":"string","required":true},"secondary_master_key":{"type":"string","computed":true,"sensitive":true},"secondary_readonly_master_key":{"type":"string","computed":true,"sensitive":true},"tags":{"type":["map","string"],"optional":true},"write_endpoints":{"type":["list","string"],"computed":true}},"block_types":{"capabilities":{"nesting_mode":"set","block":{"attributes":{"name":{"type":"string","required":true}}}},"consistency_policy":{"nesting_mode":"list","block":{"attributes":{"consistency_level":{"type":"string","required":true},"max_interval_in_seconds":{"type":"number","optional":true},"max_staleness_prefix":{"type":"number","optional":true}}},"min_items":1,"max_items":1},"geo_location":{"nesting_mode":"set","block":{"attributes":{"failover_priority":{"type":"number","required":true},"id":{"type":"string","computed":true},"location":{"type":"string","required":true},"prefix":{"type":"string","optional":true}}},"min_items":1},"timeouts":{"nesting_mode":"single","block":{"attributes":{"create":{"type":"string","optional":true},"delete":{"type":"string","optional":true},"read":{"type":"string","optional":true},"update":{"type":"string","optional":true}}}},"virtual_network_rule":{"nesting_mode":"set","block":{"attributes":{"id":{"type":"string","required":true}}}}}}},"azurerm_cosmosdb_cassandra_keyspace":{"version":0,"block":{"attributes":{"account_name":{"type":"string","required":true},"id":{"type":"string","optional":true,"computed":true},"name":{"type":"string","required":true},"resource_group_name":{"type":"string","required":true},"throughput":{"type":"number","optional":true,"computed":true}},"block_types":{"timeouts":{"nesting_mode":"single","block":{"attributes":{"create":{"type":"string","optional":true},"delete":{"type":"string","optional":true},"read":{"type":"string","optional":true},"update":{"type":"string","optional":true}}}}}}},"azurerm_cosmosdb_gremlin_database":{"version":0,"block":{"attributes":{"account_name":{"type":"string","required":true},"id":{"type":"string","optional":true,"computed":true},"name":{"type":"string","required":true},"resource_group_name":{"type":"string","required":true},"throughput":{"type":"number","optional":true,"computed":true}},"block_types":{"timeouts":{"nesting_mode":"single","block":{"attributes":{"create":{"type":"string","optional":true},"delete":{"type":"string","optional":true},"read":{"type":"string","optional":true},"update":{"type":"string","optional":true}}}}}}},"azurerm_cosmosdb_gremlin_graph":{"version":0,"block":{"attributes":{"account_name":{"type":"string","required":true},"database_name":{"type":"string","required":true},"id":{"type":"string","optional":true,"computed":true},"name":{"type":"string","required":true},"partition_key_path":{"type":"string","optional":true},"resource_group_name":{"type":"string","required":true},"throughput":{"type":"number","optional":true,"computed":true}},"block_types":{"conflict_resolution_policy":{"nesting_mode":"list","block":{"attributes":{"conflict_resolution_path":{"type":"string","optional":true},"conflict_resolution_procedure":{"type":"string","optional":true},"mode":{"type":"string","required":true}}},"min_items":1},"index_policy":{"nesting_mode":"list","block":{"attributes":{"automatic":{"type":"bool","optional":true},"excluded_paths":{"type":["set","string"],"optional":true},"included_paths":{"type":["set","string"],"optional":true},"indexing_mode":{"type":"string","required":true}}},"min_items":1},"timeouts":{"nesting_mode":"single","block":{"attributes":{"create":{"type":"string","optional":true},"delete":{"type":"string","optional":true},"read":{"type":"string","optional":true},"update":{"type":"string","optional":true}}}},"unique_key":{"nesting_mode":"set","block":{"attributes":{"paths":{"type":["set","string"],"required":true}}}}}}},"azurerm_cosmosdb_mongo_collection":{"version":0,"block":{"attributes":{"account_name":{"type":"string","required":true},"database_name":{"type":"string","required":true},"default_ttl_seconds":{"type":"number","optional":true},"id":{"type":"string","optional":true,"computed":true},"name":{"type":"string","required":true},"resource_group_name":{"type":"string","required":true},"shard_key":{"type":"string","optional":true},"system_indexes":{"type":["list",["object",{"keys":["list","string"],"unique":"bool"}]],"computed":true},"throughput":{"type":"number","optional":true,"computed":true}},"block_types":{"index":{"nesting_mode":"set","block":{"attributes":{"keys":{"type":["set","string"],"required":true},"unique":{"type":"bool","optional":true}}}},"timeouts":{"nesting_mode":"single","block":{"attributes":{"create":{"type":"string","optional":true},"delete":{"type":"string","optional":true},"read":{"type":"string","optional":true},"update":{"type":"string","optional":true}}}}}}},"azurerm_cosmosdb_mongo_database":{"version":0,"block":{"attributes":{"account_name":{"type":"string","required":true},"id":{"type":"string","optional":true,"computed":true},"name":{"type":"string","required":true},"resource_group_name":{"type":"string","required":true},"throughput":{"type":"number","optional":true,"computed":true}},"block_types":{"timeouts":{"nesting_mode":"single","block":{"attributes":{"create":{"type":"string","optional":true},"delete":{"type":"string","optional":true},"read":{"type":"string","optional":true},"update":{"type":"string","optional":true}}}}}}},"azurerm_cosmosdb_sql_container":{"version":0,"block":{"attributes":{"account_name":{"type":"string","required":true},"database_name":{"type":"string","required":true},"default_ttl":{"type":"number","optional":true,"computed":true},"id":{"type":"string","optional":true,"computed":true},"name":{"type":"string","required":true},"partition_key_path":{"type":"string","optional":true},"resource_group_name":{"type":"string","required":true},"throughput":{"type":"number","optional":true,"computed":true}},"block_types":{"timeouts":{"nesting_mode":"single","block":{"attributes":{"create":{"type":"string","optional":true},"delete":{"type":"string","optional":true},"read":{"type":"string","optional":true},"update":{"type":"string","optional":true}}}},"unique_key":{"nesting_mode":"set","block":{"attributes":{"paths":{"type":["set","string"],"required":true}}}}}}},"azurerm_cosmosdb_sql_database":{"version":0,"block":{"attributes":{"account_name":{"type":"string","required":true},"id":{"type":"string","optional":true,"computed":true},"name":{"type":"string","required":true},"resource_group_name":{"type":"string","required":true},"throughput":{"type":"number","optional":true,"computed":true}},"block_types":{"timeouts":{"nesting_mode":"single","block":{"attributes":{"create":{"type":"string","optional":true},"delete":{"type":"string","optional":true},"read":{"type":"string","optional":true},"update":{"type":"string","optional":true}}}}}}},"azurerm_cosmosdb_table":{"version":0,"block":{"attributes":{"account_name":{"type":"string","required":true},"id":{"type":"string","optional":true,"computed":true},"name":{"type":"string","required":true},"resource_group_name":{"type":"string","required":true},"throughput":{"type":"number","optional":true,"computed":true}},"block_types":{"timeouts":{"nesting_mode":"single","block":{"attributes":{"create":{"type":"string","optional":true},"delete":{"type":"string","optional":true},"read":{"type":"string","optional":true},"update":{"type":"string","optional":true}}}}}}},"azurerm_cost_management_export_resource_group":{"version":0,"block":{"attributes":{"active":{"type":"bool","optional":true},"id":{"type":"string","optional":true,"computed":true},"name":{"type":"string","required":true},"recurrence_period_end":{"type":"string","required":true},"recurrence_period_start":{"type":"string","required":true},"recurrence_type":{"type":"string","required":true},"resource_group_id":{"type":"string","required":true}},"block_types":{"delivery_info":{"nesting_mode":"list","block":{"attributes":{"container_name":{"type":"string","required":true},"root_folder_path":{"type":"string","required":true},"storage_account_id":{"type":"string","required":true}}},"min_items":1,"max_items":1},"query":{"nesting_mode":"list","block":{"attributes":{"time_frame":{"type":"string","required":true},"type":{"type":"string","required":true}}},"min_items":1,"max_items":1},"timeouts":{"nesting_mode":"single","block":{"attributes":{"create":{"type":"string","optional":true},"delete":{"type":"string","optional":true},"read":{"type":"string","optional":true},"update":{"type":"string","optional":true}}}}}}},"azurerm_custom_provider":{"version":0,"block":{"attributes":{"id":{"type":"string","optional":true,"computed":true},"location":{"type":"string","required":true},"name":{"type":"string","required":true},"resource_group_name":{"type":"string","required":true},"tags":{"type":["map","string"],"optional":true}},"block_types":{"action":{"nesting_mode":"set","block":{"attributes":{"endpoint":{"type":"string","required":true},"name":{"type":"string","required":true}}}},"resource_type":{"nesting_mode":"set","block":{"attributes":{"endpoint":{"type":"string","required":true},"name":{"type":"string","required":true},"routing_type":{"type":"string","optional":true}}}},"timeouts":{"nesting_mode":"single","block":{"attributes":{"create":{"type":"string","optional":true},"delete":{"type":"string","optional":true},"read":{"type":"string","optional":true},"update":{"type":"string","optional":true}}}},"validation":{"nesting_mode":"set","block":{"attributes":{"specification":{"type":"string","required":true}}}}}}},"azurerm_dashboard":{"version":0,"block":{"attributes":{"dashboard_properties":{"type":"string","optional":true,"computed":true},"id":{"type":"string","optional":true,"computed":true},"location":{"type":"string","required":true},"name":{"type":"string","required":true},"resource_group_name":{"type":"string","required":true},"tags":{"type":["map","string"],"optional":true}},"block_types":{"timeouts":{"nesting_mode":"single","block":{"attributes":{"create":{"type":"string","optional":true},"delete":{"type":"string","optional":true},"read":{"type":"string","optional":true},"update":{"type":"string","optional":true}}}}}}},"azurerm_data_factory":{"version":0,"block":{"attributes":{"id":{"type":"string","optional":true,"computed":true},"location":{"type":"string","required":true},"name":{"type":"string","required":true},"resource_group_name":{"type":"string","required":true},"tags":{"type":["map","string"],"optional":true}},"block_types":{"github_configuration":{"nesting_mode":"list","block":{"attributes":{"account_name":{"type":"string","required":true},"branch_name":{"type":"string","required":true},"git_url":{"type":"string","required":true},"repository_name":{"type":"string","required":true},"root_folder":{"type":"string","required":true}}},"max_items":1},"identity":{"nesting_mode":"list","block":{"attributes":{"principal_id":{"type":"string","computed":true},"tenant_id":{"type":"string","computed":true},"type":{"type":"string","required":true}}},"max_items":1},"timeouts":{"nesting_mode":"single","block":{"attributes":{"create":{"type":"string","optional":true},"delete":{"type":"string","optional":true},"read":{"type":"string","optional":true},"update":{"type":"string","optional":true}}}},"vsts_configuration":{"nesting_mode":"list","block":{"attributes":{"account_name":{"type":"string","required":true},"branch_name":{"type":"string","required":true},"project_name":{"type":"string","required":true},"repository_name":{"type":"string","required":true},"root_folder":{"type":"string","required":true},"tenant_id":{"type":"string","required":true}}},"max_items":1}}}},"azurerm_data_factory_dataset_mysql":{"version":0,"block":{"attributes":{"additional_properties":{"type":["map","string"],"optional":true},"annotations":{"type":["list","string"],"optional":true},"data_factory_name":{"type":"string","required":true},"description":{"type":"string","optional":true},"folder":{"type":"string","optional":true},"id":{"type":"string","optional":true,"computed":true},"linked_service_name":{"type":"string","required":true},"name":{"type":"string","required":true},"parameters":{"type":["map","string"],"optional":true},"resource_group_name":{"type":"string","required":true},"table_name":{"type":"string","optional":true}},"block_types":{"schema_column":{"nesting_mode":"list","block":{"attributes":{"description":{"type":"string","optional":true},"name":{"type":"string","required":true},"type":{"type":"string","optional":true}}}},"timeouts":{"nesting_mode":"single","block":{"attributes":{"create":{"type":"string","optional":true},"delete":{"type":"string","optional":true},"read":{"type":"string","optional":true},"update":{"type":"string","optional":true}}}}}}},"azurerm_data_factory_dataset_postgresql":{"version":0,"block":{"attributes":{"additional_properties":{"type":["map","string"],"optional":true},"annotations":{"type":["list","string"],"optional":true},"data_factory_name":{"type":"string","required":true},"description":{"type":"string","optional":true},"folder":{"type":"string","optional":true},"id":{"type":"string","optional":true,"computed":true},"linked_service_name":{"type":"string","required":true},"name":{"type":"string","required":true},"parameters":{"type":["map","string"],"optional":true},"resource_group_name":{"type":"string","required":true},"table_name":{"type":"string","optional":true}},"block_types":{"schema_column":{"nesting_mode":"list","block":{"attributes":{"description":{"type":"string","optional":true},"name":{"type":"string","required":true},"type":{"type":"string","optional":true}}}},"timeouts":{"nesting_mode":"single","block":{"attributes":{"create":{"type":"string","optional":true},"delete":{"type":"string","optional":true},"read":{"type":"string","optional":true},"update":{"type":"string","optional":true}}}}}}},"azurerm_data_factory_dataset_sql_server_table":{"version":0,"block":{"attributes":{"additional_properties":{"type":["map","string"],"optional":true},"annotations":{"type":["list","string"],"optional":true},"data_factory_name":{"type":"string","required":true},"description":{"type":"string","optional":true},"folder":{"type":"string","optional":true},"id":{"type":"string","optional":true,"computed":true},"linked_service_name":{"type":"string","required":true},"name":{"type":"string","required":true},"parameters":{"type":["map","string"],"optional":true},"resource_group_name":{"type":"string","required":true},"table_name":{"type":"string","optional":true}},"block_types":{"schema_column":{"nesting_mode":"list","block":{"attributes":{"description":{"type":"string","optional":true},"name":{"type":"string","required":true},"type":{"type":"string","optional":true}}}},"timeouts":{"nesting_mode":"single","block":{"attributes":{"create":{"type":"string","optional":true},"delete":{"type":"string","optional":true},"read":{"type":"string","optional":true},"update":{"type":"string","optional":true}}}}}}},"azurerm_data_factory_integration_runtime_managed":{"version":0,"block":{"attributes":{"data_factory_name":{"type":"string","required":true},"description":{"type":"string","optional":true},"edition":{"type":"string","optional":true},"id":{"type":"string","optional":true,"computed":true},"license_type":{"type":"string","optional":true},"location":{"type":"string","required":true},"max_parallel_executions_per_node":{"type":"number","optional":true},"name":{"type":"string","required":true},"node_size":{"type":"string","required":true},"number_of_nodes":{"type":"number","optional":true},"resource_group_name":{"type":"string","required":true}},"block_types":{"catalog_info":{"nesting_mode":"list","block":{"attributes":{"administrator_login":{"type":"string","required":true},"administrator_password":{"type":"string","required":true,"sensitive":true},"pricing_tier":{"type":"string","optional":true},"server_endpoint":{"type":"string","required":true}}},"max_items":1},"custom_setup_script":{"nesting_mode":"list","block":{"attributes":{"blob_container_uri":{"type":"string","required":true},"sas_token":{"type":"string","required":true,"sensitive":true}}},"max_items":1},"timeouts":{"nesting_mode":"single","block":{"attributes":{"create":{"type":"string","optional":true},"delete":{"type":"string","optional":true},"read":{"type":"string","optional":true},"update":{"type":"string","optional":true}}}},"vnet_integration":{"nesting_mode":"list","block":{"attributes":{"subnet_name":{"type":"string","required":true},"vnet_id":{"type":"string","required":true}}},"max_items":1}}}},"azurerm_data_factory_integration_runtime_self_hosted":{"version":0,"block":{"attributes":{"auth_key_1":{"type":"string","computed":true},"auth_key_2":{"type":"string","computed":true},"data_factory_name":{"type":"string","required":true},"description":{"type":"string","optional":true},"id":{"type":"string","optional":true,"computed":true},"name":{"type":"string","required":true},"resource_group_name":{"type":"string","required":true}},"block_types":{"rbac_authorization":{"nesting_mode":"set","block":{"attributes":{"resource_id":{"type":"string","required":true}}}},"timeouts":{"nesting_mode":"single","block":{"attributes":{"create":{"type":"string","optional":true},"delete":{"type":"string","optional":true},"read":{"type":"string","optional":true},"update":{"type":"string","optional":true}}}}}}},"azurerm_data_factory_linked_service_data_lake_storage_gen2":{"version":0,"block":{"attributes":{"additional_properties":{"type":["map","string"],"optional":true},"annotations":{"type":["list","string"],"optional":true},"data_factory_name":{"type":"string","required":true},"description":{"type":"string","optional":true},"id":{"type":"string","optional":true,"computed":true},"integration_runtime_name":{"type":"string","optional":true},"name":{"type":"string","required":true},"parameters":{"type":["map","string"],"optional":true},"resource_group_name":{"type":"string","required":true},"service_principal_id":{"type":"string","required":true},"service_principal_key":{"type":"string","required":true},"tenant":{"type":"string","required":true},"url":{"type":"string","required":true}},"block_types":{"timeouts":{"nesting_mode":"single","block":{"attributes":{"create":{"type":"string","optional":true},"delete":{"type":"string","optional":true},"read":{"type":"string","optional":true},"update":{"type":"string","optional":true}}}}}}},"azurerm_data_factory_linked_service_key_vault":{"version":0,"block":{"attributes":{"additional_properties":{"type":["map","string"],"optional":true},"annotations":{"type":["list","string"],"optional":true},"data_factory_name":{"type":"string","required":true},"description":{"type":"string","optional":true},"id":{"type":"string","optional":true,"computed":true},"integration_runtime_name":{"type":"string","optional":true},"key_vault_id":{"type":"string","required":true},"name":{"type":"string","required":true},"parameters":{"type":["map","string"],"optional":true},"resource_group_name":{"type":"string","required":true}},"block_types":{"timeouts":{"nesting_mode":"single","block":{"attributes":{"create":{"type":"string","optional":true},"delete":{"type":"string","optional":true},"read":{"type":"string","optional":true},"update":{"type":"string","optional":true}}}}}}},"azurerm_data_factory_linked_service_mysql":{"version":0,"block":{"attributes":{"additional_properties":{"type":["map","string"],"optional":true},"annotations":{"type":["list","string"],"optional":true},"connection_string":{"type":"string","required":true},"data_factory_name":{"type":"string","required":true},"description":{"type":"string","optional":true},"id":{"type":"string","optional":true,"computed":true},"integration_runtime_name":{"type":"string","optional":true},"name":{"type":"string","required":true},"parameters":{"type":["map","string"],"optional":true},"resource_group_name":{"type":"string","required":true}},"block_types":{"timeouts":{"nesting_mode":"single","block":{"attributes":{"create":{"type":"string","optional":true},"delete":{"type":"string","optional":true},"read":{"type":"string","optional":true},"update":{"type":"string","optional":true}}}}}}},"azurerm_data_factory_linked_service_postgresql":{"version":0,"block":{"attributes":{"additional_properties":{"type":["map","string"],"optional":true},"annotations":{"type":["list","string"],"optional":true},"connection_string":{"type":"string","required":true},"data_factory_name":{"type":"string","required":true},"description":{"type":"string","optional":true},"id":{"type":"string","optional":true,"computed":true},"integration_runtime_name":{"type":"string","optional":true},"name":{"type":"string","required":true},"parameters":{"type":["map","string"],"optional":true},"resource_group_name":{"type":"string","required":true}},"block_types":{"timeouts":{"nesting_mode":"single","block":{"attributes":{"create":{"type":"string","optional":true},"delete":{"type":"string","optional":true},"read":{"type":"string","optional":true},"update":{"type":"string","optional":true}}}}}}},"azurerm_data_factory_linked_service_sql_server":{"version":0,"block":{"attributes":{"additional_properties":{"type":["map","string"],"optional":true},"annotations":{"type":["list","string"],"optional":true},"connection_string":{"type":"string","required":true},"data_factory_name":{"type":"string","required":true},"description":{"type":"string","optional":true},"id":{"type":"string","optional":true,"computed":true},"integration_runtime_name":{"type":"string","optional":true},"name":{"type":"string","required":true},"parameters":{"type":["map","string"],"optional":true},"resource_group_name":{"type":"string","required":true}},"block_types":{"timeouts":{"nesting_mode":"single","block":{"attributes":{"create":{"type":"string","optional":true},"delete":{"type":"string","optional":true},"read":{"type":"string","optional":true},"update":{"type":"string","optional":true}}}}}}},"azurerm_data_factory_pipeline":{"version":0,"block":{"attributes":{"activities_json":{"type":"string","optional":true},"annotations":{"type":["list","string"],"optional":true},"data_factory_name":{"type":"string","required":true},"description":{"type":"string","optional":true},"id":{"type":"string","optional":true,"computed":true},"name":{"type":"string","required":true},"parameters":{"type":["map","string"],"optional":true},"resource_group_name":{"type":"string","required":true},"variables":{"type":["map","string"],"optional":true}},"block_types":{"timeouts":{"nesting_mode":"single","block":{"attributes":{"create":{"type":"string","optional":true},"delete":{"type":"string","optional":true},"read":{"type":"string","optional":true},"update":{"type":"string","optional":true}}}}}}},"azurerm_data_factory_trigger_schedule":{"version":0,"block":{"attributes":{"annotations":{"type":["list","string"],"optional":true},"data_factory_name":{"type":"string","required":true},"end_time":{"type":"string","optional":true},"frequency":{"type":"string","optional":true},"id":{"type":"string","optional":true,"computed":true},"interval":{"type":"number","optional":true},"name":{"type":"string","required":true},"pipeline_name":{"type":"string","required":true},"pipeline_parameters":{"type":["map","string"],"optional":true},"resource_group_name":{"type":"string","required":true},"start_time":{"type":"string","optional":true,"computed":true}},"block_types":{"timeouts":{"nesting_mode":"single","block":{"attributes":{"create":{"type":"string","optional":true},"delete":{"type":"string","optional":true},"read":{"type":"string","optional":true},"update":{"type":"string","optional":true}}}}}}},"azurerm_data_lake_analytics_account":{"version":0,"block":{"attributes":{"default_store_account_name":{"type":"string","required":true},"id":{"type":"string","optional":true,"computed":true},"location":{"type":"string","required":true},"name":{"type":"string","required":true},"resource_group_name":{"type":"string","required":true},"tags":{"type":["map","string"],"optional":true},"tier":{"type":"string","optional":true}},"block_types":{"timeouts":{"nesting_mode":"single","block":{"attributes":{"create":{"type":"string","optional":true},"delete":{"type":"string","optional":true},"read":{"type":"string","optional":true},"update":{"type":"string","optional":true}}}}}}},"azurerm_data_lake_analytics_firewall_rule":{"version":0,"block":{"attributes":{"account_name":{"type":"string","required":true},"end_ip_address":{"type":"string","required":true},"id":{"type":"string","optional":true,"computed":true},"name":{"type":"string","required":true},"resource_group_name":{"type":"string","required":true},"start_ip_address":{"type":"string","required":true}},"block_types":{"timeouts":{"nesting_mode":"single","block":{"attributes":{"create":{"type":"string","optional":true},"delete":{"type":"string","optional":true},"read":{"type":"string","optional":true},"update":{"type":"string","optional":true}}}}}}},"azurerm_data_lake_store":{"version":0,"block":{"attributes":{"encryption_state":{"type":"string","optional":true},"encryption_type":{"type":"string","optional":true,"computed":true},"endpoint":{"type":"string","computed":true},"firewall_allow_azure_ips":{"type":"string","optional":true},"firewall_state":{"type":"string","optional":true},"id":{"type":"string","optional":true,"computed":true},"location":{"type":"string","required":true},"name":{"type":"string","required":true},"resource_group_name":{"type":"string","required":true},"tags":{"type":["map","string"],"optional":true},"tier":{"type":"string","optional":true}},"block_types":{"timeouts":{"nesting_mode":"single","block":{"attributes":{"create":{"type":"string","optional":true},"delete":{"type":"string","optional":true},"read":{"type":"string","optional":true},"update":{"type":"string","optional":true}}}}}}},"azurerm_data_lake_store_file":{"version":1,"block":{"attributes":{"account_name":{"type":"string","required":true},"id":{"type":"string","optional":true,"computed":true},"local_file_path":{"type":"string","required":true},"remote_file_path":{"type":"string","required":true}},"block_types":{"timeouts":{"nesting_mode":"single","block":{"attributes":{"create":{"type":"string","optional":true},"delete":{"type":"string","optional":true},"read":{"type":"string","optional":true},"update":{"type":"string","optional":true}}}}}}},"azurerm_data_lake_store_firewall_rule":{"version":0,"block":{"attributes":{"account_name":{"type":"string","required":true},"end_ip_address":{"type":"string","required":true},"id":{"type":"string","optional":true,"computed":true},"name":{"type":"string","required":true},"resource_group_name":{"type":"string","required":true},"start_ip_address":{"type":"string","required":true}},"block_types":{"timeouts":{"nesting_mode":"single","block":{"attributes":{"create":{"type":"string","optional":true},"delete":{"type":"string","optional":true},"read":{"type":"string","optional":true},"update":{"type":"string","optional":true}}}}}}},"azurerm_data_share":{"version":0,"block":{"attributes":{"account_id":{"type":"string","required":true},"description":{"type":"string","optional":true},"id":{"type":"string","optional":true,"computed":true},"kind":{"type":"string","required":true},"name":{"type":"string","required":true},"terms":{"type":"string","optional":true}},"block_types":{"snapshot_schedule":{"nesting_mode":"list","block":{"attributes":{"name":{"type":"string","required":true},"recurrence":{"type":"string","required":true},"start_time":{"type":"string","required":true}}},"max_items":1},"timeouts":{"nesting_mode":"single","block":{"attributes":{"create":{"type":"string","optional":true},"delete":{"type":"string","optional":true},"read":{"type":"string","optional":true},"update":{"type":"string","optional":true}}}}}}},"azurerm_data_share_account":{"version":0,"block":{"attributes":{"id":{"type":"string","optional":true,"computed":true},"location":{"type":"string","required":true},"name":{"type":"string","required":true},"resource_group_name":{"type":"string","required":true},"tags":{"type":["map","string"],"optional":true}},"block_types":{"identity":{"nesting_mode":"list","block":{"attributes":{"principal_id":{"type":"string","computed":true},"tenant_id":{"type":"string","computed":true},"type":{"type":"string","required":true}}},"min_items":1,"max_items":1},"timeouts":{"nesting_mode":"single","block":{"attributes":{"create":{"type":"string","optional":true},"delete":{"type":"string","optional":true},"read":{"type":"string","optional":true},"update":{"type":"string","optional":true}}}}}}},"azurerm_data_share_dataset_blob_storage":{"version":0,"block":{"attributes":{"container_name":{"type":"string","required":true},"data_share_id":{"type":"string","required":true},"display_name":{"type":"string","computed":true},"file_path":{"type":"string","optional":true},"folder_path":{"type":"string","optional":true},"id":{"type":"string","optional":true,"computed":true},"name":{"type":"string","required":true}},"block_types":{"storage_account":{"nesting_mode":"list","block":{"attributes":{"name":{"type":"string","required":true},"resource_group_name":{"type":"string","required":true},"subscription_id":{"type":"string","required":true}}},"min_items":1,"max_items":1},"timeouts":{"nesting_mode":"single","block":{"attributes":{"create":{"type":"string","optional":true},"delete":{"type":"string","optional":true},"read":{"type":"string","optional":true}}}}}}},"azurerm_database_migration_project":{"version":0,"block":{"attributes":{"id":{"type":"string","optional":true,"computed":true},"location":{"type":"string","required":true},"name":{"type":"string","required":true},"resource_group_name":{"type":"string","required":true},"service_name":{"type":"string","required":true},"source_platform":{"type":"string","required":true},"tags":{"type":["map","string"],"optional":true},"target_platform":{"type":"string","required":true}},"block_types":{"timeouts":{"nesting_mode":"single","block":{"attributes":{"create":{"type":"string","optional":true},"delete":{"type":"string","optional":true},"read":{"type":"string","optional":true},"update":{"type":"string","optional":true}}}}}}},"azurerm_database_migration_service":{"version":0,"block":{"attributes":{"id":{"type":"string","optional":true,"computed":true},"location":{"type":"string","required":true},"name":{"type":"string","required":true},"resource_group_name":{"type":"string","required":true},"sku_name":{"type":"string","required":true},"subnet_id":{"type":"string","required":true},"tags":{"type":["map","string"],"optional":true}},"block_types":{"timeouts":{"nesting_mode":"single","block":{"attributes":{"create":{"type":"string","optional":true},"delete":{"type":"string","optional":true},"read":{"type":"string","optional":true},"update":{"type":"string","optional":true}}}}}}},"azurerm_databricks_workspace":{"version":0,"block":{"attributes":{"id":{"type":"string","optional":true,"computed":true},"location":{"type":"string","required":true},"managed_resource_group_id":{"type":"string","computed":true},"managed_resource_group_name":{"type":"string","optional":true,"computed":true},"name":{"type":"string","required":true},"resource_group_name":{"type":"string","required":true},"sku":{"type":"string","required":true},"tags":{"type":["map","string"],"optional":true},"workspace_id":{"type":"string","computed":true},"workspace_url":{"type":"string","computed":true}},"block_types":{"custom_parameters":{"nesting_mode":"list","block":{"attributes":{"no_public_ip":{"type":"bool","optional":true},"private_subnet_name":{"type":"string","optional":true},"public_subnet_name":{"type":"string","optional":true},"virtual_network_id":{"type":"string","optional":true}}},"max_items":1},"timeouts":{"nesting_mode":"single","block":{"attributes":{"create":{"type":"string","optional":true},"delete":{"type":"string","optional":true},"read":{"type":"string","optional":true},"update":{"type":"string","optional":true}}}}}}},"azurerm_dedicated_host":{"version":0,"block":{"attributes":{"auto_replace_on_failure":{"type":"bool","optional":true},"dedicated_host_group_id":{"type":"string","required":true},"id":{"type":"string","optional":true,"computed":true},"license_type":{"type":"string","optional":true},"location":{"type":"string","required":true},"name":{"type":"string","required":true},"platform_fault_domain":{"type":"number","required":true},"sku_name":{"type":"string","required":true},"tags":{"type":["map","string"],"optional":true}},"block_types":{"timeouts":{"nesting_mode":"single","block":{"attributes":{"create":{"type":"string","optional":true},"delete":{"type":"string","optional":true},"read":{"type":"string","optional":true},"update":{"type":"string","optional":true}}}}}}},"azurerm_dedicated_host_group":{"version":0,"block":{"attributes":{"id":{"type":"string","optional":true,"computed":true},"location":{"type":"string","required":true},"name":{"type":"string","required":true},"platform_fault_domain_count":{"type":"number","required":true},"resource_group_name":{"type":"string","required":true},"tags":{"type":["map","string"],"optional":true},"zones":{"type":["list","string"],"optional":true}},"block_types":{"timeouts":{"nesting_mode":"single","block":{"attributes":{"create":{"type":"string","optional":true},"delete":{"type":"string","optional":true},"read":{"type":"string","optional":true},"update":{"type":"string","optional":true}}}}}}},"azurerm_dev_test_global_vm_shutdown_schedule":{"version":0,"block":{"attributes":{"daily_recurrence_time":{"type":"string","required":true},"enabled":{"type":"bool","optional":true},"id":{"type":"string","optional":true,"computed":true},"location":{"type":"string","required":true},"tags":{"type":["map","string"],"optional":true},"timezone":{"type":"string","required":true},"virtual_machine_id":{"type":"string","required":true}},"block_types":{"notification_settings":{"nesting_mode":"list","block":{"attributes":{"enabled":{"type":"bool","required":true},"time_in_minutes":{"type":"number","optional":true},"webhook_url":{"type":"string","optional":true}}},"min_items":1,"max_items":1},"timeouts":{"nesting_mode":"single","block":{"attributes":{"create":{"type":"string","optional":true},"delete":{"type":"string","optional":true},"read":{"type":"string","optional":true},"update":{"type":"string","optional":true}}}}}}},"azurerm_dev_test_lab":{"version":0,"block":{"attributes":{"artifacts_storage_account_id":{"type":"string","computed":true},"default_premium_storage_account_id":{"type":"string","computed":true},"default_storage_account_id":{"type":"string","computed":true},"id":{"type":"string","optional":true,"computed":true},"key_vault_id":{"type":"string","computed":true},"location":{"type":"string","required":true},"name":{"type":"string","required":true},"premium_data_disk_storage_account_id":{"type":"string","computed":true},"resource_group_name":{"type":"string","required":true},"storage_type":{"type":"string","optional":true},"tags":{"type":["map","string"],"optional":true},"unique_identifier":{"type":"string","computed":true}},"block_types":{"timeouts":{"nesting_mode":"single","block":{"attributes":{"create":{"type":"string","optional":true},"delete":{"type":"string","optional":true},"read":{"type":"string","optional":true},"update":{"type":"string","optional":true}}}}}}},"azurerm_dev_test_linux_virtual_machine":{"version":0,"block":{"attributes":{"allow_claim":{"type":"bool","optional":true},"disallow_public_ip_address":{"type":"bool","optional":true},"fqdn":{"type":"string","computed":true},"id":{"type":"string","optional":true,"computed":true},"lab_name":{"type":"string","required":true},"lab_subnet_name":{"type":"string","required":true},"lab_virtual_network_id":{"type":"string","required":true},"location":{"type":"string","required":true},"name":{"type":"string","required":true},"notes":{"type":"string","optional":true},"password":{"type":"string","optional":true,"sensitive":true},"resource_group_name":{"type":"string","required":true},"size":{"type":"string","required":true},"ssh_key":{"type":"string","optional":true},"storage_type":{"type":"string","required":true},"tags":{"type":["map","string"],"optional":true},"unique_identifier":{"type":"string","computed":true},"username":{"type":"string","required":true}},"block_types":{"gallery_image_reference":{"nesting_mode":"list","block":{"attributes":{"offer":{"type":"string","required":true},"publisher":{"type":"string","required":true},"sku":{"type":"string","required":true},"version":{"type":"string","required":true}}},"min_items":1,"max_items":1},"inbound_nat_rule":{"nesting_mode":"set","block":{"attributes":{"backend_port":{"type":"number","required":true},"frontend_port":{"type":"number","computed":true},"protocol":{"type":"string","required":true}}}},"timeouts":{"nesting_mode":"single","block":{"attributes":{"create":{"type":"string","optional":true},"delete":{"type":"string","optional":true},"read":{"type":"string","optional":true},"update":{"type":"string","optional":true}}}}}}},"azurerm_dev_test_policy":{"version":0,"block":{"attributes":{"description":{"type":"string","optional":true},"evaluator_type":{"type":"string","required":true},"fact_data":{"type":"string","optional":true},"id":{"type":"string","optional":true,"computed":true},"lab_name":{"type":"string","required":true},"name":{"type":"string","required":true},"policy_set_name":{"type":"string","required":true},"resource_group_name":{"type":"string","required":true},"tags":{"type":["map","string"],"optional":true},"threshold":{"type":"string","required":true}},"block_types":{"timeouts":{"nesting_mode":"single","block":{"attributes":{"create":{"type":"string","optional":true},"delete":{"type":"string","optional":true},"read":{"type":"string","optional":true},"update":{"type":"string","optional":true}}}}}}},"azurerm_dev_test_schedule":{"version":0,"block":{"attributes":{"id":{"type":"string","optional":true,"computed":true},"lab_name":{"type":"string","required":true},"location":{"type":"string","required":true},"name":{"type":"string","required":true},"resource_group_name":{"type":"string","required":true},"status":{"type":"string","optional":true},"tags":{"type":["map","string"],"optional":true},"task_type":{"type":"string","required":true},"time_zone_id":{"type":"string","required":true}},"block_types":{"daily_recurrence":{"nesting_mode":"list","block":{"attributes":{"time":{"type":"string","required":true}}},"max_items":1},"hourly_recurrence":{"nesting_mode":"list","block":{"attributes":{"minute":{"type":"number","required":true}}},"max_items":1},"notification_settings":{"nesting_mode":"list","block":{"attributes":{"status":{"type":"string","optional":true},"time_in_minutes":{"type":"number","optional":true},"webhook_url":{"type":"string","optional":true}}},"min_items":1,"max_items":1},"timeouts":{"nesting_mode":"single","block":{"attributes":{"create":{"type":"string","optional":true},"delete":{"type":"string","optional":true},"read":{"type":"string","optional":true},"update":{"type":"string","optional":true}}}},"weekly_recurrence":{"nesting_mode":"list","block":{"attributes":{"time":{"type":"string","required":true},"week_days":{"type":["list","string"],"optional":true}}},"max_items":1}}}},"azurerm_dev_test_virtual_network":{"version":0,"block":{"attributes":{"description":{"type":"string","optional":true},"id":{"type":"string","optional":true,"computed":true},"lab_name":{"type":"string","required":true},"name":{"type":"string","required":true},"resource_group_name":{"type":"string","required":true},"tags":{"type":["map","string"],"optional":true},"unique_identifier":{"type":"string","computed":true}},"block_types":{"subnet":{"nesting_mode":"list","block":{"attributes":{"name":{"type":"string","computed":true},"use_in_virtual_machine_creation":{"type":"string","optional":true},"use_public_ip_address":{"type":"string","optional":true}}},"max_items":1},"timeouts":{"nesting_mode":"single","block":{"attributes":{"create":{"type":"string","optional":true},"delete":{"type":"string","optional":true},"read":{"type":"string","optional":true},"update":{"type":"string","optional":true}}}}}}},"azurerm_dev_test_windows_virtual_machine":{"version":0,"block":{"attributes":{"allow_claim":{"type":"bool","optional":true},"disallow_public_ip_address":{"type":"bool","optional":true},"fqdn":{"type":"string","computed":true},"id":{"type":"string","optional":true,"computed":true},"lab_name":{"type":"string","required":true},"lab_subnet_name":{"type":"string","required":true},"lab_virtual_network_id":{"type":"string","required":true},"location":{"type":"string","required":true},"name":{"type":"string","required":true},"notes":{"type":"string","optional":true},"password":{"type":"string","required":true},"resource_group_name":{"type":"string","required":true},"size":{"type":"string","required":true},"storage_type":{"type":"string","required":true},"tags":{"type":["map","string"],"optional":true},"unique_identifier":{"type":"string","computed":true},"username":{"type":"string","required":true}},"block_types":{"gallery_image_reference":{"nesting_mode":"list","block":{"attributes":{"offer":{"type":"string","required":true},"publisher":{"type":"string","required":true},"sku":{"type":"string","required":true},"version":{"type":"string","required":true}}},"min_items":1,"max_items":1},"inbound_nat_rule":{"nesting_mode":"set","block":{"attributes":{"backend_port":{"type":"number","required":true},"frontend_port":{"type":"number","computed":true},"protocol":{"type":"string","required":true}}}},"timeouts":{"nesting_mode":"single","block":{"attributes":{"create":{"type":"string","optional":true},"delete":{"type":"string","optional":true},"read":{"type":"string","optional":true},"update":{"type":"string","optional":true}}}}}}},"azurerm_devspace_controller":{"version":0,"block":{"attributes":{"data_plane_fqdn":{"type":"string","computed":true},"host_suffix":{"type":"string","computed":true},"id":{"type":"string","optional":true,"computed":true},"location":{"type":"string","required":true},"name":{"type":"string","required":true},"resource_group_name":{"type":"string","required":true},"sku_name":{"type":"string","required":true},"tags":{"type":["map","string"],"optional":true},"target_container_host_credentials_base64":{"type":"string","required":true,"sensitive":true},"target_container_host_resource_id":{"type":"string","required":true}},"block_types":{"timeouts":{"nesting_mode":"single","block":{"attributes":{"create":{"type":"string","optional":true},"delete":{"type":"string","optional":true},"read":{"type":"string","optional":true},"update":{"type":"string","optional":true}}}}}}},"azurerm_disk_encryption_set":{"version":0,"block":{"attributes":{"id":{"type":"string","optional":true,"computed":true},"key_vault_key_id":{"type":"string","required":true},"location":{"type":"string","required":true},"name":{"type":"string","required":true},"resource_group_name":{"type":"string","required":true},"tags":{"type":["map","string"],"optional":true}},"block_types":{"identity":{"nesting_mode":"list","block":{"attributes":{"principal_id":{"type":"string","computed":true},"tenant_id":{"type":"string","computed":true},"type":{"type":"string","required":true}}},"min_items":1,"max_items":1},"timeouts":{"nesting_mode":"single","block":{"attributes":{"create":{"type":"string","optional":true},"delete":{"type":"string","optional":true},"read":{"type":"string","optional":true},"update":{"type":"string","optional":true}}}}}}},"azurerm_dns_a_record":{"version":0,"block":{"attributes":{"fqdn":{"type":"string","computed":true},"id":{"type":"string","optional":true,"computed":true},"name":{"type":"string","required":true},"records":{"type":["set","string"],"optional":true},"resource_group_name":{"type":"string","required":true},"tags":{"type":["map","string"],"optional":true},"target_resource_id":{"type":"string","optional":true},"ttl":{"type":"number","required":true},"zone_name":{"type":"string","required":true}},"block_types":{"timeouts":{"nesting_mode":"single","block":{"attributes":{"create":{"type":"string","optional":true},"delete":{"type":"string","optional":true},"read":{"type":"string","optional":true},"update":{"type":"string","optional":true}}}}}}},"azurerm_dns_aaaa_record":{"version":0,"block":{"attributes":{"fqdn":{"type":"string","computed":true},"id":{"type":"string","optional":true,"computed":true},"name":{"type":"string","required":true},"records":{"type":["set","string"],"optional":true},"resource_group_name":{"type":"string","required":true},"tags":{"type":["map","string"],"optional":true},"target_resource_id":{"type":"string","optional":true},"ttl":{"type":"number","required":true},"zone_name":{"type":"string","required":true}},"block_types":{"timeouts":{"nesting_mode":"single","block":{"attributes":{"create":{"type":"string","optional":true},"delete":{"type":"string","optional":true},"read":{"type":"string","optional":true},"update":{"type":"string","optional":true}}}}}}},"azurerm_dns_caa_record":{"version":0,"block":{"attributes":{"fqdn":{"type":"string","computed":true},"id":{"type":"string","optional":true,"computed":true},"name":{"type":"string","required":true},"resource_group_name":{"type":"string","required":true},"tags":{"type":["map","string"],"optional":true},"ttl":{"type":"number","required":true},"zone_name":{"type":"string","required":true}},"block_types":{"record":{"nesting_mode":"set","block":{"attributes":{"flags":{"type":"number","required":true},"tag":{"type":"string","required":true},"value":{"type":"string","required":true}}},"min_items":1},"timeouts":{"nesting_mode":"single","block":{"attributes":{"create":{"type":"string","optional":true},"delete":{"type":"string","optional":true},"read":{"type":"string","optional":true},"update":{"type":"string","optional":true}}}}}}},"azurerm_dns_cname_record":{"version":0,"block":{"attributes":{"fqdn":{"type":"string","computed":true},"id":{"type":"string","optional":true,"computed":true},"name":{"type":"string","required":true},"record":{"type":"string","optional":true},"resource_group_name":{"type":"string","required":true},"tags":{"type":["map","string"],"optional":true},"target_resource_id":{"type":"string","optional":true},"ttl":{"type":"number","required":true},"zone_name":{"type":"string","required":true}},"block_types":{"timeouts":{"nesting_mode":"single","block":{"attributes":{"create":{"type":"string","optional":true},"delete":{"type":"string","optional":true},"read":{"type":"string","optional":true},"update":{"type":"string","optional":true}}}}}}},"azurerm_dns_mx_record":{"version":0,"block":{"attributes":{"fqdn":{"type":"string","computed":true},"id":{"type":"string","optional":true,"computed":true},"name":{"type":"string","optional":true},"resource_group_name":{"type":"string","required":true},"tags":{"type":["map","string"],"optional":true},"ttl":{"type":"number","required":true},"zone_name":{"type":"string","required":true}},"block_types":{"record":{"nesting_mode":"set","block":{"attributes":{"exchange":{"type":"string","required":true},"preference":{"type":"string","required":true}}},"min_items":1},"timeouts":{"nesting_mode":"single","block":{"attributes":{"create":{"type":"string","optional":true},"delete":{"type":"string","optional":true},"read":{"type":"string","optional":true},"update":{"type":"string","optional":true}}}}}}},"azurerm_dns_ns_record":{"version":0,"block":{"attributes":{"fqdn":{"type":"string","computed":true},"id":{"type":"string","optional":true,"computed":true},"name":{"type":"string","required":true},"records":{"type":["list","string"],"required":true},"resource_group_name":{"type":"string","required":true},"tags":{"type":["map","string"],"optional":true},"ttl":{"type":"number","required":true},"zone_name":{"type":"string","required":true}},"block_types":{"timeouts":{"nesting_mode":"single","block":{"attributes":{"create":{"type":"string","optional":true},"delete":{"type":"string","optional":true},"read":{"type":"string","optional":true},"update":{"type":"string","optional":true}}}}}}},"azurerm_dns_ptr_record":{"version":0,"block":{"attributes":{"fqdn":{"type":"string","computed":true},"id":{"type":"string","optional":true,"computed":true},"name":{"type":"string","required":true},"records":{"type":["set","string"],"required":true},"resource_group_name":{"type":"string","required":true},"tags":{"type":["map","string"],"optional":true},"ttl":{"type":"number","required":true},"zone_name":{"type":"string","required":true}},"block_types":{"timeouts":{"nesting_mode":"single","block":{"attributes":{"create":{"type":"string","optional":true},"delete":{"type":"string","optional":true},"read":{"type":"string","optional":true},"update":{"type":"string","optional":true}}}}}}},"azurerm_dns_srv_record":{"version":0,"block":{"attributes":{"fqdn":{"type":"string","computed":true},"id":{"type":"string","optional":true,"computed":true},"name":{"type":"string","required":true},"resource_group_name":{"type":"string","required":true},"tags":{"type":["map","string"],"optional":true},"ttl":{"type":"number","required":true},"zone_name":{"type":"string","required":true}},"block_types":{"record":{"nesting_mode":"set","block":{"attributes":{"port":{"type":"number","required":true},"priority":{"type":"number","required":true},"target":{"type":"string","required":true},"weight":{"type":"number","required":true}}},"min_items":1},"timeouts":{"nesting_mode":"single","block":{"attributes":{"create":{"type":"string","optional":true},"delete":{"type":"string","optional":true},"read":{"type":"string","optional":true},"update":{"type":"string","optional":true}}}}}}},"azurerm_dns_txt_record":{"version":0,"block":{"attributes":{"fqdn":{"type":"string","computed":true},"id":{"type":"string","optional":true,"computed":true},"name":{"type":"string","required":true},"resource_group_name":{"type":"string","required":true},"tags":{"type":["map","string"],"optional":true},"ttl":{"type":"number","required":true},"zone_name":{"type":"string","required":true}},"block_types":{"record":{"nesting_mode":"set","block":{"attributes":{"value":{"type":"string","required":true}}},"min_items":1},"timeouts":{"nesting_mode":"single","block":{"attributes":{"create":{"type":"string","optional":true},"delete":{"type":"string","optional":true},"read":{"type":"string","optional":true},"update":{"type":"string","optional":true}}}}}}},"azurerm_dns_zone":{"version":0,"block":{"attributes":{"id":{"type":"string","optional":true,"computed":true},"max_number_of_record_sets":{"type":"number","computed":true},"name":{"type":"string","required":true},"name_servers":{"type":["set","string"],"computed":true},"number_of_record_sets":{"type":"number","computed":true},"resource_group_name":{"type":"string","required":true},"tags":{"type":["map","string"],"optional":true}},"block_types":{"timeouts":{"nesting_mode":"single","block":{"attributes":{"create":{"type":"string","optional":true},"delete":{"type":"string","optional":true},"read":{"type":"string","optional":true},"update":{"type":"string","optional":true}}}}}}},"azurerm_eventgrid_domain":{"version":0,"block":{"attributes":{"endpoint":{"type":"string","computed":true},"id":{"type":"string","optional":true,"computed":true},"input_schema":{"type":"string","optional":true},"location":{"type":"string","required":true},"name":{"type":"string","required":true},"primary_access_key":{"type":"string","computed":true,"sensitive":true},"resource_group_name":{"type":"string","required":true},"secondary_access_key":{"type":"string","computed":true,"sensitive":true},"tags":{"type":["map","string"],"optional":true}},"block_types":{"input_mapping_default_values":{"nesting_mode":"list","block":{"attributes":{"data_version":{"type":"string","optional":true},"event_type":{"type":"string","optional":true},"subject":{"type":"string","optional":true}}},"max_items":1},"input_mapping_fields":{"nesting_mode":"list","block":{"attributes":{"data_version":{"type":"string","optional":true},"event_time":{"type":"string","optional":true},"event_type":{"type":"string","optional":true},"id":{"type":"string","optional":true},"subject":{"type":"string","optional":true},"topic":{"type":"string","optional":true}}},"max_items":1},"timeouts":{"nesting_mode":"single","block":{"attributes":{"create":{"type":"string","optional":true},"delete":{"type":"string","optional":true},"read":{"type":"string","optional":true},"update":{"type":"string","optional":true}}}}}}},"azurerm_eventgrid_domain_topic":{"version":0,"block":{"attributes":{"domain_name":{"type":"string","required":true},"id":{"type":"string","optional":true,"computed":true},"name":{"type":"string","required":true},"resource_group_name":{"type":"string","required":true}},"block_types":{"timeouts":{"nesting_mode":"single","block":{"attributes":{"create":{"type":"string","optional":true},"delete":{"type":"string","optional":true},"read":{"type":"string","optional":true}}}}}}},"azurerm_eventgrid_event_subscription":{"version":0,"block":{"attributes":{"event_delivery_schema":{"type":"string","optional":true},"eventhub_endpoint_id":{"type":"string","optional":true,"computed":true},"expiration_time_utc":{"type":"string","optional":true},"hybrid_connection_endpoint_id":{"type":"string","optional":true,"computed":true},"id":{"type":"string","optional":true,"computed":true},"included_event_types":{"type":["list","string"],"optional":true,"computed":true},"labels":{"type":["list","string"],"optional":true},"name":{"type":"string","required":true},"scope":{"type":"string","required":true},"service_bus_queue_endpoint_id":{"type":"string","optional":true},"service_bus_topic_endpoint_id":{"type":"string","optional":true},"topic_name":{"type":"string","optional":true,"computed":true}},"block_types":{"advanced_filter":{"nesting_mode":"list","block":{"block_types":{"bool_equals":{"nesting_mode":"list","block":{"attributes":{"key":{"type":"string","required":true},"value":{"type":"bool","required":true}}}},"number_greater_than":{"nesting_mode":"list","block":{"attributes":{"key":{"type":"string","required":true},"value":{"type":"number","required":true}}}},"number_greater_than_or_equals":{"nesting_mode":"list","block":{"attributes":{"key":{"type":"string","required":true},"value":{"type":"number","required":true}}}},"number_in":{"nesting_mode":"list","block":{"attributes":{"key":{"type":"string","required":true},"values":{"type":["list","number"],"required":true}}}},"number_less_than":{"nesting_mode":"list","block":{"attributes":{"key":{"type":"string","required":true},"value":{"type":"number","required":true}}}},"number_less_than_or_equals":{"nesting_mode":"list","block":{"attributes":{"key":{"type":"string","required":true},"value":{"type":"number","required":true}}}},"number_not_in":{"nesting_mode":"list","block":{"attributes":{"key":{"type":"string","required":true},"values":{"type":["list","number"],"required":true}}}},"string_begins_with":{"nesting_mode":"list","block":{"attributes":{"key":{"type":"string","required":true},"values":{"type":["list","string"],"required":true}}}},"string_contains":{"nesting_mode":"list","block":{"attributes":{"key":{"type":"string","required":true},"values":{"type":["list","string"],"required":true}}}},"string_ends_with":{"nesting_mode":"list","block":{"attributes":{"key":{"type":"string","required":true},"values":{"type":["list","string"],"required":true}}}},"string_in":{"nesting_mode":"list","block":{"attributes":{"key":{"type":"string","required":true},"values":{"type":["list","string"],"required":true}}}},"string_not_in":{"nesting_mode":"list","block":{"attributes":{"key":{"type":"string","required":true},"values":{"type":["list","string"],"required":true}}}}}},"max_items":1},"azure_function_endpoint":{"nesting_mode":"list","block":{"attributes":{"function_id":{"type":"string","required":true},"max_events_per_batch":{"type":"number","optional":true},"preferred_batch_size_in_kilobytes":{"type":"number","optional":true}}},"max_items":1},"eventhub_endpoint":{"nesting_mode":"list","block":{"attributes":{"eventhub_id":{"type":"string","optional":true,"computed":true}}},"max_items":1},"hybrid_connection_endpoint":{"nesting_mode":"list","block":{"attributes":{"hybrid_connection_id":{"type":"string","optional":true,"computed":true}}},"max_items":1},"retry_policy":{"nesting_mode":"list","block":{"attributes":{"event_time_to_live":{"type":"number","required":true},"max_delivery_attempts":{"type":"number","required":true}}},"max_items":1},"storage_blob_dead_letter_destination":{"nesting_mode":"list","block":{"attributes":{"storage_account_id":{"type":"string","required":true},"storage_blob_container_name":{"type":"string","required":true}}},"max_items":1},"storage_queue_endpoint":{"nesting_mode":"list","block":{"attributes":{"queue_name":{"type":"string","required":true},"storage_account_id":{"type":"string","required":true}}},"max_items":1},"subject_filter":{"nesting_mode":"list","block":{"attributes":{"case_sensitive":{"type":"bool","optional":true},"subject_begins_with":{"type":"string","optional":true},"subject_ends_with":{"type":"string","optional":true}}},"max_items":1},"timeouts":{"nesting_mode":"single","block":{"attributes":{"create":{"type":"string","optional":true},"delete":{"type":"string","optional":true},"read":{"type":"string","optional":true},"update":{"type":"string","optional":true}}}},"webhook_endpoint":{"nesting_mode":"list","block":{"attributes":{"active_directory_app_id_or_uri":{"type":"string","optional":true},"active_directory_tenant_id":{"type":"string","optional":true},"base_url":{"type":"string","computed":true},"max_events_per_batch":{"type":"number","optional":true},"preferred_batch_size_in_kilobytes":{"type":"number","optional":true},"url":{"type":"string","required":true}}},"max_items":1}}}},"azurerm_eventgrid_topic":{"version":0,"block":{"attributes":{"endpoint":{"type":"string","computed":true},"id":{"type":"string","optional":true,"computed":true},"input_schema":{"type":"string","optional":true},"location":{"type":"string","required":true},"name":{"type":"string","required":true},"primary_access_key":{"type":"string","computed":true,"sensitive":true},"resource_group_name":{"type":"string","required":true},"secondary_access_key":{"type":"string","computed":true,"sensitive":true},"tags":{"type":["map","string"],"optional":true}},"block_types":{"input_mapping_default_values":{"nesting_mode":"list","block":{"attributes":{"data_version":{"type":"string","optional":true},"event_type":{"type":"string","optional":true},"subject":{"type":"string","optional":true}}},"max_items":1},"input_mapping_fields":{"nesting_mode":"list","block":{"attributes":{"data_version":{"type":"string","optional":true},"event_time":{"type":"string","optional":true},"event_type":{"type":"string","optional":true},"id":{"type":"string","optional":true},"subject":{"type":"string","optional":true},"topic":{"type":"string","optional":true}}},"max_items":1},"timeouts":{"nesting_mode":"single","block":{"attributes":{"create":{"type":"string","optional":true},"delete":{"type":"string","optional":true},"read":{"type":"string","optional":true},"update":{"type":"string","optional":true}}}}}}},"azurerm_eventhub":{"version":0,"block":{"attributes":{"id":{"type":"string","optional":true,"computed":true},"message_retention":{"type":"number","required":true},"name":{"type":"string","required":true},"namespace_name":{"type":"string","required":true},"partition_count":{"type":"number","required":true},"partition_ids":{"type":["set","string"],"computed":true},"resource_group_name":{"type":"string","required":true}},"block_types":{"capture_description":{"nesting_mode":"list","block":{"attributes":{"enabled":{"type":"bool","required":true},"encoding":{"type":"string","required":true},"interval_in_seconds":{"type":"number","optional":true},"size_limit_in_bytes":{"type":"number","optional":true},"skip_empty_archives":{"type":"bool","optional":true}},"block_types":{"destination":{"nesting_mode":"list","block":{"attributes":{"archive_name_format":{"type":"string","required":true},"blob_container_name":{"type":"string","required":true},"name":{"type":"string","required":true},"storage_account_id":{"type":"string","required":true}}},"min_items":1,"max_items":1}}},"max_items":1},"timeouts":{"nesting_mode":"single","block":{"attributes":{"create":{"type":"string","optional":true},"delete":{"type":"string","optional":true},"read":{"type":"string","optional":true},"update":{"type":"string","optional":true}}}}}}},"azurerm_eventhub_authorization_rule":{"version":0,"block":{"attributes":{"eventhub_name":{"type":"string","required":true},"id":{"type":"string","optional":true,"computed":true},"listen":{"type":"bool","optional":true},"manage":{"type":"bool","optional":true},"name":{"type":"string","required":true},"namespace_name":{"type":"string","required":true},"primary_connection_string":{"type":"string","computed":true,"sensitive":true},"primary_connection_string_alias":{"type":"string","computed":true,"sensitive":true},"primary_key":{"type":"string","computed":true,"sensitive":true},"resource_group_name":{"type":"string","required":true},"secondary_connection_string":{"type":"string","computed":true,"sensitive":true},"secondary_connection_string_alias":{"type":"string","computed":true,"sensitive":true},"secondary_key":{"type":"string","computed":true,"sensitive":true},"send":{"type":"bool","optional":true}},"block_types":{"timeouts":{"nesting_mode":"single","block":{"attributes":{"create":{"type":"string","optional":true},"delete":{"type":"string","optional":true},"read":{"type":"string","optional":true},"update":{"type":"string","optional":true}}}}}}},"azurerm_eventhub_cluster":{"version":0,"block":{"attributes":{"id":{"type":"string","optional":true,"computed":true},"location":{"type":"string","required":true},"name":{"type":"string","required":true},"resource_group_name":{"type":"string","required":true},"sku_name":{"type":"string","required":true},"tags":{"type":["map","string"],"optional":true}},"block_types":{"timeouts":{"nesting_mode":"single","block":{"attributes":{"create":{"type":"string","optional":true},"delete":{"type":"string","optional":true},"read":{"type":"string","optional":true},"update":{"type":"string","optional":true}}}}}}},"azurerm_eventhub_consumer_group":{"version":0,"block":{"attributes":{"eventhub_name":{"type":"string","required":true},"id":{"type":"string","optional":true,"computed":true},"name":{"type":"string","required":true},"namespace_name":{"type":"string","required":true},"resource_group_name":{"type":"string","required":true},"user_metadata":{"type":"string","optional":true}},"block_types":{"timeouts":{"nesting_mode":"single","block":{"attributes":{"create":{"type":"string","optional":true},"delete":{"type":"string","optional":true},"read":{"type":"string","optional":true},"update":{"type":"string","optional":true}}}}}}},"azurerm_eventhub_namespace":{"version":0,"block":{"attributes":{"auto_inflate_enabled":{"type":"bool","optional":true},"capacity":{"type":"number","optional":true},"default_primary_connection_string":{"type":"string","computed":true,"sensitive":true},"default_primary_connection_string_alias":{"type":"string","computed":true,"sensitive":true},"default_primary_key":{"type":"string","computed":true,"sensitive":true},"default_secondary_connection_string":{"type":"string","computed":true,"sensitive":true},"default_secondary_connection_string_alias":{"type":"string","computed":true,"sensitive":true},"default_secondary_key":{"type":"string","computed":true,"sensitive":true},"id":{"type":"string","optional":true,"computed":true},"location":{"type":"string","required":true},"maximum_throughput_units":{"type":"number","optional":true,"computed":true},"name":{"type":"string","required":true},"network_rulesets":{"type":["list",["object",{"default_action":"string","ip_rule":["list",["object",{"action":"string","ip_mask":"string"}]],"virtual_network_rule":["list",["object",{"ignore_missing_virtual_network_service_endpoint":"bool","subnet_id":"string"}]]}]],"optional":true,"computed":true},"resource_group_name":{"type":"string","required":true},"sku":{"type":"string","required":true},"tags":{"type":["map","string"],"optional":true}},"block_types":{"timeouts":{"nesting_mode":"single","block":{"attributes":{"create":{"type":"string","optional":true},"delete":{"type":"string","optional":true},"read":{"type":"string","optional":true},"update":{"type":"string","optional":true}}}}}}},"azurerm_eventhub_namespace_authorization_rule":{"version":1,"block":{"attributes":{"id":{"type":"string","optional":true,"computed":true},"listen":{"type":"bool","optional":true},"manage":{"type":"bool","optional":true},"name":{"type":"string","required":true},"namespace_name":{"type":"string","required":true},"primary_connection_string":{"type":"string","computed":true,"sensitive":true},"primary_connection_string_alias":{"type":"string","computed":true,"sensitive":true},"primary_key":{"type":"string","computed":true,"sensitive":true},"resource_group_name":{"type":"string","required":true},"secondary_connection_string":{"type":"string","computed":true,"sensitive":true},"secondary_connection_string_alias":{"type":"string","computed":true,"sensitive":true},"secondary_key":{"type":"string","computed":true,"sensitive":true},"send":{"type":"bool","optional":true}},"block_types":{"timeouts":{"nesting_mode":"single","block":{"attributes":{"create":{"type":"string","optional":true},"delete":{"type":"string","optional":true},"read":{"type":"string","optional":true},"update":{"type":"string","optional":true}}}}}}},"azurerm_eventhub_namespace_disaster_recovery_config":{"version":0,"block":{"attributes":{"alternate_name":{"type":"string","optional":true},"id":{"type":"string","optional":true,"computed":true},"name":{"type":"string","required":true},"namespace_name":{"type":"string","required":true},"partner_namespace_id":{"type":"string","required":true},"resource_group_name":{"type":"string","required":true}},"block_types":{"timeouts":{"nesting_mode":"single","block":{"attributes":{"create":{"type":"string","optional":true},"delete":{"type":"string","optional":true},"read":{"type":"string","optional":true},"update":{"type":"string","optional":true}}}}}}},"azurerm_express_route_circuit":{"version":0,"block":{"attributes":{"allow_classic_operations":{"type":"bool","optional":true},"bandwidth_in_mbps":{"type":"number","required":true},"id":{"type":"string","optional":true,"computed":true},"location":{"type":"string","required":true},"name":{"type":"string","required":true},"peering_location":{"type":"string","required":true},"resource_group_name":{"type":"string","required":true},"service_key":{"type":"string","computed":true,"sensitive":true},"service_provider_name":{"type":"string","required":true},"service_provider_provisioning_state":{"type":"string","computed":true},"tags":{"type":["map","string"],"optional":true}},"block_types":{"sku":{"nesting_mode":"list","block":{"attributes":{"family":{"type":"string","required":true},"tier":{"type":"string","required":true}}},"min_items":1,"max_items":1},"timeouts":{"nesting_mode":"single","block":{"attributes":{"create":{"type":"string","optional":true},"delete":{"type":"string","optional":true},"read":{"type":"string","optional":true},"update":{"type":"string","optional":true}}}}}}},"azurerm_express_route_circuit_authorization":{"version":0,"block":{"attributes":{"authorization_key":{"type":"string","computed":true,"sensitive":true},"authorization_use_status":{"type":"string","computed":true},"express_route_circuit_name":{"type":"string","required":true},"id":{"type":"string","optional":true,"computed":true},"name":{"type":"string","required":true},"resource_group_name":{"type":"string","required":true}},"block_types":{"timeouts":{"nesting_mode":"single","block":{"attributes":{"create":{"type":"string","optional":true},"delete":{"type":"string","optional":true},"read":{"type":"string","optional":true},"update":{"type":"string","optional":true}}}}}}},"azurerm_express_route_circuit_peering":{"version":0,"block":{"attributes":{"azure_asn":{"type":"number","computed":true},"express_route_circuit_name":{"type":"string","required":true},"id":{"type":"string","optional":true,"computed":true},"peer_asn":{"type":"number","optional":true,"computed":true},"peering_type":{"type":"string","required":true},"primary_azure_port":{"type":"string","computed":true},"primary_peer_address_prefix":{"type":"string","required":true},"resource_group_name":{"type":"string","required":true},"secondary_azure_port":{"type":"string","computed":true},"secondary_peer_address_prefix":{"type":"string","required":true},"shared_key":{"type":"string","optional":true,"sensitive":true},"vlan_id":{"type":"number","required":true}},"block_types":{"microsoft_peering_config":{"nesting_mode":"list","block":{"attributes":{"advertised_public_prefixes":{"type":["list","string"],"required":true},"customer_asn":{"type":"number","optional":true},"routing_registry_name":{"type":"string","optional":true}}},"max_items":1},"timeouts":{"nesting_mode":"single","block":{"attributes":{"create":{"type":"string","optional":true},"delete":{"type":"string","optional":true},"read":{"type":"string","optional":true},"update":{"type":"string","optional":true}}}}}}},"azurerm_express_route_gateway":{"version":0,"block":{"attributes":{"id":{"type":"string","optional":true,"computed":true},"location":{"type":"string","required":true},"name":{"type":"string","required":true},"resource_group_name":{"type":"string","required":true},"scale_units":{"type":"number","required":true},"tags":{"type":["map","string"],"optional":true},"virtual_hub_id":{"type":"string","required":true}},"block_types":{"timeouts":{"nesting_mode":"single","block":{"attributes":{"create":{"type":"string","optional":true},"delete":{"type":"string","optional":true},"read":{"type":"string","optional":true},"update":{"type":"string","optional":true}}}}}}},"azurerm_firewall":{"version":0,"block":{"attributes":{"id":{"type":"string","optional":true,"computed":true},"location":{"type":"string","required":true},"name":{"type":"string","required":true},"resource_group_name":{"type":"string","required":true},"tags":{"type":["map","string"],"optional":true},"threat_intel_mode":{"type":"string","optional":true},"zones":{"type":["list","string"],"optional":true}},"block_types":{"ip_configuration":{"nesting_mode":"list","block":{"attributes":{"name":{"type":"string","required":true},"private_ip_address":{"type":"string","computed":true},"public_ip_address_id":{"type":"string","required":true},"subnet_id":{"type":"string","optional":true}}},"min_items":1},"timeouts":{"nesting_mode":"single","block":{"attributes":{"create":{"type":"string","optional":true},"delete":{"type":"string","optional":true},"read":{"type":"string","optional":true},"update":{"type":"string","optional":true}}}}}}},"azurerm_firewall_application_rule_collection":{"version":0,"block":{"attributes":{"action":{"type":"string","required":true},"azure_firewall_name":{"type":"string","required":true},"id":{"type":"string","optional":true,"computed":true},"name":{"type":"string","required":true},"priority":{"type":"number","required":true},"resource_group_name":{"type":"string","required":true}},"block_types":{"rule":{"nesting_mode":"list","block":{"attributes":{"description":{"type":"string","optional":true},"fqdn_tags":{"type":["set","string"],"optional":true},"name":{"type":"string","required":true},"source_addresses":{"type":["set","string"],"required":true},"target_fqdns":{"type":["set","string"],"optional":true}},"block_types":{"protocol":{"nesting_mode":"list","block":{"attributes":{"port":{"type":"number","optional":true},"type":{"type":"string","required":true}}}}}},"min_items":1},"timeouts":{"nesting_mode":"single","block":{"attributes":{"create":{"type":"string","optional":true},"delete":{"type":"string","optional":true},"read":{"type":"string","optional":true},"update":{"type":"string","optional":true}}}}}}},"azurerm_firewall_nat_rule_collection":{"version":0,"block":{"attributes":{"action":{"type":"string","required":true},"azure_firewall_name":{"type":"string","required":true},"id":{"type":"string","optional":true,"computed":true},"name":{"type":"string","required":true},"priority":{"type":"number","required":true},"resource_group_name":{"type":"string","required":true}},"block_types":{"rule":{"nesting_mode":"set","block":{"attributes":{"description":{"type":"string","optional":true},"destination_addresses":{"type":["set","string"],"required":true},"destination_ports":{"type":["set","string"],"required":true},"name":{"type":"string","required":true},"protocols":{"type":["set","string"],"required":true},"source_addresses":{"type":["set","string"],"required":true},"translated_address":{"type":"string","required":true},"translated_port":{"type":"string","required":true}}},"min_items":1},"timeouts":{"nesting_mode":"single","block":{"attributes":{"create":{"type":"string","optional":true},"delete":{"type":"string","optional":true},"read":{"type":"string","optional":true},"update":{"type":"string","optional":true}}}}}}},"azurerm_firewall_network_rule_collection":{"version":0,"block":{"attributes":{"action":{"type":"string","required":true},"azure_firewall_name":{"type":"string","required":true},"id":{"type":"string","optional":true,"computed":true},"name":{"type":"string","required":true},"priority":{"type":"number","required":true},"resource_group_name":{"type":"string","required":true}},"block_types":{"rule":{"nesting_mode":"set","block":{"attributes":{"description":{"type":"string","optional":true},"destination_addresses":{"type":["set","string"],"required":true},"destination_ports":{"type":["set","string"],"required":true},"name":{"type":"string","required":true},"protocols":{"type":["set","string"],"required":true},"source_addresses":{"type":["set","string"],"required":true}}},"min_items":1},"timeouts":{"nesting_mode":"single","block":{"attributes":{"create":{"type":"string","optional":true},"delete":{"type":"string","optional":true},"read":{"type":"string","optional":true},"update":{"type":"string","optional":true}}}}}}},"azurerm_frontdoor":{"version":0,"block":{"attributes":{"backend_pools_send_receive_timeout_seconds":{"type":"number","optional":true},"cname":{"type":"string","computed":true},"enforce_backend_pools_certificate_name_check":{"type":"bool","required":true},"friendly_name":{"type":"string","optional":true},"header_frontdoor_id":{"type":"string","computed":true},"id":{"type":"string","optional":true,"computed":true},"load_balancer_enabled":{"type":"bool","optional":true},"location":{"type":"string","optional":true,"computed":true},"name":{"type":"string","required":true},"resource_group_name":{"type":"string","required":true},"tags":{"type":["map","string"],"optional":true}},"block_types":{"backend_pool":{"nesting_mode":"list","block":{"attributes":{"health_probe_name":{"type":"string","required":true},"id":{"type":"string","computed":true},"load_balancing_name":{"type":"string","required":true},"name":{"type":"string","required":true}},"block_types":{"backend":{"nesting_mode":"list","block":{"attributes":{"address":{"type":"string","required":true},"enabled":{"type":"bool","optional":true},"host_header":{"type":"string","required":true},"http_port":{"type":"number","required":true},"https_port":{"type":"number","required":true},"priority":{"type":"number","optional":true},"weight":{"type":"number","optional":true}}},"min_items":1,"max_items":100}}},"min_items":1,"max_items":50},"backend_pool_health_probe":{"nesting_mode":"list","block":{"attributes":{"enabled":{"type":"bool","optional":true},"id":{"type":"string","computed":true},"interval_in_seconds":{"type":"number","optional":true},"name":{"type":"string","required":true},"path":{"type":"string","optional":true},"probe_method":{"type":"string","optional":true},"protocol":{"type":"string","optional":true}}},"min_items":1,"max_items":5000},"backend_pool_load_balancing":{"nesting_mode":"list","block":{"attributes":{"additional_latency_milliseconds":{"type":"number","optional":true},"id":{"type":"string","computed":true},"name":{"type":"string","required":true},"sample_size":{"type":"number","optional":true},"successful_samples_required":{"type":"number","optional":true}}},"min_items":1,"max_items":5000},"frontend_endpoint":{"nesting_mode":"list","block":{"attributes":{"custom_https_provisioning_enabled":{"type":"bool","required":true},"host_name":{"type":"string","required":true},"id":{"type":"string","computed":true},"name":{"type":"string","required":true},"session_affinity_enabled":{"type":"bool","optional":true},"session_affinity_ttl_seconds":{"type":"number","optional":true},"web_application_firewall_policy_link_id":{"type":"string","optional":true}},"block_types":{"custom_https_configuration":{"nesting_mode":"list","block":{"attributes":{"azure_key_vault_certificate_secret_name":{"type":"string","optional":true},"azure_key_vault_certificate_secret_version":{"type":"string","optional":true},"azure_key_vault_certificate_vault_id":{"type":"string","optional":true},"certificate_source":{"type":"string","optional":true},"minimum_tls_version":{"type":"string","computed":true},"provisioning_state":{"type":"string","computed":true},"provisioning_substate":{"type":"string","computed":true}}},"max_items":1}}},"min_items":1,"max_items":100},"routing_rule":{"nesting_mode":"list","block":{"attributes":{"accepted_protocols":{"type":["list","string"],"required":true},"enabled":{"type":"bool","optional":true},"frontend_endpoints":{"type":["list","string"],"required":true},"id":{"type":"string","computed":true},"name":{"type":"string","required":true},"patterns_to_match":{"type":["list","string"],"required":true}},"block_types":{"forwarding_configuration":{"nesting_mode":"list","block":{"attributes":{"backend_pool_name":{"type":"string","required":true},"cache_enabled":{"type":"bool","optional":true},"cache_query_parameter_strip_directive":{"type":"string","optional":true},"cache_use_dynamic_compression":{"type":"bool","optional":true},"custom_forwarding_path":{"type":"string","optional":true},"forwarding_protocol":{"type":"string","optional":true}}},"max_items":1},"redirect_configuration":{"nesting_mode":"list","block":{"attributes":{"custom_fragment":{"type":"string","optional":true},"custom_host":{"type":"string","optional":true},"custom_path":{"type":"string","optional":true},"custom_query_string":{"type":"string","optional":true},"redirect_protocol":{"type":"string","required":true},"redirect_type":{"type":"string","required":true}}},"max_items":1}}},"min_items":1,"max_items":100},"timeouts":{"nesting_mode":"single","block":{"attributes":{"create":{"type":"string","optional":true},"delete":{"type":"string","optional":true},"read":{"type":"string","optional":true},"update":{"type":"string","optional":true}}}}}}},"azurerm_frontdoor_firewall_policy":{"version":0,"block":{"attributes":{"custom_block_response_body":{"type":"string","optional":true},"custom_block_response_status_code":{"type":"number","optional":true},"enabled":{"type":"bool","optional":true},"frontend_endpoint_ids":{"type":["list","string"],"computed":true},"id":{"type":"string","optional":true,"computed":true},"location":{"type":"string","computed":true},"mode":{"type":"string","optional":true},"name":{"type":"string","required":true},"redirect_url":{"type":"string","optional":true},"resource_group_name":{"type":"string","required":true},"tags":{"type":["map","string"],"optional":true}},"block_types":{"custom_rule":{"nesting_mode":"list","block":{"attributes":{"action":{"type":"string","required":true},"enabled":{"type":"bool","optional":true},"name":{"type":"string","required":true},"priority":{"type":"number","optional":true},"rate_limit_duration_in_minutes":{"type":"number","optional":true},"rate_limit_threshold":{"type":"number","optional":true},"type":{"type":"string","required":true}},"block_types":{"match_condition":{"nesting_mode":"list","block":{"attributes":{"match_values":{"type":["list","string"],"required":true},"match_variable":{"type":"string","required":true},"negation_condition":{"type":"bool","optional":true},"operator":{"type":"string","required":true},"selector":{"type":"string","optional":true},"transforms":{"type":["list","string"],"optional":true}}},"max_items":100}}},"max_items":100},"managed_rule":{"nesting_mode":"list","block":{"attributes":{"type":{"type":"string","required":true},"version":{"type":"string","required":true}},"block_types":{"exclusion":{"nesting_mode":"list","block":{"attributes":{"match_variable":{"type":"string","required":true},"operator":{"type":"string","required":true},"selector":{"type":"string","required":true}}},"max_items":100},"override":{"nesting_mode":"list","block":{"attributes":{"rule_group_name":{"type":"string","required":true}},"block_types":{"exclusion":{"nesting_mode":"list","block":{"attributes":{"match_variable":{"type":"string","required":true},"operator":{"type":"string","required":true},"selector":{"type":"string","required":true}}},"max_items":100},"rule":{"nesting_mode":"list","block":{"attributes":{"action":{"type":"string","required":true},"enabled":{"type":"bool","optional":true},"rule_id":{"type":"string","required":true}},"block_types":{"exclusion":{"nesting_mode":"list","block":{"attributes":{"match_variable":{"type":"string","required":true},"operator":{"type":"string","required":true},"selector":{"type":"string","required":true}}},"max_items":100}}},"max_items":1000}}},"max_items":100}}},"max_items":100},"timeouts":{"nesting_mode":"single","block":{"attributes":{"create":{"type":"string","optional":true},"delete":{"type":"string","optional":true},"read":{"type":"string","optional":true},"update":{"type":"string","optional":true}}}}}}},"azurerm_function_app":{"version":0,"block":{"attributes":{"app_service_plan_id":{"type":"string","required":true},"app_settings":{"type":["map","string"],"optional":true},"client_affinity_enabled":{"type":"bool","optional":true,"computed":true},"daily_memory_time_quota":{"type":"number","optional":true},"default_hostname":{"type":"string","computed":true},"enable_builtin_logging":{"type":"bool","optional":true},"enabled":{"type":"bool","optional":true},"https_only":{"type":"bool","optional":true},"id":{"type":"string","optional":true,"computed":true},"kind":{"type":"string","computed":true},"location":{"type":"string","required":true},"name":{"type":"string","required":true},"os_type":{"type":"string","optional":true},"outbound_ip_addresses":{"type":"string","computed":true},"possible_outbound_ip_addresses":{"type":"string","computed":true},"resource_group_name":{"type":"string","required":true},"site_credential":{"type":["list",["object",{"password":"string","username":"string"}]],"computed":true},"storage_account_access_key":{"type":"string","optional":true,"computed":true,"sensitive":true},"storage_account_name":{"type":"string","optional":true,"computed":true},"storage_connection_string":{"type":"string","optional":true,"computed":true,"sensitive":true},"tags":{"type":["map","string"],"optional":true},"version":{"type":"string","optional":true}},"block_types":{"auth_settings":{"nesting_mode":"list","block":{"attributes":{"additional_login_params":{"type":["map","string"],"optional":true},"allowed_external_redirect_urls":{"type":["list","string"],"optional":true},"default_provider":{"type":"string","optional":true},"enabled":{"type":"bool","required":true},"issuer":{"type":"string","optional":true},"runtime_version":{"type":"string","optional":true},"token_refresh_extension_hours":{"type":"number","optional":true},"token_store_enabled":{"type":"bool","optional":true},"unauthenticated_client_action":{"type":"string","optional":true}},"block_types":{"active_directory":{"nesting_mode":"list","block":{"attributes":{"allowed_audiences":{"type":["list","string"],"optional":true},"client_id":{"type":"string","required":true},"client_secret":{"type":"string","optional":true,"sensitive":true}}},"max_items":1},"facebook":{"nesting_mode":"list","block":{"attributes":{"app_id":{"type":"string","required":true},"app_secret":{"type":"string","required":true,"sensitive":true},"oauth_scopes":{"type":["list","string"],"optional":true}}},"max_items":1},"google":{"nesting_mode":"list","block":{"attributes":{"client_id":{"type":"string","required":true},"client_secret":{"type":"string","required":true,"sensitive":true},"oauth_scopes":{"type":["list","string"],"optional":true}}},"max_items":1},"microsoft":{"nesting_mode":"list","block":{"attributes":{"client_id":{"type":"string","required":true},"client_secret":{"type":"string","required":true,"sensitive":true},"oauth_scopes":{"type":["list","string"],"optional":true}}},"max_items":1},"twitter":{"nesting_mode":"list","block":{"attributes":{"consumer_key":{"type":"string","required":true},"consumer_secret":{"type":"string","required":true,"sensitive":true}}},"max_items":1}}},"max_items":1},"connection_string":{"nesting_mode":"set","block":{"attributes":{"name":{"type":"string","required":true},"type":{"type":"string","required":true},"value":{"type":"string","required":true,"sensitive":true}}}},"identity":{"nesting_mode":"list","block":{"attributes":{"identity_ids":{"type":["list","string"],"optional":true},"principal_id":{"type":"string","computed":true},"tenant_id":{"type":"string","computed":true},"type":{"type":"string","required":true}}},"max_items":1},"site_config":{"nesting_mode":"list","block":{"attributes":{"always_on":{"type":"bool","optional":true},"ftps_state":{"type":"string","optional":true,"computed":true},"http2_enabled":{"type":"bool","optional":true},"ip_restriction":{"type":["list",["object",{"ip_address":"string","subnet_id":"string"}]],"optional":true,"computed":true},"linux_fx_version":{"type":"string","optional":true,"computed":true},"min_tls_version":{"type":"string","optional":true,"computed":true},"pre_warmed_instance_count":{"type":"number","optional":true},"use_32_bit_worker_process":{"type":"bool","optional":true},"websockets_enabled":{"type":"bool","optional":true}},"block_types":{"cors":{"nesting_mode":"list","block":{"attributes":{"allowed_origins":{"type":["set","string"],"required":true},"support_credentials":{"type":"bool","optional":true}}},"max_items":1}}},"max_items":1},"timeouts":{"nesting_mode":"single","block":{"attributes":{"create":{"type":"string","optional":true},"delete":{"type":"string","optional":true},"read":{"type":"string","optional":true},"update":{"type":"string","optional":true}}}}}}},"azurerm_function_app_slot":{"version":0,"block":{"attributes":{"app_service_plan_id":{"type":"string","required":true},"app_settings":{"type":["map","string"],"optional":true},"client_affinity_enabled":{"type":"bool","optional":true,"computed":true},"daily_memory_time_quota":{"type":"number","optional":true},"default_hostname":{"type":"string","computed":true},"enable_builtin_logging":{"type":"bool","optional":true},"enabled":{"type":"bool","optional":true},"function_app_name":{"type":"string","required":true},"https_only":{"type":"bool","optional":true},"id":{"type":"string","optional":true,"computed":true},"kind":{"type":"string","computed":true},"location":{"type":"string","required":true},"name":{"type":"string","required":true},"os_type":{"type":"string","optional":true},"outbound_ip_addresses":{"type":"string","computed":true},"possible_outbound_ip_addresses":{"type":"string","computed":true},"resource_group_name":{"type":"string","required":true},"site_credential":{"type":["list",["object",{"password":"string","username":"string"}]],"computed":true},"storage_account_access_key":{"type":"string","required":true,"sensitive":true},"storage_account_name":{"type":"string","required":true},"tags":{"type":["map","string"],"optional":true},"version":{"type":"string","optional":true}},"block_types":{"auth_settings":{"nesting_mode":"list","block":{"attributes":{"additional_login_params":{"type":["map","string"],"optional":true},"allowed_external_redirect_urls":{"type":["list","string"],"optional":true},"default_provider":{"type":"string","optional":true},"enabled":{"type":"bool","required":true},"issuer":{"type":"string","optional":true},"runtime_version":{"type":"string","optional":true},"token_refresh_extension_hours":{"type":"number","optional":true},"token_store_enabled":{"type":"bool","optional":true},"unauthenticated_client_action":{"type":"string","optional":true}},"block_types":{"active_directory":{"nesting_mode":"list","block":{"attributes":{"allowed_audiences":{"type":["list","string"],"optional":true},"client_id":{"type":"string","required":true},"client_secret":{"type":"string","optional":true,"sensitive":true}}},"max_items":1},"facebook":{"nesting_mode":"list","block":{"attributes":{"app_id":{"type":"string","required":true},"app_secret":{"type":"string","required":true,"sensitive":true},"oauth_scopes":{"type":["list","string"],"optional":true}}},"max_items":1},"google":{"nesting_mode":"list","block":{"attributes":{"client_id":{"type":"string","required":true},"client_secret":{"type":"string","required":true,"sensitive":true},"oauth_scopes":{"type":["list","string"],"optional":true}}},"max_items":1},"microsoft":{"nesting_mode":"list","block":{"attributes":{"client_id":{"type":"string","required":true},"client_secret":{"type":"string","required":true,"sensitive":true},"oauth_scopes":{"type":["list","string"],"optional":true}}},"max_items":1},"twitter":{"nesting_mode":"list","block":{"attributes":{"consumer_key":{"type":"string","required":true},"consumer_secret":{"type":"string","required":true,"sensitive":true}}},"max_items":1}}},"max_items":1},"connection_string":{"nesting_mode":"set","block":{"attributes":{"name":{"type":"string","required":true},"type":{"type":"string","required":true},"value":{"type":"string","required":true,"sensitive":true}}}},"identity":{"nesting_mode":"list","block":{"attributes":{"identity_ids":{"type":["list","string"],"optional":true},"principal_id":{"type":"string","computed":true},"tenant_id":{"type":"string","computed":true},"type":{"type":"string","required":true}}},"max_items":1},"site_config":{"nesting_mode":"list","block":{"attributes":{"always_on":{"type":"bool","optional":true},"ftps_state":{"type":"string","optional":true,"computed":true},"http2_enabled":{"type":"bool","optional":true},"ip_restriction":{"type":["list",["object",{"ip_address":"string","subnet_id":"string"}]],"optional":true,"computed":true},"linux_fx_version":{"type":"string","optional":true,"computed":true},"min_tls_version":{"type":"string","optional":true,"computed":true},"pre_warmed_instance_count":{"type":"number","optional":true},"use_32_bit_worker_process":{"type":"bool","optional":true},"websockets_enabled":{"type":"bool","optional":true}},"block_types":{"cors":{"nesting_mode":"list","block":{"attributes":{"allowed_origins":{"type":["set","string"],"required":true},"support_credentials":{"type":"bool","optional":true}}},"max_items":1}}},"max_items":1},"timeouts":{"nesting_mode":"single","block":{"attributes":{"create":{"type":"string","optional":true},"delete":{"type":"string","optional":true},"read":{"type":"string","optional":true},"update":{"type":"string","optional":true}}}}}}},"azurerm_hdinsight_hadoop_cluster":{"version":0,"block":{"attributes":{"cluster_version":{"type":"string","required":true},"https_endpoint":{"type":"string","computed":true},"id":{"type":"string","optional":true,"computed":true},"location":{"type":"string","required":true},"name":{"type":"string","required":true},"resource_group_name":{"type":"string","required":true},"ssh_endpoint":{"type":"string","computed":true},"tags":{"type":["map","string"],"optional":true},"tier":{"type":"string","required":true},"tls_min_version":{"type":"string","optional":true}},"block_types":{"component_version":{"nesting_mode":"list","block":{"attributes":{"hadoop":{"type":"string","required":true}}},"min_items":1,"max_items":1},"gateway":{"nesting_mode":"list","block":{"attributes":{"enabled":{"type":"bool","required":true},"password":{"type":"string","required":true,"sensitive":true},"username":{"type":"string","required":true}}},"min_items":1,"max_items":1},"metastores":{"nesting_mode":"list","block":{"block_types":{"ambari":{"nesting_mode":"list","block":{"attributes":{"database_name":{"type":"string","required":true},"password":{"type":"string","required":true,"sensitive":true},"server":{"type":"string","required":true},"username":{"type":"string","required":true}}},"max_items":1},"hive":{"nesting_mode":"list","block":{"attributes":{"database_name":{"type":"string","required":true},"password":{"type":"string","required":true,"sensitive":true},"server":{"type":"string","required":true},"username":{"type":"string","required":true}}},"max_items":1},"oozie":{"nesting_mode":"list","block":{"attributes":{"database_name":{"type":"string","required":true},"password":{"type":"string","required":true,"sensitive":true},"server":{"type":"string","required":true},"username":{"type":"string","required":true}}},"max_items":1}}},"max_items":1},"roles":{"nesting_mode":"list","block":{"block_types":{"edge_node":{"nesting_mode":"list","block":{"attributes":{"target_instance_count":{"type":"number","required":true},"vm_size":{"type":"string","required":true}},"block_types":{"install_script_action":{"nesting_mode":"list","block":{"attributes":{"name":{"type":"string","required":true},"uri":{"type":"string","required":true}}},"min_items":1}}},"max_items":1},"head_node":{"nesting_mode":"list","block":{"attributes":{"password":{"type":"string","optional":true,"sensitive":true},"ssh_keys":{"type":["set","string"],"optional":true},"subnet_id":{"type":"string","optional":true},"username":{"type":"string","required":true},"virtual_network_id":{"type":"string","optional":true},"vm_size":{"type":"string","required":true}}},"min_items":1,"max_items":1},"worker_node":{"nesting_mode":"list","block":{"attributes":{"min_instance_count":{"type":"number","optional":true,"computed":true},"password":{"type":"string","optional":true,"sensitive":true},"ssh_keys":{"type":["set","string"],"optional":true},"subnet_id":{"type":"string","optional":true},"target_instance_count":{"type":"number","required":true},"username":{"type":"string","required":true},"virtual_network_id":{"type":"string","optional":true},"vm_size":{"type":"string","required":true}}},"min_items":1,"max_items":1},"zookeeper_node":{"nesting_mode":"list","block":{"attributes":{"password":{"type":"string","optional":true,"sensitive":true},"ssh_keys":{"type":["set","string"],"optional":true},"subnet_id":{"type":"string","optional":true},"username":{"type":"string","required":true},"virtual_network_id":{"type":"string","optional":true},"vm_size":{"type":"string","required":true}}},"min_items":1,"max_items":1}}},"min_items":1,"max_items":1},"storage_account":{"nesting_mode":"list","block":{"attributes":{"is_default":{"type":"bool","required":true},"storage_account_key":{"type":"string","required":true,"sensitive":true},"storage_container_id":{"type":"string","required":true}}}},"storage_account_gen2":{"nesting_mode":"list","block":{"attributes":{"filesystem_id":{"type":"string","required":true},"is_default":{"type":"bool","required":true},"managed_identity_resource_id":{"type":"string","required":true},"storage_resource_id":{"type":"string","required":true}}},"max_items":1},"timeouts":{"nesting_mode":"single","block":{"attributes":{"create":{"type":"string","optional":true},"delete":{"type":"string","optional":true},"read":{"type":"string","optional":true},"update":{"type":"string","optional":true}}}}}}},"azurerm_hdinsight_hbase_cluster":{"version":0,"block":{"attributes":{"cluster_version":{"type":"string","required":true},"https_endpoint":{"type":"string","computed":true},"id":{"type":"string","optional":true,"computed":true},"location":{"type":"string","required":true},"name":{"type":"string","required":true},"resource_group_name":{"type":"string","required":true},"ssh_endpoint":{"type":"string","computed":true},"tags":{"type":["map","string"],"optional":true},"tier":{"type":"string","required":true},"tls_min_version":{"type":"string","optional":true}},"block_types":{"component_version":{"nesting_mode":"list","block":{"attributes":{"hbase":{"type":"string","required":true}}},"min_items":1,"max_items":1},"gateway":{"nesting_mode":"list","block":{"attributes":{"enabled":{"type":"bool","required":true},"password":{"type":"string","required":true,"sensitive":true},"username":{"type":"string","required":true}}},"min_items":1,"max_items":1},"roles":{"nesting_mode":"list","block":{"block_types":{"head_node":{"nesting_mode":"list","block":{"attributes":{"password":{"type":"string","optional":true,"sensitive":true},"ssh_keys":{"type":["set","string"],"optional":true},"subnet_id":{"type":"string","optional":true},"username":{"type":"string","required":true},"virtual_network_id":{"type":"string","optional":true},"vm_size":{"type":"string","required":true}}},"min_items":1,"max_items":1},"worker_node":{"nesting_mode":"list","block":{"attributes":{"min_instance_count":{"type":"number","optional":true,"computed":true},"password":{"type":"string","optional":true,"sensitive":true},"ssh_keys":{"type":["set","string"],"optional":true},"subnet_id":{"type":"string","optional":true},"target_instance_count":{"type":"number","required":true},"username":{"type":"string","required":true},"virtual_network_id":{"type":"string","optional":true},"vm_size":{"type":"string","required":true}}},"min_items":1,"max_items":1},"zookeeper_node":{"nesting_mode":"list","block":{"attributes":{"password":{"type":"string","optional":true,"sensitive":true},"ssh_keys":{"type":["set","string"],"optional":true},"subnet_id":{"type":"string","optional":true},"username":{"type":"string","required":true},"virtual_network_id":{"type":"string","optional":true},"vm_size":{"type":"string","required":true}}},"min_items":1,"max_items":1}}},"min_items":1,"max_items":1},"storage_account":{"nesting_mode":"list","block":{"attributes":{"is_default":{"type":"bool","required":true},"storage_account_key":{"type":"string","required":true,"sensitive":true},"storage_container_id":{"type":"string","required":true}}}},"storage_account_gen2":{"nesting_mode":"list","block":{"attributes":{"filesystem_id":{"type":"string","required":true},"is_default":{"type":"bool","required":true},"managed_identity_resource_id":{"type":"string","required":true},"storage_resource_id":{"type":"string","required":true}}},"max_items":1},"timeouts":{"nesting_mode":"single","block":{"attributes":{"create":{"type":"string","optional":true},"delete":{"type":"string","optional":true},"read":{"type":"string","optional":true},"update":{"type":"string","optional":true}}}}}}},"azurerm_hdinsight_interactive_query_cluster":{"version":0,"block":{"attributes":{"cluster_version":{"type":"string","required":true},"https_endpoint":{"type":"string","computed":true},"id":{"type":"string","optional":true,"computed":true},"location":{"type":"string","required":true},"name":{"type":"string","required":true},"resource_group_name":{"type":"string","required":true},"ssh_endpoint":{"type":"string","computed":true},"tags":{"type":["map","string"],"optional":true},"tier":{"type":"string","required":true},"tls_min_version":{"type":"string","optional":true}},"block_types":{"component_version":{"nesting_mode":"list","block":{"attributes":{"interactive_hive":{"type":"string","required":true}}},"min_items":1,"max_items":1},"gateway":{"nesting_mode":"list","block":{"attributes":{"enabled":{"type":"bool","required":true},"password":{"type":"string","required":true,"sensitive":true},"username":{"type":"string","required":true}}},"min_items":1,"max_items":1},"roles":{"nesting_mode":"list","block":{"block_types":{"head_node":{"nesting_mode":"list","block":{"attributes":{"password":{"type":"string","optional":true,"sensitive":true},"ssh_keys":{"type":["set","string"],"optional":true},"subnet_id":{"type":"string","optional":true},"username":{"type":"string","required":true},"virtual_network_id":{"type":"string","optional":true},"vm_size":{"type":"string","required":true}}},"min_items":1,"max_items":1},"worker_node":{"nesting_mode":"list","block":{"attributes":{"min_instance_count":{"type":"number","optional":true,"computed":true},"password":{"type":"string","optional":true,"sensitive":true},"ssh_keys":{"type":["set","string"],"optional":true},"subnet_id":{"type":"string","optional":true},"target_instance_count":{"type":"number","required":true},"username":{"type":"string","required":true},"virtual_network_id":{"type":"string","optional":true},"vm_size":{"type":"string","required":true}}},"min_items":1,"max_items":1},"zookeeper_node":{"nesting_mode":"list","block":{"attributes":{"password":{"type":"string","optional":true,"sensitive":true},"ssh_keys":{"type":["set","string"],"optional":true},"subnet_id":{"type":"string","optional":true},"username":{"type":"string","required":true},"virtual_network_id":{"type":"string","optional":true},"vm_size":{"type":"string","required":true}}},"min_items":1,"max_items":1}}},"min_items":1,"max_items":1},"storage_account":{"nesting_mode":"list","block":{"attributes":{"is_default":{"type":"bool","required":true},"storage_account_key":{"type":"string","required":true,"sensitive":true},"storage_container_id":{"type":"string","required":true}}}},"storage_account_gen2":{"nesting_mode":"list","block":{"attributes":{"filesystem_id":{"type":"string","required":true},"is_default":{"type":"bool","required":true},"managed_identity_resource_id":{"type":"string","required":true},"storage_resource_id":{"type":"string","required":true}}},"max_items":1},"timeouts":{"nesting_mode":"single","block":{"attributes":{"create":{"type":"string","optional":true},"delete":{"type":"string","optional":true},"read":{"type":"string","optional":true},"update":{"type":"string","optional":true}}}}}}},"azurerm_hdinsight_kafka_cluster":{"version":0,"block":{"attributes":{"cluster_version":{"type":"string","required":true},"https_endpoint":{"type":"string","computed":true},"id":{"type":"string","optional":true,"computed":true},"location":{"type":"string","required":true},"name":{"type":"string","required":true},"resource_group_name":{"type":"string","required":true},"ssh_endpoint":{"type":"string","computed":true},"tags":{"type":["map","string"],"optional":true},"tier":{"type":"string","required":true},"tls_min_version":{"type":"string","optional":true}},"block_types":{"component_version":{"nesting_mode":"list","block":{"attributes":{"kafka":{"type":"string","required":true}}},"min_items":1,"max_items":1},"gateway":{"nesting_mode":"list","block":{"attributes":{"enabled":{"type":"bool","required":true},"password":{"type":"string","required":true,"sensitive":true},"username":{"type":"string","required":true}}},"min_items":1,"max_items":1},"roles":{"nesting_mode":"list","block":{"block_types":{"head_node":{"nesting_mode":"list","block":{"attributes":{"password":{"type":"string","optional":true,"sensitive":true},"ssh_keys":{"type":["set","string"],"optional":true},"subnet_id":{"type":"string","optional":true},"username":{"type":"string","required":true},"virtual_network_id":{"type":"string","optional":true},"vm_size":{"type":"string","required":true}}},"min_items":1,"max_items":1},"worker_node":{"nesting_mode":"list","block":{"attributes":{"min_instance_count":{"type":"number","optional":true,"computed":true},"number_of_disks_per_node":{"type":"number","required":true},"password":{"type":"string","optional":true,"sensitive":true},"ssh_keys":{"type":["set","string"],"optional":true},"subnet_id":{"type":"string","optional":true},"target_instance_count":{"type":"number","required":true},"username":{"type":"string","required":true},"virtual_network_id":{"type":"string","optional":true},"vm_size":{"type":"string","required":true}}},"min_items":1,"max_items":1},"zookeeper_node":{"nesting_mode":"list","block":{"attributes":{"password":{"type":"string","optional":true,"sensitive":true},"ssh_keys":{"type":["set","string"],"optional":true},"subnet_id":{"type":"string","optional":true},"username":{"type":"string","required":true},"virtual_network_id":{"type":"string","optional":true},"vm_size":{"type":"string","required":true}}},"min_items":1,"max_items":1}}},"min_items":1,"max_items":1},"storage_account":{"nesting_mode":"list","block":{"attributes":{"is_default":{"type":"bool","required":true},"storage_account_key":{"type":"string","required":true,"sensitive":true},"storage_container_id":{"type":"string","required":true}}}},"storage_account_gen2":{"nesting_mode":"list","block":{"attributes":{"filesystem_id":{"type":"string","required":true},"is_default":{"type":"bool","required":true},"managed_identity_resource_id":{"type":"string","required":true},"storage_resource_id":{"type":"string","required":true}}},"max_items":1},"timeouts":{"nesting_mode":"single","block":{"attributes":{"create":{"type":"string","optional":true},"delete":{"type":"string","optional":true},"read":{"type":"string","optional":true},"update":{"type":"string","optional":true}}}}}}},"azurerm_hdinsight_ml_services_cluster":{"version":0,"block":{"attributes":{"cluster_version":{"type":"string","required":true},"edge_ssh_endpoint":{"type":"string","computed":true},"https_endpoint":{"type":"string","computed":true},"id":{"type":"string","optional":true,"computed":true},"location":{"type":"string","required":true},"name":{"type":"string","required":true},"resource_group_name":{"type":"string","required":true},"rstudio":{"type":"bool","required":true},"ssh_endpoint":{"type":"string","computed":true},"tags":{"type":["map","string"],"optional":true},"tier":{"type":"string","required":true},"tls_min_version":{"type":"string","optional":true}},"block_types":{"gateway":{"nesting_mode":"list","block":{"attributes":{"enabled":{"type":"bool","required":true},"password":{"type":"string","required":true,"sensitive":true},"username":{"type":"string","required":true}}},"min_items":1,"max_items":1},"roles":{"nesting_mode":"list","block":{"block_types":{"edge_node":{"nesting_mode":"list","block":{"attributes":{"password":{"type":"string","optional":true,"sensitive":true},"ssh_keys":{"type":["set","string"],"optional":true},"subnet_id":{"type":"string","optional":true},"username":{"type":"string","required":true},"virtual_network_id":{"type":"string","optional":true},"vm_size":{"type":"string","required":true}}},"min_items":1,"max_items":1},"head_node":{"nesting_mode":"list","block":{"attributes":{"password":{"type":"string","optional":true,"sensitive":true},"ssh_keys":{"type":["set","string"],"optional":true},"subnet_id":{"type":"string","optional":true},"username":{"type":"string","required":true},"virtual_network_id":{"type":"string","optional":true},"vm_size":{"type":"string","required":true}}},"min_items":1,"max_items":1},"worker_node":{"nesting_mode":"list","block":{"attributes":{"min_instance_count":{"type":"number","optional":true,"computed":true},"password":{"type":"string","optional":true,"sensitive":true},"ssh_keys":{"type":["set","string"],"optional":true},"subnet_id":{"type":"string","optional":true},"target_instance_count":{"type":"number","required":true},"username":{"type":"string","required":true},"virtual_network_id":{"type":"string","optional":true},"vm_size":{"type":"string","required":true}}},"min_items":1,"max_items":1},"zookeeper_node":{"nesting_mode":"list","block":{"attributes":{"password":{"type":"string","optional":true,"sensitive":true},"ssh_keys":{"type":["set","string"],"optional":true},"subnet_id":{"type":"string","optional":true},"username":{"type":"string","required":true},"virtual_network_id":{"type":"string","optional":true},"vm_size":{"type":"string","required":true}}},"min_items":1,"max_items":1}}},"min_items":1,"max_items":1},"storage_account":{"nesting_mode":"list","block":{"attributes":{"is_default":{"type":"bool","required":true},"storage_account_key":{"type":"string","required":true,"sensitive":true},"storage_container_id":{"type":"string","required":true}}}},"timeouts":{"nesting_mode":"single","block":{"attributes":{"create":{"type":"string","optional":true},"delete":{"type":"string","optional":true},"read":{"type":"string","optional":true},"update":{"type":"string","optional":true}}}}}}},"azurerm_hdinsight_rserver_cluster":{"version":0,"block":{"attributes":{"cluster_version":{"type":"string","required":true},"edge_ssh_endpoint":{"type":"string","computed":true},"https_endpoint":{"type":"string","computed":true},"id":{"type":"string","optional":true,"computed":true},"location":{"type":"string","required":true},"name":{"type":"string","required":true},"resource_group_name":{"type":"string","required":true},"rstudio":{"type":"bool","required":true},"ssh_endpoint":{"type":"string","computed":true},"tags":{"type":["map","string"],"optional":true},"tier":{"type":"string","required":true},"tls_min_version":{"type":"string","optional":true}},"block_types":{"gateway":{"nesting_mode":"list","block":{"attributes":{"enabled":{"type":"bool","required":true},"password":{"type":"string","required":true,"sensitive":true},"username":{"type":"string","required":true}}},"min_items":1,"max_items":1},"roles":{"nesting_mode":"list","block":{"block_types":{"edge_node":{"nesting_mode":"list","block":{"attributes":{"password":{"type":"string","optional":true,"sensitive":true},"ssh_keys":{"type":["set","string"],"optional":true},"subnet_id":{"type":"string","optional":true},"username":{"type":"string","required":true},"virtual_network_id":{"type":"string","optional":true},"vm_size":{"type":"string","required":true}}},"min_items":1,"max_items":1},"head_node":{"nesting_mode":"list","block":{"attributes":{"password":{"type":"string","optional":true,"sensitive":true},"ssh_keys":{"type":["set","string"],"optional":true},"subnet_id":{"type":"string","optional":true},"username":{"type":"string","required":true},"virtual_network_id":{"type":"string","optional":true},"vm_size":{"type":"string","required":true}}},"min_items":1,"max_items":1},"worker_node":{"nesting_mode":"list","block":{"attributes":{"min_instance_count":{"type":"number","optional":true,"computed":true},"password":{"type":"string","optional":true,"sensitive":true},"ssh_keys":{"type":["set","string"],"optional":true},"subnet_id":{"type":"string","optional":true},"target_instance_count":{"type":"number","required":true},"username":{"type":"string","required":true},"virtual_network_id":{"type":"string","optional":true},"vm_size":{"type":"string","required":true}}},"min_items":1,"max_items":1},"zookeeper_node":{"nesting_mode":"list","block":{"attributes":{"password":{"type":"string","optional":true,"sensitive":true},"ssh_keys":{"type":["set","string"],"optional":true},"subnet_id":{"type":"string","optional":true},"username":{"type":"string","required":true},"virtual_network_id":{"type":"string","optional":true},"vm_size":{"type":"string","required":true}}},"min_items":1,"max_items":1}}},"min_items":1,"max_items":1},"storage_account":{"nesting_mode":"list","block":{"attributes":{"is_default":{"type":"bool","required":true},"storage_account_key":{"type":"string","required":true,"sensitive":true},"storage_container_id":{"type":"string","required":true}}}},"timeouts":{"nesting_mode":"single","block":{"attributes":{"create":{"type":"string","optional":true},"delete":{"type":"string","optional":true},"read":{"type":"string","optional":true},"update":{"type":"string","optional":true}}}}}}},"azurerm_hdinsight_spark_cluster":{"version":0,"block":{"attributes":{"cluster_version":{"type":"string","required":true},"https_endpoint":{"type":"string","computed":true},"id":{"type":"string","optional":true,"computed":true},"location":{"type":"string","required":true},"name":{"type":"string","required":true},"resource_group_name":{"type":"string","required":true},"ssh_endpoint":{"type":"string","computed":true},"tags":{"type":["map","string"],"optional":true},"tier":{"type":"string","required":true},"tls_min_version":{"type":"string","optional":true}},"block_types":{"component_version":{"nesting_mode":"list","block":{"attributes":{"spark":{"type":"string","required":true}}},"min_items":1,"max_items":1},"gateway":{"nesting_mode":"list","block":{"attributes":{"enabled":{"type":"bool","required":true},"password":{"type":"string","required":true,"sensitive":true},"username":{"type":"string","required":true}}},"min_items":1,"max_items":1},"roles":{"nesting_mode":"list","block":{"block_types":{"head_node":{"nesting_mode":"list","block":{"attributes":{"password":{"type":"string","optional":true,"sensitive":true},"ssh_keys":{"type":["set","string"],"optional":true},"subnet_id":{"type":"string","optional":true},"username":{"type":"string","required":true},"virtual_network_id":{"type":"string","optional":true},"vm_size":{"type":"string","required":true}}},"min_items":1,"max_items":1},"worker_node":{"nesting_mode":"list","block":{"attributes":{"min_instance_count":{"type":"number","optional":true,"computed":true},"password":{"type":"string","optional":true,"sensitive":true},"ssh_keys":{"type":["set","string"],"optional":true},"subnet_id":{"type":"string","optional":true},"target_instance_count":{"type":"number","required":true},"username":{"type":"string","required":true},"virtual_network_id":{"type":"string","optional":true},"vm_size":{"type":"string","required":true}}},"min_items":1,"max_items":1},"zookeeper_node":{"nesting_mode":"list","block":{"attributes":{"password":{"type":"string","optional":true,"sensitive":true},"ssh_keys":{"type":["set","string"],"optional":true},"subnet_id":{"type":"string","optional":true},"username":{"type":"string","required":true},"virtual_network_id":{"type":"string","optional":true},"vm_size":{"type":"string","required":true}}},"min_items":1,"max_items":1}}},"min_items":1,"max_items":1},"storage_account":{"nesting_mode":"list","block":{"attributes":{"is_default":{"type":"bool","required":true},"storage_account_key":{"type":"string","required":true,"sensitive":true},"storage_container_id":{"type":"string","required":true}}}},"storage_account_gen2":{"nesting_mode":"list","block":{"attributes":{"filesystem_id":{"type":"string","required":true},"is_default":{"type":"bool","required":true},"managed_identity_resource_id":{"type":"string","required":true},"storage_resource_id":{"type":"string","required":true}}},"max_items":1},"timeouts":{"nesting_mode":"single","block":{"attributes":{"create":{"type":"string","optional":true},"delete":{"type":"string","optional":true},"read":{"type":"string","optional":true},"update":{"type":"string","optional":true}}}}}}},"azurerm_hdinsight_storm_cluster":{"version":0,"block":{"attributes":{"cluster_version":{"type":"string","required":true},"https_endpoint":{"type":"string","computed":true},"id":{"type":"string","optional":true,"computed":true},"location":{"type":"string","required":true},"name":{"type":"string","required":true},"resource_group_name":{"type":"string","required":true},"ssh_endpoint":{"type":"string","computed":true},"tags":{"type":["map","string"],"optional":true},"tier":{"type":"string","required":true},"tls_min_version":{"type":"string","optional":true}},"block_types":{"component_version":{"nesting_mode":"list","block":{"attributes":{"storm":{"type":"string","required":true}}},"min_items":1,"max_items":1},"gateway":{"nesting_mode":"list","block":{"attributes":{"enabled":{"type":"bool","required":true},"password":{"type":"string","required":true,"sensitive":true},"username":{"type":"string","required":true}}},"min_items":1,"max_items":1},"roles":{"nesting_mode":"list","block":{"block_types":{"head_node":{"nesting_mode":"list","block":{"attributes":{"password":{"type":"string","optional":true,"sensitive":true},"ssh_keys":{"type":["set","string"],"optional":true},"subnet_id":{"type":"string","optional":true},"username":{"type":"string","required":true},"virtual_network_id":{"type":"string","optional":true},"vm_size":{"type":"string","required":true}}},"min_items":1,"max_items":1},"worker_node":{"nesting_mode":"list","block":{"attributes":{"min_instance_count":{"type":"number","optional":true,"computed":true},"password":{"type":"string","optional":true,"sensitive":true},"ssh_keys":{"type":["set","string"],"optional":true},"subnet_id":{"type":"string","optional":true},"target_instance_count":{"type":"number","required":true},"username":{"type":"string","required":true},"virtual_network_id":{"type":"string","optional":true},"vm_size":{"type":"string","required":true}}},"min_items":1,"max_items":1},"zookeeper_node":{"nesting_mode":"list","block":{"attributes":{"password":{"type":"string","optional":true,"sensitive":true},"ssh_keys":{"type":["set","string"],"optional":true},"subnet_id":{"type":"string","optional":true},"username":{"type":"string","required":true},"virtual_network_id":{"type":"string","optional":true},"vm_size":{"type":"string","required":true}}},"min_items":1,"max_items":1}}},"min_items":1,"max_items":1},"storage_account":{"nesting_mode":"list","block":{"attributes":{"is_default":{"type":"bool","required":true},"storage_account_key":{"type":"string","required":true,"sensitive":true},"storage_container_id":{"type":"string","required":true}}}},"timeouts":{"nesting_mode":"single","block":{"attributes":{"create":{"type":"string","optional":true},"delete":{"type":"string","optional":true},"read":{"type":"string","optional":true},"update":{"type":"string","optional":true}}}}}}},"azurerm_healthcare_service":{"version":0,"block":{"attributes":{"access_policy_object_ids":{"type":["set","string"],"optional":true},"cosmosdb_throughput":{"type":"number","optional":true},"id":{"type":"string","optional":true,"computed":true},"kind":{"type":"string","optional":true},"location":{"type":"string","required":true},"name":{"type":"string","required":true},"resource_group_name":{"type":"string","required":true},"tags":{"type":["map","string"],"optional":true}},"block_types":{"authentication_configuration":{"nesting_mode":"list","block":{"attributes":{"audience":{"type":"string","optional":true},"authority":{"type":"string","optional":true},"smart_proxy_enabled":{"type":"bool","optional":true}}},"max_items":1},"cors_configuration":{"nesting_mode":"list","block":{"attributes":{"allow_credentials":{"type":"bool","optional":true},"allowed_headers":{"type":["set","string"],"optional":true},"allowed_methods":{"type":["list","string"],"optional":true},"allowed_origins":{"type":["set","string"],"optional":true},"max_age_in_seconds":{"type":"number","optional":true}}},"max_items":1},"timeouts":{"nesting_mode":"single","block":{"attributes":{"create":{"type":"string","optional":true},"delete":{"type":"string","optional":true},"read":{"type":"string","optional":true},"update":{"type":"string","optional":true}}}}}}},"azurerm_hpc_cache":{"version":0,"block":{"attributes":{"cache_size_in_gb":{"type":"number","required":true},"id":{"type":"string","optional":true,"computed":true},"location":{"type":"string","required":true},"mount_addresses":{"type":["list","string"],"computed":true},"name":{"type":"string","required":true},"resource_group_name":{"type":"string","required":true},"sku_name":{"type":"string","required":true},"subnet_id":{"type":"string","required":true}},"block_types":{"timeouts":{"nesting_mode":"single","block":{"attributes":{"create":{"type":"string","optional":true},"delete":{"type":"string","optional":true},"read":{"type":"string","optional":true}}}}}}},"azurerm_hpc_cache_blob_target":{"version":0,"block":{"attributes":{"cache_name":{"type":"string","required":true},"id":{"type":"string","optional":true,"computed":true},"name":{"type":"string","required":true},"namespace_path":{"type":"string","required":true},"resource_group_name":{"type":"string","required":true},"storage_container_id":{"type":"string","required":true}},"block_types":{"timeouts":{"nesting_mode":"single","block":{"attributes":{"create":{"type":"string","optional":true},"delete":{"type":"string","optional":true},"read":{"type":"string","optional":true},"update":{"type":"string","optional":true}}}}}}},"azurerm_hpc_cache_nfs_target":{"version":0,"block":{"attributes":{"cache_name":{"type":"string","required":true},"id":{"type":"string","optional":true,"computed":true},"name":{"type":"string","required":true},"resource_group_name":{"type":"string","required":true},"target_host_name":{"type":"string","required":true},"usage_model":{"type":"string","required":true}},"block_types":{"namespace_junction":{"nesting_mode":"set","block":{"attributes":{"namespace_path":{"type":"string","required":true},"nfs_export":{"type":"string","required":true},"target_path":{"type":"string","optional":true}}},"min_items":1,"max_items":10},"timeouts":{"nesting_mode":"single","block":{"attributes":{"create":{"type":"string","optional":true},"delete":{"type":"string","optional":true},"read":{"type":"string","optional":true},"update":{"type":"string","optional":true}}}}}}},"azurerm_image":{"version":0,"block":{"attributes":{"hyper_v_generation":{"type":"string","optional":true},"id":{"type":"string","optional":true,"computed":true},"location":{"type":"string","required":true},"name":{"type":"string","required":true},"resource_group_name":{"type":"string","required":true},"source_virtual_machine_id":{"type":"string","optional":true},"tags":{"type":["map","string"],"optional":true},"zone_resilient":{"type":"bool","optional":true}},"block_types":{"data_disk":{"nesting_mode":"list","block":{"attributes":{"blob_uri":{"type":"string","optional":true,"computed":true},"caching":{"type":"string","optional":true},"lun":{"type":"number","optional":true},"managed_disk_id":{"type":"string","optional":true},"size_gb":{"type":"number","optional":true,"computed":true}}}},"os_disk":{"nesting_mode":"list","block":{"attributes":{"blob_uri":{"type":"string","optional":true,"computed":true},"caching":{"type":"string","optional":true},"managed_disk_id":{"type":"string","optional":true,"computed":true},"os_state":{"type":"string","optional":true},"os_type":{"type":"string","optional":true},"size_gb":{"type":"number","optional":true,"computed":true}}},"max_items":1},"timeouts":{"nesting_mode":"single","block":{"attributes":{"create":{"type":"string","optional":true},"delete":{"type":"string","optional":true},"read":{"type":"string","optional":true},"update":{"type":"string","optional":true}}}}}}},"azurerm_iot_time_series_insights_access_policy":{"version":0,"block":{"attributes":{"description":{"type":"string","optional":true},"id":{"type":"string","optional":true,"computed":true},"name":{"type":"string","required":true},"principal_object_id":{"type":"string","required":true},"roles":{"type":["set","string"],"required":true},"time_series_insights_environment_id":{"type":"string","required":true}},"block_types":{"timeouts":{"nesting_mode":"single","block":{"attributes":{"create":{"type":"string","optional":true},"delete":{"type":"string","optional":true},"read":{"type":"string","optional":true},"update":{"type":"string","optional":true}}}}}}},"azurerm_iot_time_series_insights_reference_data_set":{"version":0,"block":{"attributes":{"data_string_comparison_behavior":{"type":"string","optional":true},"id":{"type":"string","optional":true,"computed":true},"location":{"type":"string","required":true},"name":{"type":"string","required":true},"tags":{"type":["map","string"],"optional":true},"time_series_insights_environment_id":{"type":"string","required":true}},"block_types":{"key_property":{"nesting_mode":"set","block":{"attributes":{"name":{"type":"string","required":true},"type":{"type":"string","required":true}}},"min_items":1},"timeouts":{"nesting_mode":"single","block":{"attributes":{"create":{"type":"string","optional":true},"delete":{"type":"string","optional":true},"read":{"type":"string","optional":true},"update":{"type":"string","optional":true}}}}}}},"azurerm_iot_time_series_insights_standard_environment":{"version":0,"block":{"attributes":{"data_retention_time":{"type":"string","required":true},"id":{"type":"string","optional":true,"computed":true},"location":{"type":"string","required":true},"name":{"type":"string","required":true},"partition_key":{"type":"string","optional":true},"resource_group_name":{"type":"string","required":true},"sku_name":{"type":"string","required":true},"storage_limit_exceeded_behavior":{"type":"string","optional":true},"tags":{"type":["map","string"],"optional":true}},"block_types":{"timeouts":{"nesting_mode":"single","block":{"attributes":{"create":{"type":"string","optional":true},"delete":{"type":"string","optional":true},"read":{"type":"string","optional":true},"update":{"type":"string","optional":true}}}}}}},"azurerm_iotcentral_application":{"version":0,"block":{"attributes":{"display_name":{"type":"string","optional":true,"computed":true},"id":{"type":"string","optional":true,"computed":true},"location":{"type":"string","required":true},"name":{"type":"string","required":true},"resource_group_name":{"type":"string","required":true},"sku":{"type":"string","optional":true},"sub_domain":{"type":"string","required":true},"tags":{"type":["map","string"],"optional":true},"template":{"type":"string","optional":true,"computed":true}},"block_types":{"timeouts":{"nesting_mode":"single","block":{"attributes":{"create":{"type":"string","optional":true},"delete":{"type":"string","optional":true},"read":{"type":"string","optional":true},"update":{"type":"string","optional":true}}}}}}},"azurerm_iothub":{"version":0,"block":{"attributes":{"event_hub_events_endpoint":{"type":"string","computed":true},"event_hub_events_path":{"type":"string","computed":true},"event_hub_operations_endpoint":{"type":"string","computed":true},"event_hub_operations_path":{"type":"string","computed":true},"event_hub_partition_count":{"type":"number","optional":true,"computed":true},"event_hub_retention_in_days":{"type":"number","optional":true,"computed":true},"hostname":{"type":"string","computed":true},"id":{"type":"string","optional":true,"computed":true},"location":{"type":"string","required":true},"name":{"type":"string","required":true},"resource_group_name":{"type":"string","required":true},"shared_access_policy":{"type":["list",["object",{"key_name":"string","permissions":"string","primary_key":"string","secondary_key":"string"}]],"computed":true},"tags":{"type":["map","string"],"optional":true},"type":{"type":"string","computed":true}},"block_types":{"endpoint":{"nesting_mode":"list","block":{"attributes":{"batch_frequency_in_seconds":{"type":"number","optional":true},"connection_string":{"type":"string","required":true,"sensitive":true},"container_name":{"type":"string","optional":true},"encoding":{"type":"string","optional":true},"file_name_format":{"type":"string","optional":true},"max_chunk_size_in_bytes":{"type":"number","optional":true},"name":{"type":"string","required":true},"type":{"type":"string","required":true}}}},"fallback_route":{"nesting_mode":"list","block":{"attributes":{"condition":{"type":"string","optional":true},"enabled":{"type":"bool","optional":true,"computed":true},"endpoint_names":{"type":["list","string"],"optional":true,"computed":true},"source":{"type":"string","optional":true}}},"max_items":1},"file_upload":{"nesting_mode":"list","block":{"attributes":{"connection_string":{"type":"string","required":true,"sensitive":true},"container_name":{"type":"string","required":true},"default_ttl":{"type":"string","optional":true,"computed":true},"lock_duration":{"type":"string","optional":true,"computed":true},"max_delivery_count":{"type":"number","optional":true},"notifications":{"type":"bool","optional":true},"sas_ttl":{"type":"string","optional":true,"computed":true}}},"max_items":1},"ip_filter_rule":{"nesting_mode":"set","block":{"attributes":{"action":{"type":"string","required":true},"ip_mask":{"type":"string","required":true},"name":{"type":"string","required":true}}}},"route":{"nesting_mode":"list","block":{"attributes":{"condition":{"type":"string","optional":true},"enabled":{"type":"bool","required":true},"endpoint_names":{"type":["list","string"],"required":true},"name":{"type":"string","required":true},"source":{"type":"string","required":true}}}},"sku":{"nesting_mode":"list","block":{"attributes":{"capacity":{"type":"number","required":true},"name":{"type":"string","required":true}}},"min_items":1,"max_items":1},"timeouts":{"nesting_mode":"single","block":{"attributes":{"create":{"type":"string","optional":true},"delete":{"type":"string","optional":true},"read":{"type":"string","optional":true},"update":{"type":"string","optional":true}}}}}}},"azurerm_iothub_consumer_group":{"version":0,"block":{"attributes":{"eventhub_endpoint_name":{"type":"string","required":true},"id":{"type":"string","optional":true,"computed":true},"iothub_name":{"type":"string","required":true},"name":{"type":"string","required":true},"resource_group_name":{"type":"string","required":true}},"block_types":{"timeouts":{"nesting_mode":"single","block":{"attributes":{"create":{"type":"string","optional":true},"delete":{"type":"string","optional":true},"read":{"type":"string","optional":true},"update":{"type":"string","optional":true}}}}}}},"azurerm_iothub_dps":{"version":0,"block":{"attributes":{"allocation_policy":{"type":"string","computed":true},"device_provisioning_host_name":{"type":"string","computed":true},"id":{"type":"string","optional":true,"computed":true},"id_scope":{"type":"string","computed":true},"location":{"type":"string","required":true},"name":{"type":"string","required":true},"resource_group_name":{"type":"string","required":true},"service_operations_host_name":{"type":"string","computed":true},"tags":{"type":["map","string"],"optional":true}},"block_types":{"linked_hub":{"nesting_mode":"list","block":{"attributes":{"allocation_weight":{"type":"number","optional":true},"apply_allocation_policy":{"type":"bool","optional":true},"connection_string":{"type":"string","required":true,"sensitive":true},"hostname":{"type":"string","computed":true},"location":{"type":"string","required":true}}}},"sku":{"nesting_mode":"list","block":{"attributes":{"capacity":{"type":"number","required":true},"name":{"type":"string","required":true}}},"min_items":1,"max_items":1},"timeouts":{"nesting_mode":"single","block":{"attributes":{"create":{"type":"string","optional":true},"delete":{"type":"string","optional":true},"read":{"type":"string","optional":true},"update":{"type":"string","optional":true}}}}}}},"azurerm_iothub_dps_certificate":{"version":0,"block":{"attributes":{"certificate_content":{"type":"string","required":true,"sensitive":true},"id":{"type":"string","optional":true,"computed":true},"iot_dps_name":{"type":"string","required":true},"name":{"type":"string","required":true},"resource_group_name":{"type":"string","required":true}},"block_types":{"timeouts":{"nesting_mode":"single","block":{"attributes":{"create":{"type":"string","optional":true},"delete":{"type":"string","optional":true},"read":{"type":"string","optional":true},"update":{"type":"string","optional":true}}}}}}},"azurerm_iothub_dps_shared_access_policy":{"version":0,"block":{"attributes":{"enrollment_read":{"type":"bool","optional":true},"enrollment_write":{"type":"bool","optional":true},"id":{"type":"string","optional":true,"computed":true},"iothub_dps_name":{"type":"string","required":true},"name":{"type":"string","required":true},"primary_connection_string":{"type":"string","computed":true,"sensitive":true},"primary_key":{"type":"string","computed":true,"sensitive":true},"registration_read":{"type":"bool","optional":true},"registration_write":{"type":"bool","optional":true},"resource_group_name":{"type":"string","required":true},"secondary_connection_string":{"type":"string","computed":true,"sensitive":true},"secondary_key":{"type":"string","computed":true,"sensitive":true},"service_config":{"type":"bool","optional":true}},"block_types":{"timeouts":{"nesting_mode":"single","block":{"attributes":{"create":{"type":"string","optional":true},"delete":{"type":"string","optional":true},"read":{"type":"string","optional":true},"update":{"type":"string","optional":true}}}}}}},"azurerm_iothub_endpoint_eventhub":{"version":0,"block":{"attributes":{"connection_string":{"type":"string","required":true,"sensitive":true},"id":{"type":"string","optional":true,"computed":true},"iothub_name":{"type":"string","required":true},"name":{"type":"string","required":true},"resource_group_name":{"type":"string","required":true}},"block_types":{"timeouts":{"nesting_mode":"single","block":{"attributes":{"create":{"type":"string","optional":true},"delete":{"type":"string","optional":true},"read":{"type":"string","optional":true},"update":{"type":"string","optional":true}}}}}}},"azurerm_iothub_endpoint_servicebus_queue":{"version":0,"block":{"attributes":{"connection_string":{"type":"string","required":true,"sensitive":true},"id":{"type":"string","optional":true,"computed":true},"iothub_name":{"type":"string","required":true},"name":{"type":"string","required":true},"resource_group_name":{"type":"string","required":true}},"block_types":{"timeouts":{"nesting_mode":"single","block":{"attributes":{"create":{"type":"string","optional":true},"delete":{"type":"string","optional":true},"read":{"type":"string","optional":true},"update":{"type":"string","optional":true}}}}}}},"azurerm_iothub_endpoint_servicebus_topic":{"version":0,"block":{"attributes":{"connection_string":{"type":"string","required":true,"sensitive":true},"id":{"type":"string","optional":true,"computed":true},"iothub_name":{"type":"string","required":true},"name":{"type":"string","required":true},"resource_group_name":{"type":"string","required":true}},"block_types":{"timeouts":{"nesting_mode":"single","block":{"attributes":{"create":{"type":"string","optional":true},"delete":{"type":"string","optional":true},"read":{"type":"string","optional":true},"update":{"type":"string","optional":true}}}}}}},"azurerm_iothub_endpoint_storage_container":{"version":0,"block":{"attributes":{"batch_frequency_in_seconds":{"type":"number","optional":true},"connection_string":{"type":"string","required":true,"sensitive":true},"container_name":{"type":"string","required":true},"encoding":{"type":"string","optional":true},"file_name_format":{"type":"string","optional":true},"id":{"type":"string","optional":true,"computed":true},"iothub_name":{"type":"string","required":true},"max_chunk_size_in_bytes":{"type":"number","optional":true},"name":{"type":"string","required":true},"resource_group_name":{"type":"string","required":true}},"block_types":{"timeouts":{"nesting_mode":"single","block":{"attributes":{"create":{"type":"string","optional":true},"delete":{"type":"string","optional":true},"read":{"type":"string","optional":true},"update":{"type":"string","optional":true}}}}}}},"azurerm_iothub_fallback_route":{"version":0,"block":{"attributes":{"condition":{"type":"string","optional":true},"enabled":{"type":"bool","required":true},"endpoint_names":{"type":["list","string"],"required":true},"id":{"type":"string","optional":true,"computed":true},"iothub_name":{"type":"string","required":true},"resource_group_name":{"type":"string","required":true}},"block_types":{"timeouts":{"nesting_mode":"single","block":{"attributes":{"create":{"type":"string","optional":true},"delete":{"type":"string","optional":true},"read":{"type":"string","optional":true},"update":{"type":"string","optional":true}}}}}}},"azurerm_iothub_route":{"version":0,"block":{"attributes":{"condition":{"type":"string","optional":true},"enabled":{"type":"bool","required":true},"endpoint_names":{"type":["list","string"],"required":true},"id":{"type":"string","optional":true,"computed":true},"iothub_name":{"type":"string","required":true},"name":{"type":"string","required":true},"resource_group_name":{"type":"string","required":true},"source":{"type":"string","required":true}},"block_types":{"timeouts":{"nesting_mode":"single","block":{"attributes":{"create":{"type":"string","optional":true},"delete":{"type":"string","optional":true},"read":{"type":"string","optional":true},"update":{"type":"string","optional":true}}}}}}},"azurerm_iothub_shared_access_policy":{"version":0,"block":{"attributes":{"device_connect":{"type":"bool","optional":true},"id":{"type":"string","optional":true,"computed":true},"iothub_name":{"type":"string","required":true},"name":{"type":"string","required":true},"primary_connection_string":{"type":"string","computed":true,"sensitive":true},"primary_key":{"type":"string","computed":true,"sensitive":true},"registry_read":{"type":"bool","optional":true},"registry_write":{"type":"bool","optional":true},"resource_group_name":{"type":"string","required":true},"secondary_connection_string":{"type":"string","computed":true,"sensitive":true},"secondary_key":{"type":"string","computed":true,"sensitive":true},"service_connect":{"type":"bool","optional":true}},"block_types":{"timeouts":{"nesting_mode":"single","block":{"attributes":{"create":{"type":"string","optional":true},"delete":{"type":"string","optional":true},"read":{"type":"string","optional":true},"update":{"type":"string","optional":true}}}}}}},"azurerm_key_vault":{"version":1,"block":{"attributes":{"access_policy":{"type":["list",["object",{"application_id":"string","certificate_permissions":["list","string"],"key_permissions":["list","string"],"object_id":"string","secret_permissions":["list","string"],"storage_permissions":["list","string"],"tenant_id":"string"}]],"optional":true,"computed":true},"enabled_for_deployment":{"type":"bool","optional":true},"enabled_for_disk_encryption":{"type":"bool","optional":true},"enabled_for_template_deployment":{"type":"bool","optional":true},"id":{"type":"string","optional":true,"computed":true},"location":{"type":"string","required":true},"name":{"type":"string","required":true},"purge_protection_enabled":{"type":"bool","optional":true},"resource_group_name":{"type":"string","required":true},"sku_name":{"type":"string","required":true},"soft_delete_enabled":{"type":"bool","optional":true},"tags":{"type":["map","string"],"optional":true},"tenant_id":{"type":"string","required":true},"vault_uri":{"type":"string","computed":true}},"block_types":{"network_acls":{"nesting_mode":"list","block":{"attributes":{"bypass":{"type":"string","required":true},"default_action":{"type":"string","required":true},"ip_rules":{"type":["set","string"],"optional":true},"virtual_network_subnet_ids":{"type":["set","string"],"optional":true}}},"max_items":1},"timeouts":{"nesting_mode":"single","block":{"attributes":{"create":{"type":"string","optional":true},"delete":{"type":"string","optional":true},"read":{"type":"string","optional":true},"update":{"type":"string","optional":true}}}}}}},"azurerm_key_vault_access_policy":{"version":0,"block":{"attributes":{"application_id":{"type":"string","optional":true},"certificate_permissions":{"type":["list","string"],"optional":true},"id":{"type":"string","optional":true,"computed":true},"key_permissions":{"type":["list","string"],"optional":true},"key_vault_id":{"type":"string","required":true},"object_id":{"type":"string","required":true},"secret_permissions":{"type":["list","string"],"optional":true},"storage_permissions":{"type":["list","string"],"optional":true},"tenant_id":{"type":"string","required":true}},"block_types":{"timeouts":{"nesting_mode":"single","block":{"attributes":{"create":{"type":"string","optional":true},"delete":{"type":"string","optional":true},"read":{"type":"string","optional":true},"update":{"type":"string","optional":true}}}}}}},"azurerm_key_vault_certificate":{"version":0,"block":{"attributes":{"certificate_data":{"type":"string","computed":true},"id":{"type":"string","optional":true,"computed":true},"key_vault_id":{"type":"string","required":true},"name":{"type":"string","required":true},"secret_id":{"type":"string","computed":true},"tags":{"type":["map","string"],"optional":true},"thumbprint":{"type":"string","computed":true},"version":{"type":"string","computed":true}},"block_types":{"certificate":{"nesting_mode":"list","block":{"attributes":{"contents":{"type":"string","required":true,"sensitive":true},"password":{"type":"string","optional":true,"sensitive":true}}},"max_items":1},"certificate_policy":{"nesting_mode":"list","block":{"block_types":{"issuer_parameters":{"nesting_mode":"list","block":{"attributes":{"name":{"type":"string","required":true}}},"min_items":1,"max_items":1},"key_properties":{"nesting_mode":"list","block":{"attributes":{"exportable":{"type":"bool","required":true},"key_size":{"type":"number","required":true},"key_type":{"type":"string","required":true},"reuse_key":{"type":"bool","required":true}}},"min_items":1,"max_items":1},"lifetime_action":{"nesting_mode":"list","block":{"block_types":{"action":{"nesting_mode":"list","block":{"attributes":{"action_type":{"type":"string","required":true}}},"min_items":1,"max_items":1},"trigger":{"nesting_mode":"list","block":{"attributes":{"days_before_expiry":{"type":"number","optional":true},"lifetime_percentage":{"type":"number","optional":true}}},"min_items":1,"max_items":1}}}},"secret_properties":{"nesting_mode":"list","block":{"attributes":{"content_type":{"type":"string","required":true}}},"min_items":1,"max_items":1},"x509_certificate_properties":{"nesting_mode":"list","block":{"attributes":{"extended_key_usage":{"type":["list","string"],"optional":true,"computed":true},"key_usage":{"type":["list","string"],"required":true},"subject":{"type":"string","required":true},"validity_in_months":{"type":"number","required":true}},"block_types":{"subject_alternative_names":{"nesting_mode":"list","block":{"attributes":{"dns_names":{"type":["set","string"],"optional":true},"emails":{"type":["set","string"],"optional":true},"upns":{"type":["set","string"],"optional":true}}},"max_items":1}}},"max_items":1}}},"min_items":1,"max_items":1},"timeouts":{"nesting_mode":"single","block":{"attributes":{"create":{"type":"string","optional":true},"delete":{"type":"string","optional":true},"read":{"type":"string","optional":true}}}}}}},"azurerm_key_vault_key":{"version":0,"block":{"attributes":{"curve":{"type":"string","optional":true,"computed":true},"e":{"type":"string","computed":true},"expiration_date":{"type":"string","optional":true},"id":{"type":"string","optional":true,"computed":true},"key_opts":{"type":["list","string"],"required":true},"key_size":{"type":"number","optional":true},"key_type":{"type":"string","required":true},"key_vault_id":{"type":"string","required":true},"n":{"type":"string","computed":true},"name":{"type":"string","required":true},"not_before_date":{"type":"string","optional":true},"tags":{"type":["map","string"],"optional":true},"version":{"type":"string","computed":true},"x":{"type":"string","computed":true},"y":{"type":"string","computed":true}},"block_types":{"timeouts":{"nesting_mode":"single","block":{"attributes":{"create":{"type":"string","optional":true},"delete":{"type":"string","optional":true},"read":{"type":"string","optional":true},"update":{"type":"string","optional":true}}}}}}},"azurerm_key_vault_secret":{"version":0,"block":{"attributes":{"content_type":{"type":"string","optional":true},"expiration_date":{"type":"string","optional":true},"id":{"type":"string","optional":true,"computed":true},"key_vault_id":{"type":"string","required":true},"name":{"type":"string","required":true},"not_before_date":{"type":"string","optional":true},"tags":{"type":["map","string"],"optional":true},"value":{"type":"string","required":true,"sensitive":true},"version":{"type":"string","computed":true}},"block_types":{"timeouts":{"nesting_mode":"single","block":{"attributes":{"create":{"type":"string","optional":true},"delete":{"type":"string","optional":true},"read":{"type":"string","optional":true},"update":{"type":"string","optional":true}}}}}}},"azurerm_kubernetes_cluster":{"version":0,"block":{"attributes":{"api_server_authorized_ip_ranges":{"type":["set","string"],"optional":true},"disk_encryption_set_id":{"type":"string","optional":true},"dns_prefix":{"type":"string","required":true},"enable_pod_security_policy":{"type":"bool","optional":true},"fqdn":{"type":"string","computed":true},"id":{"type":"string","optional":true,"computed":true},"kube_admin_config":{"type":["list",["object",{"client_certificate":"string","client_key":"string","cluster_ca_certificate":"string","host":"string","password":"string","username":"string"}]],"computed":true},"kube_admin_config_raw":{"type":"string","computed":true,"sensitive":true},"kube_config":{"type":["list",["object",{"client_certificate":"string","client_key":"string","cluster_ca_certificate":"string","host":"string","password":"string","username":"string"}]],"computed":true},"kube_config_raw":{"type":"string","computed":true,"sensitive":true},"kubelet_identity":{"type":["list",["object",{"client_id":"string","object_id":"string","user_assigned_identity_id":"string"}]],"computed":true},"kubernetes_version":{"type":"string","optional":true,"computed":true},"location":{"type":"string","required":true},"name":{"type":"string","required":true},"node_resource_group":{"type":"string","optional":true,"computed":true},"private_cluster_enabled":{"type":"bool","optional":true,"computed":true},"private_fqdn":{"type":"string","computed":true},"private_link_enabled":{"type":"bool","optional":true,"computed":true},"resource_group_name":{"type":"string","required":true},"sku_tier":{"type":"string","optional":true},"tags":{"type":["map","string"],"optional":true}},"block_types":{"addon_profile":{"nesting_mode":"list","block":{"block_types":{"aci_connector_linux":{"nesting_mode":"list","block":{"attributes":{"enabled":{"type":"bool","required":true},"subnet_name":{"type":"string","optional":true}}},"max_items":1},"azure_policy":{"nesting_mode":"list","block":{"attributes":{"enabled":{"type":"bool","required":true}}},"max_items":1},"http_application_routing":{"nesting_mode":"list","block":{"attributes":{"enabled":{"type":"bool","required":true},"http_application_routing_zone_name":{"type":"string","computed":true}}},"max_items":1},"kube_dashboard":{"nesting_mode":"list","block":{"attributes":{"enabled":{"type":"bool","required":true}}},"max_items":1},"oms_agent":{"nesting_mode":"list","block":{"attributes":{"enabled":{"type":"bool","required":true},"log_analytics_workspace_id":{"type":"string","optional":true},"oms_agent_identity":{"type":["list",["object",{"client_id":"string","object_id":"string","user_assigned_identity_id":"string"}]],"computed":true}}},"max_items":1}}},"max_items":1},"auto_scaler_profile":{"nesting_mode":"list","block":{"attributes":{"balance_similar_node_groups":{"type":"bool","optional":true},"max_graceful_termination_sec":{"type":"string","optional":true,"computed":true},"scale_down_delay_after_add":{"type":"string","optional":true,"computed":true},"scale_down_delay_after_delete":{"type":"string","optional":true,"computed":true},"scale_down_delay_after_failure":{"type":"string","optional":true,"computed":true},"scale_down_unneeded":{"type":"string","optional":true,"computed":true},"scale_down_unready":{"type":"string","optional":true,"computed":true},"scale_down_utilization_threshold":{"type":"string","optional":true,"computed":true},"scan_interval":{"type":"string","optional":true,"computed":true}}},"max_items":1},"default_node_pool":{"nesting_mode":"list","block":{"attributes":{"availability_zones":{"type":["list","string"],"optional":true},"enable_auto_scaling":{"type":"bool","optional":true},"enable_node_public_ip":{"type":"bool","optional":true},"max_count":{"type":"number","optional":true},"max_pods":{"type":"number","optional":true,"computed":true},"min_count":{"type":"number","optional":true},"name":{"type":"string","required":true},"node_count":{"type":"number","optional":true,"computed":true},"node_labels":{"type":["map","string"],"optional":true},"node_taints":{"type":["list","string"],"optional":true},"orchestrator_version":{"type":"string","optional":true,"computed":true},"os_disk_size_gb":{"type":"number","optional":true,"computed":true},"tags":{"type":["map","string"],"optional":true},"type":{"type":"string","optional":true},"vm_size":{"type":"string","required":true},"vnet_subnet_id":{"type":"string","optional":true}}},"min_items":1,"max_items":1},"identity":{"nesting_mode":"list","block":{"attributes":{"principal_id":{"type":"string","computed":true},"tenant_id":{"type":"string","computed":true},"type":{"type":"string","required":true}}},"max_items":1},"linux_profile":{"nesting_mode":"list","block":{"attributes":{"admin_username":{"type":"string","required":true}},"block_types":{"ssh_key":{"nesting_mode":"list","block":{"attributes":{"key_data":{"type":"string","required":true}}},"min_items":1,"max_items":1}}},"max_items":1},"network_profile":{"nesting_mode":"list","block":{"attributes":{"dns_service_ip":{"type":"string","optional":true,"computed":true},"docker_bridge_cidr":{"type":"string","optional":true,"computed":true},"load_balancer_sku":{"type":"string","optional":true},"network_plugin":{"type":"string","required":true},"network_policy":{"type":"string","optional":true,"computed":true},"outbound_type":{"type":"string","optional":true},"pod_cidr":{"type":"string","optional":true,"computed":true},"service_cidr":{"type":"string","optional":true,"computed":true}},"block_types":{"load_balancer_profile":{"nesting_mode":"list","block":{"attributes":{"effective_outbound_ips":{"type":["set","string"],"computed":true},"idle_timeout_in_minutes":{"type":"number","optional":true},"managed_outbound_ip_count":{"type":"number","optional":true,"computed":true},"outbound_ip_address_ids":{"type":["set","string"],"optional":true,"computed":true},"outbound_ip_prefix_ids":{"type":["set","string"],"optional":true,"computed":true},"outbound_ports_allocated":{"type":"number","optional":true}}},"max_items":1}}},"max_items":1},"role_based_access_control":{"nesting_mode":"list","block":{"attributes":{"enabled":{"type":"bool","required":true}},"block_types":{"azure_active_directory":{"nesting_mode":"list","block":{"attributes":{"admin_group_object_ids":{"type":["set","string"],"optional":true},"client_app_id":{"type":"string","optional":true},"managed":{"type":"bool","optional":true},"server_app_id":{"type":"string","optional":true},"server_app_secret":{"type":"string","optional":true,"sensitive":true},"tenant_id":{"type":"string","optional":true,"computed":true}}},"max_items":1}}},"max_items":1},"service_principal":{"nesting_mode":"list","block":{"attributes":{"client_id":{"type":"string","required":true},"client_secret":{"type":"string","required":true,"sensitive":true}}},"max_items":1},"timeouts":{"nesting_mode":"single","block":{"attributes":{"create":{"type":"string","optional":true},"delete":{"type":"string","optional":true},"read":{"type":"string","optional":true},"update":{"type":"string","optional":true}}}},"windows_profile":{"nesting_mode":"list","block":{"attributes":{"admin_password":{"type":"string","optional":true,"sensitive":true},"admin_username":{"type":"string","required":true}}},"max_items":1}}}},"azurerm_kubernetes_cluster_node_pool":{"version":0,"block":{"attributes":{"availability_zones":{"type":["list","string"],"optional":true},"enable_auto_scaling":{"type":"bool","optional":true},"enable_node_public_ip":{"type":"bool","optional":true},"eviction_policy":{"type":"string","optional":true},"id":{"type":"string","optional":true,"computed":true},"kubernetes_cluster_id":{"type":"string","required":true},"max_count":{"type":"number","optional":true},"max_pods":{"type":"number","optional":true,"computed":true},"min_count":{"type":"number","optional":true},"mode":{"type":"string","optional":true},"name":{"type":"string","required":true},"node_count":{"type":"number","optional":true,"computed":true},"node_labels":{"type":["map","string"],"optional":true},"node_taints":{"type":["list","string"],"optional":true},"orchestrator_version":{"type":"string","optional":true,"computed":true},"os_disk_size_gb":{"type":"number","optional":true,"computed":true},"os_type":{"type":"string","optional":true},"priority":{"type":"string","optional":true},"spot_max_price":{"type":"number","optional":true},"tags":{"type":["map","string"],"optional":true},"vm_size":{"type":"string","required":true},"vnet_subnet_id":{"type":"string","optional":true}},"block_types":{"timeouts":{"nesting_mode":"single","block":{"attributes":{"create":{"type":"string","optional":true},"delete":{"type":"string","optional":true},"read":{"type":"string","optional":true},"update":{"type":"string","optional":true}}}}}}},"azurerm_kusto_cluster":{"version":0,"block":{"attributes":{"data_ingestion_uri":{"type":"string","computed":true},"enable_disk_encryption":{"type":"bool","optional":true},"enable_purge":{"type":"bool","optional":true},"enable_streaming_ingest":{"type":"bool","optional":true},"id":{"type":"string","optional":true,"computed":true},"location":{"type":"string","required":true},"name":{"type":"string","required":true},"resource_group_name":{"type":"string","required":true},"tags":{"type":["map","string"],"optional":true},"uri":{"type":"string","computed":true},"zones":{"type":["list","string"],"optional":true}},"block_types":{"identity":{"nesting_mode":"list","block":{"attributes":{"identity_ids":{"type":["list","string"],"computed":true},"principal_id":{"type":"string","computed":true},"tenant_id":{"type":"string","computed":true},"type":{"type":"string","required":true}}},"max_items":1},"sku":{"nesting_mode":"list","block":{"attributes":{"capacity":{"type":"number","required":true},"name":{"type":"string","required":true}}},"min_items":1,"max_items":1},"timeouts":{"nesting_mode":"single","block":{"attributes":{"create":{"type":"string","optional":true},"delete":{"type":"string","optional":true},"read":{"type":"string","optional":true},"update":{"type":"string","optional":true}}}},"virtual_network_configuration":{"nesting_mode":"list","block":{"attributes":{"data_management_public_ip_id":{"type":"string","required":true},"engine_public_ip_id":{"type":"string","required":true},"subnet_id":{"type":"string","required":true}}},"max_items":1}}}},"azurerm_kusto_database":{"version":0,"block":{"attributes":{"cluster_name":{"type":"string","required":true},"hot_cache_period":{"type":"string","optional":true},"id":{"type":"string","optional":true,"computed":true},"location":{"type":"string","required":true},"name":{"type":"string","required":true},"resource_group_name":{"type":"string","required":true},"size":{"type":"number","computed":true},"soft_delete_period":{"type":"string","optional":true}},"block_types":{"timeouts":{"nesting_mode":"single","block":{"attributes":{"create":{"type":"string","optional":true},"delete":{"type":"string","optional":true},"read":{"type":"string","optional":true},"update":{"type":"string","optional":true}}}}}}},"azurerm_kusto_database_principal":{"version":0,"block":{"attributes":{"app_id":{"type":"string","computed":true},"client_id":{"type":"string","required":true},"cluster_name":{"type":"string","required":true},"database_name":{"type":"string","required":true},"email":{"type":"string","computed":true},"fully_qualified_name":{"type":"string","computed":true},"id":{"type":"string","optional":true,"computed":true},"name":{"type":"string","computed":true},"object_id":{"type":"string","required":true},"resource_group_name":{"type":"string","required":true},"role":{"type":"string","required":true},"type":{"type":"string","required":true}},"block_types":{"timeouts":{"nesting_mode":"single","block":{"attributes":{"create":{"type":"string","optional":true},"delete":{"type":"string","optional":true},"read":{"type":"string","optional":true},"update":{"type":"string","optional":true}}}}}}},"azurerm_kusto_eventhub_data_connection":{"version":0,"block":{"attributes":{"cluster_name":{"type":"string","required":true},"consumer_group":{"type":"string","required":true},"data_format":{"type":"string","optional":true},"database_name":{"type":"string","required":true},"eventhub_id":{"type":"string","required":true},"id":{"type":"string","optional":true,"computed":true},"location":{"type":"string","required":true},"mapping_rule_name":{"type":"string","optional":true},"name":{"type":"string","required":true},"resource_group_name":{"type":"string","required":true},"table_name":{"type":"string","optional":true}},"block_types":{"timeouts":{"nesting_mode":"single","block":{"attributes":{"create":{"type":"string","optional":true},"delete":{"type":"string","optional":true},"read":{"type":"string","optional":true},"update":{"type":"string","optional":true}}}}}}},"azurerm_lb":{"version":0,"block":{"attributes":{"id":{"type":"string","optional":true,"computed":true},"location":{"type":"string","required":true},"name":{"type":"string","required":true},"private_ip_address":{"type":"string","computed":true},"private_ip_addresses":{"type":["list","string"],"computed":true},"resource_group_name":{"type":"string","required":true},"sku":{"type":"string","optional":true},"tags":{"type":["map","string"],"optional":true}},"block_types":{"frontend_ip_configuration":{"nesting_mode":"list","block":{"attributes":{"id":{"type":"string","computed":true},"inbound_nat_rules":{"type":["set","string"],"computed":true},"load_balancer_rules":{"type":["set","string"],"computed":true},"name":{"type":"string","required":true},"outbound_rules":{"type":["set","string"],"computed":true},"private_ip_address":{"type":"string","optional":true,"computed":true},"private_ip_address_allocation":{"type":"string","optional":true,"computed":true},"private_ip_address_version":{"type":"string","optional":true},"public_ip_address_id":{"type":"string","optional":true,"computed":true},"public_ip_prefix_id":{"type":"string","optional":true,"computed":true},"subnet_id":{"type":"string","optional":true,"computed":true},"zones":{"type":["list","string"],"optional":true}}}},"timeouts":{"nesting_mode":"single","block":{"attributes":{"create":{"type":"string","optional":true},"delete":{"type":"string","optional":true},"read":{"type":"string","optional":true},"update":{"type":"string","optional":true}}}}}}},"azurerm_lb_backend_address_pool":{"version":0,"block":{"attributes":{"backend_ip_configurations":{"type":["set","string"],"computed":true},"id":{"type":"string","optional":true,"computed":true},"load_balancing_rules":{"type":["set","string"],"computed":true},"loadbalancer_id":{"type":"string","required":true},"name":{"type":"string","required":true},"resource_group_name":{"type":"string","required":true}},"block_types":{"timeouts":{"nesting_mode":"single","block":{"attributes":{"create":{"type":"string","optional":true},"delete":{"type":"string","optional":true},"read":{"type":"string","optional":true},"update":{"type":"string","optional":true}}}}}}},"azurerm_lb_nat_pool":{"version":0,"block":{"attributes":{"backend_port":{"type":"number","required":true},"frontend_ip_configuration_id":{"type":"string","computed":true},"frontend_ip_configuration_name":{"type":"string","required":true},"frontend_port_end":{"type":"number","required":true},"frontend_port_start":{"type":"number","required":true},"id":{"type":"string","optional":true,"computed":true},"loadbalancer_id":{"type":"string","required":true},"name":{"type":"string","required":true},"protocol":{"type":"string","required":true},"resource_group_name":{"type":"string","required":true}},"block_types":{"timeouts":{"nesting_mode":"single","block":{"attributes":{"create":{"type":"string","optional":true},"delete":{"type":"string","optional":true},"read":{"type":"string","optional":true},"update":{"type":"string","optional":true}}}}}}},"azurerm_lb_nat_rule":{"version":0,"block":{"attributes":{"backend_ip_configuration_id":{"type":"string","computed":true},"backend_port":{"type":"number","required":true},"enable_floating_ip":{"type":"bool","optional":true,"computed":true},"enable_tcp_reset":{"type":"bool","optional":true},"frontend_ip_configuration_id":{"type":"string","computed":true},"frontend_ip_configuration_name":{"type":"string","required":true},"frontend_port":{"type":"number","required":true},"id":{"type":"string","optional":true,"computed":true},"idle_timeout_in_minutes":{"type":"number","optional":true,"computed":true},"loadbalancer_id":{"type":"string","required":true},"name":{"type":"string","required":true},"protocol":{"type":"string","required":true},"resource_group_name":{"type":"string","required":true}},"block_types":{"timeouts":{"nesting_mode":"single","block":{"attributes":{"create":{"type":"string","optional":true},"delete":{"type":"string","optional":true},"read":{"type":"string","optional":true},"update":{"type":"string","optional":true}}}}}}},"azurerm_lb_outbound_rule":{"version":0,"block":{"attributes":{"allocated_outbound_ports":{"type":"number","optional":true},"backend_address_pool_id":{"type":"string","required":true},"enable_tcp_reset":{"type":"bool","optional":true},"id":{"type":"string","optional":true,"computed":true},"idle_timeout_in_minutes":{"type":"number","optional":true},"loadbalancer_id":{"type":"string","required":true},"name":{"type":"string","required":true},"protocol":{"type":"string","required":true},"resource_group_name":{"type":"string","required":true}},"block_types":{"frontend_ip_configuration":{"nesting_mode":"list","block":{"attributes":{"id":{"type":"string","computed":true},"name":{"type":"string","required":true}}}},"timeouts":{"nesting_mode":"single","block":{"attributes":{"create":{"type":"string","optional":true},"delete":{"type":"string","optional":true},"read":{"type":"string","optional":true},"update":{"type":"string","optional":true}}}}}}},"azurerm_lb_probe":{"version":0,"block":{"attributes":{"id":{"type":"string","optional":true,"computed":true},"interval_in_seconds":{"type":"number","optional":true},"load_balancer_rules":{"type":["set","string"],"computed":true},"loadbalancer_id":{"type":"string","required":true},"name":{"type":"string","required":true},"number_of_probes":{"type":"number","optional":true},"port":{"type":"number","required":true},"protocol":{"type":"string","optional":true,"computed":true},"request_path":{"type":"string","optional":true},"resource_group_name":{"type":"string","required":true}},"block_types":{"timeouts":{"nesting_mode":"single","block":{"attributes":{"create":{"type":"string","optional":true},"delete":{"type":"string","optional":true},"read":{"type":"string","optional":true},"update":{"type":"string","optional":true}}}}}}},"azurerm_lb_rule":{"version":0,"block":{"attributes":{"backend_address_pool_id":{"type":"string","optional":true,"computed":true},"backend_port":{"type":"number","required":true},"disable_outbound_snat":{"type":"bool","optional":true},"enable_floating_ip":{"type":"bool","optional":true},"enable_tcp_reset":{"type":"bool","optional":true},"frontend_ip_configuration_id":{"type":"string","computed":true},"frontend_ip_configuration_name":{"type":"string","required":true},"frontend_port":{"type":"number","required":true},"id":{"type":"string","optional":true,"computed":true},"idle_timeout_in_minutes":{"type":"number","optional":true,"computed":true},"load_distribution":{"type":"string","optional":true,"computed":true},"loadbalancer_id":{"type":"string","required":true},"name":{"type":"string","required":true},"probe_id":{"type":"string","optional":true,"computed":true},"protocol":{"type":"string","required":true},"resource_group_name":{"type":"string","required":true}},"block_types":{"timeouts":{"nesting_mode":"single","block":{"attributes":{"create":{"type":"string","optional":true},"delete":{"type":"string","optional":true},"read":{"type":"string","optional":true},"update":{"type":"string","optional":true}}}}}}},"azurerm_linux_virtual_machine":{"version":0,"block":{"attributes":{"admin_password":{"type":"string","optional":true,"sensitive":true},"admin_username":{"type":"string","required":true},"allow_extension_operations":{"type":"bool","optional":true},"availability_set_id":{"type":"string","optional":true},"computer_name":{"type":"string","optional":true,"computed":true},"custom_data":{"type":"string","optional":true,"sensitive":true},"dedicated_host_id":{"type":"string","optional":true},"disable_password_authentication":{"type":"bool","optional":true},"eviction_policy":{"type":"string","optional":true},"id":{"type":"string","optional":true,"computed":true},"location":{"type":"string","required":true},"max_bid_price":{"type":"number","optional":true},"name":{"type":"string","required":true},"network_interface_ids":{"type":["list","string"],"required":true},"priority":{"type":"string","optional":true},"private_ip_address":{"type":"string","computed":true},"private_ip_addresses":{"type":["list","string"],"computed":true},"provision_vm_agent":{"type":"bool","optional":true},"proximity_placement_group_id":{"type":"string","optional":true},"public_ip_address":{"type":"string","computed":true},"public_ip_addresses":{"type":["list","string"],"computed":true},"resource_group_name":{"type":"string","required":true},"size":{"type":"string","required":true},"source_image_id":{"type":"string","optional":true},"tags":{"type":["map","string"],"optional":true},"virtual_machine_id":{"type":"string","computed":true},"virtual_machine_scale_set_id":{"type":"string","optional":true},"zone":{"type":"string","optional":true,"computed":true}},"block_types":{"additional_capabilities":{"nesting_mode":"list","block":{"attributes":{"ultra_ssd_enabled":{"type":"bool","optional":true}}},"max_items":1},"admin_ssh_key":{"nesting_mode":"set","block":{"attributes":{"public_key":{"type":"string","required":true},"username":{"type":"string","required":true}}}},"boot_diagnostics":{"nesting_mode":"list","block":{"attributes":{"storage_account_uri":{"type":"string","required":true}}},"max_items":1},"identity":{"nesting_mode":"list","block":{"attributes":{"identity_ids":{"type":["set","string"],"optional":true},"principal_id":{"type":"string","computed":true},"tenant_id":{"type":"string","computed":true},"type":{"type":"string","required":true}}},"max_items":1},"os_disk":{"nesting_mode":"list","block":{"attributes":{"caching":{"type":"string","required":true},"disk_encryption_set_id":{"type":"string","optional":true},"disk_size_gb":{"type":"number","optional":true,"computed":true},"name":{"type":"string","optional":true,"computed":true},"storage_account_type":{"type":"string","required":true},"write_accelerator_enabled":{"type":"bool","optional":true}},"block_types":{"diff_disk_settings":{"nesting_mode":"list","block":{"attributes":{"option":{"type":"string","required":true}}},"max_items":1}}},"min_items":1,"max_items":1},"plan":{"nesting_mode":"list","block":{"attributes":{"name":{"type":"string","required":true},"product":{"type":"string","required":true},"publisher":{"type":"string","required":true}}},"max_items":1},"secret":{"nesting_mode":"list","block":{"attributes":{"key_vault_id":{"type":"string","required":true}},"block_types":{"certificate":{"nesting_mode":"set","block":{"attributes":{"url":{"type":"string","required":true}}},"min_items":1}}}},"source_image_reference":{"nesting_mode":"list","block":{"attributes":{"offer":{"type":"string","required":true},"publisher":{"type":"string","required":true},"sku":{"type":"string","required":true},"version":{"type":"string","required":true}}},"max_items":1},"timeouts":{"nesting_mode":"single","block":{"attributes":{"create":{"type":"string","optional":true},"delete":{"type":"string","optional":true},"read":{"type":"string","optional":true},"update":{"type":"string","optional":true}}}}}}},"azurerm_linux_virtual_machine_scale_set":{"version":0,"block":{"attributes":{"admin_password":{"type":"string","optional":true,"sensitive":true},"admin_username":{"type":"string","required":true},"computer_name_prefix":{"type":"string","optional":true,"computed":true},"custom_data":{"type":"string","optional":true,"sensitive":true},"disable_password_authentication":{"type":"bool","optional":true},"do_not_run_extensions_on_overprovisioned_machines":{"type":"bool","optional":true},"eviction_policy":{"type":"string","optional":true},"health_probe_id":{"type":"string","optional":true},"id":{"type":"string","optional":true,"computed":true},"instances":{"type":"number","required":true},"location":{"type":"string","required":true},"max_bid_price":{"type":"number","optional":true},"name":{"type":"string","required":true},"overprovision":{"type":"bool","optional":true},"priority":{"type":"string","optional":true},"provision_vm_agent":{"type":"bool","optional":true},"proximity_placement_group_id":{"type":"string","optional":true},"resource_group_name":{"type":"string","required":true},"scale_in_policy":{"type":"string","optional":true},"single_placement_group":{"type":"bool","optional":true},"sku":{"type":"string","required":true},"source_image_id":{"type":"string","optional":true},"tags":{"type":["map","string"],"optional":true},"unique_id":{"type":"string","computed":true},"upgrade_mode":{"type":"string","optional":true},"zone_balance":{"type":"bool","optional":true},"zones":{"type":["list","string"],"optional":true}},"block_types":{"additional_capabilities":{"nesting_mode":"list","block":{"attributes":{"ultra_ssd_enabled":{"type":"bool","optional":true}}},"max_items":1},"admin_ssh_key":{"nesting_mode":"set","block":{"attributes":{"public_key":{"type":"string","required":true},"username":{"type":"string","required":true}}}},"automatic_instance_repair":{"nesting_mode":"list","block":{"attributes":{"enabled":{"type":"bool","required":true},"grace_period":{"type":"string","optional":true}}},"max_items":1},"automatic_os_upgrade_policy":{"nesting_mode":"list","block":{"attributes":{"disable_automatic_rollback":{"type":"bool","required":true},"enable_automatic_os_upgrade":{"type":"bool","required":true}}},"max_items":1},"boot_diagnostics":{"nesting_mode":"list","block":{"attributes":{"storage_account_uri":{"type":"string","required":true}}},"max_items":1},"data_disk":{"nesting_mode":"list","block":{"attributes":{"caching":{"type":"string","required":true},"create_option":{"type":"string","optional":true},"disk_encryption_set_id":{"type":"string","optional":true},"disk_size_gb":{"type":"number","required":true},"lun":{"type":"number","required":true},"storage_account_type":{"type":"string","required":true},"write_accelerator_enabled":{"type":"bool","optional":true}}}},"identity":{"nesting_mode":"list","block":{"attributes":{"identity_ids":{"type":["set","string"],"optional":true},"principal_id":{"type":"string","computed":true},"type":{"type":"string","required":true}}},"max_items":1},"network_interface":{"nesting_mode":"list","block":{"attributes":{"dns_servers":{"type":["list","string"],"optional":true},"enable_accelerated_networking":{"type":"bool","optional":true},"enable_ip_forwarding":{"type":"bool","optional":true},"name":{"type":"string","required":true},"network_security_group_id":{"type":"string","optional":true},"primary":{"type":"bool","optional":true}},"block_types":{"ip_configuration":{"nesting_mode":"list","block":{"attributes":{"application_gateway_backend_address_pool_ids":{"type":["set","string"],"optional":true},"application_security_group_ids":{"type":["set","string"],"optional":true},"load_balancer_backend_address_pool_ids":{"type":["set","string"],"optional":true},"load_balancer_inbound_nat_rules_ids":{"type":["set","string"],"optional":true},"name":{"type":"string","required":true},"primary":{"type":"bool","optional":true},"subnet_id":{"type":"string","optional":true},"version":{"type":"string","optional":true}},"block_types":{"public_ip_address":{"nesting_mode":"list","block":{"attributes":{"domain_name_label":{"type":"string","optional":true},"idle_timeout_in_minutes":{"type":"number","optional":true,"computed":true},"name":{"type":"string","required":true},"public_ip_prefix_id":{"type":"string","optional":true}},"block_types":{"ip_tag":{"nesting_mode":"list","block":{"attributes":{"tag":{"type":"string","required":true},"type":{"type":"string","required":true}}}}}}}}},"min_items":1}}},"min_items":1},"os_disk":{"nesting_mode":"list","block":{"attributes":{"caching":{"type":"string","required":true},"disk_encryption_set_id":{"type":"string","optional":true},"disk_size_gb":{"type":"number","optional":true,"computed":true},"storage_account_type":{"type":"string","required":true},"write_accelerator_enabled":{"type":"bool","optional":true}},"block_types":{"diff_disk_settings":{"nesting_mode":"list","block":{"attributes":{"option":{"type":"string","required":true}}},"max_items":1}}},"min_items":1,"max_items":1},"plan":{"nesting_mode":"list","block":{"attributes":{"name":{"type":"string","required":true},"product":{"type":"string","required":true},"publisher":{"type":"string","required":true}}},"max_items":1},"rolling_upgrade_policy":{"nesting_mode":"list","block":{"attributes":{"max_batch_instance_percent":{"type":"number","required":true},"max_unhealthy_instance_percent":{"type":"number","required":true},"max_unhealthy_upgraded_instance_percent":{"type":"number","required":true},"pause_time_between_batches":{"type":"string","required":true}}},"max_items":1},"secret":{"nesting_mode":"list","block":{"attributes":{"key_vault_id":{"type":"string","required":true}},"block_types":{"certificate":{"nesting_mode":"set","block":{"attributes":{"url":{"type":"string","required":true}}},"min_items":1}}}},"source_image_reference":{"nesting_mode":"list","block":{"attributes":{"offer":{"type":"string","required":true},"publisher":{"type":"string","required":true},"sku":{"type":"string","required":true},"version":{"type":"string","required":true}}},"max_items":1},"terminate_notification":{"nesting_mode":"list","block":{"attributes":{"enabled":{"type":"bool","required":true},"timeout":{"type":"string","optional":true}}},"max_items":1},"timeouts":{"nesting_mode":"single","block":{"attributes":{"create":{"type":"string","optional":true},"delete":{"type":"string","optional":true},"read":{"type":"string","optional":true},"update":{"type":"string","optional":true}}}}}}},"azurerm_local_network_gateway":{"version":0,"block":{"attributes":{"address_space":{"type":["list","string"],"required":true},"gateway_address":{"type":"string","required":true},"id":{"type":"string","optional":true,"computed":true},"location":{"type":"string","required":true},"name":{"type":"string","required":true},"resource_group_name":{"type":"string","required":true},"tags":{"type":["map","string"],"optional":true}},"block_types":{"bgp_settings":{"nesting_mode":"list","block":{"attributes":{"asn":{"type":"number","required":true},"bgp_peering_address":{"type":"string","required":true},"peer_weight":{"type":"number","optional":true,"computed":true}}},"max_items":1},"timeouts":{"nesting_mode":"single","block":{"attributes":{"create":{"type":"string","optional":true},"delete":{"type":"string","optional":true},"read":{"type":"string","optional":true},"update":{"type":"string","optional":true}}}}}}},"azurerm_log_analytics_datasource_windows_event":{"version":0,"block":{"attributes":{"event_log_name":{"type":"string","required":true},"event_types":{"type":["set","string"],"required":true},"id":{"type":"string","optional":true,"computed":true},"name":{"type":"string","required":true},"resource_group_name":{"type":"string","required":true},"workspace_name":{"type":"string","required":true}},"block_types":{"timeouts":{"nesting_mode":"single","block":{"attributes":{"create":{"type":"string","optional":true},"delete":{"type":"string","optional":true},"read":{"type":"string","optional":true},"update":{"type":"string","optional":true}}}}}}},"azurerm_log_analytics_datasource_windows_performance_counter":{"version":0,"block":{"attributes":{"counter_name":{"type":"string","required":true},"id":{"type":"string","optional":true,"computed":true},"instance_name":{"type":"string","required":true},"interval_seconds":{"type":"number","required":true},"name":{"type":"string","required":true},"object_name":{"type":"string","required":true},"resource_group_name":{"type":"string","required":true},"workspace_name":{"type":"string","required":true}},"block_types":{"timeouts":{"nesting_mode":"single","block":{"attributes":{"create":{"type":"string","optional":true},"delete":{"type":"string","optional":true},"read":{"type":"string","optional":true},"update":{"type":"string","optional":true}}}}}}},"azurerm_log_analytics_linked_service":{"version":0,"block":{"attributes":{"id":{"type":"string","optional":true,"computed":true},"linked_service_name":{"type":"string","optional":true},"name":{"type":"string","computed":true},"resource_group_name":{"type":"string","required":true},"resource_id":{"type":"string","required":true},"tags":{"type":["map","string"],"optional":true},"workspace_name":{"type":"string","required":true}},"block_types":{"timeouts":{"nesting_mode":"single","block":{"attributes":{"create":{"type":"string","optional":true},"delete":{"type":"string","optional":true},"read":{"type":"string","optional":true},"update":{"type":"string","optional":true}}}}}}},"azurerm_log_analytics_solution":{"version":0,"block":{"attributes":{"id":{"type":"string","optional":true,"computed":true},"location":{"type":"string","required":true},"resource_group_name":{"type":"string","required":true},"solution_name":{"type":"string","required":true},"workspace_name":{"type":"string","required":true},"workspace_resource_id":{"type":"string","required":true}},"block_types":{"plan":{"nesting_mode":"list","block":{"attributes":{"name":{"type":"string","computed":true},"product":{"type":"string","required":true},"promotion_code":{"type":"string","optional":true},"publisher":{"type":"string","required":true}}},"min_items":1,"max_items":1},"timeouts":{"nesting_mode":"single","block":{"attributes":{"create":{"type":"string","optional":true},"delete":{"type":"string","optional":true},"read":{"type":"string","optional":true},"update":{"type":"string","optional":true}}}}}}},"azurerm_log_analytics_workspace":{"version":0,"block":{"attributes":{"id":{"type":"string","optional":true,"computed":true},"location":{"type":"string","required":true},"name":{"type":"string","required":true},"portal_url":{"type":"string","computed":true},"primary_shared_key":{"type":"string","computed":true,"sensitive":true},"resource_group_name":{"type":"string","required":true},"retention_in_days":{"type":"number","optional":true,"computed":true},"secondary_shared_key":{"type":"string","computed":true,"sensitive":true},"sku":{"type":"string","required":true},"tags":{"type":["map","string"],"optional":true},"workspace_id":{"type":"string","computed":true}},"block_types":{"timeouts":{"nesting_mode":"single","block":{"attributes":{"create":{"type":"string","optional":true},"delete":{"type":"string","optional":true},"read":{"type":"string","optional":true},"update":{"type":"string","optional":true}}}}}}},"azurerm_logic_app_action_custom":{"version":0,"block":{"attributes":{"body":{"type":"string","required":true},"id":{"type":"string","optional":true,"computed":true},"logic_app_id":{"type":"string","required":true},"name":{"type":"string","required":true}},"block_types":{"timeouts":{"nesting_mode":"single","block":{"attributes":{"create":{"type":"string","optional":true},"delete":{"type":"string","optional":true},"read":{"type":"string","optional":true},"update":{"type":"string","optional":true}}}}}}},"azurerm_logic_app_action_http":{"version":0,"block":{"attributes":{"body":{"type":"string","optional":true},"headers":{"type":["map","string"],"optional":true},"id":{"type":"string","optional":true,"computed":true},"logic_app_id":{"type":"string","required":true},"method":{"type":"string","required":true},"name":{"type":"string","required":true},"uri":{"type":"string","required":true}},"block_types":{"run_after":{"nesting_mode":"set","block":{"attributes":{"action_name":{"type":"string","required":true},"action_result":{"type":"string","required":true}}}},"timeouts":{"nesting_mode":"single","block":{"attributes":{"create":{"type":"string","optional":true},"delete":{"type":"string","optional":true},"read":{"type":"string","optional":true},"update":{"type":"string","optional":true}}}}}}},"azurerm_logic_app_integration_account":{"version":0,"block":{"attributes":{"id":{"type":"string","optional":true,"computed":true},"location":{"type":"string","required":true},"name":{"type":"string","required":true},"resource_group_name":{"type":"string","required":true},"sku_name":{"type":"string","required":true},"tags":{"type":["map","string"],"optional":true}},"block_types":{"timeouts":{"nesting_mode":"single","block":{"attributes":{"create":{"type":"string","optional":true},"delete":{"type":"string","optional":true},"read":{"type":"string","optional":true},"update":{"type":"string","optional":true}}}}}}},"azurerm_logic_app_trigger_custom":{"version":0,"block":{"attributes":{"body":{"type":"string","required":true},"id":{"type":"string","optional":true,"computed":true},"logic_app_id":{"type":"string","required":true},"name":{"type":"string","required":true}},"block_types":{"timeouts":{"nesting_mode":"single","block":{"attributes":{"create":{"type":"string","optional":true},"delete":{"type":"string","optional":true},"read":{"type":"string","optional":true},"update":{"type":"string","optional":true}}}}}}},"azurerm_logic_app_trigger_http_request":{"version":0,"block":{"attributes":{"id":{"type":"string","optional":true,"computed":true},"logic_app_id":{"type":"string","required":true},"method":{"type":"string","optional":true},"name":{"type":"string","required":true},"relative_path":{"type":"string","optional":true},"schema":{"type":"string","required":true}},"block_types":{"timeouts":{"nesting_mode":"single","block":{"attributes":{"create":{"type":"string","optional":true},"delete":{"type":"string","optional":true},"read":{"type":"string","optional":true},"update":{"type":"string","optional":true}}}}}}},"azurerm_logic_app_trigger_recurrence":{"version":0,"block":{"attributes":{"frequency":{"type":"string","required":true},"id":{"type":"string","optional":true,"computed":true},"interval":{"type":"number","required":true},"logic_app_id":{"type":"string","required":true},"name":{"type":"string","required":true},"start_time":{"type":"string","optional":true}},"block_types":{"timeouts":{"nesting_mode":"single","block":{"attributes":{"create":{"type":"string","optional":true},"delete":{"type":"string","optional":true},"read":{"type":"string","optional":true},"update":{"type":"string","optional":true}}}}}}},"azurerm_logic_app_workflow":{"version":0,"block":{"attributes":{"access_endpoint":{"type":"string","computed":true},"connector_endpoint_ip_addresses":{"type":["list","string"],"computed":true},"connector_outbound_ip_addresses":{"type":["list","string"],"computed":true},"id":{"type":"string","optional":true,"computed":true},"location":{"type":"string","required":true},"logic_app_integration_account_id":{"type":"string","optional":true},"name":{"type":"string","required":true},"parameters":{"type":["map","string"],"optional":true},"resource_group_name":{"type":"string","required":true},"tags":{"type":["map","string"],"optional":true},"workflow_endpoint_ip_addresses":{"type":["list","string"],"computed":true},"workflow_outbound_ip_addresses":{"type":["list","string"],"computed":true},"workflow_schema":{"type":"string","optional":true},"workflow_version":{"type":"string","optional":true}},"block_types":{"timeouts":{"nesting_mode":"single","block":{"attributes":{"create":{"type":"string","optional":true},"delete":{"type":"string","optional":true},"read":{"type":"string","optional":true},"update":{"type":"string","optional":true}}}}}}},"azurerm_machine_learning_workspace":{"version":0,"block":{"attributes":{"application_insights_id":{"type":"string","required":true},"container_registry_id":{"type":"string","optional":true},"description":{"type":"string","optional":true},"friendly_name":{"type":"string","optional":true},"id":{"type":"string","optional":true,"computed":true},"key_vault_id":{"type":"string","required":true},"location":{"type":"string","required":true},"name":{"type":"string","required":true},"resource_group_name":{"type":"string","required":true},"sku_name":{"type":"string","optional":true},"storage_account_id":{"type":"string","required":true},"tags":{"type":["map","string"],"optional":true}},"block_types":{"identity":{"nesting_mode":"list","block":{"attributes":{"principal_id":{"type":"string","computed":true},"tenant_id":{"type":"string","computed":true},"type":{"type":"string","required":true}}},"min_items":1,"max_items":1},"timeouts":{"nesting_mode":"single","block":{"attributes":{"create":{"type":"string","optional":true},"delete":{"type":"string","optional":true},"read":{"type":"string","optional":true},"update":{"type":"string","optional":true}}}}}}},"azurerm_maintenance_assignment_dedicated_host":{"version":0,"block":{"attributes":{"dedicated_host_id":{"type":"string","required":true},"id":{"type":"string","optional":true,"computed":true},"location":{"type":"string","required":true},"maintenance_configuration_id":{"type":"string","required":true}},"block_types":{"timeouts":{"nesting_mode":"single","block":{"attributes":{"create":{"type":"string","optional":true},"delete":{"type":"string","optional":true},"read":{"type":"string","optional":true}}}}}}},"azurerm_maintenance_assignment_virtual_machine":{"version":0,"block":{"attributes":{"id":{"type":"string","optional":true,"computed":true},"location":{"type":"string","required":true},"maintenance_configuration_id":{"type":"string","required":true},"virtual_machine_id":{"type":"string","required":true}},"block_types":{"timeouts":{"nesting_mode":"single","block":{"attributes":{"create":{"type":"string","optional":true},"delete":{"type":"string","optional":true},"read":{"type":"string","optional":true}}}}}}},"azurerm_maintenance_configuration":{"version":0,"block":{"attributes":{"id":{"type":"string","optional":true,"computed":true},"location":{"type":"string","required":true},"name":{"type":"string","required":true},"resource_group_name":{"type":"string","required":true},"scope":{"type":"string","optional":true},"tags":{"type":["map","string"],"optional":true}},"block_types":{"timeouts":{"nesting_mode":"single","block":{"attributes":{"create":{"type":"string","optional":true},"delete":{"type":"string","optional":true},"read":{"type":"string","optional":true},"update":{"type":"string","optional":true}}}}}}},"azurerm_managed_application":{"version":0,"block":{"attributes":{"application_definition_id":{"type":"string","optional":true},"id":{"type":"string","optional":true,"computed":true},"kind":{"type":"string","required":true},"location":{"type":"string","required":true},"managed_resource_group_name":{"type":"string","required":true},"name":{"type":"string","required":true},"outputs":{"type":["map","string"],"computed":true},"parameters":{"type":["map","string"],"optional":true},"resource_group_name":{"type":"string","required":true},"tags":{"type":["map","string"],"optional":true}},"block_types":{"plan":{"nesting_mode":"list","block":{"attributes":{"name":{"type":"string","required":true},"product":{"type":"string","required":true},"promotion_code":{"type":"string","optional":true},"publisher":{"type":"string","required":true},"version":{"type":"string","required":true}}},"max_items":1},"timeouts":{"nesting_mode":"single","block":{"attributes":{"create":{"type":"string","optional":true},"delete":{"type":"string","optional":true},"read":{"type":"string","optional":true},"update":{"type":"string","optional":true}}}}}}},"azurerm_managed_application_definition":{"version":0,"block":{"attributes":{"create_ui_definition":{"type":"string","optional":true},"description":{"type":"string","optional":true},"display_name":{"type":"string","required":true},"id":{"type":"string","optional":true,"computed":true},"location":{"type":"string","required":true},"lock_level":{"type":"string","required":true},"main_template":{"type":"string","optional":true},"name":{"type":"string","required":true},"package_enabled":{"type":"bool","optional":true},"package_file_uri":{"type":"string","optional":true},"resource_group_name":{"type":"string","required":true},"tags":{"type":["map","string"],"optional":true}},"block_types":{"authorization":{"nesting_mode":"set","block":{"attributes":{"role_definition_id":{"type":"string","required":true},"service_principal_id":{"type":"string","required":true}}}},"timeouts":{"nesting_mode":"single","block":{"attributes":{"create":{"type":"string","optional":true},"delete":{"type":"string","optional":true},"read":{"type":"string","optional":true},"update":{"type":"string","optional":true}}}}}}},"azurerm_managed_disk":{"version":0,"block":{"attributes":{"create_option":{"type":"string","required":true},"disk_encryption_set_id":{"type":"string","optional":true},"disk_iops_read_write":{"type":"number","optional":true,"computed":true},"disk_mbps_read_write":{"type":"number","optional":true,"computed":true},"disk_size_gb":{"type":"number","optional":true,"computed":true},"id":{"type":"string","optional":true,"computed":true},"image_reference_id":{"type":"string","optional":true},"location":{"type":"string","required":true},"name":{"type":"string","required":true},"os_type":{"type":"string","optional":true},"resource_group_name":{"type":"string","required":true},"source_resource_id":{"type":"string","optional":true},"source_uri":{"type":"string","optional":true,"computed":true},"storage_account_id":{"type":"string","optional":true},"storage_account_type":{"type":"string","required":true},"tags":{"type":["map","string"],"optional":true},"zones":{"type":["list","string"],"optional":true}},"block_types":{"encryption_settings":{"nesting_mode":"list","block":{"attributes":{"enabled":{"type":"bool","required":true}},"block_types":{"disk_encryption_key":{"nesting_mode":"list","block":{"attributes":{"secret_url":{"type":"string","required":true},"source_vault_id":{"type":"string","required":true}}},"max_items":1},"key_encryption_key":{"nesting_mode":"list","block":{"attributes":{"key_url":{"type":"string","required":true},"source_vault_id":{"type":"string","required":true}}},"max_items":1}}},"max_items":1},"timeouts":{"nesting_mode":"single","block":{"attributes":{"create":{"type":"string","optional":true},"delete":{"type":"string","optional":true},"read":{"type":"string","optional":true},"update":{"type":"string","optional":true}}}}}}},"azurerm_management_group":{"version":0,"block":{"attributes":{"display_name":{"type":"string","optional":true,"computed":true},"group_id":{"type":"string","optional":true,"computed":true},"id":{"type":"string","optional":true,"computed":true},"name":{"type":"string","optional":true,"computed":true},"parent_management_group_id":{"type":"string","optional":true,"computed":true},"subscription_ids":{"type":["set","string"],"optional":true}},"block_types":{"timeouts":{"nesting_mode":"single","block":{"attributes":{"create":{"type":"string","optional":true},"delete":{"type":"string","optional":true},"read":{"type":"string","optional":true},"update":{"type":"string","optional":true}}}}}}},"azurerm_management_lock":{"version":0,"block":{"attributes":{"id":{"type":"string","optional":true,"computed":true},"lock_level":{"type":"string","required":true},"name":{"type":"string","required":true},"notes":{"type":"string","optional":true},"scope":{"type":"string","required":true}},"block_types":{"timeouts":{"nesting_mode":"single","block":{"attributes":{"create":{"type":"string","optional":true},"delete":{"type":"string","optional":true},"read":{"type":"string","optional":true},"update":{"type":"string","optional":true}}}}}}},"azurerm_maps_account":{"version":0,"block":{"attributes":{"id":{"type":"string","optional":true,"computed":true},"name":{"type":"string","required":true},"primary_access_key":{"type":"string","computed":true,"sensitive":true},"resource_group_name":{"type":"string","required":true},"secondary_access_key":{"type":"string","computed":true,"sensitive":true},"sku_name":{"type":"string","required":true},"tags":{"type":["map","string"],"optional":true},"x_ms_client_id":{"type":"string","computed":true}},"block_types":{"timeouts":{"nesting_mode":"single","block":{"attributes":{"create":{"type":"string","optional":true},"delete":{"type":"string","optional":true},"read":{"type":"string","optional":true},"update":{"type":"string","optional":true}}}}}}},"azurerm_mariadb_configuration":{"version":0,"block":{"attributes":{"id":{"type":"string","optional":true,"computed":true},"name":{"type":"string","required":true},"resource_group_name":{"type":"string","required":true},"server_name":{"type":"string","required":true},"value":{"type":"string","required":true}},"block_types":{"timeouts":{"nesting_mode":"single","block":{"attributes":{"create":{"type":"string","optional":true},"delete":{"type":"string","optional":true},"read":{"type":"string","optional":true},"update":{"type":"string","optional":true}}}}}}},"azurerm_mariadb_database":{"version":0,"block":{"attributes":{"charset":{"type":"string","required":true},"collation":{"type":"string","required":true},"id":{"type":"string","optional":true,"computed":true},"name":{"type":"string","required":true},"resource_group_name":{"type":"string","required":true},"server_name":{"type":"string","required":true}},"block_types":{"timeouts":{"nesting_mode":"single","block":{"attributes":{"create":{"type":"string","optional":true},"delete":{"type":"string","optional":true},"read":{"type":"string","optional":true},"update":{"type":"string","optional":true}}}}}}},"azurerm_mariadb_firewall_rule":{"version":0,"block":{"attributes":{"end_ip_address":{"type":"string","required":true},"id":{"type":"string","optional":true,"computed":true},"name":{"type":"string","required":true},"resource_group_name":{"type":"string","required":true},"server_name":{"type":"string","required":true},"start_ip_address":{"type":"string","required":true}},"block_types":{"timeouts":{"nesting_mode":"single","block":{"attributes":{"create":{"type":"string","optional":true},"delete":{"type":"string","optional":true},"read":{"type":"string","optional":true},"update":{"type":"string","optional":true}}}}}}},"azurerm_mariadb_server":{"version":0,"block":{"attributes":{"administrator_login":{"type":"string","optional":true,"computed":true},"administrator_login_password":{"type":"string","optional":true,"sensitive":true},"auto_grow_enabled":{"type":"bool","optional":true,"computed":true},"backup_retention_days":{"type":"number","optional":true,"computed":true},"create_mode":{"type":"string","optional":true},"creation_source_server_id":{"type":"string","optional":true},"fqdn":{"type":"string","computed":true},"geo_redundant_backup_enabled":{"type":"bool","optional":true,"computed":true},"id":{"type":"string","optional":true,"computed":true},"location":{"type":"string","required":true},"name":{"type":"string","required":true},"public_network_access_enabled":{"type":"bool","optional":true},"resource_group_name":{"type":"string","required":true},"restore_point_in_time":{"type":"string","optional":true},"sku_name":{"type":"string","required":true},"ssl_enforcement":{"type":"string","optional":true,"computed":true},"ssl_enforcement_enabled":{"type":"bool","optional":true,"computed":true},"storage_mb":{"type":"number","optional":true,"computed":true},"tags":{"type":["map","string"],"optional":true},"version":{"type":"string","required":true}},"block_types":{"storage_profile":{"nesting_mode":"list","block":{"attributes":{"auto_grow":{"type":"string","optional":true,"computed":true},"backup_retention_days":{"type":"number","optional":true,"computed":true},"geo_redundant_backup":{"type":"string","optional":true,"computed":true},"storage_mb":{"type":"number","optional":true}}},"max_items":1},"timeouts":{"nesting_mode":"single","block":{"attributes":{"create":{"type":"string","optional":true},"delete":{"type":"string","optional":true},"read":{"type":"string","optional":true},"update":{"type":"string","optional":true}}}}}}},"azurerm_mariadb_virtual_network_rule":{"version":0,"block":{"attributes":{"id":{"type":"string","optional":true,"computed":true},"name":{"type":"string","required":true},"resource_group_name":{"type":"string","required":true},"server_name":{"type":"string","required":true},"subnet_id":{"type":"string","required":true}},"block_types":{"timeouts":{"nesting_mode":"single","block":{"attributes":{"create":{"type":"string","optional":true},"delete":{"type":"string","optional":true},"read":{"type":"string","optional":true},"update":{"type":"string","optional":true}}}}}}},"azurerm_marketplace_agreement":{"version":0,"block":{"attributes":{"id":{"type":"string","optional":true,"computed":true},"license_text_link":{"type":"string","computed":true},"offer":{"type":"string","required":true},"plan":{"type":"string","required":true},"privacy_policy_link":{"type":"string","computed":true},"publisher":{"type":"string","required":true}},"block_types":{"timeouts":{"nesting_mode":"single","block":{"attributes":{"create":{"type":"string","optional":true},"delete":{"type":"string","optional":true},"read":{"type":"string","optional":true},"update":{"type":"string","optional":true}}}}}}},"azurerm_media_services_account":{"version":0,"block":{"attributes":{"id":{"type":"string","optional":true,"computed":true},"location":{"type":"string","required":true},"name":{"type":"string","required":true},"resource_group_name":{"type":"string","required":true}},"block_types":{"storage_account":{"nesting_mode":"set","block":{"attributes":{"id":{"type":"string","required":true},"is_primary":{"type":"bool","optional":true}}},"min_items":1},"timeouts":{"nesting_mode":"single","block":{"attributes":{"create":{"type":"string","optional":true},"delete":{"type":"string","optional":true},"read":{"type":"string","optional":true},"update":{"type":"string","optional":true}}}}}}},"azurerm_monitor_action_group":{"version":0,"block":{"attributes":{"enabled":{"type":"bool","optional":true},"id":{"type":"string","optional":true,"computed":true},"name":{"type":"string","required":true},"resource_group_name":{"type":"string","required":true},"short_name":{"type":"string","required":true},"tags":{"type":["map","string"],"optional":true}},"block_types":{"arm_role_receiver":{"nesting_mode":"list","block":{"attributes":{"name":{"type":"string","required":true},"role_id":{"type":"string","required":true},"use_common_alert_schema":{"type":"bool","optional":true}}}},"automation_runbook_receiver":{"nesting_mode":"list","block":{"attributes":{"automation_account_id":{"type":"string","required":true},"is_global_runbook":{"type":"bool","required":true},"name":{"type":"string","required":true},"runbook_name":{"type":"string","required":true},"service_uri":{"type":"string","required":true},"use_common_alert_schema":{"type":"bool","optional":true},"webhook_resource_id":{"type":"string","required":true}}}},"azure_app_push_receiver":{"nesting_mode":"list","block":{"attributes":{"email_address":{"type":"string","required":true},"name":{"type":"string","required":true}}}},"azure_function_receiver":{"nesting_mode":"list","block":{"attributes":{"function_app_resource_id":{"type":"string","required":true},"function_name":{"type":"string","required":true},"http_trigger_url":{"type":"string","required":true},"name":{"type":"string","required":true},"use_common_alert_schema":{"type":"bool","optional":true}}}},"email_receiver":{"nesting_mode":"list","block":{"attributes":{"email_address":{"type":"string","required":true},"name":{"type":"string","required":true},"use_common_alert_schema":{"type":"bool","optional":true}}}},"itsm_receiver":{"nesting_mode":"list","block":{"attributes":{"connection_id":{"type":"string","required":true},"name":{"type":"string","required":true},"region":{"type":"string","required":true},"ticket_configuration":{"type":"string","required":true},"workspace_id":{"type":"string","required":true}}}},"logic_app_receiver":{"nesting_mode":"list","block":{"attributes":{"callback_url":{"type":"string","required":true},"name":{"type":"string","required":true},"resource_id":{"type":"string","required":true},"use_common_alert_schema":{"type":"bool","optional":true}}}},"sms_receiver":{"nesting_mode":"list","block":{"attributes":{"country_code":{"type":"string","required":true},"name":{"type":"string","required":true},"phone_number":{"type":"string","required":true}}}},"timeouts":{"nesting_mode":"single","block":{"attributes":{"create":{"type":"string","optional":true},"delete":{"type":"string","optional":true},"read":{"type":"string","optional":true},"update":{"type":"string","optional":true}}}},"voice_receiver":{"nesting_mode":"list","block":{"attributes":{"country_code":{"type":"string","required":true},"name":{"type":"string","required":true},"phone_number":{"type":"string","required":true}}}},"webhook_receiver":{"nesting_mode":"list","block":{"attributes":{"name":{"type":"string","required":true},"service_uri":{"type":"string","required":true},"use_common_alert_schema":{"type":"bool","optional":true}}}}}}},"azurerm_monitor_action_rule_action_group":{"version":0,"block":{"attributes":{"action_group_id":{"type":"string","required":true},"description":{"type":"string","optional":true},"enabled":{"type":"bool","optional":true},"id":{"type":"string","optional":true,"computed":true},"name":{"type":"string","required":true},"resource_group_name":{"type":"string","required":true},"tags":{"type":["map","string"],"optional":true}},"block_types":{"condition":{"nesting_mode":"list","block":{"block_types":{"alert_context":{"nesting_mode":"list","block":{"attributes":{"operator":{"type":"string","required":true},"values":{"type":["set","string"],"required":true}}},"max_items":1},"alert_rule_id":{"nesting_mode":"list","block":{"attributes":{"operator":{"type":"string","required":true},"values":{"type":["set","string"],"required":true}}},"max_items":1},"description":{"nesting_mode":"list","block":{"attributes":{"operator":{"type":"string","required":true},"values":{"type":["set","string"],"required":true}}},"max_items":1},"monitor":{"nesting_mode":"list","block":{"attributes":{"operator":{"type":"string","required":true},"values":{"type":["set","string"],"required":true}}},"max_items":1},"monitor_service":{"nesting_mode":"list","block":{"attributes":{"operator":{"type":"string","required":true},"values":{"type":["set","string"],"required":true}}},"max_items":1},"severity":{"nesting_mode":"list","block":{"attributes":{"operator":{"type":"string","required":true},"values":{"type":["set","string"],"required":true}}},"max_items":1},"target_resource_type":{"nesting_mode":"list","block":{"attributes":{"operator":{"type":"string","required":true},"values":{"type":["set","string"],"required":true}}},"max_items":1}}},"max_items":1},"scope":{"nesting_mode":"list","block":{"attributes":{"resource_ids":{"type":["set","string"],"required":true},"type":{"type":"string","required":true}}},"max_items":1},"timeouts":{"nesting_mode":"single","block":{"attributes":{"create":{"type":"string","optional":true},"delete":{"type":"string","optional":true},"read":{"type":"string","optional":true},"update":{"type":"string","optional":true}}}}}}},"azurerm_monitor_action_rule_suppression":{"version":0,"block":{"attributes":{"description":{"type":"string","optional":true},"enabled":{"type":"bool","optional":true},"id":{"type":"string","optional":true,"computed":true},"name":{"type":"string","required":true},"resource_group_name":{"type":"string","required":true},"tags":{"type":["map","string"],"optional":true}},"block_types":{"condition":{"nesting_mode":"list","block":{"block_types":{"alert_context":{"nesting_mode":"list","block":{"attributes":{"operator":{"type":"string","required":true},"values":{"type":["set","string"],"required":true}}},"max_items":1},"alert_rule_id":{"nesting_mode":"list","block":{"attributes":{"operator":{"type":"string","required":true},"values":{"type":["set","string"],"required":true}}},"max_items":1},"description":{"nesting_mode":"list","block":{"attributes":{"operator":{"type":"string","required":true},"values":{"type":["set","string"],"required":true}}},"max_items":1},"monitor":{"nesting_mode":"list","block":{"attributes":{"operator":{"type":"string","required":true},"values":{"type":["set","string"],"required":true}}},"max_items":1},"monitor_service":{"nesting_mode":"list","block":{"attributes":{"operator":{"type":"string","required":true},"values":{"type":["set","string"],"required":true}}},"max_items":1},"severity":{"nesting_mode":"list","block":{"attributes":{"operator":{"type":"string","required":true},"values":{"type":["set","string"],"required":true}}},"max_items":1},"target_resource_type":{"nesting_mode":"list","block":{"attributes":{"operator":{"type":"string","required":true},"values":{"type":["set","string"],"required":true}}},"max_items":1}}},"max_items":1},"scope":{"nesting_mode":"list","block":{"attributes":{"resource_ids":{"type":["set","string"],"required":true},"type":{"type":"string","required":true}}},"max_items":1},"suppression":{"nesting_mode":"list","block":{"attributes":{"recurrence_type":{"type":"string","required":true}},"block_types":{"schedule":{"nesting_mode":"list","block":{"attributes":{"end_date_utc":{"type":"string","required":true},"recurrence_monthly":{"type":["set","number"],"optional":true},"recurrence_weekly":{"type":["set","string"],"optional":true},"start_date_utc":{"type":"string","required":true}}},"max_items":1}}},"min_items":1,"max_items":1},"timeouts":{"nesting_mode":"single","block":{"attributes":{"create":{"type":"string","optional":true},"delete":{"type":"string","optional":true},"read":{"type":"string","optional":true},"update":{"type":"string","optional":true}}}}}}},"azurerm_monitor_activity_log_alert":{"version":0,"block":{"attributes":{"description":{"type":"string","optional":true},"enabled":{"type":"bool","optional":true},"id":{"type":"string","optional":true,"computed":true},"name":{"type":"string","required":true},"resource_group_name":{"type":"string","required":true},"scopes":{"type":["set","string"],"required":true},"tags":{"type":["map","string"],"optional":true}},"block_types":{"action":{"nesting_mode":"set","block":{"attributes":{"action_group_id":{"type":"string","required":true},"webhook_properties":{"type":["map","string"],"optional":true}}}},"criteria":{"nesting_mode":"list","block":{"attributes":{"caller":{"type":"string","optional":true},"category":{"type":"string","required":true},"level":{"type":"string","optional":true},"operation_name":{"type":"string","optional":true},"recommendation_category":{"type":"string","optional":true},"recommendation_impact":{"type":"string","optional":true},"recommendation_type":{"type":"string","optional":true},"resource_group":{"type":"string","optional":true},"resource_id":{"type":"string","optional":true},"resource_provider":{"type":"string","optional":true},"resource_type":{"type":"string","optional":true},"status":{"type":"string","optional":true},"sub_status":{"type":"string","optional":true}}},"min_items":1,"max_items":1},"timeouts":{"nesting_mode":"single","block":{"attributes":{"create":{"type":"string","optional":true},"delete":{"type":"string","optional":true},"read":{"type":"string","optional":true},"update":{"type":"string","optional":true}}}}}}},"azurerm_monitor_autoscale_setting":{"version":0,"block":{"attributes":{"enabled":{"type":"bool","optional":true},"id":{"type":"string","optional":true,"computed":true},"location":{"type":"string","required":true},"name":{"type":"string","required":true},"resource_group_name":{"type":"string","required":true},"tags":{"type":["map","string"],"optional":true},"target_resource_id":{"type":"string","required":true}},"block_types":{"notification":{"nesting_mode":"list","block":{"block_types":{"email":{"nesting_mode":"list","block":{"attributes":{"custom_emails":{"type":["list","string"],"optional":true},"send_to_subscription_administrator":{"type":"bool","optional":true},"send_to_subscription_co_administrator":{"type":"bool","optional":true}}},"max_items":1},"webhook":{"nesting_mode":"list","block":{"attributes":{"properties":{"type":["map","string"],"optional":true},"service_uri":{"type":"string","required":true}}}}}},"max_items":1},"profile":{"nesting_mode":"list","block":{"attributes":{"name":{"type":"string","required":true}},"block_types":{"capacity":{"nesting_mode":"list","block":{"attributes":{"default":{"type":"number","required":true},"maximum":{"type":"number","required":true},"minimum":{"type":"number","required":true}}},"min_items":1,"max_items":1},"fixed_date":{"nesting_mode":"list","block":{"attributes":{"end":{"type":"string","required":true},"start":{"type":"string","required":true},"timezone":{"type":"string","optional":true}}},"max_items":1},"recurrence":{"nesting_mode":"list","block":{"attributes":{"days":{"type":["list","string"],"required":true},"hours":{"type":["list","number"],"required":true},"minutes":{"type":["list","number"],"required":true},"timezone":{"type":"string","optional":true}}},"max_items":1},"rule":{"nesting_mode":"list","block":{"block_types":{"metric_trigger":{"nesting_mode":"list","block":{"attributes":{"metric_name":{"type":"string","required":true},"metric_resource_id":{"type":"string","required":true},"operator":{"type":"string","required":true},"statistic":{"type":"string","required":true},"threshold":{"type":"number","required":true},"time_aggregation":{"type":"string","required":true},"time_grain":{"type":"string","required":true},"time_window":{"type":"string","required":true}}},"min_items":1,"max_items":1},"scale_action":{"nesting_mode":"list","block":{"attributes":{"cooldown":{"type":"string","required":true},"direction":{"type":"string","required":true},"type":{"type":"string","required":true},"value":{"type":"number","required":true}}},"min_items":1,"max_items":1}}},"max_items":10}}},"min_items":1,"max_items":20},"timeouts":{"nesting_mode":"single","block":{"attributes":{"create":{"type":"string","optional":true},"delete":{"type":"string","optional":true},"read":{"type":"string","optional":true},"update":{"type":"string","optional":true}}}}}}},"azurerm_monitor_diagnostic_setting":{"version":0,"block":{"attributes":{"eventhub_authorization_rule_id":{"type":"string","optional":true},"eventhub_name":{"type":"string","optional":true},"id":{"type":"string","optional":true,"computed":true},"log_analytics_destination_type":{"type":"string","optional":true},"log_analytics_workspace_id":{"type":"string","optional":true},"name":{"type":"string","required":true},"storage_account_id":{"type":"string","optional":true},"target_resource_id":{"type":"string","required":true}},"block_types":{"log":{"nesting_mode":"set","block":{"attributes":{"category":{"type":"string","required":true},"enabled":{"type":"bool","optional":true}},"block_types":{"retention_policy":{"nesting_mode":"list","block":{"attributes":{"days":{"type":"number","optional":true},"enabled":{"type":"bool","required":true}}},"max_items":1}}}},"metric":{"nesting_mode":"set","block":{"attributes":{"category":{"type":"string","required":true},"enabled":{"type":"bool","optional":true}},"block_types":{"retention_policy":{"nesting_mode":"list","block":{"attributes":{"days":{"type":"number","optional":true},"enabled":{"type":"bool","required":true}}},"max_items":1}}}},"timeouts":{"nesting_mode":"single","block":{"attributes":{"create":{"type":"string","optional":true},"delete":{"type":"string","optional":true},"read":{"type":"string","optional":true},"update":{"type":"string","optional":true}}}}}}},"azurerm_monitor_log_profile":{"version":0,"block":{"attributes":{"categories":{"type":["set","string"],"required":true},"id":{"type":"string","optional":true,"computed":true},"locations":{"type":["set","string"],"required":true},"name":{"type":"string","required":true},"servicebus_rule_id":{"type":"string","optional":true},"storage_account_id":{"type":"string","optional":true}},"block_types":{"retention_policy":{"nesting_mode":"list","block":{"attributes":{"days":{"type":"number","optional":true},"enabled":{"type":"bool","required":true}}},"min_items":1,"max_items":1},"timeouts":{"nesting_mode":"single","block":{"attributes":{"create":{"type":"string","optional":true},"delete":{"type":"string","optional":true},"read":{"type":"string","optional":true},"update":{"type":"string","optional":true}}}}}}},"azurerm_monitor_metric_alert":{"version":0,"block":{"attributes":{"auto_mitigate":{"type":"bool","optional":true},"description":{"type":"string","optional":true},"enabled":{"type":"bool","optional":true},"frequency":{"type":"string","optional":true},"id":{"type":"string","optional":true,"computed":true},"name":{"type":"string","required":true},"resource_group_name":{"type":"string","required":true},"scopes":{"type":["set","string"],"required":true},"severity":{"type":"number","optional":true},"tags":{"type":["map","string"],"optional":true},"window_size":{"type":"string","optional":true}},"block_types":{"action":{"nesting_mode":"set","block":{"attributes":{"action_group_id":{"type":"string","required":true},"webhook_properties":{"type":["map","string"],"optional":true}}}},"criteria":{"nesting_mode":"list","block":{"attributes":{"aggregation":{"type":"string","required":true},"metric_name":{"type":"string","required":true},"metric_namespace":{"type":"string","required":true},"operator":{"type":"string","required":true},"threshold":{"type":"number","required":true}},"block_types":{"dimension":{"nesting_mode":"list","block":{"attributes":{"name":{"type":"string","required":true},"operator":{"type":"string","required":true},"values":{"type":["list","string"],"required":true}}}}}},"min_items":1},"timeouts":{"nesting_mode":"single","block":{"attributes":{"create":{"type":"string","optional":true},"delete":{"type":"string","optional":true},"read":{"type":"string","optional":true},"update":{"type":"string","optional":true}}}}}}},"azurerm_monitor_scheduled_query_rules_alert":{"version":0,"block":{"attributes":{"authorized_resource_ids":{"type":["set","string"],"optional":true},"data_source_id":{"type":"string","required":true},"description":{"type":"string","optional":true},"enabled":{"type":"bool","optional":true},"frequency":{"type":"number","required":true},"id":{"type":"string","optional":true,"computed":true},"location":{"type":"string","required":true},"name":{"type":"string","required":true},"query":{"type":"string","required":true},"query_type":{"type":"string","optional":true},"resource_group_name":{"type":"string","required":true},"severity":{"type":"number","optional":true},"tags":{"type":["map","string"],"optional":true},"throttling":{"type":"number","optional":true},"time_window":{"type":"number","required":true}},"block_types":{"action":{"nesting_mode":"list","block":{"attributes":{"action_group":{"type":["set","string"],"required":true},"custom_webhook_payload":{"type":"string","optional":true},"email_subject":{"type":"string","optional":true}}},"min_items":1,"max_items":1},"timeouts":{"nesting_mode":"single","block":{"attributes":{"create":{"type":"string","optional":true},"delete":{"type":"string","optional":true},"read":{"type":"string","optional":true},"update":{"type":"string","optional":true}}}},"trigger":{"nesting_mode":"list","block":{"attributes":{"operator":{"type":"string","required":true},"threshold":{"type":"number","required":true}},"block_types":{"metric_trigger":{"nesting_mode":"list","block":{"attributes":{"metric_column":{"type":"string","required":true},"metric_trigger_type":{"type":"string","required":true},"operator":{"type":"string","required":true},"threshold":{"type":"number","required":true}}},"max_items":1}}},"min_items":1,"max_items":1}}}},"azurerm_monitor_scheduled_query_rules_log":{"version":0,"block":{"attributes":{"authorized_resource_ids":{"type":["set","string"],"optional":true},"data_source_id":{"type":"string","required":true},"description":{"type":"string","optional":true},"enabled":{"type":"bool","optional":true},"id":{"type":"string","optional":true,"computed":true},"location":{"type":"string","required":true},"name":{"type":"string","required":true},"resource_group_name":{"type":"string","required":true},"tags":{"type":["map","string"],"optional":true}},"block_types":{"criteria":{"nesting_mode":"list","block":{"attributes":{"metric_name":{"type":"string","required":true}},"block_types":{"dimension":{"nesting_mode":"set","block":{"attributes":{"name":{"type":"string","required":true},"operator":{"type":"string","optional":true},"values":{"type":["list","string"],"required":true}}},"min_items":1}}},"min_items":1,"max_items":1},"timeouts":{"nesting_mode":"single","block":{"attributes":{"create":{"type":"string","optional":true},"delete":{"type":"string","optional":true},"read":{"type":"string","optional":true},"update":{"type":"string","optional":true}}}}}}},"azurerm_mssql_database":{"version":0,"block":{"attributes":{"auto_pause_delay_in_minutes":{"type":"number","optional":true,"computed":true},"collation":{"type":"string","optional":true,"computed":true},"create_mode":{"type":"string","optional":true,"computed":true},"creation_source_database_id":{"type":"string","optional":true,"computed":true},"elastic_pool_id":{"type":"string","optional":true},"id":{"type":"string","optional":true,"computed":true},"license_type":{"type":"string","optional":true,"computed":true},"max_size_gb":{"type":"number","optional":true,"computed":true},"min_capacity":{"type":"number","optional":true,"computed":true},"name":{"type":"string","required":true},"read_replica_count":{"type":"number","optional":true,"computed":true},"read_scale":{"type":"bool","optional":true,"computed":true},"restore_point_in_time":{"type":"string","optional":true,"computed":true},"sample_name":{"type":"string","optional":true,"computed":true},"server_id":{"type":"string","required":true},"sku_name":{"type":"string","optional":true,"computed":true},"tags":{"type":["map","string"],"optional":true},"zone_redundant":{"type":"bool","optional":true,"computed":true}},"block_types":{"extended_auditing_policy":{"nesting_mode":"list","block":{"attributes":{"retention_in_days":{"type":"number","optional":true},"storage_account_access_key":{"type":"string","required":true,"sensitive":true},"storage_account_access_key_is_secondary":{"type":"bool","optional":true},"storage_endpoint":{"type":"string","required":true}}},"max_items":1},"threat_detection_policy":{"nesting_mode":"list","block":{"attributes":{"disabled_alerts":{"type":["set","string"],"optional":true},"email_account_admins":{"type":"string","optional":true},"email_addresses":{"type":["set","string"],"optional":true},"retention_days":{"type":"number","optional":true},"state":{"type":"string","optional":true},"storage_account_access_key":{"type":"string","optional":true,"sensitive":true},"storage_endpoint":{"type":"string","optional":true},"use_server_default":{"type":"string","optional":true}}},"max_items":1},"timeouts":{"nesting_mode":"single","block":{"attributes":{"create":{"type":"string","optional":true},"delete":{"type":"string","optional":true},"read":{"type":"string","optional":true},"update":{"type":"string","optional":true}}}}}}},"azurerm_mssql_database_vulnerability_assessment_rule_baseline":{"version":0,"block":{"attributes":{"baseline_name":{"type":"string","optional":true},"database_name":{"type":"string","required":true},"id":{"type":"string","optional":true,"computed":true},"rule_id":{"type":"string","required":true},"server_vulnerability_assessment_id":{"type":"string","required":true}},"block_types":{"baseline_result":{"nesting_mode":"set","block":{"attributes":{"result":{"type":["list","string"],"required":true}}},"min_items":1},"timeouts":{"nesting_mode":"single","block":{"attributes":{"create":{"type":"string","optional":true},"delete":{"type":"string","optional":true},"read":{"type":"string","optional":true},"update":{"type":"string","optional":true}}}}}}},"azurerm_mssql_elasticpool":{"version":0,"block":{"attributes":{"id":{"type":"string","optional":true,"computed":true},"license_type":{"type":"string","optional":true,"computed":true},"location":{"type":"string","required":true},"max_size_bytes":{"type":"number","optional":true,"computed":true},"max_size_gb":{"type":"number","optional":true,"computed":true},"name":{"type":"string","required":true},"resource_group_name":{"type":"string","required":true},"server_name":{"type":"string","required":true},"tags":{"type":["map","string"],"optional":true},"zone_redundant":{"type":"bool","optional":true}},"block_types":{"per_database_settings":{"nesting_mode":"list","block":{"attributes":{"max_capacity":{"type":"number","required":true},"min_capacity":{"type":"number","required":true}}},"min_items":1,"max_items":1},"sku":{"nesting_mode":"list","block":{"attributes":{"capacity":{"type":"number","required":true},"family":{"type":"string","optional":true},"name":{"type":"string","required":true},"tier":{"type":"string","required":true}}},"min_items":1,"max_items":1},"timeouts":{"nesting_mode":"single","block":{"attributes":{"create":{"type":"string","optional":true},"delete":{"type":"string","optional":true},"read":{"type":"string","optional":true},"update":{"type":"string","optional":true}}}}}}},"azurerm_mssql_server":{"version":0,"block":{"attributes":{"administrator_login":{"type":"string","required":true},"administrator_login_password":{"type":"string","required":true,"sensitive":true},"connection_policy":{"type":"string","optional":true},"fully_qualified_domain_name":{"type":"string","computed":true},"id":{"type":"string","optional":true,"computed":true},"location":{"type":"string","required":true},"name":{"type":"string","required":true},"public_network_access_enabled":{"type":"bool","optional":true},"resource_group_name":{"type":"string","required":true},"tags":{"type":["map","string"],"optional":true},"version":{"type":"string","required":true}},"block_types":{"azuread_administrator":{"nesting_mode":"list","block":{"attributes":{"login_username":{"type":"string","required":true},"object_id":{"type":"string","required":true},"tenant_id":{"type":"string","optional":true,"computed":true}}},"max_items":1},"extended_auditing_policy":{"nesting_mode":"list","block":{"attributes":{"retention_in_days":{"type":"number","optional":true},"storage_account_access_key":{"type":"string","required":true,"sensitive":true},"storage_account_access_key_is_secondary":{"type":"bool","optional":true},"storage_endpoint":{"type":"string","required":true}}},"max_items":1},"identity":{"nesting_mode":"list","block":{"attributes":{"principal_id":{"type":"string","computed":true},"tenant_id":{"type":"string","computed":true},"type":{"type":"string","required":true}}},"max_items":1},"timeouts":{"nesting_mode":"single","block":{"attributes":{"create":{"type":"string","optional":true},"delete":{"type":"string","optional":true},"read":{"type":"string","optional":true},"update":{"type":"string","optional":true}}}}}}},"azurerm_mssql_server_security_alert_policy":{"version":0,"block":{"attributes":{"disabled_alerts":{"type":["set","string"],"optional":true},"email_account_admins":{"type":"bool","optional":true},"email_addresses":{"type":["set","string"],"optional":true},"id":{"type":"string","optional":true,"computed":true},"resource_group_name":{"type":"string","required":true},"retention_days":{"type":"number","optional":true},"server_name":{"type":"string","required":true},"state":{"type":"string","required":true},"storage_account_access_key":{"type":"string","optional":true,"sensitive":true},"storage_endpoint":{"type":"string","optional":true}},"block_types":{"timeouts":{"nesting_mode":"single","block":{"attributes":{"create":{"type":"string","optional":true},"delete":{"type":"string","optional":true},"read":{"type":"string","optional":true},"update":{"type":"string","optional":true}}}}}}},"azurerm_mssql_server_vulnerability_assessment":{"version":0,"block":{"attributes":{"id":{"type":"string","optional":true,"computed":true},"server_security_alert_policy_id":{"type":"string","required":true},"storage_account_access_key":{"type":"string","optional":true,"sensitive":true},"storage_container_path":{"type":"string","required":true},"storage_container_sas_key":{"type":"string","optional":true,"sensitive":true}},"block_types":{"recurring_scans":{"nesting_mode":"list","block":{"attributes":{"email_subscription_admins":{"type":"bool","optional":true},"emails":{"type":["list","string"],"optional":true},"enabled":{"type":"bool","optional":true}}},"max_items":1},"timeouts":{"nesting_mode":"single","block":{"attributes":{"create":{"type":"string","optional":true},"delete":{"type":"string","optional":true},"read":{"type":"string","optional":true},"update":{"type":"string","optional":true}}}}}}},"azurerm_mssql_virtual_machine":{"version":0,"block":{"attributes":{"id":{"type":"string","optional":true,"computed":true},"r_services_enabled":{"type":"bool","optional":true},"sql_connectivity_port":{"type":"number","optional":true},"sql_connectivity_type":{"type":"string","optional":true},"sql_connectivity_update_password":{"type":"string","optional":true,"sensitive":true},"sql_connectivity_update_username":{"type":"string","optional":true,"sensitive":true},"sql_license_type":{"type":"string","required":true},"tags":{"type":["map","string"],"optional":true},"virtual_machine_id":{"type":"string","required":true}},"block_types":{"auto_patching":{"nesting_mode":"list","block":{"attributes":{"day_of_week":{"type":"string","required":true},"maintenance_window_duration_in_minutes":{"type":"number","required":true},"maintenance_window_starting_hour":{"type":"number","required":true}}},"max_items":1},"key_vault_credential":{"nesting_mode":"list","block":{"attributes":{"key_vault_url":{"type":"string","required":true,"sensitive":true},"name":{"type":"string","required":true},"service_principal_name":{"type":"string","required":true,"sensitive":true},"service_principal_secret":{"type":"string","required":true,"sensitive":true}}},"max_items":1},"timeouts":{"nesting_mode":"single","block":{"attributes":{"create":{"type":"string","optional":true},"delete":{"type":"string","optional":true},"read":{"type":"string","optional":true},"update":{"type":"string","optional":true}}}}}}},"azurerm_mysql_configuration":{"version":0,"block":{"attributes":{"id":{"type":"string","optional":true,"computed":true},"name":{"type":"string","required":true},"resource_group_name":{"type":"string","required":true},"server_name":{"type":"string","required":true},"value":{"type":"string","required":true}},"block_types":{"timeouts":{"nesting_mode":"single","block":{"attributes":{"create":{"type":"string","optional":true},"delete":{"type":"string","optional":true},"read":{"type":"string","optional":true},"update":{"type":"string","optional":true}}}}}}},"azurerm_mysql_database":{"version":0,"block":{"attributes":{"charset":{"type":"string","required":true},"collation":{"type":"string","required":true},"id":{"type":"string","optional":true,"computed":true},"name":{"type":"string","required":true},"resource_group_name":{"type":"string","required":true},"server_name":{"type":"string","required":true}},"block_types":{"timeouts":{"nesting_mode":"single","block":{"attributes":{"create":{"type":"string","optional":true},"delete":{"type":"string","optional":true},"read":{"type":"string","optional":true},"update":{"type":"string","optional":true}}}}}}},"azurerm_mysql_firewall_rule":{"version":0,"block":{"attributes":{"end_ip_address":{"type":"string","required":true},"id":{"type":"string","optional":true,"computed":true},"name":{"type":"string","required":true},"resource_group_name":{"type":"string","required":true},"server_name":{"type":"string","required":true},"start_ip_address":{"type":"string","required":true}},"block_types":{"timeouts":{"nesting_mode":"single","block":{"attributes":{"create":{"type":"string","optional":true},"delete":{"type":"string","optional":true},"read":{"type":"string","optional":true},"update":{"type":"string","optional":true}}}}}}},"azurerm_mysql_server":{"version":0,"block":{"attributes":{"administrator_login":{"type":"string","optional":true,"computed":true},"administrator_login_password":{"type":"string","optional":true,"sensitive":true},"auto_grow_enabled":{"type":"bool","optional":true,"computed":true},"backup_retention_days":{"type":"number","optional":true,"computed":true},"create_mode":{"type":"string","optional":true},"creation_source_server_id":{"type":"string","optional":true},"fqdn":{"type":"string","computed":true},"geo_redundant_backup_enabled":{"type":"bool","optional":true,"computed":true},"id":{"type":"string","optional":true,"computed":true},"infrastructure_encryption_enabled":{"type":"bool","optional":true},"location":{"type":"string","required":true},"name":{"type":"string","required":true},"public_network_access_enabled":{"type":"bool","optional":true},"resource_group_name":{"type":"string","required":true},"restore_point_in_time":{"type":"string","optional":true},"sku_name":{"type":"string","required":true},"ssl_enforcement":{"type":"string","optional":true,"computed":true},"ssl_enforcement_enabled":{"type":"bool","optional":true,"computed":true},"ssl_minimal_tls_version_enforced":{"type":"string","optional":true},"storage_mb":{"type":"number","optional":true,"computed":true},"tags":{"type":["map","string"],"optional":true},"version":{"type":"string","required":true}},"block_types":{"storage_profile":{"nesting_mode":"list","block":{"attributes":{"auto_grow":{"type":"string","optional":true,"computed":true},"backup_retention_days":{"type":"number","optional":true,"computed":true},"geo_redundant_backup":{"type":"string","optional":true,"computed":true},"storage_mb":{"type":"number","optional":true}}},"max_items":1},"timeouts":{"nesting_mode":"single","block":{"attributes":{"create":{"type":"string","optional":true},"delete":{"type":"string","optional":true},"read":{"type":"string","optional":true},"update":{"type":"string","optional":true}}}}}}},"azurerm_mysql_virtual_network_rule":{"version":0,"block":{"attributes":{"id":{"type":"string","optional":true,"computed":true},"name":{"type":"string","required":true},"resource_group_name":{"type":"string","required":true},"server_name":{"type":"string","required":true},"subnet_id":{"type":"string","required":true}},"block_types":{"timeouts":{"nesting_mode":"single","block":{"attributes":{"create":{"type":"string","optional":true},"delete":{"type":"string","optional":true},"read":{"type":"string","optional":true},"update":{"type":"string","optional":true}}}}}}},"azurerm_nat_gateway":{"version":0,"block":{"attributes":{"id":{"type":"string","optional":true,"computed":true},"idle_timeout_in_minutes":{"type":"number","optional":true},"location":{"type":"string","required":true},"name":{"type":"string","required":true},"public_ip_address_ids":{"type":["set","string"],"optional":true,"computed":true},"public_ip_prefix_ids":{"type":["set","string"],"optional":true},"resource_group_name":{"type":"string","required":true},"resource_guid":{"type":"string","computed":true},"sku_name":{"type":"string","optional":true},"tags":{"type":["map","string"],"optional":true},"zones":{"type":["list","string"],"optional":true}},"block_types":{"timeouts":{"nesting_mode":"single","block":{"attributes":{"create":{"type":"string","optional":true},"delete":{"type":"string","optional":true},"read":{"type":"string","optional":true},"update":{"type":"string","optional":true}}}}}}},"azurerm_nat_gateway_public_ip_association":{"version":0,"block":{"attributes":{"id":{"type":"string","optional":true,"computed":true},"nat_gateway_id":{"type":"string","required":true},"public_ip_address_id":{"type":"string","required":true}},"block_types":{"timeouts":{"nesting_mode":"single","block":{"attributes":{"create":{"type":"string","optional":true},"delete":{"type":"string","optional":true},"read":{"type":"string","optional":true}}}}}}},"azurerm_netapp_account":{"version":0,"block":{"attributes":{"id":{"type":"string","optional":true,"computed":true},"location":{"type":"string","required":true},"name":{"type":"string","required":true},"resource_group_name":{"type":"string","required":true},"tags":{"type":["map","string"],"optional":true}},"block_types":{"active_directory":{"nesting_mode":"list","block":{"attributes":{"dns_servers":{"type":["list","string"],"required":true},"domain":{"type":"string","required":true},"organizational_unit":{"type":"string","optional":true},"password":{"type":"string","required":true,"sensitive":true},"smb_server_name":{"type":"string","required":true},"username":{"type":"string","required":true}}},"max_items":1},"timeouts":{"nesting_mode":"single","block":{"attributes":{"create":{"type":"string","optional":true},"delete":{"type":"string","optional":true},"read":{"type":"string","optional":true},"update":{"type":"string","optional":true}}}}}}},"azurerm_netapp_pool":{"version":0,"block":{"attributes":{"account_name":{"type":"string","required":true},"id":{"type":"string","optional":true,"computed":true},"location":{"type":"string","required":true},"name":{"type":"string","required":true},"resource_group_name":{"type":"string","required":true},"service_level":{"type":"string","required":true},"size_in_tb":{"type":"number","required":true},"tags":{"type":["map","string"],"optional":true}},"block_types":{"timeouts":{"nesting_mode":"single","block":{"attributes":{"create":{"type":"string","optional":true},"delete":{"type":"string","optional":true},"read":{"type":"string","optional":true},"update":{"type":"string","optional":true}}}}}}},"azurerm_netapp_snapshot":{"version":0,"block":{"attributes":{"account_name":{"type":"string","required":true},"id":{"type":"string","optional":true,"computed":true},"location":{"type":"string","required":true},"name":{"type":"string","required":true},"pool_name":{"type":"string","required":true},"resource_group_name":{"type":"string","required":true},"tags":{"type":["map","string"],"optional":true},"volume_name":{"type":"string","required":true}},"block_types":{"timeouts":{"nesting_mode":"single","block":{"attributes":{"create":{"type":"string","optional":true},"delete":{"type":"string","optional":true},"read":{"type":"string","optional":true},"update":{"type":"string","optional":true}}}}}}},"azurerm_netapp_volume":{"version":0,"block":{"attributes":{"account_name":{"type":"string","required":true},"id":{"type":"string","optional":true,"computed":true},"location":{"type":"string","required":true},"mount_ip_addresses":{"type":["list","string"],"computed":true},"name":{"type":"string","required":true},"pool_name":{"type":"string","required":true},"protocols":{"type":["set","string"],"optional":true,"computed":true},"resource_group_name":{"type":"string","required":true},"service_level":{"type":"string","required":true},"storage_quota_in_gb":{"type":"number","required":true},"subnet_id":{"type":"string","required":true},"tags":{"type":["map","string"],"optional":true},"volume_path":{"type":"string","required":true}},"block_types":{"export_policy_rule":{"nesting_mode":"list","block":{"attributes":{"allowed_clients":{"type":["set","string"],"required":true},"cifs_enabled":{"type":"bool","optional":true,"computed":true},"nfsv3_enabled":{"type":"bool","optional":true,"computed":true},"nfsv4_enabled":{"type":"bool","optional":true,"computed":true},"protocols_enabled":{"type":["list","string"],"optional":true,"computed":true},"rule_index":{"type":"number","required":true},"unix_read_only":{"type":"bool","optional":true},"unix_read_write":{"type":"bool","optional":true}}},"max_items":5},"timeouts":{"nesting_mode":"single","block":{"attributes":{"create":{"type":"string","optional":true},"delete":{"type":"string","optional":true},"read":{"type":"string","optional":true},"update":{"type":"string","optional":true}}}}}}},"azurerm_network_connection_monitor":{"version":0,"block":{"attributes":{"auto_start":{"type":"bool","optional":true},"id":{"type":"string","optional":true,"computed":true},"interval_in_seconds":{"type":"number","optional":true},"location":{"type":"string","required":true},"name":{"type":"string","required":true},"network_watcher_name":{"type":"string","required":true},"resource_group_name":{"type":"string","required":true},"tags":{"type":["map","string"],"optional":true}},"block_types":{"destination":{"nesting_mode":"list","block":{"attributes":{"address":{"type":"string","optional":true},"port":{"type":"number","required":true},"virtual_machine_id":{"type":"string","optional":true}}},"min_items":1,"max_items":1},"source":{"nesting_mode":"list","block":{"attributes":{"port":{"type":"number","optional":true},"virtual_machine_id":{"type":"string","required":true}}},"min_items":1,"max_items":1},"timeouts":{"nesting_mode":"single","block":{"attributes":{"create":{"type":"string","optional":true},"delete":{"type":"string","optional":true},"read":{"type":"string","optional":true},"update":{"type":"string","optional":true}}}}}}},"azurerm_network_ddos_protection_plan":{"version":0,"block":{"attributes":{"id":{"type":"string","optional":true,"computed":true},"location":{"type":"string","required":true},"name":{"type":"string","required":true},"resource_group_name":{"type":"string","required":true},"tags":{"type":["map","string"],"optional":true},"virtual_network_ids":{"type":["list","string"],"computed":true}},"block_types":{"timeouts":{"nesting_mode":"single","block":{"attributes":{"create":{"type":"string","optional":true},"delete":{"type":"string","optional":true},"read":{"type":"string","optional":true},"update":{"type":"string","optional":true}}}}}}},"azurerm_network_interface":{"version":0,"block":{"attributes":{"applied_dns_servers":{"type":["list","string"],"computed":true},"dns_servers":{"type":["list","string"],"optional":true,"computed":true},"enable_accelerated_networking":{"type":"bool","optional":true},"enable_ip_forwarding":{"type":"bool","optional":true},"id":{"type":"string","optional":true,"computed":true},"internal_dns_name_label":{"type":"string","optional":true,"computed":true},"internal_domain_name_suffix":{"type":"string","computed":true},"location":{"type":"string","required":true},"mac_address":{"type":"string","computed":true},"name":{"type":"string","required":true},"private_ip_address":{"type":"string","computed":true},"private_ip_addresses":{"type":["list","string"],"computed":true},"resource_group_name":{"type":"string","required":true},"tags":{"type":["map","string"],"optional":true},"virtual_machine_id":{"type":"string","computed":true}},"block_types":{"ip_configuration":{"nesting_mode":"list","block":{"attributes":{"name":{"type":"string","required":true},"primary":{"type":"bool","optional":true,"computed":true},"private_ip_address":{"type":"string","optional":true,"computed":true},"private_ip_address_allocation":{"type":"string","required":true},"private_ip_address_version":{"type":"string","optional":true},"public_ip_address_id":{"type":"string","optional":true},"subnet_id":{"type":"string","optional":true}}},"min_items":1},"timeouts":{"nesting_mode":"single","block":{"attributes":{"create":{"type":"string","optional":true},"delete":{"type":"string","optional":true},"read":{"type":"string","optional":true},"update":{"type":"string","optional":true}}}}}}},"azurerm_network_interface_application_gateway_backend_address_pool_association":{"version":0,"block":{"attributes":{"backend_address_pool_id":{"type":"string","required":true},"id":{"type":"string","optional":true,"computed":true},"ip_configuration_name":{"type":"string","required":true},"network_interface_id":{"type":"string","required":true}},"block_types":{"timeouts":{"nesting_mode":"single","block":{"attributes":{"create":{"type":"string","optional":true},"delete":{"type":"string","optional":true},"read":{"type":"string","optional":true},"update":{"type":"string","optional":true}}}}}}},"azurerm_network_interface_application_security_group_association":{"version":1,"block":{"attributes":{"application_security_group_id":{"type":"string","required":true},"id":{"type":"string","optional":true,"computed":true},"network_interface_id":{"type":"string","required":true}},"block_types":{"timeouts":{"nesting_mode":"single","block":{"attributes":{"create":{"type":"string","optional":true},"delete":{"type":"string","optional":true},"read":{"type":"string","optional":true},"update":{"type":"string","optional":true}}}}}}},"azurerm_network_interface_backend_address_pool_association":{"version":0,"block":{"attributes":{"backend_address_pool_id":{"type":"string","required":true},"id":{"type":"string","optional":true,"computed":true},"ip_configuration_name":{"type":"string","required":true},"network_interface_id":{"type":"string","required":true}},"block_types":{"timeouts":{"nesting_mode":"single","block":{"attributes":{"create":{"type":"string","optional":true},"delete":{"type":"string","optional":true},"read":{"type":"string","optional":true},"update":{"type":"string","optional":true}}}}}}},"azurerm_network_interface_nat_rule_association":{"version":0,"block":{"attributes":{"id":{"type":"string","optional":true,"computed":true},"ip_configuration_name":{"type":"string","required":true},"nat_rule_id":{"type":"string","required":true},"network_interface_id":{"type":"string","required":true}},"block_types":{"timeouts":{"nesting_mode":"single","block":{"attributes":{"create":{"type":"string","optional":true},"delete":{"type":"string","optional":true},"read":{"type":"string","optional":true},"update":{"type":"string","optional":true}}}}}}},"azurerm_network_interface_security_group_association":{"version":0,"block":{"attributes":{"id":{"type":"string","optional":true,"computed":true},"network_interface_id":{"type":"string","required":true},"network_security_group_id":{"type":"string","required":true}},"block_types":{"timeouts":{"nesting_mode":"single","block":{"attributes":{"create":{"type":"string","optional":true},"delete":{"type":"string","optional":true},"read":{"type":"string","optional":true},"update":{"type":"string","optional":true}}}}}}},"azurerm_network_packet_capture":{"version":0,"block":{"attributes":{"id":{"type":"string","optional":true,"computed":true},"maximum_bytes_per_packet":{"type":"number","optional":true},"maximum_bytes_per_session":{"type":"number","optional":true},"maximum_capture_duration":{"type":"number","optional":true},"name":{"type":"string","required":true},"network_watcher_name":{"type":"string","required":true},"resource_group_name":{"type":"string","required":true},"target_resource_id":{"type":"string","required":true}},"block_types":{"filter":{"nesting_mode":"list","block":{"attributes":{"local_ip_address":{"type":"string","optional":true},"local_port":{"type":"string","optional":true},"protocol":{"type":"string","required":true},"remote_ip_address":{"type":"string","optional":true},"remote_port":{"type":"string","optional":true}}}},"storage_location":{"nesting_mode":"list","block":{"attributes":{"file_path":{"type":"string","optional":true},"storage_account_id":{"type":"string","optional":true},"storage_path":{"type":"string","computed":true}}},"min_items":1,"max_items":1},"timeouts":{"nesting_mode":"single","block":{"attributes":{"create":{"type":"string","optional":true},"delete":{"type":"string","optional":true},"read":{"type":"string","optional":true},"update":{"type":"string","optional":true}}}}}}},"azurerm_network_profile":{"version":0,"block":{"attributes":{"container_network_interface_ids":{"type":["list","string"],"computed":true},"id":{"type":"string","optional":true,"computed":true},"location":{"type":"string","required":true},"name":{"type":"string","required":true},"resource_group_name":{"type":"string","required":true},"tags":{"type":["map","string"],"optional":true}},"block_types":{"container_network_interface":{"nesting_mode":"list","block":{"attributes":{"name":{"type":"string","required":true}},"block_types":{"ip_configuration":{"nesting_mode":"list","block":{"attributes":{"name":{"type":"string","required":true},"subnet_id":{"type":"string","required":true}}},"min_items":1}}},"min_items":1,"max_items":1},"timeouts":{"nesting_mode":"single","block":{"attributes":{"create":{"type":"string","optional":true},"delete":{"type":"string","optional":true},"read":{"type":"string","optional":true},"update":{"type":"string","optional":true}}}}}}},"azurerm_network_security_group":{"version":0,"block":{"attributes":{"id":{"type":"string","optional":true,"computed":true},"location":{"type":"string","required":true},"name":{"type":"string","required":true},"resource_group_name":{"type":"string","required":true},"security_rule":{"type":["set",["object",{"access":"string","description":"string","destination_address_prefix":"string","destination_address_prefixes":["set","string"],"destination_application_security_group_ids":["set","string"],"destination_port_range":"string","destination_port_ranges":["set","string"],"direction":"string","name":"string","priority":"number","protocol":"string","source_address_prefix":"string","source_address_prefixes":["set","string"],"source_application_security_group_ids":["set","string"],"source_port_range":"string","source_port_ranges":["set","string"]}]],"optional":true,"computed":true},"tags":{"type":["map","string"],"optional":true}},"block_types":{"timeouts":{"nesting_mode":"single","block":{"attributes":{"create":{"type":"string","optional":true},"delete":{"type":"string","optional":true},"read":{"type":"string","optional":true},"update":{"type":"string","optional":true}}}}}}},"azurerm_network_security_rule":{"version":0,"block":{"attributes":{"access":{"type":"string","required":true},"description":{"type":"string","optional":true},"destination_address_prefix":{"type":"string","optional":true},"destination_address_prefixes":{"type":["set","string"],"optional":true},"destination_application_security_group_ids":{"type":["set","string"],"optional":true},"destination_port_range":{"type":"string","optional":true},"destination_port_ranges":{"type":["set","string"],"optional":true},"direction":{"type":"string","required":true},"id":{"type":"string","optional":true,"computed":true},"name":{"type":"string","required":true},"network_security_group_name":{"type":"string","required":true},"priority":{"type":"number","required":true},"protocol":{"type":"string","required":true},"resource_group_name":{"type":"string","required":true},"source_address_prefix":{"type":"string","optional":true},"source_address_prefixes":{"type":["set","string"],"optional":true},"source_application_security_group_ids":{"type":["set","string"],"optional":true},"source_port_range":{"type":"string","optional":true},"source_port_ranges":{"type":["set","string"],"optional":true}},"block_types":{"timeouts":{"nesting_mode":"single","block":{"attributes":{"create":{"type":"string","optional":true},"delete":{"type":"string","optional":true},"read":{"type":"string","optional":true},"update":{"type":"string","optional":true}}}}}}},"azurerm_network_watcher":{"version":0,"block":{"attributes":{"id":{"type":"string","optional":true,"computed":true},"location":{"type":"string","required":true},"name":{"type":"string","required":true},"resource_group_name":{"type":"string","required":true},"tags":{"type":["map","string"],"optional":true}},"block_types":{"timeouts":{"nesting_mode":"single","block":{"attributes":{"create":{"type":"string","optional":true},"delete":{"type":"string","optional":true},"read":{"type":"string","optional":true},"update":{"type":"string","optional":true}}}}}}},"azurerm_network_watcher_flow_log":{"version":0,"block":{"attributes":{"enabled":{"type":"bool","required":true},"id":{"type":"string","optional":true,"computed":true},"network_security_group_id":{"type":"string","required":true},"network_watcher_name":{"type":"string","required":true},"resource_group_name":{"type":"string","required":true},"storage_account_id":{"type":"string","required":true},"version":{"type":"number","optional":true,"computed":true}},"block_types":{"retention_policy":{"nesting_mode":"list","block":{"attributes":{"days":{"type":"number","required":true},"enabled":{"type":"bool","required":true}}},"min_items":1,"max_items":1},"timeouts":{"nesting_mode":"single","block":{"attributes":{"create":{"type":"string","optional":true},"delete":{"type":"string","optional":true},"read":{"type":"string","optional":true},"update":{"type":"string","optional":true}}}},"traffic_analytics":{"nesting_mode":"list","block":{"attributes":{"enabled":{"type":"bool","required":true},"interval_in_minutes":{"type":"number","optional":true},"workspace_id":{"type":"string","required":true},"workspace_region":{"type":"string","required":true},"workspace_resource_id":{"type":"string","required":true}}},"max_items":1}}}},"azurerm_notification_hub":{"version":0,"block":{"attributes":{"id":{"type":"string","optional":true,"computed":true},"location":{"type":"string","required":true},"name":{"type":"string","required":true},"namespace_name":{"type":"string","required":true},"resource_group_name":{"type":"string","required":true},"tags":{"type":["map","string"],"optional":true}},"block_types":{"apns_credential":{"nesting_mode":"list","block":{"attributes":{"application_mode":{"type":"string","required":true},"bundle_id":{"type":"string","required":true},"key_id":{"type":"string","required":true},"team_id":{"type":"string","required":true},"token":{"type":"string","required":true,"sensitive":true}}},"max_items":1},"gcm_credential":{"nesting_mode":"list","block":{"attributes":{"api_key":{"type":"string","required":true,"sensitive":true}}},"max_items":1},"timeouts":{"nesting_mode":"single","block":{"attributes":{"create":{"type":"string","optional":true},"delete":{"type":"string","optional":true},"read":{"type":"string","optional":true},"update":{"type":"string","optional":true}}}}}}},"azurerm_notification_hub_authorization_rule":{"version":0,"block":{"attributes":{"id":{"type":"string","optional":true,"computed":true},"listen":{"type":"bool","optional":true},"manage":{"type":"bool","optional":true},"name":{"type":"string","required":true},"namespace_name":{"type":"string","required":true},"notification_hub_name":{"type":"string","required":true},"primary_access_key":{"type":"string","computed":true},"resource_group_name":{"type":"string","required":true},"secondary_access_key":{"type":"string","computed":true},"send":{"type":"bool","optional":true}},"block_types":{"timeouts":{"nesting_mode":"single","block":{"attributes":{"create":{"type":"string","optional":true},"delete":{"type":"string","optional":true},"read":{"type":"string","optional":true},"update":{"type":"string","optional":true}}}}}}},"azurerm_notification_hub_namespace":{"version":0,"block":{"attributes":{"enabled":{"type":"bool","optional":true},"id":{"type":"string","optional":true,"computed":true},"location":{"type":"string","required":true},"name":{"type":"string","required":true},"namespace_type":{"type":"string","required":true},"resource_group_name":{"type":"string","required":true},"servicebus_endpoint":{"type":"string","computed":true},"sku_name":{"type":"string","required":true},"tags":{"type":["map","string"],"optional":true}},"block_types":{"timeouts":{"nesting_mode":"single","block":{"attributes":{"create":{"type":"string","optional":true},"delete":{"type":"string","optional":true},"read":{"type":"string","optional":true},"update":{"type":"string","optional":true}}}}}}},"azurerm_orchestrated_virtual_machine_scale_set":{"version":0,"block":{"attributes":{"id":{"type":"string","optional":true,"computed":true},"location":{"type":"string","required":true},"name":{"type":"string","required":true},"platform_fault_domain_count":{"type":"number","required":true},"resource_group_name":{"type":"string","required":true},"single_placement_group":{"type":"bool","optional":true},"tags":{"type":["map","string"],"optional":true},"unique_id":{"type":"string","computed":true},"zones":{"type":["list","string"],"optional":true}},"block_types":{"timeouts":{"nesting_mode":"single","block":{"attributes":{"create":{"type":"string","optional":true},"delete":{"type":"string","optional":true},"read":{"type":"string","optional":true},"update":{"type":"string","optional":true}}}}}}},"azurerm_packet_capture":{"version":0,"block":{"attributes":{"id":{"type":"string","optional":true,"computed":true},"maximum_bytes_per_packet":{"type":"number","optional":true},"maximum_bytes_per_session":{"type":"number","optional":true},"maximum_capture_duration":{"type":"number","optional":true},"name":{"type":"string","required":true},"network_watcher_name":{"type":"string","required":true},"resource_group_name":{"type":"string","required":true},"target_resource_id":{"type":"string","required":true}},"block_types":{"filter":{"nesting_mode":"list","block":{"attributes":{"local_ip_address":{"type":"string","optional":true},"local_port":{"type":"string","optional":true},"protocol":{"type":"string","required":true},"remote_ip_address":{"type":"string","optional":true},"remote_port":{"type":"string","optional":true}}}},"storage_location":{"nesting_mode":"list","block":{"attributes":{"file_path":{"type":"string","optional":true},"storage_account_id":{"type":"string","optional":true},"storage_path":{"type":"string","computed":true}}},"min_items":1,"max_items":1},"timeouts":{"nesting_mode":"single","block":{"attributes":{"create":{"type":"string","optional":true},"delete":{"type":"string","optional":true},"read":{"type":"string","optional":true},"update":{"type":"string","optional":true}}}}}}},"azurerm_point_to_site_vpn_gateway":{"version":0,"block":{"attributes":{"id":{"type":"string","optional":true,"computed":true},"location":{"type":"string","required":true},"name":{"type":"string","required":true},"resource_group_name":{"type":"string","required":true},"scale_unit":{"type":"number","required":true},"tags":{"type":["map","string"],"optional":true},"virtual_hub_id":{"type":"string","required":true},"vpn_server_configuration_id":{"type":"string","required":true}},"block_types":{"connection_configuration":{"nesting_mode":"list","block":{"attributes":{"name":{"type":"string","required":true}},"block_types":{"vpn_client_address_pool":{"nesting_mode":"list","block":{"attributes":{"address_prefixes":{"type":["set","string"],"required":true}}},"min_items":1,"max_items":1}}},"min_items":1,"max_items":1},"timeouts":{"nesting_mode":"single","block":{"attributes":{"create":{"type":"string","optional":true},"delete":{"type":"string","optional":true},"read":{"type":"string","optional":true},"update":{"type":"string","optional":true}}}}}}},"azurerm_policy_assignment":{"version":0,"block":{"attributes":{"description":{"type":"string","optional":true},"display_name":{"type":"string","optional":true},"enforcement_mode":{"type":"bool","optional":true},"id":{"type":"string","optional":true,"computed":true},"location":{"type":"string","optional":true},"name":{"type":"string","required":true},"not_scopes":{"type":["list","string"],"optional":true},"parameters":{"type":"string","optional":true},"policy_definition_id":{"type":"string","required":true},"scope":{"type":"string","required":true}},"block_types":{"identity":{"nesting_mode":"list","block":{"attributes":{"principal_id":{"type":"string","computed":true},"tenant_id":{"type":"string","computed":true},"type":{"type":"string","optional":true}}},"max_items":1},"timeouts":{"nesting_mode":"single","block":{"attributes":{"create":{"type":"string","optional":true},"delete":{"type":"string","optional":true},"read":{"type":"string","optional":true},"update":{"type":"string","optional":true}}}}}}},"azurerm_policy_definition":{"version":0,"block":{"attributes":{"description":{"type":"string","optional":true},"display_name":{"type":"string","required":true},"id":{"type":"string","optional":true,"computed":true},"management_group_id":{"type":"string","optional":true,"computed":true},"management_group_name":{"type":"string","optional":true,"computed":true},"metadata":{"type":"string","optional":true,"computed":true},"mode":{"type":"string","required":true},"name":{"type":"string","required":true},"parameters":{"type":"string","optional":true},"policy_rule":{"type":"string","optional":true},"policy_type":{"type":"string","required":true}},"block_types":{"timeouts":{"nesting_mode":"single","block":{"attributes":{"create":{"type":"string","optional":true},"delete":{"type":"string","optional":true},"read":{"type":"string","optional":true},"update":{"type":"string","optional":true}}}}}}},"azurerm_policy_remediation":{"version":0,"block":{"attributes":{"id":{"type":"string","optional":true,"computed":true},"location_filters":{"type":["list","string"],"optional":true},"name":{"type":"string","required":true},"policy_assignment_id":{"type":"string","required":true},"policy_definition_reference_id":{"type":"string","optional":true},"scope":{"type":"string","required":true}},"block_types":{"timeouts":{"nesting_mode":"single","block":{"attributes":{"create":{"type":"string","optional":true},"delete":{"type":"string","optional":true},"read":{"type":"string","optional":true},"update":{"type":"string","optional":true}}}}}}},"azurerm_policy_set_definition":{"version":0,"block":{"attributes":{"description":{"type":"string","optional":true},"display_name":{"type":"string","required":true},"id":{"type":"string","optional":true,"computed":true},"management_group_id":{"type":"string","optional":true},"metadata":{"type":"string","optional":true,"computed":true},"name":{"type":"string","required":true},"parameters":{"type":"string","optional":true},"policy_definitions":{"type":"string","optional":true},"policy_type":{"type":"string","required":true}},"block_types":{"timeouts":{"nesting_mode":"single","block":{"attributes":{"create":{"type":"string","optional":true},"delete":{"type":"string","optional":true},"read":{"type":"string","optional":true},"update":{"type":"string","optional":true}}}}}}},"azurerm_postgresql_active_directory_administrator":{"version":0,"block":{"attributes":{"id":{"type":"string","optional":true,"computed":true},"login":{"type":"string","required":true},"object_id":{"type":"string","required":true},"resource_group_name":{"type":"string","required":true},"server_name":{"type":"string","required":true},"tenant_id":{"type":"string","required":true}},"block_types":{"timeouts":{"nesting_mode":"single","block":{"attributes":{"create":{"type":"string","optional":true},"delete":{"type":"string","optional":true},"read":{"type":"string","optional":true},"update":{"type":"string","optional":true}}}}}}},"azurerm_postgresql_configuration":{"version":0,"block":{"attributes":{"id":{"type":"string","optional":true,"computed":true},"name":{"type":"string","required":true},"resource_group_name":{"type":"string","required":true},"server_name":{"type":"string","required":true},"value":{"type":"string","required":true}},"block_types":{"timeouts":{"nesting_mode":"single","block":{"attributes":{"create":{"type":"string","optional":true},"delete":{"type":"string","optional":true},"read":{"type":"string","optional":true},"update":{"type":"string","optional":true}}}}}}},"azurerm_postgresql_database":{"version":0,"block":{"attributes":{"charset":{"type":"string","required":true},"collation":{"type":"string","required":true},"id":{"type":"string","optional":true,"computed":true},"name":{"type":"string","required":true},"resource_group_name":{"type":"string","required":true},"server_name":{"type":"string","required":true}},"block_types":{"timeouts":{"nesting_mode":"single","block":{"attributes":{"create":{"type":"string","optional":true},"delete":{"type":"string","optional":true},"read":{"type":"string","optional":true},"update":{"type":"string","optional":true}}}}}}},"azurerm_postgresql_firewall_rule":{"version":0,"block":{"attributes":{"end_ip_address":{"type":"string","required":true},"id":{"type":"string","optional":true,"computed":true},"name":{"type":"string","required":true},"resource_group_name":{"type":"string","required":true},"server_name":{"type":"string","required":true},"start_ip_address":{"type":"string","required":true}},"block_types":{"timeouts":{"nesting_mode":"single","block":{"attributes":{"create":{"type":"string","optional":true},"delete":{"type":"string","optional":true},"read":{"type":"string","optional":true},"update":{"type":"string","optional":true}}}}}}},"azurerm_postgresql_server":{"version":0,"block":{"attributes":{"administrator_login":{"type":"string","optional":true,"computed":true},"administrator_login_password":{"type":"string","optional":true,"sensitive":true},"auto_grow_enabled":{"type":"bool","optional":true,"computed":true},"backup_retention_days":{"type":"number","optional":true,"computed":true},"create_mode":{"type":"string","optional":true},"creation_source_server_id":{"type":"string","optional":true},"fqdn":{"type":"string","computed":true},"geo_redundant_backup_enabled":{"type":"bool","optional":true,"computed":true},"id":{"type":"string","optional":true,"computed":true},"infrastructure_encryption_enabled":{"type":"bool","optional":true},"location":{"type":"string","required":true},"name":{"type":"string","required":true},"public_network_access_enabled":{"type":"bool","optional":true},"resource_group_name":{"type":"string","required":true},"restore_point_in_time":{"type":"string","optional":true},"sku_name":{"type":"string","required":true},"ssl_enforcement":{"type":"string","optional":true,"computed":true},"ssl_enforcement_enabled":{"type":"bool","optional":true,"computed":true},"ssl_minimal_tls_version_enforced":{"type":"string","optional":true},"storage_mb":{"type":"number","optional":true,"computed":true},"tags":{"type":["map","string"],"optional":true},"version":{"type":"string","required":true}},"block_types":{"storage_profile":{"nesting_mode":"list","block":{"attributes":{"auto_grow":{"type":"string","optional":true,"computed":true},"backup_retention_days":{"type":"number","optional":true},"geo_redundant_backup":{"type":"string","optional":true,"computed":true},"storage_mb":{"type":"number","optional":true}}},"max_items":1},"threat_detection_policy":{"nesting_mode":"list","block":{"attributes":{"disabled_alerts":{"type":["set","string"],"optional":true},"email_account_admins":{"type":"bool","optional":true},"email_addresses":{"type":["set","string"],"optional":true},"enabled":{"type":"bool","optional":true},"retention_days":{"type":"number","optional":true},"storage_account_access_key":{"type":"string","optional":true,"sensitive":true},"storage_endpoint":{"type":"string","optional":true}}},"max_items":1},"timeouts":{"nesting_mode":"single","block":{"attributes":{"create":{"type":"string","optional":true},"delete":{"type":"string","optional":true},"read":{"type":"string","optional":true},"update":{"type":"string","optional":true}}}}}}},"azurerm_postgresql_virtual_network_rule":{"version":0,"block":{"attributes":{"id":{"type":"string","optional":true,"computed":true},"ignore_missing_vnet_service_endpoint":{"type":"bool","optional":true},"name":{"type":"string","required":true},"resource_group_name":{"type":"string","required":true},"server_name":{"type":"string","required":true},"subnet_id":{"type":"string","required":true}},"block_types":{"timeouts":{"nesting_mode":"single","block":{"attributes":{"create":{"type":"string","optional":true},"delete":{"type":"string","optional":true},"read":{"type":"string","optional":true},"update":{"type":"string","optional":true}}}}}}},"azurerm_powerbi_embedded":{"version":0,"block":{"attributes":{"administrators":{"type":["set","string"],"required":true},"id":{"type":"string","optional":true,"computed":true},"location":{"type":"string","required":true},"name":{"type":"string","required":true},"resource_group_name":{"type":"string","required":true},"sku_name":{"type":"string","required":true},"tags":{"type":["map","string"],"optional":true}},"block_types":{"timeouts":{"nesting_mode":"single","block":{"attributes":{"create":{"type":"string","optional":true},"delete":{"type":"string","optional":true},"read":{"type":"string","optional":true},"update":{"type":"string","optional":true}}}}}}},"azurerm_private_dns_a_record":{"version":0,"block":{"attributes":{"fqdn":{"type":"string","computed":true},"id":{"type":"string","optional":true,"computed":true},"name":{"type":"string","required":true},"records":{"type":["set","string"],"required":true},"resource_group_name":{"type":"string","required":true},"tags":{"type":["map","string"],"optional":true},"ttl":{"type":"number","required":true},"zone_name":{"type":"string","required":true}},"block_types":{"timeouts":{"nesting_mode":"single","block":{"attributes":{"create":{"type":"string","optional":true},"delete":{"type":"string","optional":true},"read":{"type":"string","optional":true},"update":{"type":"string","optional":true}}}}}}},"azurerm_private_dns_aaaa_record":{"version":0,"block":{"attributes":{"fqdn":{"type":"string","computed":true},"id":{"type":"string","optional":true,"computed":true},"name":{"type":"string","required":true},"records":{"type":["set","string"],"required":true},"resource_group_name":{"type":"string","required":true},"tags":{"type":["map","string"],"optional":true},"ttl":{"type":"number","required":true},"zone_name":{"type":"string","required":true}},"block_types":{"timeouts":{"nesting_mode":"single","block":{"attributes":{"create":{"type":"string","optional":true},"delete":{"type":"string","optional":true},"read":{"type":"string","optional":true},"update":{"type":"string","optional":true}}}}}}},"azurerm_private_dns_cname_record":{"version":0,"block":{"attributes":{"fqdn":{"type":"string","computed":true},"id":{"type":"string","optional":true,"computed":true},"name":{"type":"string","required":true},"record":{"type":"string","required":true},"resource_group_name":{"type":"string","required":true},"tags":{"type":["map","string"],"optional":true},"ttl":{"type":"number","required":true},"zone_name":{"type":"string","required":true}},"block_types":{"timeouts":{"nesting_mode":"single","block":{"attributes":{"create":{"type":"string","optional":true},"delete":{"type":"string","optional":true},"read":{"type":"string","optional":true},"update":{"type":"string","optional":true}}}}}}},"azurerm_private_dns_mx_record":{"version":0,"block":{"attributes":{"fqdn":{"type":"string","computed":true},"id":{"type":"string","optional":true,"computed":true},"name":{"type":"string","optional":true},"resource_group_name":{"type":"string","required":true},"tags":{"type":["map","string"],"optional":true},"ttl":{"type":"number","required":true},"zone_name":{"type":"string","required":true}},"block_types":{"record":{"nesting_mode":"set","block":{"attributes":{"exchange":{"type":"string","required":true},"preference":{"type":"number","required":true}}},"min_items":1},"timeouts":{"nesting_mode":"single","block":{"attributes":{"create":{"type":"string","optional":true},"delete":{"type":"string","optional":true},"read":{"type":"string","optional":true},"update":{"type":"string","optional":true}}}}}}},"azurerm_private_dns_ptr_record":{"version":0,"block":{"attributes":{"fqdn":{"type":"string","computed":true},"id":{"type":"string","optional":true,"computed":true},"name":{"type":"string","required":true},"records":{"type":["set","string"],"required":true},"resource_group_name":{"type":"string","required":true},"tags":{"type":["map","string"],"optional":true},"ttl":{"type":"number","required":true},"zone_name":{"type":"string","required":true}},"block_types":{"timeouts":{"nesting_mode":"single","block":{"attributes":{"create":{"type":"string","optional":true},"delete":{"type":"string","optional":true},"read":{"type":"string","optional":true},"update":{"type":"string","optional":true}}}}}}},"azurerm_private_dns_srv_record":{"version":0,"block":{"attributes":{"fqdn":{"type":"string","computed":true},"id":{"type":"string","optional":true,"computed":true},"name":{"type":"string","required":true},"resource_group_name":{"type":"string","required":true},"tags":{"type":["map","string"],"optional":true},"ttl":{"type":"number","required":true},"zone_name":{"type":"string","required":true}},"block_types":{"record":{"nesting_mode":"set","block":{"attributes":{"port":{"type":"number","required":true},"priority":{"type":"number","required":true},"target":{"type":"string","required":true},"weight":{"type":"number","required":true}}},"min_items":1},"timeouts":{"nesting_mode":"single","block":{"attributes":{"create":{"type":"string","optional":true},"delete":{"type":"string","optional":true},"read":{"type":"string","optional":true},"update":{"type":"string","optional":true}}}}}}},"azurerm_private_dns_txt_record":{"version":0,"block":{"attributes":{"fqdn":{"type":"string","computed":true},"id":{"type":"string","optional":true,"computed":true},"name":{"type":"string","required":true},"resource_group_name":{"type":"string","required":true},"tags":{"type":["map","string"],"optional":true},"ttl":{"type":"number","required":true},"zone_name":{"type":"string","required":true}},"block_types":{"record":{"nesting_mode":"set","block":{"attributes":{"value":{"type":"string","required":true}}},"min_items":1},"timeouts":{"nesting_mode":"single","block":{"attributes":{"create":{"type":"string","optional":true},"delete":{"type":"string","optional":true},"read":{"type":"string","optional":true},"update":{"type":"string","optional":true}}}}}}},"azurerm_private_dns_zone":{"version":0,"block":{"attributes":{"id":{"type":"string","optional":true,"computed":true},"max_number_of_record_sets":{"type":"number","computed":true},"max_number_of_virtual_network_links":{"type":"number","computed":true},"max_number_of_virtual_network_links_with_registration":{"type":"number","computed":true},"name":{"type":"string","required":true},"number_of_record_sets":{"type":"number","computed":true},"resource_group_name":{"type":"string","required":true},"tags":{"type":["map","string"],"optional":true}},"block_types":{"timeouts":{"nesting_mode":"single","block":{"attributes":{"create":{"type":"string","optional":true},"delete":{"type":"string","optional":true},"read":{"type":"string","optional":true},"update":{"type":"string","optional":true}}}}}}},"azurerm_private_dns_zone_virtual_network_link":{"version":0,"block":{"attributes":{"id":{"type":"string","optional":true,"computed":true},"name":{"type":"string","required":true},"private_dns_zone_name":{"type":"string","required":true},"registration_enabled":{"type":"bool","optional":true},"resource_group_name":{"type":"string","required":true},"tags":{"type":["map","string"],"optional":true},"virtual_network_id":{"type":"string","required":true}},"block_types":{"timeouts":{"nesting_mode":"single","block":{"attributes":{"create":{"type":"string","optional":true},"delete":{"type":"string","optional":true},"read":{"type":"string","optional":true},"update":{"type":"string","optional":true}}}}}}},"azurerm_private_endpoint":{"version":0,"block":{"attributes":{"custom_dns_configs":{"type":["list",["object",{"fqdn":"string","ip_addresses":["list","string"]}]],"computed":true},"id":{"type":"string","optional":true,"computed":true},"location":{"type":"string","required":true},"name":{"type":"string","required":true},"private_dns_zone_configs":{"type":["list",["object",{"id":"string","name":"string","private_dns_zone_id":"string","record_sets":["list",["object",{"fqdn":"string","ip_addresses":["list","string"],"name":"string","ttl":"number","type":"string"}]]}]],"computed":true},"resource_group_name":{"type":"string","required":true},"subnet_id":{"type":"string","required":true},"tags":{"type":["map","string"],"optional":true}},"block_types":{"private_dns_zone_group":{"nesting_mode":"list","block":{"attributes":{"id":{"type":"string","computed":true},"name":{"type":"string","required":true},"private_dns_zone_ids":{"type":["list","string"],"required":true}}},"max_items":1},"private_service_connection":{"nesting_mode":"list","block":{"attributes":{"is_manual_connection":{"type":"bool","required":true},"name":{"type":"string","required":true},"private_connection_resource_id":{"type":"string","required":true},"private_ip_address":{"type":"string","computed":true},"request_message":{"type":"string","optional":true},"subresource_names":{"type":["list","string"],"optional":true}}},"min_items":1,"max_items":1},"timeouts":{"nesting_mode":"single","block":{"attributes":{"create":{"type":"string","optional":true},"delete":{"type":"string","optional":true},"read":{"type":"string","optional":true},"update":{"type":"string","optional":true}}}}}}},"azurerm_private_link_service":{"version":0,"block":{"attributes":{"alias":{"type":"string","computed":true},"auto_approval_subscription_ids":{"type":["set","string"],"optional":true},"enable_proxy_protocol":{"type":"bool","optional":true},"id":{"type":"string","optional":true,"computed":true},"load_balancer_frontend_ip_configuration_ids":{"type":["set","string"],"required":true},"location":{"type":"string","required":true},"name":{"type":"string","required":true},"resource_group_name":{"type":"string","required":true},"tags":{"type":["map","string"],"optional":true},"visibility_subscription_ids":{"type":["set","string"],"optional":true}},"block_types":{"nat_ip_configuration":{"nesting_mode":"list","block":{"attributes":{"name":{"type":"string","required":true},"primary":{"type":"bool","required":true},"private_ip_address":{"type":"string","optional":true},"private_ip_address_version":{"type":"string","optional":true},"subnet_id":{"type":"string","required":true}}},"min_items":1,"max_items":8},"timeouts":{"nesting_mode":"single","block":{"attributes":{"create":{"type":"string","optional":true},"delete":{"type":"string","optional":true},"read":{"type":"string","optional":true},"update":{"type":"string","optional":true}}}}}}},"azurerm_proximity_placement_group":{"version":0,"block":{"attributes":{"id":{"type":"string","optional":true,"computed":true},"location":{"type":"string","required":true},"name":{"type":"string","required":true},"resource_group_name":{"type":"string","required":true},"tags":{"type":["map","string"],"optional":true}},"block_types":{"timeouts":{"nesting_mode":"single","block":{"attributes":{"create":{"type":"string","optional":true},"delete":{"type":"string","optional":true},"read":{"type":"string","optional":true},"update":{"type":"string","optional":true}}}}}}},"azurerm_public_ip":{"version":0,"block":{"attributes":{"allocation_method":{"type":"string","required":true},"domain_name_label":{"type":"string","optional":true},"fqdn":{"type":"string","computed":true},"id":{"type":"string","optional":true,"computed":true},"idle_timeout_in_minutes":{"type":"number","optional":true},"ip_address":{"type":"string","computed":true},"ip_version":{"type":"string","optional":true},"location":{"type":"string","required":true},"name":{"type":"string","required":true},"public_ip_prefix_id":{"type":"string","optional":true},"resource_group_name":{"type":"string","required":true},"reverse_fqdn":{"type":"string","optional":true},"sku":{"type":"string","optional":true},"tags":{"type":["map","string"],"optional":true},"zones":{"type":["list","string"],"optional":true}},"block_types":{"timeouts":{"nesting_mode":"single","block":{"attributes":{"create":{"type":"string","optional":true},"delete":{"type":"string","optional":true},"read":{"type":"string","optional":true},"update":{"type":"string","optional":true}}}}}}},"azurerm_public_ip_prefix":{"version":0,"block":{"attributes":{"id":{"type":"string","optional":true,"computed":true},"ip_prefix":{"type":"string","computed":true},"location":{"type":"string","required":true},"name":{"type":"string","required":true},"prefix_length":{"type":"number","optional":true},"resource_group_name":{"type":"string","required":true},"sku":{"type":"string","optional":true},"tags":{"type":["map","string"],"optional":true},"zones":{"type":["list","string"],"optional":true}},"block_types":{"timeouts":{"nesting_mode":"single","block":{"attributes":{"create":{"type":"string","optional":true},"delete":{"type":"string","optional":true},"read":{"type":"string","optional":true},"update":{"type":"string","optional":true}}}}}}},"azurerm_recovery_services_vault":{"version":0,"block":{"attributes":{"id":{"type":"string","optional":true,"computed":true},"location":{"type":"string","required":true},"name":{"type":"string","required":true},"resource_group_name":{"type":"string","required":true},"sku":{"type":"string","required":true},"soft_delete_enabled":{"type":"bool","optional":true},"tags":{"type":["map","string"],"optional":true}},"block_types":{"timeouts":{"nesting_mode":"single","block":{"attributes":{"create":{"type":"string","optional":true},"delete":{"type":"string","optional":true},"read":{"type":"string","optional":true},"update":{"type":"string","optional":true}}}}}}},"azurerm_redis_cache":{"version":0,"block":{"attributes":{"capacity":{"type":"number","required":true},"enable_non_ssl_port":{"type":"bool","optional":true},"family":{"type":"string","required":true},"hostname":{"type":"string","computed":true},"id":{"type":"string","optional":true,"computed":true},"location":{"type":"string","required":true},"minimum_tls_version":{"type":"string","optional":true},"name":{"type":"string","required":true},"port":{"type":"number","computed":true},"primary_access_key":{"type":"string","computed":true,"sensitive":true},"primary_connection_string":{"type":"string","computed":true,"sensitive":true},"private_static_ip_address":{"type":"string","optional":true,"computed":true},"resource_group_name":{"type":"string","required":true},"secondary_access_key":{"type":"string","computed":true,"sensitive":true},"secondary_connection_string":{"type":"string","computed":true,"sensitive":true},"shard_count":{"type":"number","optional":true},"sku_name":{"type":"string","required":true},"ssl_port":{"type":"number","computed":true},"subnet_id":{"type":"string","optional":true},"tags":{"type":["map","string"],"optional":true},"zones":{"type":["list","string"],"optional":true}},"block_types":{"patch_schedule":{"nesting_mode":"list","block":{"attributes":{"day_of_week":{"type":"string","required":true},"start_hour_utc":{"type":"number","optional":true}}}},"redis_configuration":{"nesting_mode":"list","block":{"attributes":{"aof_backup_enabled":{"type":"bool","optional":true},"aof_storage_connection_string_0":{"type":"string","optional":true,"sensitive":true},"aof_storage_connection_string_1":{"type":"string","optional":true,"sensitive":true},"enable_authentication":{"type":"bool","optional":true},"maxclients":{"type":"number","computed":true},"maxfragmentationmemory_reserved":{"type":"number","optional":true,"computed":true},"maxmemory_delta":{"type":"number","optional":true,"computed":true},"maxmemory_policy":{"type":"string","optional":true},"maxmemory_reserved":{"type":"number","optional":true,"computed":true},"notify_keyspace_events":{"type":"string","optional":true},"rdb_backup_enabled":{"type":"bool","optional":true},"rdb_backup_frequency":{"type":"number","optional":true},"rdb_backup_max_snapshot_count":{"type":"number","optional":true},"rdb_storage_connection_string":{"type":"string","optional":true,"sensitive":true}}},"max_items":1},"timeouts":{"nesting_mode":"single","block":{"attributes":{"create":{"type":"string","optional":true},"delete":{"type":"string","optional":true},"read":{"type":"string","optional":true},"update":{"type":"string","optional":true}}}}}}},"azurerm_redis_firewall_rule":{"version":0,"block":{"attributes":{"end_ip":{"type":"string","required":true},"id":{"type":"string","optional":true,"computed":true},"name":{"type":"string","required":true},"redis_cache_name":{"type":"string","required":true},"resource_group_name":{"type":"string","required":true},"start_ip":{"type":"string","required":true}},"block_types":{"timeouts":{"nesting_mode":"single","block":{"attributes":{"create":{"type":"string","optional":true},"delete":{"type":"string","optional":true},"read":{"type":"string","optional":true},"update":{"type":"string","optional":true}}}}}}},"azurerm_relay_hybrid_connection":{"version":0,"block":{"attributes":{"id":{"type":"string","optional":true,"computed":true},"name":{"type":"string","required":true},"relay_namespace_name":{"type":"string","required":true},"requires_client_authorization":{"type":"bool","optional":true},"resource_group_name":{"type":"string","required":true},"user_metadata":{"type":"string","optional":true}},"block_types":{"timeouts":{"nesting_mode":"single","block":{"attributes":{"create":{"type":"string","optional":true},"delete":{"type":"string","optional":true},"read":{"type":"string","optional":true},"update":{"type":"string","optional":true}}}}}}},"azurerm_relay_namespace":{"version":0,"block":{"attributes":{"id":{"type":"string","optional":true,"computed":true},"location":{"type":"string","required":true},"metric_id":{"type":"string","computed":true},"name":{"type":"string","required":true},"primary_connection_string":{"type":"string","computed":true,"sensitive":true},"primary_key":{"type":"string","computed":true,"sensitive":true},"resource_group_name":{"type":"string","required":true},"secondary_connection_string":{"type":"string","computed":true,"sensitive":true},"secondary_key":{"type":"string","computed":true,"sensitive":true},"sku_name":{"type":"string","required":true},"tags":{"type":["map","string"],"optional":true}},"block_types":{"timeouts":{"nesting_mode":"single","block":{"attributes":{"create":{"type":"string","optional":true},"delete":{"type":"string","optional":true},"read":{"type":"string","optional":true},"update":{"type":"string","optional":true}}}}}}},"azurerm_resource_group":{"version":0,"block":{"attributes":{"id":{"type":"string","optional":true,"computed":true},"location":{"type":"string","required":true},"name":{"type":"string","required":true},"tags":{"type":["map","string"],"optional":true}},"block_types":{"timeouts":{"nesting_mode":"single","block":{"attributes":{"create":{"type":"string","optional":true},"delete":{"type":"string","optional":true},"read":{"type":"string","optional":true},"update":{"type":"string","optional":true}}}}}}},"azurerm_role_assignment":{"version":0,"block":{"attributes":{"id":{"type":"string","optional":true,"computed":true},"name":{"type":"string","optional":true,"computed":true},"principal_id":{"type":"string","required":true},"principal_type":{"type":"string","computed":true},"role_definition_id":{"type":"string","optional":true,"computed":true},"role_definition_name":{"type":"string","optional":true,"computed":true},"scope":{"type":"string","required":true},"skip_service_principal_aad_check":{"type":"bool","optional":true,"computed":true}},"block_types":{"timeouts":{"nesting_mode":"single","block":{"attributes":{"create":{"type":"string","optional":true},"delete":{"type":"string","optional":true},"read":{"type":"string","optional":true},"update":{"type":"string","optional":true}}}}}}},"azurerm_role_definition":{"version":0,"block":{"attributes":{"assignable_scopes":{"type":["list","string"],"required":true},"description":{"type":"string","optional":true},"id":{"type":"string","optional":true,"computed":true},"name":{"type":"string","required":true},"role_definition_id":{"type":"string","optional":true,"computed":true},"scope":{"type":"string","required":true}},"block_types":{"permissions":{"nesting_mode":"list","block":{"attributes":{"actions":{"type":["list","string"],"optional":true},"data_actions":{"type":["set","string"],"optional":true},"not_actions":{"type":["list","string"],"optional":true},"not_data_actions":{"type":["set","string"],"optional":true}}},"min_items":1},"timeouts":{"nesting_mode":"single","block":{"attributes":{"create":{"type":"string","optional":true},"delete":{"type":"string","optional":true},"read":{"type":"string","optional":true},"update":{"type":"string","optional":true}}}}}}},"azurerm_route":{"version":0,"block":{"attributes":{"address_prefix":{"type":"string","required":true},"id":{"type":"string","optional":true,"computed":true},"name":{"type":"string","required":true},"next_hop_in_ip_address":{"type":"string","optional":true},"next_hop_type":{"type":"string","required":true},"resource_group_name":{"type":"string","required":true},"route_table_name":{"type":"string","required":true}},"block_types":{"timeouts":{"nesting_mode":"single","block":{"attributes":{"create":{"type":"string","optional":true},"delete":{"type":"string","optional":true},"read":{"type":"string","optional":true},"update":{"type":"string","optional":true}}}}}}},"azurerm_route_table":{"version":0,"block":{"attributes":{"disable_bgp_route_propagation":{"type":"bool","optional":true},"id":{"type":"string","optional":true,"computed":true},"location":{"type":"string","required":true},"name":{"type":"string","required":true},"resource_group_name":{"type":"string","required":true},"route":{"type":["list",["object",{"address_prefix":"string","name":"string","next_hop_in_ip_address":"string","next_hop_type":"string"}]],"optional":true,"computed":true},"subnets":{"type":["set","string"],"computed":true},"tags":{"type":["map","string"],"optional":true}},"block_types":{"timeouts":{"nesting_mode":"single","block":{"attributes":{"create":{"type":"string","optional":true},"delete":{"type":"string","optional":true},"read":{"type":"string","optional":true},"update":{"type":"string","optional":true}}}}}}},"azurerm_search_service":{"version":0,"block":{"attributes":{"id":{"type":"string","optional":true,"computed":true},"location":{"type":"string","required":true},"name":{"type":"string","required":true},"partition_count":{"type":"number","optional":true,"computed":true},"primary_key":{"type":"string","computed":true},"query_keys":{"type":["list",["object",{"key":"string","name":"string"}]],"computed":true},"replica_count":{"type":"number","optional":true,"computed":true},"resource_group_name":{"type":"string","required":true},"secondary_key":{"type":"string","computed":true},"sku":{"type":"string","required":true},"tags":{"type":["map","string"],"optional":true}},"block_types":{"timeouts":{"nesting_mode":"single","block":{"attributes":{"create":{"type":"string","optional":true},"delete":{"type":"string","optional":true},"read":{"type":"string","optional":true},"update":{"type":"string","optional":true}}}}}}},"azurerm_security_center_contact":{"version":0,"block":{"attributes":{"alert_notifications":{"type":"bool","required":true},"alerts_to_admins":{"type":"bool","required":true},"email":{"type":"string","required":true},"id":{"type":"string","optional":true,"computed":true},"phone":{"type":"string","optional":true}},"block_types":{"timeouts":{"nesting_mode":"single","block":{"attributes":{"create":{"type":"string","optional":true},"delete":{"type":"string","optional":true},"read":{"type":"string","optional":true},"update":{"type":"string","optional":true}}}}}}},"azurerm_security_center_subscription_pricing":{"version":0,"block":{"attributes":{"id":{"type":"string","optional":true,"computed":true},"tier":{"type":"string","required":true}},"block_types":{"timeouts":{"nesting_mode":"single","block":{"attributes":{"create":{"type":"string","optional":true},"delete":{"type":"string","optional":true},"read":{"type":"string","optional":true},"update":{"type":"string","optional":true}}}}}}},"azurerm_security_center_workspace":{"version":0,"block":{"attributes":{"id":{"type":"string","optional":true,"computed":true},"scope":{"type":"string","required":true},"workspace_id":{"type":"string","required":true}},"block_types":{"timeouts":{"nesting_mode":"single","block":{"attributes":{"create":{"type":"string","optional":true},"delete":{"type":"string","optional":true},"read":{"type":"string","optional":true},"update":{"type":"string","optional":true}}}}}}},"azurerm_sentinel_alert_rule_ms_security_incident":{"version":0,"block":{"attributes":{"description":{"type":"string","optional":true},"display_name":{"type":"string","required":true},"enabled":{"type":"bool","optional":true},"id":{"type":"string","optional":true,"computed":true},"log_analytics_workspace_id":{"type":"string","required":true},"name":{"type":"string","required":true},"product_filter":{"type":"string","required":true},"severity_filter":{"type":["set","string"],"required":true},"text_whitelist":{"type":["set","string"],"optional":true}},"block_types":{"timeouts":{"nesting_mode":"single","block":{"attributes":{"create":{"type":"string","optional":true},"delete":{"type":"string","optional":true},"read":{"type":"string","optional":true},"update":{"type":"string","optional":true}}}}}}},"azurerm_sentinel_alert_rule_scheduled":{"version":0,"block":{"attributes":{"description":{"type":"string","optional":true},"display_name":{"type":"string","required":true},"enabled":{"type":"bool","optional":true},"id":{"type":"string","optional":true,"computed":true},"log_analytics_workspace_id":{"type":"string","required":true},"name":{"type":"string","required":true},"query":{"type":"string","required":true},"query_frequency":{"type":"string","optional":true},"query_period":{"type":"string","optional":true},"severity":{"type":"string","required":true},"suppression_duration":{"type":"string","optional":true},"suppression_enabled":{"type":"bool","optional":true},"tactics":{"type":["set","string"],"optional":true},"trigger_operator":{"type":"string","optional":true},"trigger_threshold":{"type":"number","optional":true}},"block_types":{"timeouts":{"nesting_mode":"single","block":{"attributes":{"create":{"type":"string","optional":true},"delete":{"type":"string","optional":true},"read":{"type":"string","optional":true},"update":{"type":"string","optional":true}}}}}}},"azurerm_service_fabric_cluster":{"version":0,"block":{"attributes":{"add_on_features":{"type":["set","string"],"optional":true},"cluster_code_version":{"type":"string","optional":true,"computed":true},"cluster_endpoint":{"type":"string","computed":true},"id":{"type":"string","optional":true,"computed":true},"location":{"type":"string","required":true},"management_endpoint":{"type":"string","required":true},"name":{"type":"string","required":true},"reliability_level":{"type":"string","required":true},"resource_group_name":{"type":"string","required":true},"tags":{"type":["map","string"],"optional":true},"upgrade_mode":{"type":"string","required":true},"vm_image":{"type":"string","required":true}},"block_types":{"azure_active_directory":{"nesting_mode":"list","block":{"attributes":{"client_application_id":{"type":"string","required":true},"cluster_application_id":{"type":"string","required":true},"tenant_id":{"type":"string","required":true}}},"max_items":1},"certificate":{"nesting_mode":"list","block":{"attributes":{"thumbprint":{"type":"string","required":true},"thumbprint_secondary":{"type":"string","optional":true},"x509_store_name":{"type":"string","required":true}}},"max_items":1},"certificate_common_names":{"nesting_mode":"list","block":{"attributes":{"x509_store_name":{"type":"string","required":true}},"block_types":{"common_names":{"nesting_mode":"set","block":{"attributes":{"certificate_common_name":{"type":"string","required":true},"certificate_issuer_thumbprint":{"type":"string","optional":true}}},"min_items":1}}},"max_items":1},"client_certificate_common_name":{"nesting_mode":"list","block":{"attributes":{"common_name":{"type":"string","required":true},"is_admin":{"type":"bool","required":true},"issuer_thumbprint":{"type":"string","optional":true}}}},"client_certificate_thumbprint":{"nesting_mode":"list","block":{"attributes":{"is_admin":{"type":"bool","required":true},"thumbprint":{"type":"string","required":true}}},"max_items":2},"diagnostics_config":{"nesting_mode":"list","block":{"attributes":{"blob_endpoint":{"type":"string","required":true},"protected_account_key_name":{"type":"string","required":true},"queue_endpoint":{"type":"string","required":true},"storage_account_name":{"type":"string","required":true},"table_endpoint":{"type":"string","required":true}}},"max_items":1},"fabric_settings":{"nesting_mode":"list","block":{"attributes":{"name":{"type":"string","required":true},"parameters":{"type":["map","string"],"optional":true}}}},"node_type":{"nesting_mode":"list","block":{"attributes":{"capacities":{"type":["map","string"],"optional":true},"client_endpoint_port":{"type":"number","required":true},"durability_level":{"type":"string","optional":true},"http_endpoint_port":{"type":"number","required":true},"instance_count":{"type":"number","required":true},"is_primary":{"type":"bool","required":true},"name":{"type":"string","required":true},"placement_properties":{"type":["map","string"],"optional":true},"reverse_proxy_endpoint_port":{"type":"number","optional":true}},"block_types":{"application_ports":{"nesting_mode":"list","block":{"attributes":{"end_port":{"type":"number","required":true},"start_port":{"type":"number","required":true}}},"max_items":1},"ephemeral_ports":{"nesting_mode":"list","block":{"attributes":{"end_port":{"type":"number","required":true},"start_port":{"type":"number","required":true}}},"max_items":1}}},"min_items":1},"reverse_proxy_certificate":{"nesting_mode":"list","block":{"attributes":{"thumbprint":{"type":"string","required":true},"thumbprint_secondary":{"type":"string","optional":true},"x509_store_name":{"type":"string","required":true}}},"max_items":1},"timeouts":{"nesting_mode":"single","block":{"attributes":{"create":{"type":"string","optional":true},"delete":{"type":"string","optional":true},"read":{"type":"string","optional":true},"update":{"type":"string","optional":true}}}}}}},"azurerm_servicebus_namespace":{"version":1,"block":{"attributes":{"capacity":{"type":"number","optional":true},"default_primary_connection_string":{"type":"string","computed":true,"sensitive":true},"default_primary_key":{"type":"string","computed":true,"sensitive":true},"default_secondary_connection_string":{"type":"string","computed":true,"sensitive":true},"default_secondary_key":{"type":"string","computed":true,"sensitive":true},"id":{"type":"string","optional":true,"computed":true},"location":{"type":"string","required":true},"name":{"type":"string","required":true},"resource_group_name":{"type":"string","required":true},"sku":{"type":"string","required":true},"tags":{"type":["map","string"],"optional":true},"zone_redundant":{"type":"bool","optional":true}},"block_types":{"timeouts":{"nesting_mode":"single","block":{"attributes":{"create":{"type":"string","optional":true},"delete":{"type":"string","optional":true},"read":{"type":"string","optional":true},"update":{"type":"string","optional":true}}}}}}},"azurerm_servicebus_namespace_authorization_rule":{"version":0,"block":{"attributes":{"id":{"type":"string","optional":true,"computed":true},"listen":{"type":"bool","optional":true},"manage":{"type":"bool","optional":true},"name":{"type":"string","required":true},"namespace_name":{"type":"string","required":true},"primary_connection_string":{"type":"string","computed":true,"sensitive":true},"primary_key":{"type":"string","computed":true,"sensitive":true},"resource_group_name":{"type":"string","required":true},"secondary_connection_string":{"type":"string","computed":true,"sensitive":true},"secondary_key":{"type":"string","computed":true,"sensitive":true},"send":{"type":"bool","optional":true}},"block_types":{"timeouts":{"nesting_mode":"single","block":{"attributes":{"create":{"type":"string","optional":true},"delete":{"type":"string","optional":true},"read":{"type":"string","optional":true},"update":{"type":"string","optional":true}}}}}}},"azurerm_servicebus_namespace_network_rule_set":{"version":0,"block":{"attributes":{"default_action":{"type":"string","optional":true},"id":{"type":"string","optional":true,"computed":true},"ip_rules":{"type":["set","string"],"optional":true},"namespace_name":{"type":"string","required":true},"resource_group_name":{"type":"string","required":true}},"block_types":{"network_rules":{"nesting_mode":"set","block":{"attributes":{"ignore_missing_vnet_service_endpoint":{"type":"bool","optional":true},"subnet_id":{"type":"string","required":true}}}},"timeouts":{"nesting_mode":"single","block":{"attributes":{"create":{"type":"string","optional":true},"delete":{"type":"string","optional":true},"read":{"type":"string","optional":true},"update":{"type":"string","optional":true}}}}}}},"azurerm_servicebus_queue":{"version":0,"block":{"attributes":{"auto_delete_on_idle":{"type":"string","optional":true,"computed":true},"dead_lettering_on_message_expiration":{"type":"bool","optional":true},"default_message_ttl":{"type":"string","optional":true,"computed":true},"duplicate_detection_history_time_window":{"type":"string","optional":true,"computed":true},"enable_express":{"type":"bool","optional":true},"enable_partitioning":{"type":"bool","optional":true},"id":{"type":"string","optional":true,"computed":true},"lock_duration":{"type":"string","optional":true,"computed":true},"max_delivery_count":{"type":"number","optional":true},"max_size_in_megabytes":{"type":"number","optional":true,"computed":true},"name":{"type":"string","required":true},"namespace_name":{"type":"string","required":true},"requires_duplicate_detection":{"type":"bool","optional":true},"requires_session":{"type":"bool","optional":true},"resource_group_name":{"type":"string","required":true}},"block_types":{"timeouts":{"nesting_mode":"single","block":{"attributes":{"create":{"type":"string","optional":true},"delete":{"type":"string","optional":true},"read":{"type":"string","optional":true},"update":{"type":"string","optional":true}}}}}}},"azurerm_servicebus_queue_authorization_rule":{"version":0,"block":{"attributes":{"id":{"type":"string","optional":true,"computed":true},"listen":{"type":"bool","optional":true},"manage":{"type":"bool","optional":true},"name":{"type":"string","required":true},"namespace_name":{"type":"string","required":true},"primary_connection_string":{"type":"string","computed":true,"sensitive":true},"primary_key":{"type":"string","computed":true,"sensitive":true},"queue_name":{"type":"string","required":true},"resource_group_name":{"type":"string","required":true},"secondary_connection_string":{"type":"string","computed":true,"sensitive":true},"secondary_key":{"type":"string","computed":true,"sensitive":true},"send":{"type":"bool","optional":true}},"block_types":{"timeouts":{"nesting_mode":"single","block":{"attributes":{"create":{"type":"string","optional":true},"delete":{"type":"string","optional":true},"read":{"type":"string","optional":true},"update":{"type":"string","optional":true}}}}}}},"azurerm_servicebus_subscription":{"version":0,"block":{"attributes":{"auto_delete_on_idle":{"type":"string","optional":true,"computed":true},"dead_lettering_on_message_expiration":{"type":"bool","optional":true},"default_message_ttl":{"type":"string","optional":true,"computed":true},"enable_batched_operations":{"type":"bool","optional":true},"forward_dead_lettered_messages_to":{"type":"string","optional":true},"forward_to":{"type":"string","optional":true},"id":{"type":"string","optional":true,"computed":true},"lock_duration":{"type":"string","optional":true,"computed":true},"max_delivery_count":{"type":"number","required":true},"name":{"type":"string","required":true},"namespace_name":{"type":"string","required":true},"requires_session":{"type":"bool","optional":true},"resource_group_name":{"type":"string","required":true},"topic_name":{"type":"string","required":true}},"block_types":{"timeouts":{"nesting_mode":"single","block":{"attributes":{"create":{"type":"string","optional":true},"delete":{"type":"string","optional":true},"read":{"type":"string","optional":true},"update":{"type":"string","optional":true}}}}}}},"azurerm_servicebus_subscription_rule":{"version":0,"block":{"attributes":{"action":{"type":"string","optional":true},"filter_type":{"type":"string","required":true},"id":{"type":"string","optional":true,"computed":true},"name":{"type":"string","required":true},"namespace_name":{"type":"string","required":true},"resource_group_name":{"type":"string","required":true},"sql_filter":{"type":"string","optional":true},"subscription_name":{"type":"string","required":true},"topic_name":{"type":"string","required":true}},"block_types":{"correlation_filter":{"nesting_mode":"list","block":{"attributes":{"content_type":{"type":"string","optional":true},"correlation_id":{"type":"string","optional":true},"label":{"type":"string","optional":true},"message_id":{"type":"string","optional":true},"reply_to":{"type":"string","optional":true},"reply_to_session_id":{"type":"string","optional":true},"session_id":{"type":"string","optional":true},"to":{"type":"string","optional":true}}},"max_items":1},"timeouts":{"nesting_mode":"single","block":{"attributes":{"create":{"type":"string","optional":true},"delete":{"type":"string","optional":true},"read":{"type":"string","optional":true},"update":{"type":"string","optional":true}}}}}}},"azurerm_servicebus_topic":{"version":0,"block":{"attributes":{"auto_delete_on_idle":{"type":"string","optional":true,"computed":true},"default_message_ttl":{"type":"string","optional":true,"computed":true},"duplicate_detection_history_time_window":{"type":"string","optional":true,"computed":true},"enable_batched_operations":{"type":"bool","optional":true},"enable_express":{"type":"bool","optional":true},"enable_partitioning":{"type":"bool","optional":true},"id":{"type":"string","optional":true,"computed":true},"max_size_in_megabytes":{"type":"number","optional":true,"computed":true},"name":{"type":"string","required":true},"namespace_name":{"type":"string","required":true},"requires_duplicate_detection":{"type":"bool","optional":true},"resource_group_name":{"type":"string","required":true},"status":{"type":"string","optional":true},"support_ordering":{"type":"bool","optional":true}},"block_types":{"timeouts":{"nesting_mode":"single","block":{"attributes":{"create":{"type":"string","optional":true},"delete":{"type":"string","optional":true},"read":{"type":"string","optional":true},"update":{"type":"string","optional":true}}}}}}},"azurerm_servicebus_topic_authorization_rule":{"version":0,"block":{"attributes":{"id":{"type":"string","optional":true,"computed":true},"listen":{"type":"bool","optional":true},"manage":{"type":"bool","optional":true},"name":{"type":"string","required":true},"namespace_name":{"type":"string","required":true},"primary_connection_string":{"type":"string","computed":true,"sensitive":true},"primary_key":{"type":"string","computed":true,"sensitive":true},"resource_group_name":{"type":"string","required":true},"secondary_connection_string":{"type":"string","computed":true,"sensitive":true},"secondary_key":{"type":"string","computed":true,"sensitive":true},"send":{"type":"bool","optional":true},"topic_name":{"type":"string","required":true}},"block_types":{"timeouts":{"nesting_mode":"single","block":{"attributes":{"create":{"type":"string","optional":true},"delete":{"type":"string","optional":true},"read":{"type":"string","optional":true},"update":{"type":"string","optional":true}}}}}}},"azurerm_shared_image":{"version":0,"block":{"attributes":{"description":{"type":"string","optional":true},"eula":{"type":"string","optional":true},"gallery_name":{"type":"string","required":true},"hyper_v_generation":{"type":"string","optional":true},"id":{"type":"string","optional":true,"computed":true},"location":{"type":"string","required":true},"name":{"type":"string","required":true},"os_type":{"type":"string","required":true},"privacy_statement_uri":{"type":"string","optional":true},"release_note_uri":{"type":"string","optional":true},"resource_group_name":{"type":"string","required":true},"tags":{"type":["map","string"],"optional":true}},"block_types":{"identifier":{"nesting_mode":"list","block":{"attributes":{"offer":{"type":"string","required":true},"publisher":{"type":"string","required":true},"sku":{"type":"string","required":true}}},"min_items":1,"max_items":1},"timeouts":{"nesting_mode":"single","block":{"attributes":{"create":{"type":"string","optional":true},"delete":{"type":"string","optional":true},"read":{"type":"string","optional":true},"update":{"type":"string","optional":true}}}}}}},"azurerm_shared_image_gallery":{"version":0,"block":{"attributes":{"description":{"type":"string","optional":true},"id":{"type":"string","optional":true,"computed":true},"location":{"type":"string","required":true},"name":{"type":"string","required":true},"resource_group_name":{"type":"string","required":true},"tags":{"type":["map","string"],"optional":true},"unique_name":{"type":"string","computed":true}},"block_types":{"timeouts":{"nesting_mode":"single","block":{"attributes":{"create":{"type":"string","optional":true},"delete":{"type":"string","optional":true},"read":{"type":"string","optional":true},"update":{"type":"string","optional":true}}}}}}},"azurerm_shared_image_version":{"version":0,"block":{"attributes":{"exclude_from_latest":{"type":"bool","optional":true},"gallery_name":{"type":"string","required":true},"id":{"type":"string","optional":true,"computed":true},"image_name":{"type":"string","required":true},"location":{"type":"string","required":true},"managed_image_id":{"type":"string","required":true},"name":{"type":"string","required":true},"resource_group_name":{"type":"string","required":true},"tags":{"type":["map","string"],"optional":true}},"block_types":{"target_region":{"nesting_mode":"set","block":{"attributes":{"name":{"type":"string","required":true},"regional_replica_count":{"type":"number","required":true},"storage_account_type":{"type":"string","optional":true}}},"min_items":1},"timeouts":{"nesting_mode":"single","block":{"attributes":{"create":{"type":"string","optional":true},"delete":{"type":"string","optional":true},"read":{"type":"string","optional":true},"update":{"type":"string","optional":true}}}}}}},"azurerm_signalr_service":{"version":0,"block":{"attributes":{"hostname":{"type":"string","computed":true},"id":{"type":"string","optional":true,"computed":true},"ip_address":{"type":"string","computed":true},"location":{"type":"string","required":true},"name":{"type":"string","required":true},"primary_access_key":{"type":"string","computed":true,"sensitive":true},"primary_connection_string":{"type":"string","computed":true,"sensitive":true},"public_port":{"type":"number","computed":true},"resource_group_name":{"type":"string","required":true},"secondary_access_key":{"type":"string","computed":true,"sensitive":true},"secondary_connection_string":{"type":"string","computed":true,"sensitive":true},"server_port":{"type":"number","computed":true},"tags":{"type":["map","string"],"optional":true}},"block_types":{"cors":{"nesting_mode":"list","block":{"attributes":{"allowed_origins":{"type":["set","string"],"required":true}}}},"features":{"nesting_mode":"list","block":{"attributes":{"flag":{"type":"string","required":true},"value":{"type":"string","required":true}}}},"sku":{"nesting_mode":"list","block":{"attributes":{"capacity":{"type":"number","required":true},"name":{"type":"string","required":true}}},"min_items":1,"max_items":1},"timeouts":{"nesting_mode":"single","block":{"attributes":{"create":{"type":"string","optional":true},"delete":{"type":"string","optional":true},"read":{"type":"string","optional":true},"update":{"type":"string","optional":true}}}}}}},"azurerm_site_recovery_fabric":{"version":0,"block":{"attributes":{"id":{"type":"string","optional":true,"computed":true},"location":{"type":"string","required":true},"name":{"type":"string","required":true},"recovery_vault_name":{"type":"string","required":true},"resource_group_name":{"type":"string","required":true}},"block_types":{"timeouts":{"nesting_mode":"single","block":{"attributes":{"create":{"type":"string","optional":true},"delete":{"type":"string","optional":true},"read":{"type":"string","optional":true},"update":{"type":"string","optional":true}}}}}}},"azurerm_site_recovery_network_mapping":{"version":0,"block":{"attributes":{"id":{"type":"string","optional":true,"computed":true},"name":{"type":"string","required":true},"recovery_vault_name":{"type":"string","required":true},"resource_group_name":{"type":"string","required":true},"source_network_id":{"type":"string","required":true},"source_recovery_fabric_name":{"type":"string","required":true},"target_network_id":{"type":"string","required":true},"target_recovery_fabric_name":{"type":"string","required":true}},"block_types":{"timeouts":{"nesting_mode":"single","block":{"attributes":{"create":{"type":"string","optional":true},"delete":{"type":"string","optional":true},"read":{"type":"string","optional":true},"update":{"type":"string","optional":true}}}}}}},"azurerm_site_recovery_protection_container":{"version":0,"block":{"attributes":{"id":{"type":"string","optional":true,"computed":true},"name":{"type":"string","required":true},"recovery_fabric_name":{"type":"string","required":true},"recovery_vault_name":{"type":"string","required":true},"resource_group_name":{"type":"string","required":true}},"block_types":{"timeouts":{"nesting_mode":"single","block":{"attributes":{"create":{"type":"string","optional":true},"delete":{"type":"string","optional":true},"read":{"type":"string","optional":true},"update":{"type":"string","optional":true}}}}}}},"azurerm_site_recovery_protection_container_mapping":{"version":0,"block":{"attributes":{"id":{"type":"string","optional":true,"computed":true},"name":{"type":"string","required":true},"recovery_fabric_name":{"type":"string","required":true},"recovery_replication_policy_id":{"type":"string","required":true},"recovery_source_protection_container_name":{"type":"string","required":true},"recovery_target_protection_container_id":{"type":"string","required":true},"recovery_vault_name":{"type":"string","required":true},"resource_group_name":{"type":"string","required":true}},"block_types":{"timeouts":{"nesting_mode":"single","block":{"attributes":{"create":{"type":"string","optional":true},"delete":{"type":"string","optional":true},"read":{"type":"string","optional":true},"update":{"type":"string","optional":true}}}}}}},"azurerm_site_recovery_replicated_vm":{"version":0,"block":{"attributes":{"id":{"type":"string","optional":true,"computed":true},"managed_disk":{"type":["set",["object",{"disk_id":"string","staging_storage_account_id":"string","target_disk_type":"string","target_replica_disk_type":"string","target_resource_group_id":"string"}]],"optional":true},"name":{"type":"string","required":true},"recovery_replication_policy_id":{"type":"string","required":true},"recovery_vault_name":{"type":"string","required":true},"resource_group_name":{"type":"string","required":true},"source_recovery_fabric_name":{"type":"string","required":true},"source_recovery_protection_container_name":{"type":"string","required":true},"source_vm_id":{"type":"string","required":true},"target_availability_set_id":{"type":"string","optional":true},"target_recovery_fabric_id":{"type":"string","required":true},"target_recovery_protection_container_id":{"type":"string","required":true},"target_resource_group_id":{"type":"string","required":true}},"block_types":{"timeouts":{"nesting_mode":"single","block":{"attributes":{"create":{"type":"string","optional":true},"delete":{"type":"string","optional":true},"read":{"type":"string","optional":true},"update":{"type":"string","optional":true}}}}}}},"azurerm_site_recovery_replication_policy":{"version":0,"block":{"attributes":{"application_consistent_snapshot_frequency_in_minutes":{"type":"number","required":true},"id":{"type":"string","optional":true,"computed":true},"name":{"type":"string","required":true},"recovery_point_retention_in_minutes":{"type":"number","required":true},"recovery_vault_name":{"type":"string","required":true},"resource_group_name":{"type":"string","required":true}},"block_types":{"timeouts":{"nesting_mode":"single","block":{"attributes":{"create":{"type":"string","optional":true},"delete":{"type":"string","optional":true},"read":{"type":"string","optional":true},"update":{"type":"string","optional":true}}}}}}},"azurerm_snapshot":{"version":0,"block":{"attributes":{"create_option":{"type":"string","required":true},"disk_size_gb":{"type":"number","optional":true,"computed":true},"id":{"type":"string","optional":true,"computed":true},"location":{"type":"string","required":true},"name":{"type":"string","required":true},"resource_group_name":{"type":"string","required":true},"source_resource_id":{"type":"string","optional":true},"source_uri":{"type":"string","optional":true},"storage_account_id":{"type":"string","optional":true},"tags":{"type":["map","string"],"optional":true}},"block_types":{"encryption_settings":{"nesting_mode":"list","block":{"attributes":{"enabled":{"type":"bool","required":true}},"block_types":{"disk_encryption_key":{"nesting_mode":"list","block":{"attributes":{"secret_url":{"type":"string","required":true},"source_vault_id":{"type":"string","required":true}}},"max_items":1},"key_encryption_key":{"nesting_mode":"list","block":{"attributes":{"key_url":{"type":"string","required":true},"source_vault_id":{"type":"string","required":true}}},"max_items":1}}},"max_items":1},"timeouts":{"nesting_mode":"single","block":{"attributes":{"create":{"type":"string","optional":true},"delete":{"type":"string","optional":true},"read":{"type":"string","optional":true},"update":{"type":"string","optional":true}}}}}}},"azurerm_spatial_anchors_account":{"version":0,"block":{"attributes":{"id":{"type":"string","optional":true,"computed":true},"location":{"type":"string","required":true},"name":{"type":"string","required":true},"resource_group_name":{"type":"string","required":true},"tags":{"type":["map","string"],"optional":true}},"block_types":{"timeouts":{"nesting_mode":"single","block":{"attributes":{"create":{"type":"string","optional":true},"delete":{"type":"string","optional":true},"read":{"type":"string","optional":true},"update":{"type":"string","optional":true}}}}}}},"azurerm_spring_cloud_app":{"version":0,"block":{"attributes":{"id":{"type":"string","optional":true,"computed":true},"name":{"type":"string","required":true},"resource_group_name":{"type":"string","required":true},"service_name":{"type":"string","required":true}},"block_types":{"timeouts":{"nesting_mode":"single","block":{"attributes":{"create":{"type":"string","optional":true},"delete":{"type":"string","optional":true},"read":{"type":"string","optional":true}}}}}}},"azurerm_spring_cloud_service":{"version":0,"block":{"attributes":{"id":{"type":"string","optional":true,"computed":true},"location":{"type":"string","required":true},"name":{"type":"string","required":true},"resource_group_name":{"type":"string","required":true},"tags":{"type":["map","string"],"optional":true}},"block_types":{"config_server_git_setting":{"nesting_mode":"list","block":{"attributes":{"label":{"type":"string","optional":true},"search_paths":{"type":["list","string"],"optional":true},"uri":{"type":"string","required":true}},"block_types":{"http_basic_auth":{"nesting_mode":"list","block":{"attributes":{"password":{"type":"string","required":true,"sensitive":true},"username":{"type":"string","required":true}}},"max_items":1},"repository":{"nesting_mode":"list","block":{"attributes":{"label":{"type":"string","optional":true},"name":{"type":"string","required":true},"pattern":{"type":["list","string"],"optional":true},"search_paths":{"type":["list","string"],"optional":true},"uri":{"type":"string","required":true}},"block_types":{"http_basic_auth":{"nesting_mode":"list","block":{"attributes":{"password":{"type":"string","required":true,"sensitive":true},"username":{"type":"string","required":true}}},"max_items":1},"ssh_auth":{"nesting_mode":"list","block":{"attributes":{"host_key":{"type":"string","optional":true,"sensitive":true},"host_key_algorithm":{"type":"string","optional":true},"private_key":{"type":"string","required":true,"sensitive":true},"strict_host_key_checking_enabled":{"type":"bool","optional":true}}},"max_items":1}}}},"ssh_auth":{"nesting_mode":"list","block":{"attributes":{"host_key":{"type":"string","optional":true,"sensitive":true},"host_key_algorithm":{"type":"string","optional":true},"private_key":{"type":"string","required":true,"sensitive":true},"strict_host_key_checking_enabled":{"type":"bool","optional":true}}},"max_items":1}}},"max_items":1},"timeouts":{"nesting_mode":"single","block":{"attributes":{"create":{"type":"string","optional":true},"delete":{"type":"string","optional":true},"read":{"type":"string","optional":true},"update":{"type":"string","optional":true}}}}}}},"azurerm_sql_active_directory_administrator":{"version":0,"block":{"attributes":{"id":{"type":"string","optional":true,"computed":true},"login":{"type":"string","required":true},"object_id":{"type":"string","required":true},"resource_group_name":{"type":"string","required":true},"server_name":{"type":"string","required":true},"tenant_id":{"type":"string","required":true}},"block_types":{"timeouts":{"nesting_mode":"single","block":{"attributes":{"create":{"type":"string","optional":true},"delete":{"type":"string","optional":true},"read":{"type":"string","optional":true},"update":{"type":"string","optional":true}}}}}}},"azurerm_sql_database":{"version":0,"block":{"attributes":{"collation":{"type":"string","optional":true,"computed":true},"create_mode":{"type":"string","optional":true},"creation_date":{"type":"string","computed":true},"default_secondary_location":{"type":"string","computed":true},"edition":{"type":"string","optional":true,"computed":true},"elastic_pool_name":{"type":"string","optional":true,"computed":true},"encryption":{"type":"string","computed":true},"id":{"type":"string","optional":true,"computed":true},"location":{"type":"string","required":true},"max_size_bytes":{"type":"string","optional":true,"computed":true},"max_size_gb":{"type":"string","optional":true,"computed":true},"name":{"type":"string","required":true},"read_scale":{"type":"bool","optional":true},"requested_service_objective_id":{"type":"string","optional":true,"computed":true},"requested_service_objective_name":{"type":"string","optional":true,"computed":true},"resource_group_name":{"type":"string","required":true},"restore_point_in_time":{"type":"string","optional":true,"computed":true},"server_name":{"type":"string","required":true},"source_database_deletion_date":{"type":"string","optional":true,"computed":true},"source_database_id":{"type":"string","optional":true,"computed":true},"tags":{"type":["map","string"],"optional":true},"zone_redundant":{"type":"bool","optional":true}},"block_types":{"extended_auditing_policy":{"nesting_mode":"list","block":{"attributes":{"retention_in_days":{"type":"number","optional":true},"storage_account_access_key":{"type":"string","required":true,"sensitive":true},"storage_account_access_key_is_secondary":{"type":"bool","optional":true},"storage_endpoint":{"type":"string","required":true}}},"max_items":1},"import":{"nesting_mode":"list","block":{"attributes":{"administrator_login":{"type":"string","required":true},"administrator_login_password":{"type":"string","required":true,"sensitive":true},"authentication_type":{"type":"string","required":true},"operation_mode":{"type":"string","optional":true},"storage_key":{"type":"string","required":true,"sensitive":true},"storage_key_type":{"type":"string","required":true},"storage_uri":{"type":"string","required":true}}},"max_items":1},"threat_detection_policy":{"nesting_mode":"list","block":{"attributes":{"disabled_alerts":{"type":["set","string"],"optional":true},"email_account_admins":{"type":"string","optional":true},"email_addresses":{"type":["set","string"],"optional":true},"retention_days":{"type":"number","optional":true},"state":{"type":"string","optional":true},"storage_account_access_key":{"type":"string","optional":true,"sensitive":true},"storage_endpoint":{"type":"string","optional":true},"use_server_default":{"type":"string","optional":true}}},"max_items":1},"timeouts":{"nesting_mode":"single","block":{"attributes":{"create":{"type":"string","optional":true},"delete":{"type":"string","optional":true},"read":{"type":"string","optional":true},"update":{"type":"string","optional":true}}}}}}},"azurerm_sql_elasticpool":{"version":0,"block":{"attributes":{"creation_date":{"type":"string","computed":true},"db_dtu_max":{"type":"number","optional":true,"computed":true},"db_dtu_min":{"type":"number","optional":true,"computed":true},"dtu":{"type":"number","required":true},"edition":{"type":"string","required":true},"id":{"type":"string","optional":true,"computed":true},"location":{"type":"string","required":true},"name":{"type":"string","required":true},"pool_size":{"type":"number","optional":true,"computed":true},"resource_group_name":{"type":"string","required":true},"server_name":{"type":"string","required":true},"tags":{"type":["map","string"],"optional":true}},"block_types":{"timeouts":{"nesting_mode":"single","block":{"attributes":{"create":{"type":"string","optional":true},"delete":{"type":"string","optional":true},"read":{"type":"string","optional":true},"update":{"type":"string","optional":true}}}}}}},"azurerm_sql_failover_group":{"version":0,"block":{"attributes":{"databases":{"type":["set","string"],"optional":true},"id":{"type":"string","optional":true,"computed":true},"location":{"type":"string","computed":true},"name":{"type":"string","required":true},"resource_group_name":{"type":"string","required":true},"role":{"type":"string","computed":true},"server_name":{"type":"string","required":true},"tags":{"type":["map","string"],"optional":true}},"block_types":{"partner_servers":{"nesting_mode":"list","block":{"attributes":{"id":{"type":"string","required":true},"location":{"type":"string","computed":true},"role":{"type":"string","computed":true}}},"min_items":1},"read_write_endpoint_failover_policy":{"nesting_mode":"list","block":{"attributes":{"grace_minutes":{"type":"number","optional":true},"mode":{"type":"string","required":true}}},"min_items":1,"max_items":1},"readonly_endpoint_failover_policy":{"nesting_mode":"list","block":{"attributes":{"mode":{"type":"string","required":true}}},"max_items":1},"timeouts":{"nesting_mode":"single","block":{"attributes":{"create":{"type":"string","optional":true},"delete":{"type":"string","optional":true},"read":{"type":"string","optional":true},"update":{"type":"string","optional":true}}}}}}},"azurerm_sql_firewall_rule":{"version":0,"block":{"attributes":{"end_ip_address":{"type":"string","required":true},"id":{"type":"string","optional":true,"computed":true},"name":{"type":"string","required":true},"resource_group_name":{"type":"string","required":true},"server_name":{"type":"string","required":true},"start_ip_address":{"type":"string","required":true}},"block_types":{"timeouts":{"nesting_mode":"single","block":{"attributes":{"create":{"type":"string","optional":true},"delete":{"type":"string","optional":true},"read":{"type":"string","optional":true},"update":{"type":"string","optional":true}}}}}}},"azurerm_sql_server":{"version":0,"block":{"attributes":{"administrator_login":{"type":"string","required":true},"administrator_login_password":{"type":"string","required":true,"sensitive":true},"connection_policy":{"type":"string","optional":true},"fully_qualified_domain_name":{"type":"string","computed":true},"id":{"type":"string","optional":true,"computed":true},"location":{"type":"string","required":true},"name":{"type":"string","required":true},"resource_group_name":{"type":"string","required":true},"tags":{"type":["map","string"],"optional":true},"version":{"type":"string","required":true}},"block_types":{"extended_auditing_policy":{"nesting_mode":"list","block":{"attributes":{"retention_in_days":{"type":"number","optional":true},"storage_account_access_key":{"type":"string","required":true,"sensitive":true},"storage_account_access_key_is_secondary":{"type":"bool","optional":true},"storage_endpoint":{"type":"string","required":true}}},"max_items":1},"identity":{"nesting_mode":"list","block":{"attributes":{"principal_id":{"type":"string","computed":true},"tenant_id":{"type":"string","computed":true},"type":{"type":"string","required":true}}},"max_items":1},"timeouts":{"nesting_mode":"single","block":{"attributes":{"create":{"type":"string","optional":true},"delete":{"type":"string","optional":true},"read":{"type":"string","optional":true},"update":{"type":"string","optional":true}}}}}}},"azurerm_sql_virtual_network_rule":{"version":0,"block":{"attributes":{"id":{"type":"string","optional":true,"computed":true},"ignore_missing_vnet_service_endpoint":{"type":"bool","optional":true},"name":{"type":"string","required":true},"resource_group_name":{"type":"string","required":true},"server_name":{"type":"string","required":true},"subnet_id":{"type":"string","required":true}},"block_types":{"timeouts":{"nesting_mode":"single","block":{"attributes":{"create":{"type":"string","optional":true},"delete":{"type":"string","optional":true},"read":{"type":"string","optional":true},"update":{"type":"string","optional":true}}}}}}},"azurerm_storage_account":{"version":2,"block":{"attributes":{"access_tier":{"type":"string","optional":true,"computed":true},"account_kind":{"type":"string","optional":true},"account_replication_type":{"type":"string","required":true},"account_tier":{"type":"string","required":true},"enable_https_traffic_only":{"type":"bool","optional":true},"id":{"type":"string","optional":true,"computed":true},"is_hns_enabled":{"type":"bool","optional":true},"location":{"type":"string","required":true},"name":{"type":"string","required":true},"primary_access_key":{"type":"string","computed":true,"sensitive":true},"primary_blob_connection_string":{"type":"string","computed":true,"sensitive":true},"primary_blob_endpoint":{"type":"string","computed":true},"primary_blob_host":{"type":"string","computed":true},"primary_connection_string":{"type":"string","computed":true,"sensitive":true},"primary_dfs_endpoint":{"type":"string","computed":true},"primary_dfs_host":{"type":"string","computed":true},"primary_file_endpoint":{"type":"string","computed":true},"primary_file_host":{"type":"string","computed":true},"primary_location":{"type":"string","computed":true},"primary_queue_endpoint":{"type":"string","computed":true},"primary_queue_host":{"type":"string","computed":true},"primary_table_endpoint":{"type":"string","computed":true},"primary_table_host":{"type":"string","computed":true},"primary_web_endpoint":{"type":"string","computed":true},"primary_web_host":{"type":"string","computed":true},"resource_group_name":{"type":"string","required":true},"secondary_access_key":{"type":"string","computed":true,"sensitive":true},"secondary_blob_connection_string":{"type":"string","computed":true,"sensitive":true},"secondary_blob_endpoint":{"type":"string","computed":true},"secondary_blob_host":{"type":"string","computed":true},"secondary_connection_string":{"type":"string","computed":true,"sensitive":true},"secondary_dfs_endpoint":{"type":"string","computed":true},"secondary_dfs_host":{"type":"string","computed":true},"secondary_file_endpoint":{"type":"string","computed":true},"secondary_file_host":{"type":"string","computed":true},"secondary_location":{"type":"string","computed":true},"secondary_queue_endpoint":{"type":"string","computed":true},"secondary_queue_host":{"type":"string","computed":true},"secondary_table_endpoint":{"type":"string","computed":true},"secondary_table_host":{"type":"string","computed":true},"secondary_web_endpoint":{"type":"string","computed":true},"secondary_web_host":{"type":"string","computed":true},"tags":{"type":["map","string"],"optional":true}},"block_types":{"blob_properties":{"nesting_mode":"list","block":{"block_types":{"cors_rule":{"nesting_mode":"list","block":{"attributes":{"allowed_headers":{"type":["list","string"],"required":true},"allowed_methods":{"type":["list","string"],"required":true},"allowed_origins":{"type":["list","string"],"required":true},"exposed_headers":{"type":["list","string"],"required":true},"max_age_in_seconds":{"type":"number","required":true}}},"max_items":5},"delete_retention_policy":{"nesting_mode":"list","block":{"attributes":{"days":{"type":"number","optional":true}}},"max_items":1}}},"max_items":1},"custom_domain":{"nesting_mode":"list","block":{"attributes":{"name":{"type":"string","required":true},"use_subdomain":{"type":"bool","optional":true}}},"max_items":1},"identity":{"nesting_mode":"list","block":{"attributes":{"principal_id":{"type":"string","computed":true},"tenant_id":{"type":"string","computed":true},"type":{"type":"string","required":true}}},"max_items":1},"network_rules":{"nesting_mode":"list","block":{"attributes":{"bypass":{"type":["set","string"],"optional":true,"computed":true},"default_action":{"type":"string","required":true},"ip_rules":{"type":["set","string"],"optional":true,"computed":true},"virtual_network_subnet_ids":{"type":["set","string"],"optional":true,"computed":true}}},"max_items":1},"queue_properties":{"nesting_mode":"list","block":{"block_types":{"cors_rule":{"nesting_mode":"list","block":{"attributes":{"allowed_headers":{"type":["list","string"],"required":true},"allowed_methods":{"type":["list","string"],"required":true},"allowed_origins":{"type":["list","string"],"required":true},"exposed_headers":{"type":["list","string"],"required":true},"max_age_in_seconds":{"type":"number","required":true}}},"max_items":5},"hour_metrics":{"nesting_mode":"list","block":{"attributes":{"enabled":{"type":"bool","required":true},"include_apis":{"type":"bool","optional":true},"retention_policy_days":{"type":"number","optional":true},"version":{"type":"string","required":true}}},"max_items":1},"logging":{"nesting_mode":"list","block":{"attributes":{"delete":{"type":"bool","required":true},"read":{"type":"bool","required":true},"retention_policy_days":{"type":"number","optional":true},"version":{"type":"string","required":true},"write":{"type":"bool","required":true}}},"max_items":1},"minute_metrics":{"nesting_mode":"list","block":{"attributes":{"enabled":{"type":"bool","required":true},"include_apis":{"type":"bool","optional":true},"retention_policy_days":{"type":"number","optional":true},"version":{"type":"string","required":true}}},"max_items":1}}},"max_items":1},"static_website":{"nesting_mode":"list","block":{"attributes":{"error_404_document":{"type":"string","optional":true},"index_document":{"type":"string","optional":true}}},"max_items":1},"timeouts":{"nesting_mode":"single","block":{"attributes":{"create":{"type":"string","optional":true},"delete":{"type":"string","optional":true},"read":{"type":"string","optional":true},"update":{"type":"string","optional":true}}}}}}},"azurerm_storage_account_customer_managed_key":{"version":0,"block":{"attributes":{"id":{"type":"string","optional":true,"computed":true},"key_name":{"type":"string","required":true},"key_vault_id":{"type":"string","required":true},"key_version":{"type":"string","required":true},"storage_account_id":{"type":"string","required":true}},"block_types":{"timeouts":{"nesting_mode":"single","block":{"attributes":{"create":{"type":"string","optional":true},"delete":{"type":"string","optional":true},"read":{"type":"string","optional":true},"update":{"type":"string","optional":true}}}}}}},"azurerm_storage_account_network_rules":{"version":0,"block":{"attributes":{"bypass":{"type":["set","string"],"optional":true,"computed":true},"default_action":{"type":"string","required":true},"id":{"type":"string","optional":true,"computed":true},"ip_rules":{"type":["set","string"],"optional":true,"computed":true},"resource_group_name":{"type":"string","required":true},"storage_account_name":{"type":"string","required":true},"virtual_network_subnet_ids":{"type":["set","string"],"optional":true,"computed":true}},"block_types":{"timeouts":{"nesting_mode":"single","block":{"attributes":{"create":{"type":"string","optional":true},"delete":{"type":"string","optional":true},"read":{"type":"string","optional":true},"update":{"type":"string","optional":true}}}}}}},"azurerm_storage_blob":{"version":1,"block":{"attributes":{"access_tier":{"type":"string","optional":true,"computed":true},"content_type":{"type":"string","optional":true},"id":{"type":"string","optional":true,"computed":true},"metadata":{"type":["map","string"],"optional":true,"computed":true},"name":{"type":"string","required":true},"parallelism":{"type":"number","optional":true},"size":{"type":"number","optional":true},"source":{"type":"string","optional":true},"source_content":{"type":"string","optional":true},"source_uri":{"type":"string","optional":true},"storage_account_name":{"type":"string","required":true},"storage_container_name":{"type":"string","required":true},"type":{"type":"string","required":true},"url":{"type":"string","computed":true}},"block_types":{"timeouts":{"nesting_mode":"single","block":{"attributes":{"create":{"type":"string","optional":true},"delete":{"type":"string","optional":true},"read":{"type":"string","optional":true},"update":{"type":"string","optional":true}}}}}}},"azurerm_storage_container":{"version":1,"block":{"attributes":{"container_access_type":{"type":"string","optional":true},"has_immutability_policy":{"type":"bool","computed":true},"has_legal_hold":{"type":"bool","computed":true},"id":{"type":"string","optional":true,"computed":true},"metadata":{"type":["map","string"],"optional":true,"computed":true},"name":{"type":"string","required":true},"resource_manager_id":{"type":"string","computed":true},"storage_account_name":{"type":"string","required":true}},"block_types":{"timeouts":{"nesting_mode":"single","block":{"attributes":{"create":{"type":"string","optional":true},"delete":{"type":"string","optional":true},"read":{"type":"string","optional":true},"update":{"type":"string","optional":true}}}}}}},"azurerm_storage_data_lake_gen2_filesystem":{"version":0,"block":{"attributes":{"id":{"type":"string","optional":true,"computed":true},"name":{"type":"string","required":true},"properties":{"type":["map","string"],"optional":true},"storage_account_id":{"type":"string","required":true}},"block_types":{"timeouts":{"nesting_mode":"single","block":{"attributes":{"create":{"type":"string","optional":true},"delete":{"type":"string","optional":true},"read":{"type":"string","optional":true},"update":{"type":"string","optional":true}}}}}}},"azurerm_storage_management_policy":{"version":0,"block":{"attributes":{"id":{"type":"string","optional":true,"computed":true},"storage_account_id":{"type":"string","required":true}},"block_types":{"rule":{"nesting_mode":"list","block":{"attributes":{"enabled":{"type":"bool","required":true},"name":{"type":"string","required":true}},"block_types":{"actions":{"nesting_mode":"list","block":{"block_types":{"base_blob":{"nesting_mode":"list","block":{"attributes":{"delete_after_days_since_modification_greater_than":{"type":"number","optional":true},"tier_to_archive_after_days_since_modification_greater_than":{"type":"number","optional":true},"tier_to_cool_after_days_since_modification_greater_than":{"type":"number","optional":true}}},"max_items":1},"snapshot":{"nesting_mode":"list","block":{"attributes":{"delete_after_days_since_creation_greater_than":{"type":"number","optional":true}}},"max_items":1}}},"min_items":1,"max_items":1},"filters":{"nesting_mode":"list","block":{"attributes":{"blob_types":{"type":["set","string"],"optional":true},"prefix_match":{"type":["set","string"],"optional":true}}},"max_items":1}}}},"timeouts":{"nesting_mode":"single","block":{"attributes":{"create":{"type":"string","optional":true},"delete":{"type":"string","optional":true},"read":{"type":"string","optional":true},"update":{"type":"string","optional":true}}}}}}},"azurerm_storage_queue":{"version":1,"block":{"attributes":{"id":{"type":"string","optional":true,"computed":true},"metadata":{"type":["map","string"],"optional":true},"name":{"type":"string","required":true},"storage_account_name":{"type":"string","required":true}},"block_types":{"timeouts":{"nesting_mode":"single","block":{"attributes":{"create":{"type":"string","optional":true},"delete":{"type":"string","optional":true},"read":{"type":"string","optional":true},"update":{"type":"string","optional":true}}}}}}},"azurerm_storage_share":{"version":2,"block":{"attributes":{"id":{"type":"string","optional":true,"computed":true},"metadata":{"type":["map","string"],"optional":true},"name":{"type":"string","required":true},"quota":{"type":"number","optional":true},"resource_manager_id":{"type":"string","computed":true},"storage_account_name":{"type":"string","required":true},"url":{"type":"string","computed":true}},"block_types":{"acl":{"nesting_mode":"set","block":{"attributes":{"id":{"type":"string","required":true}},"block_types":{"access_policy":{"nesting_mode":"list","block":{"attributes":{"expiry":{"type":"string","required":true},"permissions":{"type":"string","required":true},"start":{"type":"string","required":true}}}}}}},"timeouts":{"nesting_mode":"single","block":{"attributes":{"create":{"type":"string","optional":true},"delete":{"type":"string","optional":true},"read":{"type":"string","optional":true},"update":{"type":"string","optional":true}}}}}}},"azurerm_storage_share_directory":{"version":0,"block":{"attributes":{"id":{"type":"string","optional":true,"computed":true},"metadata":{"type":["map","string"],"optional":true},"name":{"type":"string","required":true},"share_name":{"type":"string","required":true},"storage_account_name":{"type":"string","required":true}},"block_types":{"timeouts":{"nesting_mode":"single","block":{"attributes":{"create":{"type":"string","optional":true},"delete":{"type":"string","optional":true},"read":{"type":"string","optional":true},"update":{"type":"string","optional":true}}}}}}},"azurerm_storage_table":{"version":2,"block":{"attributes":{"id":{"type":"string","optional":true,"computed":true},"name":{"type":"string","required":true},"storage_account_name":{"type":"string","required":true}},"block_types":{"acl":{"nesting_mode":"set","block":{"attributes":{"id":{"type":"string","required":true}},"block_types":{"access_policy":{"nesting_mode":"list","block":{"attributes":{"expiry":{"type":"string","required":true},"permissions":{"type":"string","required":true},"start":{"type":"string","required":true}}}}}}},"timeouts":{"nesting_mode":"single","block":{"attributes":{"create":{"type":"string","optional":true},"delete":{"type":"string","optional":true},"read":{"type":"string","optional":true},"update":{"type":"string","optional":true}}}}}}},"azurerm_storage_table_entity":{"version":0,"block":{"attributes":{"entity":{"type":["map","string"],"required":true},"id":{"type":"string","optional":true,"computed":true},"partition_key":{"type":"string","required":true},"row_key":{"type":"string","required":true},"storage_account_name":{"type":"string","required":true},"table_name":{"type":"string","required":true}},"block_types":{"timeouts":{"nesting_mode":"single","block":{"attributes":{"create":{"type":"string","optional":true},"delete":{"type":"string","optional":true},"read":{"type":"string","optional":true},"update":{"type":"string","optional":true}}}}}}},"azurerm_stream_analytics_function_javascript_udf":{"version":0,"block":{"attributes":{"id":{"type":"string","optional":true,"computed":true},"name":{"type":"string","required":true},"resource_group_name":{"type":"string","required":true},"script":{"type":"string","required":true},"stream_analytics_job_name":{"type":"string","required":true}},"block_types":{"input":{"nesting_mode":"list","block":{"attributes":{"type":{"type":"string","required":true}}},"min_items":1},"output":{"nesting_mode":"list","block":{"attributes":{"type":{"type":"string","required":true}}},"min_items":1,"max_items":1},"timeouts":{"nesting_mode":"single","block":{"attributes":{"create":{"type":"string","optional":true},"delete":{"type":"string","optional":true},"read":{"type":"string","optional":true},"update":{"type":"string","optional":true}}}}}}},"azurerm_stream_analytics_job":{"version":0,"block":{"attributes":{"compatibility_level":{"type":"string","optional":true,"computed":true},"data_locale":{"type":"string","optional":true,"computed":true},"events_late_arrival_max_delay_in_seconds":{"type":"number","optional":true},"events_out_of_order_max_delay_in_seconds":{"type":"number","optional":true},"events_out_of_order_policy":{"type":"string","optional":true},"id":{"type":"string","optional":true,"computed":true},"job_id":{"type":"string","computed":true},"location":{"type":"string","required":true},"name":{"type":"string","required":true},"output_error_policy":{"type":"string","optional":true},"resource_group_name":{"type":"string","required":true},"streaming_units":{"type":"number","required":true},"tags":{"type":["map","string"],"optional":true},"transformation_query":{"type":"string","required":true}},"block_types":{"timeouts":{"nesting_mode":"single","block":{"attributes":{"create":{"type":"string","optional":true},"delete":{"type":"string","optional":true},"read":{"type":"string","optional":true},"update":{"type":"string","optional":true}}}}}}},"azurerm_stream_analytics_output_blob":{"version":0,"block":{"attributes":{"date_format":{"type":"string","required":true},"id":{"type":"string","optional":true,"computed":true},"name":{"type":"string","required":true},"path_pattern":{"type":"string","required":true},"resource_group_name":{"type":"string","required":true},"storage_account_key":{"type":"string","required":true,"sensitive":true},"storage_account_name":{"type":"string","required":true},"storage_container_name":{"type":"string","required":true},"stream_analytics_job_name":{"type":"string","required":true},"time_format":{"type":"string","required":true}},"block_types":{"serialization":{"nesting_mode":"list","block":{"attributes":{"encoding":{"type":"string","optional":true},"field_delimiter":{"type":"string","optional":true},"format":{"type":"string","optional":true},"type":{"type":"string","required":true}}},"min_items":1,"max_items":1},"timeouts":{"nesting_mode":"single","block":{"attributes":{"create":{"type":"string","optional":true},"delete":{"type":"string","optional":true},"read":{"type":"string","optional":true},"update":{"type":"string","optional":true}}}}}}},"azurerm_stream_analytics_output_eventhub":{"version":0,"block":{"attributes":{"eventhub_name":{"type":"string","required":true},"id":{"type":"string","optional":true,"computed":true},"name":{"type":"string","required":true},"resource_group_name":{"type":"string","required":true},"servicebus_namespace":{"type":"string","required":true},"shared_access_policy_key":{"type":"string","required":true,"sensitive":true},"shared_access_policy_name":{"type":"string","required":true},"stream_analytics_job_name":{"type":"string","required":true}},"block_types":{"serialization":{"nesting_mode":"list","block":{"attributes":{"encoding":{"type":"string","optional":true},"field_delimiter":{"type":"string","optional":true},"format":{"type":"string","optional":true},"type":{"type":"string","required":true}}},"min_items":1,"max_items":1},"timeouts":{"nesting_mode":"single","block":{"attributes":{"create":{"type":"string","optional":true},"delete":{"type":"string","optional":true},"read":{"type":"string","optional":true},"update":{"type":"string","optional":true}}}}}}},"azurerm_stream_analytics_output_mssql":{"version":0,"block":{"attributes":{"database":{"type":"string","required":true},"id":{"type":"string","optional":true,"computed":true},"name":{"type":"string","required":true},"password":{"type":"string","required":true,"sensitive":true},"resource_group_name":{"type":"string","required":true},"server":{"type":"string","required":true},"stream_analytics_job_name":{"type":"string","required":true},"table":{"type":"string","required":true},"user":{"type":"string","required":true}},"block_types":{"timeouts":{"nesting_mode":"single","block":{"attributes":{"create":{"type":"string","optional":true},"delete":{"type":"string","optional":true},"read":{"type":"string","optional":true},"update":{"type":"string","optional":true}}}}}}},"azurerm_stream_analytics_output_servicebus_queue":{"version":0,"block":{"attributes":{"id":{"type":"string","optional":true,"computed":true},"name":{"type":"string","required":true},"queue_name":{"type":"string","required":true},"resource_group_name":{"type":"string","required":true},"servicebus_namespace":{"type":"string","required":true},"shared_access_policy_key":{"type":"string","required":true,"sensitive":true},"shared_access_policy_name":{"type":"string","required":true},"stream_analytics_job_name":{"type":"string","required":true}},"block_types":{"serialization":{"nesting_mode":"list","block":{"attributes":{"encoding":{"type":"string","optional":true},"field_delimiter":{"type":"string","optional":true},"format":{"type":"string","optional":true},"type":{"type":"string","required":true}}},"min_items":1,"max_items":1},"timeouts":{"nesting_mode":"single","block":{"attributes":{"create":{"type":"string","optional":true},"delete":{"type":"string","optional":true},"read":{"type":"string","optional":true},"update":{"type":"string","optional":true}}}}}}},"azurerm_stream_analytics_output_servicebus_topic":{"version":0,"block":{"attributes":{"id":{"type":"string","optional":true,"computed":true},"name":{"type":"string","required":true},"resource_group_name":{"type":"string","required":true},"servicebus_namespace":{"type":"string","required":true},"shared_access_policy_key":{"type":"string","required":true,"sensitive":true},"shared_access_policy_name":{"type":"string","required":true},"stream_analytics_job_name":{"type":"string","required":true},"topic_name":{"type":"string","required":true}},"block_types":{"serialization":{"nesting_mode":"list","block":{"attributes":{"encoding":{"type":"string","optional":true},"field_delimiter":{"type":"string","optional":true},"format":{"type":"string","optional":true},"type":{"type":"string","required":true}}},"min_items":1,"max_items":1},"timeouts":{"nesting_mode":"single","block":{"attributes":{"create":{"type":"string","optional":true},"delete":{"type":"string","optional":true},"read":{"type":"string","optional":true},"update":{"type":"string","optional":true}}}}}}},"azurerm_stream_analytics_reference_input_blob":{"version":0,"block":{"attributes":{"date_format":{"type":"string","required":true},"id":{"type":"string","optional":true,"computed":true},"name":{"type":"string","required":true},"path_pattern":{"type":"string","required":true},"resource_group_name":{"type":"string","required":true},"storage_account_key":{"type":"string","required":true,"sensitive":true},"storage_account_name":{"type":"string","required":true},"storage_container_name":{"type":"string","required":true},"stream_analytics_job_name":{"type":"string","required":true},"time_format":{"type":"string","required":true}},"block_types":{"serialization":{"nesting_mode":"list","block":{"attributes":{"encoding":{"type":"string","optional":true},"field_delimiter":{"type":"string","optional":true},"type":{"type":"string","required":true}}},"min_items":1,"max_items":1},"timeouts":{"nesting_mode":"single","block":{"attributes":{"create":{"type":"string","optional":true},"delete":{"type":"string","optional":true},"read":{"type":"string","optional":true},"update":{"type":"string","optional":true}}}}}}},"azurerm_stream_analytics_stream_input_blob":{"version":0,"block":{"attributes":{"date_format":{"type":"string","required":true},"id":{"type":"string","optional":true,"computed":true},"name":{"type":"string","required":true},"path_pattern":{"type":"string","required":true},"resource_group_name":{"type":"string","required":true},"storage_account_key":{"type":"string","required":true,"sensitive":true},"storage_account_name":{"type":"string","required":true},"storage_container_name":{"type":"string","required":true},"stream_analytics_job_name":{"type":"string","required":true},"time_format":{"type":"string","required":true}},"block_types":{"serialization":{"nesting_mode":"list","block":{"attributes":{"encoding":{"type":"string","optional":true},"field_delimiter":{"type":"string","optional":true},"type":{"type":"string","required":true}}},"min_items":1,"max_items":1},"timeouts":{"nesting_mode":"single","block":{"attributes":{"create":{"type":"string","optional":true},"delete":{"type":"string","optional":true},"read":{"type":"string","optional":true},"update":{"type":"string","optional":true}}}}}}},"azurerm_stream_analytics_stream_input_eventhub":{"version":0,"block":{"attributes":{"eventhub_consumer_group_name":{"type":"string","required":true},"eventhub_name":{"type":"string","required":true},"id":{"type":"string","optional":true,"computed":true},"name":{"type":"string","required":true},"resource_group_name":{"type":"string","required":true},"servicebus_namespace":{"type":"string","required":true},"shared_access_policy_key":{"type":"string","required":true,"sensitive":true},"shared_access_policy_name":{"type":"string","required":true},"stream_analytics_job_name":{"type":"string","required":true}},"block_types":{"serialization":{"nesting_mode":"list","block":{"attributes":{"encoding":{"type":"string","optional":true},"field_delimiter":{"type":"string","optional":true},"type":{"type":"string","required":true}}},"min_items":1,"max_items":1},"timeouts":{"nesting_mode":"single","block":{"attributes":{"create":{"type":"string","optional":true},"delete":{"type":"string","optional":true},"read":{"type":"string","optional":true},"update":{"type":"string","optional":true}}}}}}},"azurerm_stream_analytics_stream_input_iothub":{"version":0,"block":{"attributes":{"endpoint":{"type":"string","required":true},"eventhub_consumer_group_name":{"type":"string","required":true},"id":{"type":"string","optional":true,"computed":true},"iothub_namespace":{"type":"string","required":true},"name":{"type":"string","required":true},"resource_group_name":{"type":"string","required":true},"shared_access_policy_key":{"type":"string","required":true,"sensitive":true},"shared_access_policy_name":{"type":"string","required":true},"stream_analytics_job_name":{"type":"string","required":true}},"block_types":{"serialization":{"nesting_mode":"list","block":{"attributes":{"encoding":{"type":"string","optional":true},"field_delimiter":{"type":"string","optional":true},"type":{"type":"string","required":true}}},"min_items":1,"max_items":1},"timeouts":{"nesting_mode":"single","block":{"attributes":{"create":{"type":"string","optional":true},"delete":{"type":"string","optional":true},"read":{"type":"string","optional":true},"update":{"type":"string","optional":true}}}}}}},"azurerm_subnet":{"version":0,"block":{"attributes":{"address_prefix":{"type":"string","optional":true,"computed":true},"address_prefixes":{"type":["list","string"],"optional":true,"computed":true},"enforce_private_link_endpoint_network_policies":{"type":"bool","optional":true},"enforce_private_link_service_network_policies":{"type":"bool","optional":true},"id":{"type":"string","optional":true,"computed":true},"name":{"type":"string","required":true},"resource_group_name":{"type":"string","required":true},"service_endpoints":{"type":["list","string"],"optional":true},"virtual_network_name":{"type":"string","required":true}},"block_types":{"delegation":{"nesting_mode":"list","block":{"attributes":{"name":{"type":"string","required":true}},"block_types":{"service_delegation":{"nesting_mode":"list","block":{"attributes":{"actions":{"type":["list","string"],"optional":true},"name":{"type":"string","required":true}}},"min_items":1,"max_items":1}}}},"timeouts":{"nesting_mode":"single","block":{"attributes":{"create":{"type":"string","optional":true},"delete":{"type":"string","optional":true},"read":{"type":"string","optional":true},"update":{"type":"string","optional":true}}}}}}},"azurerm_subnet_nat_gateway_association":{"version":0,"block":{"attributes":{"id":{"type":"string","optional":true,"computed":true},"nat_gateway_id":{"type":"string","required":true},"subnet_id":{"type":"string","required":true}},"block_types":{"timeouts":{"nesting_mode":"single","block":{"attributes":{"create":{"type":"string","optional":true},"delete":{"type":"string","optional":true},"read":{"type":"string","optional":true},"update":{"type":"string","optional":true}}}}}}},"azurerm_subnet_network_security_group_association":{"version":0,"block":{"attributes":{"id":{"type":"string","optional":true,"computed":true},"network_security_group_id":{"type":"string","required":true},"subnet_id":{"type":"string","required":true}},"block_types":{"timeouts":{"nesting_mode":"single","block":{"attributes":{"create":{"type":"string","optional":true},"delete":{"type":"string","optional":true},"read":{"type":"string","optional":true},"update":{"type":"string","optional":true}}}}}}},"azurerm_subnet_route_table_association":{"version":0,"block":{"attributes":{"id":{"type":"string","optional":true,"computed":true},"route_table_id":{"type":"string","required":true},"subnet_id":{"type":"string","required":true}},"block_types":{"timeouts":{"nesting_mode":"single","block":{"attributes":{"create":{"type":"string","optional":true},"delete":{"type":"string","optional":true},"read":{"type":"string","optional":true},"update":{"type":"string","optional":true}}}}}}},"azurerm_template_deployment":{"version":0,"block":{"attributes":{"deployment_mode":{"type":"string","required":true},"id":{"type":"string","optional":true,"computed":true},"name":{"type":"string","required":true},"outputs":{"type":["map","string"],"computed":true},"parameters":{"type":["map","string"],"optional":true},"parameters_body":{"type":"string","optional":true},"resource_group_name":{"type":"string","required":true},"template_body":{"type":"string","optional":true,"computed":true}},"block_types":{"timeouts":{"nesting_mode":"single","block":{"attributes":{"create":{"type":"string","optional":true},"delete":{"type":"string","optional":true},"read":{"type":"string","optional":true},"update":{"type":"string","optional":true}}}}}}},"azurerm_traffic_manager_endpoint":{"version":0,"block":{"attributes":{"endpoint_location":{"type":"string","optional":true,"computed":true},"endpoint_monitor_status":{"type":"string","computed":true},"endpoint_status":{"type":"string","optional":true,"computed":true},"geo_mappings":{"type":["list","string"],"optional":true},"id":{"type":"string","optional":true,"computed":true},"min_child_endpoints":{"type":"number","optional":true},"name":{"type":"string","required":true},"priority":{"type":"number","optional":true,"computed":true},"profile_name":{"type":"string","required":true},"resource_group_name":{"type":"string","required":true},"target":{"type":"string","optional":true,"computed":true},"target_resource_id":{"type":"string","optional":true},"type":{"type":"string","required":true},"weight":{"type":"number","optional":true,"computed":true}},"block_types":{"custom_header":{"nesting_mode":"list","block":{"attributes":{"name":{"type":"string","required":true},"value":{"type":"string","required":true}}}},"subnet":{"nesting_mode":"list","block":{"attributes":{"first":{"type":"string","required":true},"last":{"type":"string","optional":true},"scope":{"type":"number","optional":true}}}},"timeouts":{"nesting_mode":"single","block":{"attributes":{"create":{"type":"string","optional":true},"delete":{"type":"string","optional":true},"read":{"type":"string","optional":true},"update":{"type":"string","optional":true}}}}}}},"azurerm_traffic_manager_profile":{"version":0,"block":{"attributes":{"fqdn":{"type":"string","computed":true},"id":{"type":"string","optional":true,"computed":true},"name":{"type":"string","required":true},"profile_status":{"type":"string","optional":true,"computed":true},"resource_group_name":{"type":"string","required":true},"tags":{"type":["map","string"],"optional":true},"traffic_routing_method":{"type":"string","required":true}},"block_types":{"dns_config":{"nesting_mode":"list","block":{"attributes":{"relative_name":{"type":"string","required":true},"ttl":{"type":"number","required":true}}},"min_items":1,"max_items":1},"monitor_config":{"nesting_mode":"list","block":{"attributes":{"expected_status_code_ranges":{"type":["list","string"],"optional":true},"interval_in_seconds":{"type":"number","optional":true},"path":{"type":"string","optional":true},"port":{"type":"number","required":true},"protocol":{"type":"string","required":true},"timeout_in_seconds":{"type":"number","optional":true},"tolerated_number_of_failures":{"type":"number","optional":true}},"block_types":{"custom_header":{"nesting_mode":"list","block":{"attributes":{"name":{"type":"string","required":true},"value":{"type":"string","required":true}}}}}},"min_items":1,"max_items":1},"timeouts":{"nesting_mode":"single","block":{"attributes":{"create":{"type":"string","optional":true},"delete":{"type":"string","optional":true},"read":{"type":"string","optional":true},"update":{"type":"string","optional":true}}}}}}},"azurerm_user_assigned_identity":{"version":0,"block":{"attributes":{"client_id":{"type":"string","computed":true},"id":{"type":"string","optional":true,"computed":true},"location":{"type":"string","required":true},"name":{"type":"string","required":true},"principal_id":{"type":"string","computed":true},"resource_group_name":{"type":"string","required":true},"tags":{"type":["map","string"],"optional":true}},"block_types":{"timeouts":{"nesting_mode":"single","block":{"attributes":{"create":{"type":"string","optional":true},"delete":{"type":"string","optional":true},"read":{"type":"string","optional":true},"update":{"type":"string","optional":true}}}}}}},"azurerm_virtual_hub":{"version":0,"block":{"attributes":{"address_prefix":{"type":"string","required":true},"id":{"type":"string","optional":true,"computed":true},"location":{"type":"string","required":true},"name":{"type":"string","required":true},"resource_group_name":{"type":"string","required":true},"tags":{"type":["map","string"],"optional":true},"virtual_wan_id":{"type":"string","required":true}},"block_types":{"route":{"nesting_mode":"set","block":{"attributes":{"address_prefixes":{"type":["list","string"],"required":true},"next_hop_ip_address":{"type":"string","required":true}}}},"timeouts":{"nesting_mode":"single","block":{"attributes":{"create":{"type":"string","optional":true},"delete":{"type":"string","optional":true},"read":{"type":"string","optional":true},"update":{"type":"string","optional":true}}}}}}},"azurerm_virtual_hub_connection":{"version":0,"block":{"attributes":{"hub_to_vitual_network_traffic_allowed":{"type":"bool","optional":true},"id":{"type":"string","optional":true,"computed":true},"internet_security_enabled":{"type":"bool","optional":true},"name":{"type":"string","required":true},"remote_virtual_network_id":{"type":"string","required":true},"virtual_hub_id":{"type":"string","required":true},"vitual_network_to_hub_gateways_traffic_allowed":{"type":"bool","optional":true}},"block_types":{"timeouts":{"nesting_mode":"single","block":{"attributes":{"create":{"type":"string","optional":true},"delete":{"type":"string","optional":true},"read":{"type":"string","optional":true}}}}}}},"azurerm_virtual_machine":{"version":0,"block":{"attributes":{"availability_set_id":{"type":"string","optional":true,"computed":true},"delete_data_disks_on_termination":{"type":"bool","optional":true},"delete_os_disk_on_termination":{"type":"bool","optional":true},"id":{"type":"string","optional":true,"computed":true},"license_type":{"type":"string","optional":true,"computed":true},"location":{"type":"string","required":true},"name":{"type":"string","required":true},"network_interface_ids":{"type":["list","string"],"required":true},"primary_network_interface_id":{"type":"string","optional":true},"proximity_placement_group_id":{"type":"string","optional":true},"resource_group_name":{"type":"string","required":true},"tags":{"type":["map","string"],"optional":true},"vm_size":{"type":"string","required":true},"zones":{"type":["list","string"],"optional":true}},"block_types":{"additional_capabilities":{"nesting_mode":"list","block":{"attributes":{"ultra_ssd_enabled":{"type":"bool","required":true}}},"max_items":1},"boot_diagnostics":{"nesting_mode":"list","block":{"attributes":{"enabled":{"type":"bool","required":true},"storage_uri":{"type":"string","required":true}}},"max_items":1},"identity":{"nesting_mode":"list","block":{"attributes":{"identity_ids":{"type":["list","string"],"optional":true},"principal_id":{"type":"string","computed":true},"type":{"type":"string","required":true}}},"max_items":1},"os_profile":{"nesting_mode":"set","block":{"attributes":{"admin_password":{"type":"string","optional":true,"sensitive":true},"admin_username":{"type":"string","required":true},"computer_name":{"type":"string","required":true},"custom_data":{"type":"string","optional":true,"computed":true}}},"max_items":1},"os_profile_linux_config":{"nesting_mode":"set","block":{"attributes":{"disable_password_authentication":{"type":"bool","required":true}},"block_types":{"ssh_keys":{"nesting_mode":"list","block":{"attributes":{"key_data":{"type":"string","required":true},"path":{"type":"string","required":true}}}}}},"max_items":1},"os_profile_secrets":{"nesting_mode":"list","block":{"attributes":{"source_vault_id":{"type":"string","required":true}},"block_types":{"vault_certificates":{"nesting_mode":"list","block":{"attributes":{"certificate_store":{"type":"string","optional":true},"certificate_url":{"type":"string","required":true}}}}}}},"os_profile_windows_config":{"nesting_mode":"set","block":{"attributes":{"enable_automatic_upgrades":{"type":"bool","optional":true},"provision_vm_agent":{"type":"bool","optional":true},"timezone":{"type":"string","optional":true}},"block_types":{"additional_unattend_config":{"nesting_mode":"list","block":{"attributes":{"component":{"type":"string","required":true},"content":{"type":"string","required":true,"sensitive":true},"pass":{"type":"string","required":true},"setting_name":{"type":"string","required":true}}}},"winrm":{"nesting_mode":"list","block":{"attributes":{"certificate_url":{"type":"string","optional":true},"protocol":{"type":"string","required":true}}}}}},"max_items":1},"plan":{"nesting_mode":"list","block":{"attributes":{"name":{"type":"string","required":true},"product":{"type":"string","required":true},"publisher":{"type":"string","required":true}}},"max_items":1},"storage_data_disk":{"nesting_mode":"list","block":{"attributes":{"caching":{"type":"string","optional":true,"computed":true},"create_option":{"type":"string","required":true},"disk_size_gb":{"type":"number","optional":true,"computed":true},"lun":{"type":"number","required":true},"managed_disk_id":{"type":"string","optional":true,"computed":true},"managed_disk_type":{"type":"string","optional":true,"computed":true},"name":{"type":"string","required":true},"vhd_uri":{"type":"string","optional":true},"write_accelerator_enabled":{"type":"bool","optional":true}}}},"storage_image_reference":{"nesting_mode":"set","block":{"attributes":{"id":{"type":"string","optional":true},"offer":{"type":"string","optional":true},"publisher":{"type":"string","optional":true},"sku":{"type":"string","optional":true},"version":{"type":"string","optional":true,"computed":true}}},"max_items":1},"storage_os_disk":{"nesting_mode":"list","block":{"attributes":{"caching":{"type":"string","optional":true,"computed":true},"create_option":{"type":"string","required":true},"disk_size_gb":{"type":"number","optional":true,"computed":true},"image_uri":{"type":"string","optional":true},"managed_disk_id":{"type":"string","optional":true,"computed":true},"managed_disk_type":{"type":"string","optional":true,"computed":true},"name":{"type":"string","required":true},"os_type":{"type":"string","optional":true,"computed":true},"vhd_uri":{"type":"string","optional":true},"write_accelerator_enabled":{"type":"bool","optional":true}}},"min_items":1,"max_items":1},"timeouts":{"nesting_mode":"single","block":{"attributes":{"create":{"type":"string","optional":true},"delete":{"type":"string","optional":true},"read":{"type":"string","optional":true},"update":{"type":"string","optional":true}}}}}}},"azurerm_virtual_machine_data_disk_attachment":{"version":0,"block":{"attributes":{"caching":{"type":"string","required":true},"create_option":{"type":"string","optional":true},"id":{"type":"string","optional":true,"computed":true},"lun":{"type":"number","required":true},"managed_disk_id":{"type":"string","required":true},"virtual_machine_id":{"type":"string","required":true},"write_accelerator_enabled":{"type":"bool","optional":true}},"block_types":{"timeouts":{"nesting_mode":"single","block":{"attributes":{"create":{"type":"string","optional":true},"delete":{"type":"string","optional":true},"read":{"type":"string","optional":true},"update":{"type":"string","optional":true}}}}}}},"azurerm_virtual_machine_extension":{"version":0,"block":{"attributes":{"auto_upgrade_minor_version":{"type":"bool","optional":true},"id":{"type":"string","optional":true,"computed":true},"name":{"type":"string","required":true},"protected_settings":{"type":"string","optional":true,"sensitive":true},"publisher":{"type":"string","required":true},"settings":{"type":"string","optional":true},"tags":{"type":["map","string"],"optional":true},"type":{"type":"string","required":true},"type_handler_version":{"type":"string","required":true},"virtual_machine_id":{"type":"string","required":true}},"block_types":{"timeouts":{"nesting_mode":"single","block":{"attributes":{"create":{"type":"string","optional":true},"delete":{"type":"string","optional":true},"read":{"type":"string","optional":true},"update":{"type":"string","optional":true}}}}}}},"azurerm_virtual_machine_scale_set":{"version":1,"block":{"attributes":{"automatic_os_upgrade":{"type":"bool","optional":true},"eviction_policy":{"type":"string","optional":true},"health_probe_id":{"type":"string","optional":true},"id":{"type":"string","optional":true,"computed":true},"license_type":{"type":"string","optional":true,"computed":true},"location":{"type":"string","required":true},"name":{"type":"string","required":true},"overprovision":{"type":"bool","optional":true},"priority":{"type":"string","optional":true},"proximity_placement_group_id":{"type":"string","optional":true},"resource_group_name":{"type":"string","required":true},"single_placement_group":{"type":"bool","optional":true},"tags":{"type":["map","string"],"optional":true},"upgrade_policy_mode":{"type":"string","required":true},"zones":{"type":["list","string"],"optional":true}},"block_types":{"boot_diagnostics":{"nesting_mode":"list","block":{"attributes":{"enabled":{"type":"bool","optional":true},"storage_uri":{"type":"string","required":true}}},"max_items":1},"extension":{"nesting_mode":"set","block":{"attributes":{"auto_upgrade_minor_version":{"type":"bool","optional":true},"name":{"type":"string","required":true},"protected_settings":{"type":"string","optional":true,"sensitive":true},"provision_after_extensions":{"type":["set","string"],"optional":true},"publisher":{"type":"string","required":true},"settings":{"type":"string","optional":true},"type":{"type":"string","required":true},"type_handler_version":{"type":"string","required":true}}}},"identity":{"nesting_mode":"list","block":{"attributes":{"identity_ids":{"type":["list","string"],"optional":true},"principal_id":{"type":"string","computed":true},"type":{"type":"string","required":true}}},"max_items":1},"network_profile":{"nesting_mode":"set","block":{"attributes":{"accelerated_networking":{"type":"bool","optional":true},"ip_forwarding":{"type":"bool","optional":true},"name":{"type":"string","required":true},"network_security_group_id":{"type":"string","optional":true},"primary":{"type":"bool","required":true}},"block_types":{"dns_settings":{"nesting_mode":"list","block":{"attributes":{"dns_servers":{"type":["list","string"],"required":true}}},"max_items":1},"ip_configuration":{"nesting_mode":"list","block":{"attributes":{"application_gateway_backend_address_pool_ids":{"type":["set","string"],"optional":true},"application_security_group_ids":{"type":["set","string"],"optional":true},"load_balancer_backend_address_pool_ids":{"type":["set","string"],"optional":true},"load_balancer_inbound_nat_rules_ids":{"type":["set","string"],"optional":true,"computed":true},"name":{"type":"string","required":true},"primary":{"type":"bool","required":true},"subnet_id":{"type":"string","required":true}},"block_types":{"public_ip_address_configuration":{"nesting_mode":"list","block":{"attributes":{"domain_name_label":{"type":"string","required":true},"idle_timeout":{"type":"number","required":true},"name":{"type":"string","required":true}}},"max_items":1}}},"min_items":1}}},"min_items":1},"os_profile":{"nesting_mode":"list","block":{"attributes":{"admin_password":{"type":"string","optional":true,"sensitive":true},"admin_username":{"type":"string","required":true},"computer_name_prefix":{"type":"string","required":true},"custom_data":{"type":"string","optional":true}}},"min_items":1,"max_items":1},"os_profile_linux_config":{"nesting_mode":"set","block":{"attributes":{"disable_password_authentication":{"type":"bool","optional":true}},"block_types":{"ssh_keys":{"nesting_mode":"list","block":{"attributes":{"key_data":{"type":"string","optional":true},"path":{"type":"string","required":true}}}}}},"max_items":1},"os_profile_secrets":{"nesting_mode":"set","block":{"attributes":{"source_vault_id":{"type":"string","required":true}},"block_types":{"vault_certificates":{"nesting_mode":"list","block":{"attributes":{"certificate_store":{"type":"string","optional":true},"certificate_url":{"type":"string","required":true}}}}}}},"os_profile_windows_config":{"nesting_mode":"set","block":{"attributes":{"enable_automatic_upgrades":{"type":"bool","optional":true},"provision_vm_agent":{"type":"bool","optional":true}},"block_types":{"additional_unattend_config":{"nesting_mode":"list","block":{"attributes":{"component":{"type":"string","required":true},"content":{"type":"string","required":true,"sensitive":true},"pass":{"type":"string","required":true},"setting_name":{"type":"string","required":true}}}},"winrm":{"nesting_mode":"list","block":{"attributes":{"certificate_url":{"type":"string","optional":true},"protocol":{"type":"string","required":true}}}}}},"max_items":1},"plan":{"nesting_mode":"set","block":{"attributes":{"name":{"type":"string","required":true},"product":{"type":"string","required":true},"publisher":{"type":"string","required":true}}},"max_items":1},"rolling_upgrade_policy":{"nesting_mode":"list","block":{"attributes":{"max_batch_instance_percent":{"type":"number","optional":true},"max_unhealthy_instance_percent":{"type":"number","optional":true},"max_unhealthy_upgraded_instance_percent":{"type":"number","optional":true},"pause_time_between_batches":{"type":"string","optional":true}}},"max_items":1},"sku":{"nesting_mode":"list","block":{"attributes":{"capacity":{"type":"number","required":true},"name":{"type":"string","required":true},"tier":{"type":"string","optional":true,"computed":true}}},"min_items":1,"max_items":1},"storage_profile_data_disk":{"nesting_mode":"list","block":{"attributes":{"caching":{"type":"string","optional":true,"computed":true},"create_option":{"type":"string","required":true},"disk_size_gb":{"type":"number","optional":true,"computed":true},"lun":{"type":"number","required":true},"managed_disk_type":{"type":"string","optional":true,"computed":true}}}},"storage_profile_image_reference":{"nesting_mode":"set","block":{"attributes":{"id":{"type":"string","optional":true},"offer":{"type":"string","optional":true},"publisher":{"type":"string","optional":true},"sku":{"type":"string","optional":true},"version":{"type":"string","optional":true}}},"max_items":1},"storage_profile_os_disk":{"nesting_mode":"set","block":{"attributes":{"caching":{"type":"string","optional":true,"computed":true},"create_option":{"type":"string","required":true},"image":{"type":"string","optional":true},"managed_disk_type":{"type":"string","optional":true,"computed":true},"name":{"type":"string","optional":true},"os_type":{"type":"string","optional":true},"vhd_containers":{"type":["set","string"],"optional":true}}},"min_items":1,"max_items":1},"timeouts":{"nesting_mode":"single","block":{"attributes":{"create":{"type":"string","optional":true},"delete":{"type":"string","optional":true},"read":{"type":"string","optional":true},"update":{"type":"string","optional":true}}}}}}},"azurerm_virtual_machine_scale_set_extension":{"version":0,"block":{"attributes":{"auto_upgrade_minor_version":{"type":"bool","optional":true},"force_update_tag":{"type":"string","optional":true},"id":{"type":"string","optional":true,"computed":true},"name":{"type":"string","required":true},"protected_settings":{"type":"string","optional":true,"sensitive":true},"provision_after_extensions":{"type":["list","string"],"optional":true},"publisher":{"type":"string","required":true},"settings":{"type":"string","optional":true},"type":{"type":"string","required":true},"type_handler_version":{"type":"string","required":true},"virtual_machine_scale_set_id":{"type":"string","required":true}},"block_types":{"timeouts":{"nesting_mode":"single","block":{"attributes":{"create":{"type":"string","optional":true},"delete":{"type":"string","optional":true},"read":{"type":"string","optional":true},"update":{"type":"string","optional":true}}}}}}},"azurerm_virtual_network":{"version":0,"block":{"attributes":{"address_space":{"type":["list","string"],"required":true},"dns_servers":{"type":["list","string"],"optional":true},"guid":{"type":"string","computed":true},"id":{"type":"string","optional":true,"computed":true},"location":{"type":"string","required":true},"name":{"type":"string","required":true},"resource_group_name":{"type":"string","required":true},"subnet":{"type":["set",["object",{"address_prefix":"string","id":"string","name":"string","security_group":"string"}]],"optional":true,"computed":true},"tags":{"type":["map","string"],"optional":true}},"block_types":{"ddos_protection_plan":{"nesting_mode":"list","block":{"attributes":{"enable":{"type":"bool","required":true},"id":{"type":"string","required":true}}},"max_items":1},"timeouts":{"nesting_mode":"single","block":{"attributes":{"create":{"type":"string","optional":true},"delete":{"type":"string","optional":true},"read":{"type":"string","optional":true},"update":{"type":"string","optional":true}}}}}}},"azurerm_virtual_network_gateway":{"version":0,"block":{"attributes":{"active_active":{"type":"bool","optional":true,"computed":true},"default_local_network_gateway_id":{"type":"string","optional":true},"enable_bgp":{"type":"bool","optional":true,"computed":true},"generation":{"type":"string","optional":true,"computed":true},"id":{"type":"string","optional":true,"computed":true},"location":{"type":"string","required":true},"name":{"type":"string","required":true},"resource_group_name":{"type":"string","required":true},"sku":{"type":"string","required":true},"tags":{"type":["map","string"],"optional":true},"type":{"type":"string","required":true},"vpn_type":{"type":"string","optional":true}},"block_types":{"bgp_settings":{"nesting_mode":"list","block":{"attributes":{"asn":{"type":"number","optional":true},"peer_weight":{"type":"number","optional":true},"peering_address":{"type":"string","optional":true,"computed":true}}},"max_items":1},"ip_configuration":{"nesting_mode":"list","block":{"attributes":{"name":{"type":"string","optional":true},"private_ip_address_allocation":{"type":"string","optional":true},"public_ip_address_id":{"type":"string","required":true},"subnet_id":{"type":"string","required":true}}},"min_items":1,"max_items":2},"timeouts":{"nesting_mode":"single","block":{"attributes":{"create":{"type":"string","optional":true},"delete":{"type":"string","optional":true},"read":{"type":"string","optional":true},"update":{"type":"string","optional":true}}}},"vpn_client_configuration":{"nesting_mode":"list","block":{"attributes":{"address_space":{"type":["list","string"],"required":true},"radius_server_address":{"type":"string","optional":true},"radius_server_secret":{"type":"string","optional":true},"vpn_client_protocols":{"type":["set","string"],"optional":true,"computed":true}},"block_types":{"revoked_certificate":{"nesting_mode":"set","block":{"attributes":{"name":{"type":"string","required":true},"thumbprint":{"type":"string","required":true}}}},"root_certificate":{"nesting_mode":"set","block":{"attributes":{"name":{"type":"string","required":true},"public_cert_data":{"type":"string","required":true}}}}}},"max_items":1}}}},"azurerm_virtual_network_gateway_connection":{"version":0,"block":{"attributes":{"authorization_key":{"type":"string","optional":true,"sensitive":true},"connection_protocol":{"type":"string","optional":true,"computed":true},"enable_bgp":{"type":"bool","optional":true,"computed":true},"express_route_circuit_id":{"type":"string","optional":true},"express_route_gateway_bypass":{"type":"bool","optional":true,"computed":true},"id":{"type":"string","optional":true,"computed":true},"local_network_gateway_id":{"type":"string","optional":true},"location":{"type":"string","required":true},"name":{"type":"string","required":true},"peer_virtual_network_gateway_id":{"type":"string","optional":true},"resource_group_name":{"type":"string","required":true},"routing_weight":{"type":"number","optional":true,"computed":true},"shared_key":{"type":"string","optional":true,"sensitive":true},"tags":{"type":["map","string"],"optional":true},"type":{"type":"string","required":true},"use_policy_based_traffic_selectors":{"type":"bool","optional":true,"computed":true},"virtual_network_gateway_id":{"type":"string","required":true}},"block_types":{"ipsec_policy":{"nesting_mode":"list","block":{"attributes":{"dh_group":{"type":"string","required":true},"ike_encryption":{"type":"string","required":true},"ike_integrity":{"type":"string","required":true},"ipsec_encryption":{"type":"string","required":true},"ipsec_integrity":{"type":"string","required":true},"pfs_group":{"type":"string","required":true},"sa_datasize":{"type":"number","optional":true,"computed":true},"sa_lifetime":{"type":"number","optional":true,"computed":true}}},"max_items":1},"timeouts":{"nesting_mode":"single","block":{"attributes":{"create":{"type":"string","optional":true},"delete":{"type":"string","optional":true},"read":{"type":"string","optional":true},"update":{"type":"string","optional":true}}}}}}},"azurerm_virtual_network_peering":{"version":0,"block":{"attributes":{"allow_forwarded_traffic":{"type":"bool","optional":true,"computed":true},"allow_gateway_transit":{"type":"bool","optional":true,"computed":true},"allow_virtual_network_access":{"type":"bool","optional":true},"id":{"type":"string","optional":true,"computed":true},"name":{"type":"string","required":true},"remote_virtual_network_id":{"type":"string","required":true},"resource_group_name":{"type":"string","required":true},"use_remote_gateways":{"type":"bool","optional":true,"computed":true},"virtual_network_name":{"type":"string","required":true}},"block_types":{"timeouts":{"nesting_mode":"single","block":{"attributes":{"create":{"type":"string","optional":true},"delete":{"type":"string","optional":true},"read":{"type":"string","optional":true},"update":{"type":"string","optional":true}}}}}}},"azurerm_virtual_wan":{"version":0,"block":{"attributes":{"allow_branch_to_branch_traffic":{"type":"bool","optional":true},"allow_vnet_to_vnet_traffic":{"type":"bool","optional":true},"disable_vpn_encryption":{"type":"bool","optional":true},"id":{"type":"string","optional":true,"computed":true},"location":{"type":"string","required":true},"name":{"type":"string","required":true},"office365_local_breakout_category":{"type":"string","optional":true},"resource_group_name":{"type":"string","required":true},"tags":{"type":["map","string"],"optional":true},"type":{"type":"string","optional":true}},"block_types":{"timeouts":{"nesting_mode":"single","block":{"attributes":{"create":{"type":"string","optional":true},"delete":{"type":"string","optional":true},"read":{"type":"string","optional":true},"update":{"type":"string","optional":true}}}}}}},"azurerm_vpn_gateway":{"version":0,"block":{"attributes":{"id":{"type":"string","optional":true,"computed":true},"location":{"type":"string","required":true},"name":{"type":"string","required":true},"resource_group_name":{"type":"string","required":true},"scale_unit":{"type":"number","optional":true},"tags":{"type":["map","string"],"optional":true},"virtual_hub_id":{"type":"string","required":true}},"block_types":{"bgp_settings":{"nesting_mode":"list","block":{"attributes":{"asn":{"type":"number","required":true},"bgp_peering_address":{"type":"string","computed":true},"peer_weight":{"type":"number","required":true}}}},"timeouts":{"nesting_mode":"single","block":{"attributes":{"create":{"type":"string","optional":true},"delete":{"type":"string","optional":true},"read":{"type":"string","optional":true},"update":{"type":"string","optional":true}}}}}}},"azurerm_vpn_server_configuration":{"version":0,"block":{"attributes":{"id":{"type":"string","optional":true,"computed":true},"location":{"type":"string","required":true},"name":{"type":"string","required":true},"resource_group_name":{"type":"string","required":true},"tags":{"type":["map","string"],"optional":true},"vpn_authentication_types":{"type":["list","string"],"required":true},"vpn_protocols":{"type":["set","string"],"optional":true,"computed":true}},"block_types":{"azure_active_directory_authentication":{"nesting_mode":"list","block":{"attributes":{"audience":{"type":"string","required":true},"issuer":{"type":"string","required":true},"tenant":{"type":"string","required":true}}}},"client_revoked_certificate":{"nesting_mode":"set","block":{"attributes":{"name":{"type":"string","required":true},"thumbprint":{"type":"string","required":true}}}},"client_root_certificate":{"nesting_mode":"set","block":{"attributes":{"name":{"type":"string","required":true},"public_cert_data":{"type":"string","required":true}}}},"ipsec_policy":{"nesting_mode":"list","block":{"attributes":{"dh_group":{"type":"string","required":true},"ike_encryption":{"type":"string","required":true},"ike_integrity":{"type":"string","required":true},"ipsec_encryption":{"type":"string","required":true},"ipsec_integrity":{"type":"string","required":true},"pfs_group":{"type":"string","required":true},"sa_data_size_kilobytes":{"type":"number","required":true},"sa_lifetime_seconds":{"type":"number","required":true}}},"max_items":1},"radius_server":{"nesting_mode":"list","block":{"attributes":{"address":{"type":"string","required":true},"secret":{"type":"string","required":true,"sensitive":true}},"block_types":{"client_root_certificate":{"nesting_mode":"set","block":{"attributes":{"name":{"type":"string","required":true},"thumbprint":{"type":"string","required":true}}}},"server_root_certificate":{"nesting_mode":"set","block":{"attributes":{"name":{"type":"string","required":true},"public_cert_data":{"type":"string","required":true}}},"min_items":1}}},"max_items":1},"timeouts":{"nesting_mode":"single","block":{"attributes":{"create":{"type":"string","optional":true},"delete":{"type":"string","optional":true},"read":{"type":"string","optional":true},"update":{"type":"string","optional":true}}}}}}},"azurerm_web_application_firewall_policy":{"version":0,"block":{"attributes":{"id":{"type":"string","optional":true,"computed":true},"location":{"type":"string","required":true},"name":{"type":"string","required":true},"resource_group_name":{"type":"string","required":true},"tags":{"type":["map","string"],"optional":true}},"block_types":{"custom_rules":{"nesting_mode":"list","block":{"attributes":{"action":{"type":"string","required":true},"name":{"type":"string","optional":true},"priority":{"type":"number","required":true},"rule_type":{"type":"string","required":true}},"block_types":{"match_conditions":{"nesting_mode":"list","block":{"attributes":{"match_values":{"type":["list","string"],"required":true},"negation_condition":{"type":"bool","optional":true},"operator":{"type":"string","required":true}},"block_types":{"match_variables":{"nesting_mode":"list","block":{"attributes":{"selector":{"type":"string","optional":true},"variable_name":{"type":"string","required":true}}},"min_items":1}}},"min_items":1}}}},"managed_rules":{"nesting_mode":"list","block":{"block_types":{"exclusion":{"nesting_mode":"list","block":{"attributes":{"match_variable":{"type":"string","required":true},"selector":{"type":"string","required":true},"selector_match_operator":{"type":"string","required":true}}}},"managed_rule_set":{"nesting_mode":"list","block":{"attributes":{"type":{"type":"string","optional":true},"version":{"type":"string","required":true}},"block_types":{"rule_group_override":{"nesting_mode":"list","block":{"attributes":{"disabled_rules":{"type":["list","string"],"required":true},"rule_group_name":{"type":"string","required":true}}}}}},"min_items":1}}},"min_items":1,"max_items":1},"policy_settings":{"nesting_mode":"list","block":{"attributes":{"enabled":{"type":"bool","optional":true},"mode":{"type":"string","optional":true}}},"max_items":1},"timeouts":{"nesting_mode":"single","block":{"attributes":{"create":{"type":"string","optional":true},"delete":{"type":"string","optional":true},"read":{"type":"string","optional":true},"update":{"type":"string","optional":true}}}}}}},"azurerm_windows_virtual_machine":{"version":0,"block":{"attributes":{"admin_password":{"type":"string","required":true,"sensitive":true},"admin_username":{"type":"string","required":true},"allow_extension_operations":{"type":"bool","optional":true},"availability_set_id":{"type":"string","optional":true},"computer_name":{"type":"string","optional":true,"computed":true},"custom_data":{"type":"string","optional":true,"sensitive":true},"dedicated_host_id":{"type":"string","optional":true},"enable_automatic_updates":{"type":"bool","optional":true},"eviction_policy":{"type":"string","optional":true},"id":{"type":"string","optional":true,"computed":true},"license_type":{"type":"string","optional":true},"location":{"type":"string","required":true},"max_bid_price":{"type":"number","optional":true},"name":{"type":"string","required":true},"network_interface_ids":{"type":["list","string"],"required":true},"priority":{"type":"string","optional":true},"private_ip_address":{"type":"string","computed":true},"private_ip_addresses":{"type":["list","string"],"computed":true},"provision_vm_agent":{"type":"bool","optional":true},"proximity_placement_group_id":{"type":"string","optional":true},"public_ip_address":{"type":"string","computed":true},"public_ip_addresses":{"type":["list","string"],"computed":true},"resource_group_name":{"type":"string","required":true},"size":{"type":"string","required":true},"source_image_id":{"type":"string","optional":true},"tags":{"type":["map","string"],"optional":true},"timezone":{"type":"string","optional":true},"virtual_machine_id":{"type":"string","computed":true},"virtual_machine_scale_set_id":{"type":"string","optional":true},"zone":{"type":"string","optional":true,"computed":true}},"block_types":{"additional_capabilities":{"nesting_mode":"list","block":{"attributes":{"ultra_ssd_enabled":{"type":"bool","optional":true}}},"max_items":1},"additional_unattend_content":{"nesting_mode":"list","block":{"attributes":{"content":{"type":"string","required":true,"sensitive":true},"setting":{"type":"string","required":true}}}},"boot_diagnostics":{"nesting_mode":"list","block":{"attributes":{"storage_account_uri":{"type":"string","required":true}}},"max_items":1},"identity":{"nesting_mode":"list","block":{"attributes":{"identity_ids":{"type":["set","string"],"optional":true},"principal_id":{"type":"string","computed":true},"tenant_id":{"type":"string","computed":true},"type":{"type":"string","required":true}}},"max_items":1},"os_disk":{"nesting_mode":"list","block":{"attributes":{"caching":{"type":"string","required":true},"disk_encryption_set_id":{"type":"string","optional":true},"disk_size_gb":{"type":"number","optional":true,"computed":true},"name":{"type":"string","optional":true,"computed":true},"storage_account_type":{"type":"string","required":true},"write_accelerator_enabled":{"type":"bool","optional":true}},"block_types":{"diff_disk_settings":{"nesting_mode":"list","block":{"attributes":{"option":{"type":"string","required":true}}},"max_items":1}}},"min_items":1,"max_items":1},"plan":{"nesting_mode":"list","block":{"attributes":{"name":{"type":"string","required":true},"product":{"type":"string","required":true},"publisher":{"type":"string","required":true}}},"max_items":1},"secret":{"nesting_mode":"list","block":{"attributes":{"key_vault_id":{"type":"string","required":true}},"block_types":{"certificate":{"nesting_mode":"set","block":{"attributes":{"store":{"type":"string","required":true},"url":{"type":"string","required":true}}},"min_items":1}}}},"source_image_reference":{"nesting_mode":"list","block":{"attributes":{"offer":{"type":"string","required":true},"publisher":{"type":"string","required":true},"sku":{"type":"string","required":true},"version":{"type":"string","required":true}}},"max_items":1},"timeouts":{"nesting_mode":"single","block":{"attributes":{"create":{"type":"string","optional":true},"delete":{"type":"string","optional":true},"read":{"type":"string","optional":true},"update":{"type":"string","optional":true}}}},"winrm_listener":{"nesting_mode":"set","block":{"attributes":{"certificate_url":{"type":"string","optional":true},"protocol":{"type":"string","required":true}}}}}}},"azurerm_windows_virtual_machine_scale_set":{"version":0,"block":{"attributes":{"admin_password":{"type":"string","required":true,"sensitive":true},"admin_username":{"type":"string","required":true},"computer_name_prefix":{"type":"string","optional":true,"computed":true},"custom_data":{"type":"string","optional":true,"sensitive":true},"do_not_run_extensions_on_overprovisioned_machines":{"type":"bool","optional":true},"enable_automatic_updates":{"type":"bool","optional":true},"eviction_policy":{"type":"string","optional":true},"health_probe_id":{"type":"string","optional":true},"id":{"type":"string","optional":true,"computed":true},"instances":{"type":"number","required":true},"license_type":{"type":"string","optional":true},"location":{"type":"string","required":true},"max_bid_price":{"type":"number","optional":true},"name":{"type":"string","required":true},"overprovision":{"type":"bool","optional":true},"priority":{"type":"string","optional":true},"provision_vm_agent":{"type":"bool","optional":true},"proximity_placement_group_id":{"type":"string","optional":true},"resource_group_name":{"type":"string","required":true},"scale_in_policy":{"type":"string","optional":true},"single_placement_group":{"type":"bool","optional":true},"sku":{"type":"string","required":true},"source_image_id":{"type":"string","optional":true},"tags":{"type":["map","string"],"optional":true},"timezone":{"type":"string","optional":true},"unique_id":{"type":"string","computed":true},"upgrade_mode":{"type":"string","optional":true},"zone_balance":{"type":"bool","optional":true},"zones":{"type":["list","string"],"optional":true}},"block_types":{"additional_capabilities":{"nesting_mode":"list","block":{"attributes":{"ultra_ssd_enabled":{"type":"bool","optional":true}}},"max_items":1},"additional_unattend_content":{"nesting_mode":"list","block":{"attributes":{"content":{"type":"string","required":true,"sensitive":true},"setting":{"type":"string","required":true}}}},"automatic_instance_repair":{"nesting_mode":"list","block":{"attributes":{"enabled":{"type":"bool","required":true},"grace_period":{"type":"string","optional":true}}},"max_items":1},"automatic_os_upgrade_policy":{"nesting_mode":"list","block":{"attributes":{"disable_automatic_rollback":{"type":"bool","required":true},"enable_automatic_os_upgrade":{"type":"bool","required":true}}},"max_items":1},"boot_diagnostics":{"nesting_mode":"list","block":{"attributes":{"storage_account_uri":{"type":"string","required":true}}},"max_items":1},"data_disk":{"nesting_mode":"list","block":{"attributes":{"caching":{"type":"string","required":true},"create_option":{"type":"string","optional":true},"disk_encryption_set_id":{"type":"string","optional":true},"disk_size_gb":{"type":"number","required":true},"lun":{"type":"number","required":true},"storage_account_type":{"type":"string","required":true},"write_accelerator_enabled":{"type":"bool","optional":true}}}},"identity":{"nesting_mode":"list","block":{"attributes":{"identity_ids":{"type":["set","string"],"optional":true},"principal_id":{"type":"string","computed":true},"type":{"type":"string","required":true}}},"max_items":1},"network_interface":{"nesting_mode":"list","block":{"attributes":{"dns_servers":{"type":["list","string"],"optional":true},"enable_accelerated_networking":{"type":"bool","optional":true},"enable_ip_forwarding":{"type":"bool","optional":true},"name":{"type":"string","required":true},"network_security_group_id":{"type":"string","optional":true},"primary":{"type":"bool","optional":true}},"block_types":{"ip_configuration":{"nesting_mode":"list","block":{"attributes":{"application_gateway_backend_address_pool_ids":{"type":["set","string"],"optional":true},"application_security_group_ids":{"type":["set","string"],"optional":true},"load_balancer_backend_address_pool_ids":{"type":["set","string"],"optional":true},"load_balancer_inbound_nat_rules_ids":{"type":["set","string"],"optional":true},"name":{"type":"string","required":true},"primary":{"type":"bool","optional":true},"subnet_id":{"type":"string","optional":true},"version":{"type":"string","optional":true}},"block_types":{"public_ip_address":{"nesting_mode":"list","block":{"attributes":{"domain_name_label":{"type":"string","optional":true},"idle_timeout_in_minutes":{"type":"number","optional":true,"computed":true},"name":{"type":"string","required":true},"public_ip_prefix_id":{"type":"string","optional":true}},"block_types":{"ip_tag":{"nesting_mode":"list","block":{"attributes":{"tag":{"type":"string","required":true},"type":{"type":"string","required":true}}}}}}}}},"min_items":1}}},"min_items":1},"os_disk":{"nesting_mode":"list","block":{"attributes":{"caching":{"type":"string","required":true},"disk_encryption_set_id":{"type":"string","optional":true},"disk_size_gb":{"type":"number","optional":true,"computed":true},"storage_account_type":{"type":"string","required":true},"write_accelerator_enabled":{"type":"bool","optional":true}},"block_types":{"diff_disk_settings":{"nesting_mode":"list","block":{"attributes":{"option":{"type":"string","required":true}}},"max_items":1}}},"min_items":1,"max_items":1},"plan":{"nesting_mode":"list","block":{"attributes":{"name":{"type":"string","required":true},"product":{"type":"string","required":true},"publisher":{"type":"string","required":true}}},"max_items":1},"rolling_upgrade_policy":{"nesting_mode":"list","block":{"attributes":{"max_batch_instance_percent":{"type":"number","required":true},"max_unhealthy_instance_percent":{"type":"number","required":true},"max_unhealthy_upgraded_instance_percent":{"type":"number","required":true},"pause_time_between_batches":{"type":"string","required":true}}},"max_items":1},"secret":{"nesting_mode":"list","block":{"attributes":{"key_vault_id":{"type":"string","required":true}},"block_types":{"certificate":{"nesting_mode":"set","block":{"attributes":{"store":{"type":"string","required":true},"url":{"type":"string","required":true}}},"min_items":1}}}},"source_image_reference":{"nesting_mode":"list","block":{"attributes":{"offer":{"type":"string","required":true},"publisher":{"type":"string","required":true},"sku":{"type":"string","required":true},"version":{"type":"string","required":true}}},"max_items":1},"terminate_notification":{"nesting_mode":"list","block":{"attributes":{"enabled":{"type":"bool","required":true},"timeout":{"type":"string","optional":true}}},"max_items":1},"timeouts":{"nesting_mode":"single","block":{"attributes":{"create":{"type":"string","optional":true},"delete":{"type":"string","optional":true},"read":{"type":"string","optional":true},"update":{"type":"string","optional":true}}}},"winrm_listener":{"nesting_mode":"set","block":{"attributes":{"certificate_url":{"type":"string","optional":true},"protocol":{"type":"string","required":true}}}}}}}},"data_source_schemas":{"azurerm_advisor_recommendations":{"version":0,"block":{"attributes":{"filter_by_category":{"type":["set","string"],"optional":true},"filter_by_resource_groups":{"type":["set","string"],"optional":true},"id":{"type":"string","optional":true,"computed":true},"recommendations":{"type":["list",["object",{"category":"string","description":"string","impact":"string","recommendation_name":"string","recommendation_type_id":"string","resource_name":"string","resource_type":"string","suppression_names":["set","string"],"updated_time":"string"}]],"computed":true}},"block_types":{"timeouts":{"nesting_mode":"single","block":{"attributes":{"read":{"type":"string","optional":true}}}}}}},"azurerm_api_management":{"version":0,"block":{"attributes":{"additional_location":{"type":["list",["object",{"gateway_regional_url":"string","location":"string","public_ip_addresses":["list","string"]}]],"computed":true},"developer_portal_url":{"type":"string","computed":true},"gateway_regional_url":{"type":"string","computed":true},"gateway_url":{"type":"string","computed":true},"hostname_configuration":{"type":["list",["object",{"developer_portal":["list",["object",{"host_name":"string","key_vault_id":"string","negotiate_client_certificate":"bool"}]],"management":["list",["object",{"host_name":"string","key_vault_id":"string","negotiate_client_certificate":"bool"}]],"portal":["list",["object",{"host_name":"string","key_vault_id":"string","negotiate_client_certificate":"bool"}]],"proxy":["list",["object",{"default_ssl_binding":"bool","host_name":"string","key_vault_id":"string","negotiate_client_certificate":"bool"}]],"scm":["list",["object",{"host_name":"string","key_vault_id":"string","negotiate_client_certificate":"bool"}]]}]],"computed":true},"id":{"type":"string","optional":true,"computed":true},"identity":{"type":["list",["object",{"identity_ids":["list","string"],"principal_id":"string","tenant_id":"string","type":"string"}]],"computed":true},"location":{"type":"string","computed":true},"management_api_url":{"type":"string","computed":true},"name":{"type":"string","required":true},"notification_sender_email":{"type":"string","computed":true},"portal_url":{"type":"string","computed":true},"public_ip_addresses":{"type":["list","string"],"computed":true},"publisher_email":{"type":"string","computed":true},"publisher_name":{"type":"string","computed":true},"resource_group_name":{"type":"string","required":true},"scm_url":{"type":"string","computed":true},"sku_name":{"type":"string","computed":true},"tags":{"type":["map","string"],"computed":true}},"block_types":{"timeouts":{"nesting_mode":"single","block":{"attributes":{"read":{"type":"string","optional":true}}}}}}},"azurerm_api_management_api":{"version":0,"block":{"attributes":{"api_management_name":{"type":"string","required":true},"description":{"type":"string","computed":true},"display_name":{"type":"string","computed":true},"id":{"type":"string","optional":true,"computed":true},"is_current":{"type":"bool","computed":true},"is_online":{"type":"bool","computed":true},"name":{"type":"string","required":true},"path":{"type":"string","computed":true},"protocols":{"type":["list","string"],"computed":true},"resource_group_name":{"type":"string","required":true},"revision":{"type":"string","required":true},"service_url":{"type":"string","computed":true},"soap_pass_through":{"type":"bool","computed":true},"subscription_key_parameter_names":{"type":["list",["object",{"header":"string","query":"string"}]],"computed":true},"subscription_required":{"type":"bool","computed":true},"version":{"type":"string","computed":true},"version_set_id":{"type":"string","computed":true}},"block_types":{"timeouts":{"nesting_mode":"single","block":{"attributes":{"read":{"type":"string","optional":true}}}}}}},"azurerm_api_management_api_version_set":{"version":1,"block":{"attributes":{"api_management_name":{"type":"string","required":true},"description":{"type":"string","computed":true},"display_name":{"type":"string","computed":true},"id":{"type":"string","optional":true,"computed":true},"name":{"type":"string","required":true},"resource_group_name":{"type":"string","required":true},"version_header_name":{"type":"string","computed":true},"version_query_name":{"type":"string","computed":true},"versioning_scheme":{"type":"string","computed":true}},"block_types":{"timeouts":{"nesting_mode":"single","block":{"attributes":{"read":{"type":"string","optional":true}}}}}}},"azurerm_api_management_group":{"version":0,"block":{"attributes":{"api_management_name":{"type":"string","required":true},"description":{"type":"string","computed":true},"display_name":{"type":"string","computed":true},"external_id":{"type":"string","computed":true},"id":{"type":"string","optional":true,"computed":true},"name":{"type":"string","required":true},"resource_group_name":{"type":"string","required":true},"type":{"type":"string","computed":true}},"block_types":{"timeouts":{"nesting_mode":"single","block":{"attributes":{"read":{"type":"string","optional":true}}}}}}},"azurerm_api_management_product":{"version":0,"block":{"attributes":{"api_management_name":{"type":"string","required":true},"approval_required":{"type":"bool","computed":true},"description":{"type":"string","computed":true},"display_name":{"type":"string","computed":true},"id":{"type":"string","optional":true,"computed":true},"product_id":{"type":"string","required":true},"published":{"type":"bool","computed":true},"resource_group_name":{"type":"string","required":true},"subscription_required":{"type":"bool","computed":true},"subscriptions_limit":{"type":"number","computed":true},"terms":{"type":"string","computed":true}},"block_types":{"timeouts":{"nesting_mode":"single","block":{"attributes":{"read":{"type":"string","optional":true}}}}}}},"azurerm_api_management_user":{"version":0,"block":{"attributes":{"api_management_name":{"type":"string","required":true},"email":{"type":"string","computed":true},"first_name":{"type":"string","computed":true},"id":{"type":"string","optional":true,"computed":true},"last_name":{"type":"string","computed":true},"note":{"type":"string","computed":true},"resource_group_name":{"type":"string","required":true},"state":{"type":"string","computed":true},"user_id":{"type":"string","required":true}},"block_types":{"timeouts":{"nesting_mode":"single","block":{"attributes":{"read":{"type":"string","optional":true}}}}}}},"azurerm_app_configuration":{"version":0,"block":{"attributes":{"endpoint":{"type":"string","computed":true},"id":{"type":"string","optional":true,"computed":true},"location":{"type":"string","computed":true},"name":{"type":"string","required":true},"primary_read_key":{"type":["list",["object",{"connection_string":"string","id":"string","secret":"string"}]],"computed":true},"primary_write_key":{"type":["list",["object",{"connection_string":"string","id":"string","secret":"string"}]],"computed":true},"resource_group_name":{"type":"string","required":true},"secondary_read_key":{"type":["list",["object",{"connection_string":"string","id":"string","secret":"string"}]],"computed":true},"secondary_write_key":{"type":["list",["object",{"connection_string":"string","id":"string","secret":"string"}]],"computed":true},"sku":{"type":"string","computed":true},"tags":{"type":["map","string"],"computed":true}},"block_types":{"timeouts":{"nesting_mode":"single","block":{"attributes":{"read":{"type":"string","optional":true}}}}}}},"azurerm_app_service":{"version":0,"block":{"attributes":{"app_service_plan_id":{"type":"string","computed":true},"app_settings":{"type":["map","string"],"computed":true},"client_affinity_enabled":{"type":"bool","computed":true},"client_cert_enabled":{"type":"bool","computed":true},"connection_string":{"type":["list",["object",{"name":"string","type":"string","value":"string"}]],"computed":true},"default_site_hostname":{"type":"string","computed":true},"enabled":{"type":"bool","computed":true},"https_only":{"type":"bool","computed":true},"id":{"type":"string","optional":true,"computed":true},"location":{"type":"string","computed":true},"name":{"type":"string","required":true},"outbound_ip_addresses":{"type":"string","computed":true},"possible_outbound_ip_addresses":{"type":"string","computed":true},"resource_group_name":{"type":"string","required":true},"site_config":{"type":["list",["object",{"always_on":"bool","app_command_line":"string","cors":["list",["object",{"allowed_origins":["set","string"],"support_credentials":"bool"}]],"default_documents":["list","string"],"dotnet_framework_version":"string","ftps_state":"string","health_check_path":"string","http2_enabled":"bool","ip_restriction":["list",["object",{"action":"string","ip_address":"string","name":"string","priority":"number","virtual_network_subnet_id":"string"}]],"java_container":"string","java_container_version":"string","java_version":"string","linux_fx_version":"string","local_mysql_enabled":"bool","managed_pipeline_mode":"string","min_tls_version":"string","php_version":"string","python_version":"string","remote_debugging_enabled":"bool","remote_debugging_version":"string","scm_ip_restriction":["list",["object",{"action":"string","ip_address":"string","name":"string","priority":"number","virtual_network_subnet_id":"string"}]],"scm_type":"string","scm_use_main_ip_restriction":"bool","use_32_bit_worker_process":"bool","websockets_enabled":"bool","windows_fx_version":"string"}]],"computed":true},"site_credential":{"type":["list",["object",{"password":"string","username":"string"}]],"computed":true},"source_control":{"type":["list",["object",{"branch":"string","repo_url":"string"}]],"computed":true},"tags":{"type":["map","string"],"computed":true}},"block_types":{"timeouts":{"nesting_mode":"single","block":{"attributes":{"read":{"type":"string","optional":true}}}}}}},"azurerm_app_service_certificate":{"version":0,"block":{"attributes":{"expiration_date":{"type":"string","computed":true},"friendly_name":{"type":"string","computed":true},"host_names":{"type":["list","string"],"computed":true},"id":{"type":"string","optional":true,"computed":true},"issue_date":{"type":"string","computed":true},"issuer":{"type":"string","computed":true},"location":{"type":"string","computed":true},"name":{"type":"string","required":true},"resource_group_name":{"type":"string","required":true},"subject_name":{"type":"string","computed":true},"tags":{"type":["map","string"],"optional":true},"thumbprint":{"type":"string","computed":true}},"block_types":{"timeouts":{"nesting_mode":"single","block":{"attributes":{"read":{"type":"string","optional":true}}}}}}},"azurerm_app_service_certificate_order":{"version":0,"block":{"attributes":{"app_service_certificate_not_renewable_reasons":{"type":["list","string"],"computed":true},"auto_renew":{"type":"bool","computed":true},"certificates":{"type":["list",["object",{"certificate_name":"string","key_vault_id":"string","key_vault_secret_name":"string","provisioning_state":"string"}]],"computed":true},"csr":{"type":"string","computed":true},"distinguished_name":{"type":"string","computed":true},"domain_verification_token":{"type":"string","computed":true},"expiration_time":{"type":"string","computed":true},"id":{"type":"string","optional":true,"computed":true},"intermediate_thumbprint":{"type":"string","computed":true},"is_private_key_external":{"type":"bool","computed":true},"key_size":{"type":"number","computed":true},"location":{"type":"string","computed":true},"name":{"type":"string","required":true},"product_type":{"type":"string","computed":true},"resource_group_name":{"type":"string","required":true},"root_thumbprint":{"type":"string","computed":true},"signed_certificate_thumbprint":{"type":"string","computed":true},"status":{"type":"string","computed":true},"tags":{"type":["map","string"],"computed":true},"validity_in_years":{"type":"number","computed":true}},"block_types":{"timeouts":{"nesting_mode":"single","block":{"attributes":{"read":{"type":"string","optional":true}}}}}}},"azurerm_app_service_environment":{"version":0,"block":{"attributes":{"front_end_scale_factor":{"type":"number","computed":true},"id":{"type":"string","optional":true,"computed":true},"location":{"type":"string","computed":true},"name":{"type":"string","required":true},"pricing_tier":{"type":"string","computed":true},"resource_group_name":{"type":"string","required":true},"tags":{"type":["map","string"],"computed":true}},"block_types":{"timeouts":{"nesting_mode":"single","block":{"attributes":{"read":{"type":"string","optional":true}}}}}}},"azurerm_app_service_plan":{"version":0,"block":{"attributes":{"app_service_environment_id":{"type":"string","computed":true},"id":{"type":"string","optional":true,"computed":true},"is_xenon":{"type":"bool","computed":true},"kind":{"type":"string","computed":true},"location":{"type":"string","computed":true},"maximum_elastic_worker_count":{"type":"number","computed":true},"maximum_number_of_workers":{"type":"number","computed":true},"name":{"type":"string","required":true},"per_site_scaling":{"type":"bool","computed":true},"reserved":{"type":"bool","computed":true},"resource_group_name":{"type":"string","required":true},"sku":{"type":["list",["object",{"capacity":"number","size":"string","tier":"string"}]],"computed":true},"tags":{"type":["map","string"],"computed":true}},"block_types":{"timeouts":{"nesting_mode":"single","block":{"attributes":{"read":{"type":"string","optional":true}}}}}}},"azurerm_application_insights":{"version":0,"block":{"attributes":{"app_id":{"type":"string","computed":true},"application_type":{"type":"string","computed":true},"id":{"type":"string","optional":true,"computed":true},"instrumentation_key":{"type":"string","computed":true},"location":{"type":"string","computed":true},"name":{"type":"string","required":true},"resource_group_name":{"type":"string","required":true},"retention_in_days":{"type":"number","computed":true},"tags":{"type":["map","string"],"computed":true}},"block_types":{"timeouts":{"nesting_mode":"single","block":{"attributes":{"read":{"type":"string","optional":true}}}}}}},"azurerm_application_security_group":{"version":0,"block":{"attributes":{"id":{"type":"string","optional":true,"computed":true},"location":{"type":"string","computed":true},"name":{"type":"string","required":true},"resource_group_name":{"type":"string","required":true},"tags":{"type":["map","string"],"computed":true}},"block_types":{"timeouts":{"nesting_mode":"single","block":{"attributes":{"read":{"type":"string","optional":true}}}}}}},"azurerm_automation_account":{"version":0,"block":{"attributes":{"endpoint":{"type":"string","computed":true},"id":{"type":"string","optional":true,"computed":true},"name":{"type":"string","required":true},"primary_key":{"type":"string","computed":true},"resource_group_name":{"type":"string","required":true},"secondary_key":{"type":"string","computed":true}},"block_types":{"timeouts":{"nesting_mode":"single","block":{"attributes":{"read":{"type":"string","optional":true}}}}}}},"azurerm_automation_variable_bool":{"version":0,"block":{"attributes":{"automation_account_name":{"type":"string","required":true},"description":{"type":"string","computed":true},"encrypted":{"type":"bool","computed":true},"id":{"type":"string","optional":true,"computed":true},"name":{"type":"string","required":true},"resource_group_name":{"type":"string","required":true},"value":{"type":"bool","computed":true}},"block_types":{"timeouts":{"nesting_mode":"single","block":{"attributes":{"read":{"type":"string","optional":true}}}}}}},"azurerm_automation_variable_datetime":{"version":0,"block":{"attributes":{"automation_account_name":{"type":"string","required":true},"description":{"type":"string","computed":true},"encrypted":{"type":"bool","computed":true},"id":{"type":"string","optional":true,"computed":true},"name":{"type":"string","required":true},"resource_group_name":{"type":"string","required":true},"value":{"type":"string","computed":true}},"block_types":{"timeouts":{"nesting_mode":"single","block":{"attributes":{"read":{"type":"string","optional":true}}}}}}},"azurerm_automation_variable_int":{"version":0,"block":{"attributes":{"automation_account_name":{"type":"string","required":true},"description":{"type":"string","computed":true},"encrypted":{"type":"bool","computed":true},"id":{"type":"string","optional":true,"computed":true},"name":{"type":"string","required":true},"resource_group_name":{"type":"string","required":true},"value":{"type":"number","computed":true}},"block_types":{"timeouts":{"nesting_mode":"single","block":{"attributes":{"read":{"type":"string","optional":true}}}}}}},"azurerm_automation_variable_string":{"version":0,"block":{"attributes":{"automation_account_name":{"type":"string","required":true},"description":{"type":"string","computed":true},"encrypted":{"type":"bool","computed":true},"id":{"type":"string","optional":true,"computed":true},"name":{"type":"string","required":true},"resource_group_name":{"type":"string","required":true},"value":{"type":"string","computed":true}},"block_types":{"timeouts":{"nesting_mode":"single","block":{"attributes":{"read":{"type":"string","optional":true}}}}}}},"azurerm_availability_set":{"version":0,"block":{"attributes":{"id":{"type":"string","optional":true,"computed":true},"location":{"type":"string","computed":true},"managed":{"type":"bool","computed":true},"name":{"type":"string","required":true},"platform_fault_domain_count":{"type":"string","computed":true},"platform_update_domain_count":{"type":"string","computed":true},"resource_group_name":{"type":"string","required":true},"tags":{"type":["map","string"],"computed":true}},"block_types":{"timeouts":{"nesting_mode":"single","block":{"attributes":{"read":{"type":"string","optional":true}}}}}}},"azurerm_backup_policy_vm":{"version":0,"block":{"attributes":{"id":{"type":"string","optional":true,"computed":true},"name":{"type":"string","required":true},"recovery_vault_name":{"type":"string","required":true},"resource_group_name":{"type":"string","required":true},"tags":{"type":["map","string"],"computed":true}},"block_types":{"timeouts":{"nesting_mode":"single","block":{"attributes":{"read":{"type":"string","optional":true}}}}}}},"azurerm_batch_account":{"version":0,"block":{"attributes":{"account_endpoint":{"type":"string","computed":true},"id":{"type":"string","optional":true,"computed":true},"key_vault_reference":{"type":["list",["object",{"id":"string","url":"string"}]],"computed":true},"location":{"type":"string","computed":true},"name":{"type":"string","required":true},"pool_allocation_mode":{"type":"string","computed":true},"primary_access_key":{"type":"string","computed":true,"sensitive":true},"resource_group_name":{"type":"string","required":true},"secondary_access_key":{"type":"string","computed":true,"sensitive":true},"storage_account_id":{"type":"string","computed":true},"tags":{"type":["map","string"],"computed":true}},"block_types":{"timeouts":{"nesting_mode":"single","block":{"attributes":{"read":{"type":"string","optional":true}}}}}}},"azurerm_batch_certificate":{"version":0,"block":{"attributes":{"account_name":{"type":"string","required":true},"format":{"type":"string","computed":true},"id":{"type":"string","optional":true,"computed":true},"name":{"type":"string","required":true},"public_data":{"type":"string","computed":true},"resource_group_name":{"type":"string","required":true},"thumbprint":{"type":"string","computed":true},"thumbprint_algorithm":{"type":"string","computed":true}},"block_types":{"timeouts":{"nesting_mode":"single","block":{"attributes":{"read":{"type":"string","optional":true}}}}}}},"azurerm_batch_pool":{"version":0,"block":{"attributes":{"account_name":{"type":"string","required":true},"auto_scale":{"type":["list",["object",{"evaluation_interval":"string","formula":"string"}]],"computed":true},"container_configuration":{"type":["list",["object",{"container_registries":["list",["object",{"password":"string","registry_server":"string","user_name":"string"}]],"type":"string"}]],"computed":true},"display_name":{"type":"string","computed":true},"fixed_scale":{"type":["list",["object",{"resize_timeout":"string","target_dedicated_nodes":"number","target_low_priority_nodes":"number"}]],"computed":true},"id":{"type":"string","optional":true,"computed":true},"max_tasks_per_node":{"type":"number","computed":true},"metadata":{"type":["map","string"],"computed":true},"name":{"type":"string","required":true},"node_agent_sku_id":{"type":"string","computed":true},"resource_group_name":{"type":"string","required":true},"storage_image_reference":{"type":["list",["object",{"id":"string","offer":"string","publisher":"string","sku":"string","version":"string"}]],"computed":true},"vm_size":{"type":"string","computed":true}},"block_types":{"certificate":{"nesting_mode":"list","block":{"attributes":{"id":{"type":"string","required":true},"store_location":{"type":"string","required":true},"store_name":{"type":"string","optional":true},"visibility":{"type":["set","string"],"optional":true}}}},"network_configuration":{"nesting_mode":"list","block":{"attributes":{"subnet_id":{"type":"string","optional":true,"computed":true}},"block_types":{"endpoint_configuration":{"nesting_mode":"list","block":{"attributes":{"backend_port":{"type":"number","computed":true},"frontend_port_range":{"type":"string","computed":true},"name":{"type":"string","computed":true},"protocol":{"type":"string","computed":true}},"block_types":{"network_security_group_rules":{"nesting_mode":"list","block":{"attributes":{"access":{"type":"string","computed":true},"priority":{"type":"number","computed":true},"source_address_prefix":{"type":"string","computed":true}}}}}},"max_items":1}}},"max_items":1},"start_task":{"nesting_mode":"list","block":{"attributes":{"command_line":{"type":"string","required":true},"environment":{"type":["map","string"],"optional":true},"max_task_retry_count":{"type":"number","optional":true},"resource_file":{"type":["list",["object",{"auto_storage_container_name":"string","blob_prefix":"string","file_mode":"string","file_path":"string","http_url":"string","storage_container_url":"string"}]],"computed":true},"user_identity":{"type":["list",["object",{"auto_user":["list",["object",{"elevation_level":"string","scope":"string"}]],"user_name":"string"}]],"computed":true},"wait_for_success":{"type":"bool","optional":true}}},"max_items":1},"timeouts":{"nesting_mode":"single","block":{"attributes":{"read":{"type":"string","optional":true}}}}}}},"azurerm_blueprint_definition":{"version":0,"block":{"attributes":{"description":{"type":"string","computed":true},"display_name":{"type":"string","computed":true},"id":{"type":"string","optional":true,"computed":true},"last_modified":{"type":"string","computed":true},"name":{"type":"string","required":true},"scope_id":{"type":"string","required":true},"target_scope":{"type":"string","computed":true},"time_created":{"type":"string","computed":true},"versions":{"type":["list","string"],"computed":true}},"block_types":{"timeouts":{"nesting_mode":"single","block":{"attributes":{"read":{"type":"string","optional":true}}}}}}},"azurerm_blueprint_published_version":{"version":0,"block":{"attributes":{"blueprint_name":{"type":"string","required":true},"description":{"type":"string","computed":true},"display_name":{"type":"string","computed":true},"id":{"type":"string","optional":true,"computed":true},"last_modified":{"type":"string","computed":true},"scope_id":{"type":"string","required":true},"target_scope":{"type":"string","computed":true},"time_created":{"type":"string","computed":true},"type":{"type":"string","computed":true},"version":{"type":"string","required":true}},"block_types":{"timeouts":{"nesting_mode":"single","block":{"attributes":{"read":{"type":"string","optional":true}}}}}}},"azurerm_cdn_profile":{"version":0,"block":{"attributes":{"id":{"type":"string","optional":true,"computed":true},"location":{"type":"string","computed":true},"name":{"type":"string","required":true},"resource_group_name":{"type":"string","required":true},"sku":{"type":"string","computed":true},"tags":{"type":["map","string"],"computed":true}},"block_types":{"timeouts":{"nesting_mode":"single","block":{"attributes":{"read":{"type":"string","optional":true}}}}}}},"azurerm_client_config":{"version":0,"block":{"attributes":{"client_id":{"type":"string","computed":true},"id":{"type":"string","optional":true,"computed":true},"object_id":{"type":"string","computed":true},"subscription_id":{"type":"string","computed":true},"tenant_id":{"type":"string","computed":true}},"block_types":{"timeouts":{"nesting_mode":"single","block":{"attributes":{"read":{"type":"string","optional":true}}}}}}},"azurerm_container_registry":{"version":2,"block":{"attributes":{"admin_enabled":{"type":"bool","computed":true},"admin_password":{"type":"string","computed":true},"admin_username":{"type":"string","computed":true},"id":{"type":"string","optional":true,"computed":true},"location":{"type":"string","computed":true},"login_server":{"type":"string","computed":true},"name":{"type":"string","required":true},"resource_group_name":{"type":"string","required":true},"sku":{"type":"string","computed":true},"storage_account_id":{"type":"string","computed":true},"tags":{"type":["map","string"],"computed":true}},"block_types":{"timeouts":{"nesting_mode":"single","block":{"attributes":{"read":{"type":"string","optional":true}}}}}}},"azurerm_cosmosdb_account":{"version":0,"block":{"attributes":{"capabilities":{"type":["list",["object",{"name":"string"}]],"computed":true},"consistency_policy":{"type":["list",["object",{"consistency_level":"string","max_interval_in_seconds":"number","max_staleness_prefix":"number"}]],"computed":true},"enable_automatic_failover":{"type":"bool","computed":true},"enable_multiple_write_locations":{"type":"bool","computed":true},"endpoint":{"type":"string","computed":true},"geo_location":{"type":["list",["object",{"failover_priority":"number","id":"string","location":"string"}]],"computed":true},"id":{"type":"string","optional":true,"computed":true},"ip_range_filter":{"type":"string","computed":true},"is_virtual_network_filter_enabled":{"type":"bool","computed":true},"kind":{"type":"string","computed":true},"location":{"type":"string","computed":true},"name":{"type":"string","required":true},"offer_type":{"type":"string","computed":true},"primary_master_key":{"type":"string","computed":true,"sensitive":true},"primary_readonly_master_key":{"type":"string","computed":true,"sensitive":true},"read_endpoints":{"type":["list","string"],"computed":true},"resource_group_name":{"type":"string","required":true},"secondary_master_key":{"type":"string","computed":true,"sensitive":true},"secondary_readonly_master_key":{"type":"string","computed":true,"sensitive":true},"tags":{"type":["map","string"],"computed":true},"virtual_network_rule":{"type":["list",["object",{"id":"string"}]],"computed":true},"write_endpoints":{"type":["list","string"],"computed":true}},"block_types":{"timeouts":{"nesting_mode":"single","block":{"attributes":{"read":{"type":"string","optional":true}}}}}}},"azurerm_data_factory":{"version":0,"block":{"attributes":{"github_configuration":{"type":["list",["object",{"account_name":"string","branch_name":"string","git_url":"string","repository_name":"string","root_folder":"string"}]],"computed":true},"id":{"type":"string","optional":true,"computed":true},"identity":{"type":["list",["object",{"principal_id":"string","tenant_id":"string","type":"string"}]],"computed":true},"location":{"type":"string","computed":true},"name":{"type":"string","required":true},"resource_group_name":{"type":"string","required":true},"tags":{"type":["map","string"],"computed":true},"vsts_configuration":{"type":["list",["object",{"account_name":"string","branch_name":"string","project_name":"string","repository_name":"string","root_folder":"string","tenant_id":"string"}]],"computed":true}},"block_types":{"timeouts":{"nesting_mode":"single","block":{"attributes":{"read":{"type":"string","optional":true}}}}}}},"azurerm_data_lake_store":{"version":0,"block":{"attributes":{"encryption_state":{"type":"string","computed":true},"encryption_type":{"type":"string","computed":true},"firewall_allow_azure_ips":{"type":"string","computed":true},"firewall_state":{"type":"string","computed":true},"id":{"type":"string","optional":true,"computed":true},"location":{"type":"string","computed":true},"name":{"type":"string","required":true},"resource_group_name":{"type":"string","required":true},"tags":{"type":["map","string"],"computed":true},"tier":{"type":"string","computed":true}},"block_types":{"timeouts":{"nesting_mode":"single","block":{"attributes":{"read":{"type":"string","optional":true}}}}}}},"azurerm_data_share":{"version":0,"block":{"attributes":{"account_id":{"type":"string","required":true},"description":{"type":"string","computed":true},"id":{"type":"string","optional":true,"computed":true},"kind":{"type":"string","computed":true},"name":{"type":"string","required":true},"snapshot_schedule":{"type":["list",["object",{"name":"string","recurrence":"string","start_time":"string"}]],"computed":true},"terms":{"type":"string","computed":true}},"block_types":{"timeouts":{"nesting_mode":"single","block":{"attributes":{"read":{"type":"string","optional":true}}}}}}},"azurerm_data_share_account":{"version":0,"block":{"attributes":{"id":{"type":"string","optional":true,"computed":true},"identity":{"type":["list",["object",{"principal_id":"string","tenant_id":"string","type":"string"}]],"computed":true},"name":{"type":"string","required":true},"resource_group_name":{"type":"string","required":true},"tags":{"type":["map","string"],"computed":true}},"block_types":{"timeouts":{"nesting_mode":"single","block":{"attributes":{"read":{"type":"string","optional":true}}}}}}},"azurerm_data_share_dataset_blob_storage":{"version":0,"block":{"attributes":{"container_name":{"type":"string","computed":true},"data_share_id":{"type":"string","required":true},"display_name":{"type":"string","computed":true},"file_path":{"type":"string","computed":true},"folder_path":{"type":"string","computed":true},"id":{"type":"string","optional":true,"computed":true},"name":{"type":"string","required":true},"storage_account":{"type":["list",["object",{"name":"string","resource_group_name":"string","subscription_id":"string"}]],"computed":true}},"block_types":{"timeouts":{"nesting_mode":"single","block":{"attributes":{"read":{"type":"string","optional":true}}}}}}},"azurerm_database_migration_project":{"version":0,"block":{"attributes":{"id":{"type":"string","optional":true,"computed":true},"location":{"type":"string","computed":true},"name":{"type":"string","required":true},"resource_group_name":{"type":"string","required":true},"service_name":{"type":"string","required":true},"source_platform":{"type":"string","computed":true},"tags":{"type":["map","string"],"computed":true},"target_platform":{"type":"string","computed":true}},"block_types":{"timeouts":{"nesting_mode":"single","block":{"attributes":{"read":{"type":"string","optional":true}}}}}}},"azurerm_database_migration_service":{"version":0,"block":{"attributes":{"id":{"type":"string","optional":true,"computed":true},"location":{"type":"string","computed":true},"name":{"type":"string","required":true},"resource_group_name":{"type":"string","required":true},"sku_name":{"type":"string","computed":true},"subnet_id":{"type":"string","computed":true},"tags":{"type":["map","string"],"computed":true}},"block_types":{"timeouts":{"nesting_mode":"single","block":{"attributes":{"read":{"type":"string","optional":true}}}}}}},"azurerm_dedicated_host":{"version":0,"block":{"attributes":{"dedicated_host_group_name":{"type":"string","required":true},"id":{"type":"string","optional":true,"computed":true},"location":{"type":"string","computed":true},"name":{"type":"string","required":true},"resource_group_name":{"type":"string","required":true},"tags":{"type":["map","string"],"computed":true}},"block_types":{"timeouts":{"nesting_mode":"single","block":{"attributes":{"read":{"type":"string","optional":true}}}}}}},"azurerm_dedicated_host_group":{"version":0,"block":{"attributes":{"id":{"type":"string","optional":true,"computed":true},"location":{"type":"string","computed":true},"name":{"type":"string","required":true},"platform_fault_domain_count":{"type":"number","computed":true},"resource_group_name":{"type":"string","required":true},"tags":{"type":["map","string"],"computed":true},"zones":{"type":["list","string"],"computed":true}},"block_types":{"timeouts":{"nesting_mode":"single","block":{"attributes":{"read":{"type":"string","optional":true}}}}}}},"azurerm_dev_test_lab":{"version":0,"block":{"attributes":{"artifacts_storage_account_id":{"type":"string","computed":true},"default_premium_storage_account_id":{"type":"string","computed":true},"default_storage_account_id":{"type":"string","computed":true},"id":{"type":"string","optional":true,"computed":true},"key_vault_id":{"type":"string","computed":true},"location":{"type":"string","computed":true},"name":{"type":"string","required":true},"premium_data_disk_storage_account_id":{"type":"string","computed":true},"resource_group_name":{"type":"string","required":true},"storage_type":{"type":"string","computed":true},"tags":{"type":["map","string"],"computed":true},"unique_identifier":{"type":"string","computed":true}},"block_types":{"timeouts":{"nesting_mode":"single","block":{"attributes":{"read":{"type":"string","optional":true}}}}}}},"azurerm_dev_test_virtual_network":{"version":0,"block":{"attributes":{"allowed_subnets":{"type":["list",["object",{"allow_public_ip":"string","lab_subnet_name":"string","resource_id":"string"}]],"computed":true},"id":{"type":"string","optional":true,"computed":true},"lab_name":{"type":"string","required":true},"name":{"type":"string","required":true},"resource_group_name":{"type":"string","required":true},"subnet_overrides":{"type":["list",["object",{"lab_subnet_name":"string","resource_id":"string","use_in_vm_creation_permission":"string","use_public_ip_address_permission":"string","virtual_network_pool_name":"string"}]],"computed":true},"unique_identifier":{"type":"string","computed":true}},"block_types":{"timeouts":{"nesting_mode":"single","block":{"attributes":{"read":{"type":"string","optional":true}}}}}}},"azurerm_disk_encryption_set":{"version":0,"block":{"attributes":{"id":{"type":"string","optional":true,"computed":true},"location":{"type":"string","computed":true},"name":{"type":"string","required":true},"resource_group_name":{"type":"string","required":true},"tags":{"type":["map","string"],"computed":true}},"block_types":{"timeouts":{"nesting_mode":"single","block":{"attributes":{"read":{"type":"string","optional":true}}}}}}},"azurerm_dns_zone":{"version":0,"block":{"attributes":{"id":{"type":"string","optional":true,"computed":true},"max_number_of_record_sets":{"type":"number","computed":true},"name":{"type":"string","required":true},"name_servers":{"type":["set","string"],"computed":true},"number_of_record_sets":{"type":"number","computed":true},"resource_group_name":{"type":"string","optional":true,"computed":true},"tags":{"type":["map","string"],"computed":true}},"block_types":{"timeouts":{"nesting_mode":"single","block":{"attributes":{"read":{"type":"string","optional":true}}}}}}},"azurerm_eventgrid_topic":{"version":0,"block":{"attributes":{"endpoint":{"type":"string","computed":true},"id":{"type":"string","optional":true,"computed":true},"location":{"type":"string","computed":true},"name":{"type":"string","required":true},"primary_access_key":{"type":"string","computed":true,"sensitive":true},"resource_group_name":{"type":"string","required":true},"secondary_access_key":{"type":"string","computed":true,"sensitive":true},"tags":{"type":["map","string"],"optional":true}},"block_types":{"timeouts":{"nesting_mode":"single","block":{"attributes":{"read":{"type":"string","optional":true}}}}}}},"azurerm_eventhub":{"version":0,"block":{"attributes":{"id":{"type":"string","optional":true,"computed":true},"name":{"type":"string","required":true},"namespace_name":{"type":"string","required":true},"partition_count":{"type":"number","computed":true},"partition_ids":{"type":["list","string"],"computed":true},"resource_group_name":{"type":"string","required":true}},"block_types":{"timeouts":{"nesting_mode":"single","block":{"attributes":{"read":{"type":"string","optional":true}}}}}}},"azurerm_eventhub_authorization_rule":{"version":0,"block":{"attributes":{"eventhub_name":{"type":"string","required":true},"id":{"type":"string","optional":true,"computed":true},"listen":{"type":"bool","optional":true},"location":{"type":"string","computed":true},"manage":{"type":"bool","optional":true},"name":{"type":"string","required":true},"namespace_name":{"type":"string","required":true},"primary_connection_string":{"type":"string","computed":true,"sensitive":true},"primary_connection_string_alias":{"type":"string","computed":true,"sensitive":true},"primary_key":{"type":"string","computed":true,"sensitive":true},"resource_group_name":{"type":"string","required":true},"secondary_connection_string":{"type":"string","computed":true,"sensitive":true},"secondary_connection_string_alias":{"type":"string","computed":true,"sensitive":true},"secondary_key":{"type":"string","computed":true,"sensitive":true},"send":{"type":"bool","optional":true}},"block_types":{"timeouts":{"nesting_mode":"single","block":{"attributes":{"read":{"type":"string","optional":true}}}}}}},"azurerm_eventhub_consumer_group":{"version":0,"block":{"attributes":{"eventhub_name":{"type":"string","required":true},"id":{"type":"string","optional":true,"computed":true},"location":{"type":"string","computed":true},"name":{"type":"string","required":true},"namespace_name":{"type":"string","required":true},"resource_group_name":{"type":"string","required":true},"user_metadata":{"type":"string","computed":true}},"block_types":{"timeouts":{"nesting_mode":"single","block":{"attributes":{"read":{"type":"string","optional":true}}}}}}},"azurerm_eventhub_namespace":{"version":0,"block":{"attributes":{"auto_inflate_enabled":{"type":"bool","computed":true},"capacity":{"type":"number","computed":true},"default_primary_connection_string":{"type":"string","computed":true,"sensitive":true},"default_primary_connection_string_alias":{"type":"string","computed":true,"sensitive":true},"default_primary_key":{"type":"string","computed":true,"sensitive":true},"default_secondary_connection_string":{"type":"string","computed":true,"sensitive":true},"default_secondary_connection_string_alias":{"type":"string","computed":true,"sensitive":true},"default_secondary_key":{"type":"string","computed":true,"sensitive":true},"id":{"type":"string","optional":true,"computed":true},"kafka_enabled":{"type":"bool","computed":true},"location":{"type":"string","computed":true},"maximum_throughput_units":{"type":"number","computed":true},"name":{"type":"string","required":true},"resource_group_name":{"type":"string","required":true},"sku":{"type":"string","computed":true},"tags":{"type":["map","string"],"computed":true}},"block_types":{"timeouts":{"nesting_mode":"single","block":{"attributes":{"read":{"type":"string","optional":true}}}}}}},"azurerm_eventhub_namespace_authorization_rule":{"version":1,"block":{"attributes":{"id":{"type":"string","optional":true,"computed":true},"listen":{"type":"bool","computed":true},"manage":{"type":"bool","computed":true},"name":{"type":"string","required":true},"namespace_name":{"type":"string","required":true},"primary_connection_string":{"type":"string","computed":true,"sensitive":true},"primary_connection_string_alias":{"type":"string","computed":true,"sensitive":true},"primary_key":{"type":"string","computed":true,"sensitive":true},"resource_group_name":{"type":"string","required":true},"secondary_connection_string":{"type":"string","computed":true,"sensitive":true},"secondary_connection_string_alias":{"type":"string","computed":true,"sensitive":true},"secondary_key":{"type":"string","computed":true,"sensitive":true},"send":{"type":"bool","computed":true}},"block_types":{"timeouts":{"nesting_mode":"single","block":{"attributes":{"read":{"type":"string","optional":true}}}}}}},"azurerm_express_route_circuit":{"version":0,"block":{"attributes":{"id":{"type":"string","optional":true,"computed":true},"location":{"type":"string","computed":true},"name":{"type":"string","required":true},"peerings":{"type":["list",["object",{"azure_asn":"number","peer_asn":"number","peering_type":"string","primary_peer_address_prefix":"string","secondary_peer_address_prefix":"string","shared_key":"string","vlan_id":"number"}]],"computed":true},"resource_group_name":{"type":"string","required":true},"service_key":{"type":"string","computed":true},"service_provider_properties":{"type":["list",["object",{"bandwidth_in_mbps":"number","peering_location":"string","service_provider_name":"string"}]],"computed":true},"service_provider_provisioning_state":{"type":"string","computed":true},"sku":{"type":["list",["object",{"family":"string","tier":"string"}]],"computed":true}},"block_types":{"timeouts":{"nesting_mode":"single","block":{"attributes":{"read":{"type":"string","optional":true}}}}}}},"azurerm_firewall":{"version":0,"block":{"attributes":{"id":{"type":"string","optional":true,"computed":true},"ip_configuration":{"type":["list",["object",{"internal_public_ip_address_id":"string","name":"string","private_ip_address":"string","public_ip_address_id":"string","subnet_id":"string"}]],"computed":true},"location":{"type":"string","computed":true},"name":{"type":"string","required":true},"resource_group_name":{"type":"string","required":true},"tags":{"type":["map","string"],"computed":true}},"block_types":{"timeouts":{"nesting_mode":"single","block":{"attributes":{"read":{"type":"string","optional":true}}}}}}},"azurerm_function_app":{"version":0,"block":{"attributes":{"app_service_plan_id":{"type":"string","computed":true},"app_settings":{"type":["map","string"],"computed":true},"connection_string":{"type":["list",["object",{"name":"string","type":"string","value":"string"}]],"computed":true},"default_hostname":{"type":"string","computed":true},"enabled":{"type":"bool","computed":true},"id":{"type":"string","optional":true,"computed":true},"location":{"type":"string","computed":true},"name":{"type":"string","required":true},"os_type":{"type":"string","computed":true},"outbound_ip_addresses":{"type":"string","computed":true},"possible_outbound_ip_addresses":{"type":"string","computed":true},"resource_group_name":{"type":"string","required":true},"site_credential":{"type":["list",["object",{"password":"string","username":"string"}]],"computed":true},"tags":{"type":["map","string"],"optional":true}},"block_types":{"timeouts":{"nesting_mode":"single","block":{"attributes":{"read":{"type":"string","optional":true}}}}}}},"azurerm_hdinsight_cluster":{"version":0,"block":{"attributes":{"cluster_version":{"type":"string","computed":true},"component_versions":{"type":["map","string"],"computed":true},"edge_ssh_endpoint":{"type":"string","computed":true},"gateway":{"type":["list",["object",{"enabled":"bool","password":"string","username":"string"}]],"computed":true},"https_endpoint":{"type":"string","computed":true},"id":{"type":"string","optional":true,"computed":true},"kind":{"type":"string","computed":true},"location":{"type":"string","computed":true},"name":{"type":"string","required":true},"resource_group_name":{"type":"string","required":true},"ssh_endpoint":{"type":"string","computed":true},"tags":{"type":["map","string"],"computed":true},"tier":{"type":"string","computed":true},"tls_min_version":{"type":"string","computed":true}},"block_types":{"timeouts":{"nesting_mode":"single","block":{"attributes":{"read":{"type":"string","optional":true}}}}}}},"azurerm_healthcare_service":{"version":0,"block":{"attributes":{"access_policy_object_ids":{"type":["set","string"],"computed":true},"authentication_configuration":{"type":["list",["object",{"audience":"string","authority":"string","smart_proxy_enabled":"bool"}]],"computed":true},"cors_configuration":{"type":["list",["object",{"allow_credentials":"bool","allowed_headers":["set","string"],"allowed_methods":["list","string"],"allowed_origins":["set","string"],"max_age_in_seconds":"number"}]],"computed":true},"cosmosdb_throughput":{"type":"number","computed":true},"id":{"type":"string","optional":true,"computed":true},"kind":{"type":"string","computed":true},"location":{"type":"string","required":true},"name":{"type":"string","required":true},"resource_group_name":{"type":"string","required":true},"tags":{"type":["map","string"],"computed":true}},"block_types":{"timeouts":{"nesting_mode":"single","block":{"attributes":{"read":{"type":"string","optional":true}}}}}}},"azurerm_image":{"version":0,"block":{"attributes":{"data_disk":{"type":["list",["object",{"blob_uri":"string","caching":"string","lun":"number","managed_disk_id":"string","size_gb":"number"}]],"computed":true},"id":{"type":"string","optional":true,"computed":true},"location":{"type":"string","computed":true},"name":{"type":"string","optional":true},"name_regex":{"type":"string","optional":true},"os_disk":{"type":["list",["object",{"blob_uri":"string","caching":"string","managed_disk_id":"string","os_state":"string","os_type":"string","size_gb":"number"}]],"computed":true},"resource_group_name":{"type":"string","required":true},"sort_descending":{"type":"bool","optional":true},"tags":{"type":["map","string"],"computed":true},"zone_resilient":{"type":"bool","computed":true}},"block_types":{"timeouts":{"nesting_mode":"single","block":{"attributes":{"read":{"type":"string","optional":true}}}}}}},"azurerm_iothub_dps":{"version":0,"block":{"attributes":{"allocation_policy":{"type":"string","computed":true},"device_provisioning_host_name":{"type":"string","computed":true},"id":{"type":"string","optional":true,"computed":true},"id_scope":{"type":"string","computed":true},"location":{"type":"string","computed":true},"name":{"type":"string","required":true},"resource_group_name":{"type":"string","required":true},"service_operations_host_name":{"type":"string","computed":true},"tags":{"type":["map","string"],"optional":true}},"block_types":{"timeouts":{"nesting_mode":"single","block":{"attributes":{"read":{"type":"string","optional":true}}}}}}},"azurerm_iothub_dps_shared_access_policy":{"version":0,"block":{"attributes":{"id":{"type":"string","optional":true,"computed":true},"iothub_dps_name":{"type":"string","required":true},"name":{"type":"string","required":true},"primary_connection_string":{"type":"string","computed":true,"sensitive":true},"primary_key":{"type":"string","computed":true,"sensitive":true},"resource_group_name":{"type":"string","required":true},"secondary_connection_string":{"type":"string","computed":true,"sensitive":true},"secondary_key":{"type":"string","computed":true,"sensitive":true}},"block_types":{"timeouts":{"nesting_mode":"single","block":{"attributes":{"read":{"type":"string","optional":true}}}}}}},"azurerm_iothub_shared_access_policy":{"version":0,"block":{"attributes":{"id":{"type":"string","optional":true,"computed":true},"iothub_name":{"type":"string","required":true},"name":{"type":"string","required":true},"primary_connection_string":{"type":"string","computed":true,"sensitive":true},"primary_key":{"type":"string","computed":true,"sensitive":true},"resource_group_name":{"type":"string","required":true},"secondary_connection_string":{"type":"string","computed":true,"sensitive":true},"secondary_key":{"type":"string","computed":true,"sensitive":true}},"block_types":{"timeouts":{"nesting_mode":"single","block":{"attributes":{"read":{"type":"string","optional":true}}}}}}},"azurerm_key_vault":{"version":1,"block":{"attributes":{"access_policy":{"type":["list",["object",{"application_id":"string","certificate_permissions":["list","string"],"key_permissions":["list","string"],"object_id":"string","secret_permissions":["list","string"],"storage_permissions":["list","string"],"tenant_id":"string"}]],"computed":true},"enabled_for_deployment":{"type":"bool","computed":true},"enabled_for_disk_encryption":{"type":"bool","computed":true},"enabled_for_template_deployment":{"type":"bool","computed":true},"id":{"type":"string","optional":true,"computed":true},"location":{"type":"string","computed":true},"name":{"type":"string","required":true},"network_acls":{"type":["list",["object",{"bypass":"string","default_action":"string","ip_rules":["set","string"],"virtual_network_subnet_ids":["set","string"]}]],"computed":true},"purge_protection_enabled":{"type":"bool","computed":true},"resource_group_name":{"type":"string","required":true},"sku_name":{"type":"string","computed":true},"soft_delete_enabled":{"type":"bool","computed":true},"tags":{"type":["map","string"],"computed":true},"tenant_id":{"type":"string","computed":true},"vault_uri":{"type":"string","computed":true}},"block_types":{"timeouts":{"nesting_mode":"single","block":{"attributes":{"read":{"type":"string","optional":true}}}}}}},"azurerm_key_vault_access_policy":{"version":0,"block":{"attributes":{"certificate_permissions":{"type":["list","string"],"computed":true},"id":{"type":"string","optional":true,"computed":true},"key_permissions":{"type":["list","string"],"computed":true},"name":{"type":"string","required":true},"secret_permissions":{"type":["list","string"],"computed":true}},"block_types":{"timeouts":{"nesting_mode":"single","block":{"attributes":{"read":{"type":"string","optional":true}}}}}}},"azurerm_key_vault_certificate":{"version":0,"block":{"attributes":{"certificate_data":{"type":"string","computed":true},"certificate_policy":{"type":["list",["object",{"issuer_parameters":["list",["object",{"name":"string"}]],"key_properties":["list",["object",{"exportable":"bool","key_size":"number","key_type":"string","reuse_key":"bool"}]],"lifetime_action":["list",["object",{"action":["list",["object",{"action_type":"string"}]],"trigger":["list",["object",{"days_before_expiry":"number","lifetime_percentage":"number"}]]}]],"secret_properties":["list",["object",{"content_type":"string"}]],"x509_certificate_properties":["list",["object",{"extended_key_usage":["list","string"],"key_usage":["list","string"],"subject":"string","subject_alternative_names":["list",["object",{"dns_names":["list","string"],"emails":["list","string"],"upns":["list","string"]}]],"validity_in_months":"number"}]]}]],"computed":true},"id":{"type":"string","optional":true,"computed":true},"key_vault_id":{"type":"string","required":true},"name":{"type":"string","required":true},"secret_id":{"type":"string","computed":true},"tags":{"type":["map","string"],"computed":true},"thumbprint":{"type":"string","computed":true},"version":{"type":"string","optional":true,"computed":true}},"block_types":{"timeouts":{"nesting_mode":"single","block":{"attributes":{"read":{"type":"string","optional":true}}}}}}},"azurerm_key_vault_key":{"version":0,"block":{"attributes":{"e":{"type":"string","computed":true},"id":{"type":"string","optional":true,"computed":true},"key_opts":{"type":["list","string"],"computed":true},"key_size":{"type":"number","computed":true},"key_type":{"type":"string","computed":true},"key_vault_id":{"type":"string","required":true},"n":{"type":"string","computed":true},"name":{"type":"string","required":true},"tags":{"type":["map","string"],"computed":true},"version":{"type":"string","computed":true}},"block_types":{"timeouts":{"nesting_mode":"single","block":{"attributes":{"read":{"type":"string","optional":true}}}}}}},"azurerm_key_vault_secret":{"version":0,"block":{"attributes":{"content_type":{"type":"string","computed":true},"id":{"type":"string","optional":true,"computed":true},"key_vault_id":{"type":"string","required":true},"name":{"type":"string","required":true},"tags":{"type":["map","string"],"computed":true},"value":{"type":"string","computed":true,"sensitive":true},"version":{"type":"string","computed":true}},"block_types":{"timeouts":{"nesting_mode":"single","block":{"attributes":{"read":{"type":"string","optional":true}}}}}}},"azurerm_kubernetes_cluster":{"version":0,"block":{"attributes":{"addon_profile":{"type":["list",["object",{"azure_policy":["list",["object",{"enabled":"bool"}]],"http_application_routing":["list",["object",{"enabled":"bool","http_application_routing_zone_name":"string"}]],"kube_dashboard":["list",["object",{"enabled":"bool"}]],"oms_agent":["list",["object",{"enabled":"bool","log_analytics_workspace_id":"string","oms_agent_identity":["list",["object",{"client_id":"string","object_id":"string","user_assigned_identity_id":"string"}]]}]]}]],"computed":true},"agent_pool_profile":{"type":["list",["object",{"availability_zones":["list","string"],"count":"number","enable_auto_scaling":"bool","enable_node_public_ip":"bool","max_count":"number","max_pods":"number","min_count":"number","name":"string","node_labels":["map","string"],"node_taints":["list","string"],"orchestrator_version":"string","os_disk_size_gb":"number","os_type":"string","tags":["map","string"],"type":"string","vm_size":"string","vnet_subnet_id":"string"}]],"computed":true},"api_server_authorized_ip_ranges":{"type":["set","string"],"computed":true},"disk_encryption_set_id":{"type":"string","computed":true},"dns_prefix":{"type":"string","computed":true},"fqdn":{"type":"string","computed":true},"id":{"type":"string","optional":true,"computed":true},"identity":{"type":["list",["object",{"principal_id":"string","tenant_id":"string","type":"string"}]],"computed":true},"kube_admin_config":{"type":["list",["object",{"client_certificate":"string","client_key":"string","cluster_ca_certificate":"string","host":"string","password":"string","username":"string"}]],"computed":true},"kube_admin_config_raw":{"type":"string","computed":true,"sensitive":true},"kube_config":{"type":["list",["object",{"client_certificate":"string","client_key":"string","cluster_ca_certificate":"string","host":"string","password":"string","username":"string"}]],"computed":true},"kube_config_raw":{"type":"string","computed":true,"sensitive":true},"kubelet_identity":{"type":["list",["object",{"client_id":"string","object_id":"string","user_assigned_identity_id":"string"}]],"computed":true},"kubernetes_version":{"type":"string","computed":true},"linux_profile":{"type":["list",["object",{"admin_username":"string","ssh_key":["list",["object",{"key_data":"string"}]]}]],"computed":true},"location":{"type":"string","computed":true},"name":{"type":"string","required":true},"network_profile":{"type":["list",["object",{"dns_service_ip":"string","docker_bridge_cidr":"string","load_balancer_sku":"string","network_plugin":"string","network_policy":"string","pod_cidr":"string","service_cidr":"string"}]],"computed":true},"node_resource_group":{"type":"string","computed":true},"private_cluster_enabled":{"type":"bool","computed":true},"private_fqdn":{"type":"string","computed":true},"private_link_enabled":{"type":"bool","computed":true},"resource_group_name":{"type":"string","required":true},"role_based_access_control":{"type":["list",["object",{"azure_active_directory":["list",["object",{"admin_group_object_ids":["list","string"],"client_app_id":"string","managed":"bool","server_app_id":"string","tenant_id":"string"}]],"enabled":"bool"}]],"computed":true},"service_principal":{"type":["list",["object",{"client_id":"string"}]],"computed":true},"tags":{"type":["map","string"],"computed":true},"windows_profile":{"type":["list",["object",{"admin_username":"string"}]],"computed":true}},"block_types":{"timeouts":{"nesting_mode":"single","block":{"attributes":{"read":{"type":"string","optional":true}}}}}}},"azurerm_kubernetes_cluster_node_pool":{"version":0,"block":{"attributes":{"availability_zones":{"type":["list","string"],"computed":true},"enable_auto_scaling":{"type":"bool","computed":true},"enable_node_public_ip":{"type":"bool","computed":true},"eviction_policy":{"type":"string","computed":true},"id":{"type":"string","optional":true,"computed":true},"kubernetes_cluster_name":{"type":"string","required":true},"max_count":{"type":"number","computed":true},"max_pods":{"type":"number","computed":true},"min_count":{"type":"number","computed":true},"mode":{"type":"string","computed":true},"name":{"type":"string","required":true},"node_count":{"type":"number","computed":true},"node_labels":{"type":["map","string"],"computed":true},"node_taints":{"type":["list","string"],"computed":true},"orchestrator_version":{"type":"string","computed":true},"os_disk_size_gb":{"type":"number","computed":true},"os_type":{"type":"string","computed":true},"priority":{"type":"string","computed":true},"resource_group_name":{"type":"string","required":true},"spot_max_price":{"type":"number","computed":true},"tags":{"type":["map","string"],"computed":true},"vm_size":{"type":"string","computed":true},"vnet_subnet_id":{"type":"string","computed":true}},"block_types":{"timeouts":{"nesting_mode":"single","block":{"attributes":{"read":{"type":"string","optional":true}}}}}}},"azurerm_kubernetes_service_versions":{"version":0,"block":{"attributes":{"id":{"type":"string","optional":true,"computed":true},"include_preview":{"type":"bool","optional":true},"latest_version":{"type":"string","computed":true},"location":{"type":"string","required":true},"version_prefix":{"type":"string","optional":true},"versions":{"type":["list","string"],"computed":true}},"block_types":{"timeouts":{"nesting_mode":"single","block":{"attributes":{"read":{"type":"string","optional":true}}}}}}},"azurerm_kusto_cluster":{"version":0,"block":{"attributes":{"data_ingestion_uri":{"type":"string","computed":true},"id":{"type":"string","optional":true,"computed":true},"location":{"type":"string","computed":true},"name":{"type":"string","required":true},"resource_group_name":{"type":"string","required":true},"tags":{"type":["map","string"],"computed":true},"uri":{"type":"string","computed":true}},"block_types":{"timeouts":{"nesting_mode":"single","block":{"attributes":{"read":{"type":"string","optional":true}}}}}}},"azurerm_lb":{"version":0,"block":{"attributes":{"frontend_ip_configuration":{"type":["list",["object",{"id":"string","name":"string","private_ip_address":"string","private_ip_address_allocation":"string","private_ip_address_version":"string","public_ip_address_id":"string","subnet_id":"string","zones":["list","string"]}]],"computed":true},"id":{"type":"string","optional":true,"computed":true},"location":{"type":"string","computed":true},"name":{"type":"string","required":true},"private_ip_address":{"type":"string","computed":true},"private_ip_addresses":{"type":["list","string"],"computed":true},"resource_group_name":{"type":"string","required":true},"sku":{"type":"string","computed":true},"tags":{"type":["map","string"],"computed":true}},"block_types":{"timeouts":{"nesting_mode":"single","block":{"attributes":{"read":{"type":"string","optional":true}}}}}}},"azurerm_lb_backend_address_pool":{"version":0,"block":{"attributes":{"backend_ip_configurations":{"type":["list",["object",{"id":"string"}]],"computed":true},"id":{"type":"string","optional":true,"computed":true},"loadbalancer_id":{"type":"string","required":true},"name":{"type":"string","required":true}},"block_types":{"timeouts":{"nesting_mode":"single","block":{"attributes":{"read":{"type":"string","optional":true}}}}}}},"azurerm_log_analytics_workspace":{"version":0,"block":{"attributes":{"id":{"type":"string","optional":true,"computed":true},"location":{"type":"string","computed":true},"name":{"type":"string","required":true},"portal_url":{"type":"string","computed":true},"primary_shared_key":{"type":"string","computed":true,"sensitive":true},"resource_group_name":{"type":"string","required":true},"retention_in_days":{"type":"number","computed":true},"secondary_shared_key":{"type":"string","computed":true,"sensitive":true},"sku":{"type":"string","computed":true},"tags":{"type":["map","string"],"computed":true},"workspace_id":{"type":"string","computed":true}},"block_types":{"timeouts":{"nesting_mode":"single","block":{"attributes":{"read":{"type":"string","optional":true}}}}}}},"azurerm_logic_app_integration_account":{"version":0,"block":{"attributes":{"id":{"type":"string","optional":true,"computed":true},"location":{"type":"string","computed":true},"name":{"type":"string","required":true},"resource_group_name":{"type":"string","required":true},"sku_name":{"type":"string","computed":true},"tags":{"type":["map","string"],"computed":true}},"block_types":{"timeouts":{"nesting_mode":"single","block":{"attributes":{"read":{"type":"string","optional":true}}}}}}},"azurerm_logic_app_workflow":{"version":0,"block":{"attributes":{"access_endpoint":{"type":"string","computed":true},"connector_endpoint_ip_addresses":{"type":["list","string"],"computed":true},"connector_outbound_ip_addresses":{"type":["list","string"],"computed":true},"id":{"type":"string","optional":true,"computed":true},"location":{"type":"string","computed":true},"logic_app_integration_account_id":{"type":"string","computed":true},"name":{"type":"string","required":true},"parameters":{"type":["map","string"],"computed":true},"resource_group_name":{"type":"string","required":true},"tags":{"type":["map","string"],"computed":true},"workflow_endpoint_ip_addresses":{"type":["list","string"],"computed":true},"workflow_outbound_ip_addresses":{"type":["list","string"],"computed":true},"workflow_schema":{"type":"string","computed":true},"workflow_version":{"type":"string","computed":true}},"block_types":{"timeouts":{"nesting_mode":"single","block":{"attributes":{"read":{"type":"string","optional":true}}}}}}},"azurerm_machine_learning_workspace":{"version":0,"block":{"attributes":{"id":{"type":"string","optional":true,"computed":true},"location":{"type":"string","computed":true},"name":{"type":"string","required":true},"resource_group_name":{"type":"string","required":true},"tags":{"type":["map","string"],"computed":true}},"block_types":{"timeouts":{"nesting_mode":"single","block":{"attributes":{"read":{"type":"string","optional":true}}}}}}},"azurerm_maintenance_configuration":{"version":0,"block":{"attributes":{"id":{"type":"string","optional":true,"computed":true},"location":{"type":"string","computed":true},"name":{"type":"string","required":true},"resource_group_name":{"type":"string","required":true},"scope":{"type":"string","computed":true},"tags":{"type":["map","string"],"computed":true}},"block_types":{"timeouts":{"nesting_mode":"single","block":{"attributes":{"read":{"type":"string","optional":true}}}}}}},"azurerm_managed_application_definition":{"version":0,"block":{"attributes":{"id":{"type":"string","optional":true,"computed":true},"location":{"type":"string","computed":true},"name":{"type":"string","required":true},"resource_group_name":{"type":"string","required":true}},"block_types":{"timeouts":{"nesting_mode":"single","block":{"attributes":{"read":{"type":"string","optional":true}}}}}}},"azurerm_managed_disk":{"version":0,"block":{"attributes":{"create_option":{"type":"string","computed":true},"disk_encryption_set_id":{"type":"string","computed":true},"disk_iops_read_write":{"type":"number","computed":true},"disk_mbps_read_write":{"type":"number","computed":true},"disk_size_gb":{"type":"number","computed":true},"id":{"type":"string","optional":true,"computed":true},"name":{"type":"string","required":true},"os_type":{"type":"string","computed":true},"resource_group_name":{"type":"string","required":true},"source_resource_id":{"type":"string","computed":true},"source_uri":{"type":"string","computed":true},"storage_account_id":{"type":"string","computed":true},"storage_account_type":{"type":"string","computed":true},"tags":{"type":["map","string"],"optional":true},"zones":{"type":["list","string"],"optional":true,"computed":true}},"block_types":{"timeouts":{"nesting_mode":"single","block":{"attributes":{"read":{"type":"string","optional":true}}}}}}},"azurerm_management_group":{"version":0,"block":{"attributes":{"display_name":{"type":"string","optional":true,"computed":true},"group_id":{"type":"string","optional":true,"computed":true},"id":{"type":"string","optional":true,"computed":true},"name":{"type":"string","optional":true,"computed":true},"parent_management_group_id":{"type":"string","computed":true},"subscription_ids":{"type":["set","string"],"computed":true}},"block_types":{"timeouts":{"nesting_mode":"single","block":{"attributes":{"read":{"type":"string","optional":true}}}}}}},"azurerm_maps_account":{"version":0,"block":{"attributes":{"id":{"type":"string","optional":true,"computed":true},"name":{"type":"string","required":true},"primary_access_key":{"type":"string","computed":true,"sensitive":true},"resource_group_name":{"type":"string","required":true},"secondary_access_key":{"type":"string","computed":true,"sensitive":true},"sku_name":{"type":"string","computed":true},"tags":{"type":["map","string"],"optional":true},"x_ms_client_id":{"type":"string","computed":true}},"block_types":{"timeouts":{"nesting_mode":"single","block":{"attributes":{"read":{"type":"string","optional":true}}}}}}},"azurerm_mariadb_server":{"version":0,"block":{"attributes":{"administrator_login":{"type":"string","computed":true},"fqdn":{"type":"string","computed":true},"id":{"type":"string","optional":true,"computed":true},"location":{"type":"string","computed":true},"name":{"type":"string","required":true},"resource_group_name":{"type":"string","required":true},"sku_name":{"type":"string","computed":true},"ssl_enforcement":{"type":"string","computed":true},"storage_profile":{"type":["list",["object",{"auto_grow":"string","backup_retention_days":"number","geo_redundant_backup":"string","storage_mb":"number"}]],"computed":true},"tags":{"type":["map","string"],"computed":true},"version":{"type":"string","computed":true}},"block_types":{"timeouts":{"nesting_mode":"single","block":{"attributes":{"read":{"type":"string","optional":true}}}}}}},"azurerm_monitor_action_group":{"version":0,"block":{"attributes":{"arm_role_receiver":{"type":["list",["object",{"name":"string","role_id":"string","use_common_alert_schema":"bool"}]],"computed":true},"automation_runbook_receiver":{"type":["list",["object",{"automation_account_id":"string","is_global_runbook":"bool","name":"string","runbook_name":"string","service_uri":"string","use_common_alert_schema":"bool","webhook_resource_id":"string"}]],"computed":true},"azure_app_push_receiver":{"type":["list",["object",{"email_address":"string","name":"string"}]],"computed":true},"azure_function_receiver":{"type":["list",["object",{"function_app_resource_id":"string","function_name":"string","http_trigger_url":"string","name":"string","use_common_alert_schema":"bool"}]],"computed":true},"email_receiver":{"type":["list",["object",{"email_address":"string","name":"string","use_common_alert_schema":"bool"}]],"computed":true},"enabled":{"type":"bool","computed":true},"id":{"type":"string","optional":true,"computed":true},"itsm_receiver":{"type":["list",["object",{"connection_id":"string","name":"string","region":"string","ticket_configuration":"string","workspace_id":"string"}]],"computed":true},"logic_app_receiver":{"type":["list",["object",{"callback_url":"string","name":"string","resource_id":"string","use_common_alert_schema":"bool"}]],"computed":true},"name":{"type":"string","required":true},"resource_group_name":{"type":"string","required":true},"short_name":{"type":"string","computed":true},"sms_receiver":{"type":["list",["object",{"country_code":"string","name":"string","phone_number":"string"}]],"computed":true},"voice_receiver":{"type":["list",["object",{"country_code":"string","name":"string","phone_number":"string"}]],"computed":true},"webhook_receiver":{"type":["list",["object",{"name":"string","service_uri":"string","use_common_alert_schema":"bool"}]],"computed":true}},"block_types":{"timeouts":{"nesting_mode":"single","block":{"attributes":{"read":{"type":"string","optional":true}}}}}}},"azurerm_monitor_diagnostic_categories":{"version":0,"block":{"attributes":{"id":{"type":"string","optional":true,"computed":true},"logs":{"type":["set","string"],"computed":true},"metrics":{"type":["set","string"],"computed":true},"resource_id":{"type":"string","required":true}},"block_types":{"timeouts":{"nesting_mode":"single","block":{"attributes":{"read":{"type":"string","optional":true}}}}}}},"azurerm_monitor_log_profile":{"version":0,"block":{"attributes":{"categories":{"type":["list","string"],"computed":true},"id":{"type":"string","optional":true,"computed":true},"locations":{"type":["list","string"],"computed":true},"name":{"type":"string","required":true},"retention_policy":{"type":["list",["object",{"days":"number","enabled":"bool"}]],"computed":true},"servicebus_rule_id":{"type":"string","computed":true},"storage_account_id":{"type":"string","computed":true}},"block_types":{"timeouts":{"nesting_mode":"single","block":{"attributes":{"read":{"type":"string","optional":true}}}}}}},"azurerm_monitor_scheduled_query_rules_alert":{"version":0,"block":{"attributes":{"action":{"type":["set",["object",{"action_group":["set","string"],"custom_webhook_payload":"string","email_subject":"string"}]],"computed":true},"authorized_resource_ids":{"type":["set","string"],"computed":true},"data_source_id":{"type":"string","computed":true},"description":{"type":"string","computed":true},"enabled":{"type":"bool","computed":true},"frequency":{"type":"number","computed":true},"id":{"type":"string","optional":true,"computed":true},"location":{"type":"string","computed":true},"name":{"type":"string","required":true},"query":{"type":"string","computed":true},"query_type":{"type":"string","computed":true},"resource_group_name":{"type":"string","required":true},"severity":{"type":"number","computed":true},"tags":{"type":["map","string"],"computed":true},"throttling":{"type":"number","computed":true},"time_window":{"type":"number","computed":true},"trigger":{"type":["set",["object",{"metric_trigger":["set",["object",{"metric_column":"string","metric_trigger_type":"string","operator":"string","threshold":"number"}]],"operator":"string","threshold":"number"}]],"computed":true}},"block_types":{"timeouts":{"nesting_mode":"single","block":{"attributes":{"read":{"type":"string","optional":true}}}}}}},"azurerm_monitor_scheduled_query_rules_log":{"version":0,"block":{"attributes":{"authorized_resource_ids":{"type":["set","string"],"computed":true},"criteria":{"type":["set",["object",{"dimension":["set",["object",{"name":"string","operator":"string","values":["list","string"]}]],"metric_name":"string"}]],"computed":true},"data_source_id":{"type":"string","computed":true},"description":{"type":"string","computed":true},"enabled":{"type":"bool","computed":true},"id":{"type":"string","optional":true,"computed":true},"location":{"type":"string","computed":true},"name":{"type":"string","required":true},"resource_group_name":{"type":"string","required":true},"tags":{"type":["map","string"],"computed":true}},"block_types":{"timeouts":{"nesting_mode":"single","block":{"attributes":{"read":{"type":"string","optional":true}}}}}}},"azurerm_mssql_database":{"version":0,"block":{"attributes":{"collation":{"type":"string","computed":true},"elastic_pool_id":{"type":"string","computed":true},"id":{"type":"string","optional":true,"computed":true},"license_type":{"type":"string","computed":true},"max_size_gb":{"type":"number","computed":true},"name":{"type":"string","required":true},"read_replica_count":{"type":"number","computed":true},"read_scale":{"type":"bool","computed":true},"server_id":{"type":"string","required":true},"sku_name":{"type":"string","computed":true},"tags":{"type":["map","string"],"computed":true},"zone_redundant":{"type":"bool","computed":true}},"block_types":{"timeouts":{"nesting_mode":"single","block":{"attributes":{"read":{"type":"string","optional":true}}}}}}},"azurerm_mssql_elasticpool":{"version":0,"block":{"attributes":{"id":{"type":"string","optional":true,"computed":true},"license_type":{"type":"string","computed":true},"location":{"type":"string","computed":true},"max_size_bytes":{"type":"number","computed":true},"max_size_gb":{"type":"number","computed":true},"name":{"type":"string","required":true},"per_db_max_capacity":{"type":"number","computed":true},"per_db_min_capacity":{"type":"number","computed":true},"resource_group_name":{"type":"string","required":true},"server_name":{"type":"string","required":true},"tags":{"type":["map","string"],"computed":true},"zone_redundant":{"type":"bool","computed":true}},"block_types":{"timeouts":{"nesting_mode":"single","block":{"attributes":{"read":{"type":"string","optional":true}}}}}}},"azurerm_nat_gateway":{"version":0,"block":{"attributes":{"id":{"type":"string","optional":true,"computed":true},"idle_timeout_in_minutes":{"type":"number","computed":true},"location":{"type":"string","computed":true},"name":{"type":"string","required":true},"public_ip_address_ids":{"type":["list","string"],"optional":true,"computed":true},"public_ip_prefix_ids":{"type":["list","string"],"optional":true,"computed":true},"resource_group_name":{"type":"string","required":true},"resource_guid":{"type":"string","computed":true},"sku_name":{"type":"string","computed":true},"tags":{"type":["map","string"],"computed":true},"zones":{"type":["list","string"],"computed":true}},"block_types":{"timeouts":{"nesting_mode":"single","block":{"attributes":{"read":{"type":"string","optional":true}}}}}}},"azurerm_netapp_account":{"version":0,"block":{"attributes":{"id":{"type":"string","optional":true,"computed":true},"location":{"type":"string","computed":true},"name":{"type":"string","required":true},"resource_group_name":{"type":"string","required":true}},"block_types":{"timeouts":{"nesting_mode":"single","block":{"attributes":{"read":{"type":"string","optional":true}}}}}}},"azurerm_netapp_pool":{"version":0,"block":{"attributes":{"account_name":{"type":"string","required":true},"id":{"type":"string","optional":true,"computed":true},"location":{"type":"string","computed":true},"name":{"type":"string","required":true},"resource_group_name":{"type":"string","required":true},"service_level":{"type":"string","computed":true},"size_in_tb":{"type":"number","computed":true}},"block_types":{"timeouts":{"nesting_mode":"single","block":{"attributes":{"read":{"type":"string","optional":true}}}}}}},"azurerm_netapp_snapshot":{"version":0,"block":{"attributes":{"account_name":{"type":"string","required":true},"id":{"type":"string","optional":true,"computed":true},"location":{"type":"string","computed":true},"name":{"type":"string","required":true},"pool_name":{"type":"string","required":true},"resource_group_name":{"type":"string","required":true},"volume_name":{"type":"string","required":true}},"block_types":{"timeouts":{"nesting_mode":"single","block":{"attributes":{"read":{"type":"string","optional":true}}}}}}},"azurerm_netapp_volume":{"version":0,"block":{"attributes":{"account_name":{"type":"string","required":true},"id":{"type":"string","optional":true,"computed":true},"location":{"type":"string","computed":true},"mount_ip_addresses":{"type":["list","string"],"computed":true},"name":{"type":"string","required":true},"pool_name":{"type":"string","required":true},"protocols":{"type":["list","string"],"computed":true},"resource_group_name":{"type":"string","required":true},"service_level":{"type":"string","computed":true},"storage_quota_in_gb":{"type":"number","computed":true},"subnet_id":{"type":"string","computed":true},"volume_path":{"type":"string","computed":true}},"block_types":{"timeouts":{"nesting_mode":"single","block":{"attributes":{"read":{"type":"string","optional":true}}}}}}},"azurerm_network_ddos_protection_plan":{"version":0,"block":{"attributes":{"id":{"type":"string","optional":true,"computed":true},"location":{"type":"string","computed":true},"name":{"type":"string","required":true},"resource_group_name":{"type":"string","required":true},"tags":{"type":["map","string"],"optional":true},"virtual_network_ids":{"type":["list","string"],"computed":true}},"block_types":{"timeouts":{"nesting_mode":"single","block":{"attributes":{"read":{"type":"string","optional":true}}}}}}},"azurerm_network_interface":{"version":0,"block":{"attributes":{"applied_dns_servers":{"type":["set","string"],"computed":true},"dns_servers":{"type":["set","string"],"computed":true},"enable_accelerated_networking":{"type":"bool","computed":true},"enable_ip_forwarding":{"type":"bool","computed":true},"id":{"type":"string","optional":true,"computed":true},"internal_dns_name_label":{"type":"string","computed":true},"ip_configuration":{"type":["list",["object",{"application_gateway_backend_address_pools_ids":["set","string"],"application_security_group_ids":["set","string"],"load_balancer_backend_address_pools_ids":["set","string"],"load_balancer_inbound_nat_rules_ids":["set","string"],"name":"string","primary":"bool","private_ip_address":"string","private_ip_address_allocation":"string","private_ip_address_version":"string","public_ip_address_id":"string","subnet_id":"string"}]],"computed":true},"location":{"type":"string","computed":true},"mac_address":{"type":"string","computed":true},"name":{"type":"string","required":true},"network_security_group_id":{"type":"string","computed":true},"private_ip_address":{"type":"string","computed":true},"private_ip_addresses":{"type":["list","string"],"computed":true},"resource_group_name":{"type":"string","required":true},"tags":{"type":["map","string"],"computed":true},"virtual_machine_id":{"type":"string","computed":true}},"block_types":{"timeouts":{"nesting_mode":"single","block":{"attributes":{"read":{"type":"string","optional":true}}}}}}},"azurerm_network_security_group":{"version":0,"block":{"attributes":{"id":{"type":"string","optional":true,"computed":true},"location":{"type":"string","computed":true},"name":{"type":"string","required":true},"resource_group_name":{"type":"string","required":true},"security_rule":{"type":["list",["object",{"access":"string","description":"string","destination_address_prefix":"string","destination_address_prefixes":["set","string"],"destination_application_security_group_ids":["set","string"],"destination_port_range":"string","destination_port_ranges":["set","string"],"direction":"string","name":"string","priority":"number","protocol":"string","source_address_prefix":"string","source_address_prefixes":["set","string"],"source_application_security_group_ids":["set","string"],"source_port_range":"string","source_port_ranges":["set","string"]}]],"computed":true},"tags":{"type":["map","string"],"computed":true}},"block_types":{"timeouts":{"nesting_mode":"single","block":{"attributes":{"read":{"type":"string","optional":true}}}}}}},"azurerm_network_service_tags":{"version":0,"block":{"attributes":{"address_prefixes":{"type":["list","string"],"computed":true},"id":{"type":"string","optional":true,"computed":true},"location":{"type":"string","required":true},"location_filter":{"type":"string","optional":true},"service":{"type":"string","required":true}},"block_types":{"timeouts":{"nesting_mode":"single","block":{"attributes":{"read":{"type":"string","optional":true}}}}}}},"azurerm_network_watcher":{"version":0,"block":{"attributes":{"id":{"type":"string","optional":true,"computed":true},"location":{"type":"string","computed":true},"name":{"type":"string","required":true},"resource_group_name":{"type":"string","required":true},"tags":{"type":["map","string"],"computed":true}},"block_types":{"timeouts":{"nesting_mode":"single","block":{"attributes":{"read":{"type":"string","optional":true}}}}}}},"azurerm_notification_hub":{"version":0,"block":{"attributes":{"apns_credential":{"type":["list",["object",{"application_mode":"string","bundle_id":"string","key_id":"string","team_id":"string","token":"string"}]],"computed":true},"gcm_credential":{"type":["list",["object",{"api_key":"string"}]],"computed":true},"id":{"type":"string","optional":true,"computed":true},"location":{"type":"string","computed":true},"name":{"type":"string","required":true},"namespace_name":{"type":"string","required":true},"resource_group_name":{"type":"string","required":true},"tags":{"type":["map","string"],"computed":true}},"block_types":{"timeouts":{"nesting_mode":"single","block":{"attributes":{"read":{"type":"string","optional":true}}}}}}},"azurerm_notification_hub_namespace":{"version":0,"block":{"attributes":{"enabled":{"type":"bool","computed":true},"id":{"type":"string","optional":true,"computed":true},"location":{"type":"string","computed":true},"name":{"type":"string","required":true},"namespace_type":{"type":"string","computed":true},"resource_group_name":{"type":"string","required":true},"servicebus_endpoint":{"type":"string","computed":true},"sku":{"type":["list",["object",{"name":"string"}]],"computed":true},"tags":{"type":["map","string"],"computed":true}},"block_types":{"timeouts":{"nesting_mode":"single","block":{"attributes":{"read":{"type":"string","optional":true}}}}}}},"azurerm_platform_image":{"version":0,"block":{"attributes":{"id":{"type":"string","optional":true,"computed":true},"location":{"type":"string","required":true},"offer":{"type":"string","required":true},"publisher":{"type":"string","required":true},"sku":{"type":"string","required":true},"version":{"type":"string","optional":true,"computed":true}},"block_types":{"timeouts":{"nesting_mode":"single","block":{"attributes":{"read":{"type":"string","optional":true}}}}}}},"azurerm_policy_definition":{"version":0,"block":{"attributes":{"description":{"type":"string","computed":true},"display_name":{"type":"string","optional":true,"computed":true},"id":{"type":"string","optional":true,"computed":true},"management_group_id":{"type":"string","optional":true},"management_group_name":{"type":"string","optional":true},"metadata":{"type":"string","computed":true},"name":{"type":"string","optional":true,"computed":true},"parameters":{"type":"string","computed":true},"policy_rule":{"type":"string","computed":true},"policy_type":{"type":"string","computed":true},"type":{"type":"string","computed":true}},"block_types":{"timeouts":{"nesting_mode":"single","block":{"attributes":{"read":{"type":"string","optional":true}}}}}}},"azurerm_policy_set_definition":{"version":0,"block":{"attributes":{"description":{"type":"string","computed":true},"display_name":{"type":"string","optional":true,"computed":true},"id":{"type":"string","optional":true,"computed":true},"management_group_name":{"type":"string","optional":true},"metadata":{"type":"string","computed":true},"name":{"type":"string","optional":true,"computed":true},"parameters":{"type":"string","computed":true},"policy_definitions":{"type":"string","computed":true},"policy_type":{"type":"string","computed":true}},"block_types":{"timeouts":{"nesting_mode":"single","block":{"attributes":{"read":{"type":"string","optional":true}}}}}}},"azurerm_postgresql_server":{"version":0,"block":{"attributes":{"administrator_login":{"type":"string","computed":true},"fqdn":{"type":"string","computed":true},"id":{"type":"string","optional":true,"computed":true},"location":{"type":"string","computed":true},"name":{"type":"string","required":true},"resource_group_name":{"type":"string","required":true},"tags":{"type":["map","string"],"computed":true},"version":{"type":"string","computed":true}},"block_types":{"timeouts":{"nesting_mode":"single","block":{"attributes":{"read":{"type":"string","optional":true}}}}}}},"azurerm_private_dns_zone":{"version":0,"block":{"attributes":{"id":{"type":"string","optional":true,"computed":true},"max_number_of_record_sets":{"type":"number","computed":true},"max_number_of_virtual_network_links":{"type":"number","computed":true},"max_number_of_virtual_network_links_with_registration":{"type":"number","computed":true},"name":{"type":"string","required":true},"number_of_record_sets":{"type":"number","computed":true},"resource_group_name":{"type":"string","optional":true,"computed":true},"tags":{"type":["map","string"],"computed":true}},"block_types":{"timeouts":{"nesting_mode":"single","block":{"attributes":{"read":{"type":"string","optional":true}}}}}}},"azurerm_private_endpoint_connection":{"version":0,"block":{"attributes":{"id":{"type":"string","optional":true,"computed":true},"location":{"type":"string","computed":true},"name":{"type":"string","required":true},"private_service_connection":{"type":["list",["object",{"name":"string","private_ip_address":"string","request_response":"string","status":"string"}]],"computed":true},"resource_group_name":{"type":"string","required":true}},"block_types":{"timeouts":{"nesting_mode":"single","block":{"attributes":{"read":{"type":"string","optional":true}}}}}}},"azurerm_private_link_service":{"version":0,"block":{"attributes":{"alias":{"type":"string","computed":true},"auto_approval_subscription_ids":{"type":["list","string"],"computed":true},"enable_proxy_protocol":{"type":"bool","computed":true},"id":{"type":"string","optional":true,"computed":true},"load_balancer_frontend_ip_configuration_ids":{"type":["list","string"],"computed":true},"location":{"type":"string","computed":true},"name":{"type":"string","required":true},"nat_ip_configuration":{"type":["list",["object",{"name":"string","primary":"bool","private_ip_address":"string","private_ip_address_version":"string","subnet_id":"string"}]],"computed":true},"resource_group_name":{"type":"string","required":true},"tags":{"type":["map","string"],"computed":true},"visibility_subscription_ids":{"type":["list","string"],"computed":true}},"block_types":{"timeouts":{"nesting_mode":"single","block":{"attributes":{"read":{"type":"string","optional":true}}}}}}},"azurerm_private_link_service_endpoint_connections":{"version":0,"block":{"attributes":{"id":{"type":"string","optional":true,"computed":true},"location":{"type":"string","computed":true},"private_endpoint_connections":{"type":["list",["object",{"action_required":"string","connection_id":"string","connection_name":"string","description":"string","private_endpoint_id":"string","private_endpoint_name":"string","status":"string"}]],"computed":true},"resource_group_name":{"type":"string","required":true},"service_id":{"type":"string","required":true},"service_name":{"type":"string","computed":true}},"block_types":{"timeouts":{"nesting_mode":"single","block":{"attributes":{"read":{"type":"string","optional":true}}}}}}},"azurerm_proximity_placement_group":{"version":0,"block":{"attributes":{"id":{"type":"string","optional":true,"computed":true},"location":{"type":"string","computed":true},"name":{"type":"string","required":true},"resource_group_name":{"type":"string","required":true},"tags":{"type":["map","string"],"computed":true}},"block_types":{"timeouts":{"nesting_mode":"single","block":{"attributes":{"read":{"type":"string","optional":true}}}}}}},"azurerm_public_ip":{"version":0,"block":{"attributes":{"allocation_method":{"type":"string","computed":true},"domain_name_label":{"type":"string","computed":true},"fqdn":{"type":"string","computed":true},"id":{"type":"string","optional":true,"computed":true},"idle_timeout_in_minutes":{"type":"number","computed":true},"ip_address":{"type":"string","computed":true},"ip_version":{"type":"string","computed":true},"location":{"type":"string","computed":true},"name":{"type":"string","required":true},"resource_group_name":{"type":"string","required":true},"reverse_fqdn":{"type":"string","computed":true},"sku":{"type":"string","computed":true},"tags":{"type":["map","string"],"optional":true},"zones":{"type":["list","string"],"optional":true,"computed":true}},"block_types":{"timeouts":{"nesting_mode":"single","block":{"attributes":{"read":{"type":"string","optional":true}}}}}}},"azurerm_public_ip_prefix":{"version":0,"block":{"attributes":{"id":{"type":"string","optional":true,"computed":true},"ip_prefix":{"type":"string","computed":true},"location":{"type":"string","computed":true},"name":{"type":"string","required":true},"prefix_length":{"type":"number","computed":true},"resource_group_name":{"type":"string","required":true},"sku":{"type":"string","computed":true},"tags":{"type":["map","string"],"computed":true},"zones":{"type":["list","string"],"optional":true,"computed":true}},"block_types":{"timeouts":{"nesting_mode":"single","block":{"attributes":{"read":{"type":"string","optional":true}}}}}}},"azurerm_public_ips":{"version":0,"block":{"attributes":{"allocation_type":{"type":"string","optional":true},"attached":{"type":"bool","optional":true},"id":{"type":"string","optional":true,"computed":true},"name_prefix":{"type":"string","optional":true},"public_ips":{"type":["list",["object",{"domain_name_label":"string","fqdn":"string","id":"string","ip_address":"string","name":"string"}]],"computed":true},"resource_group_name":{"type":"string","required":true}},"block_types":{"timeouts":{"nesting_mode":"single","block":{"attributes":{"read":{"type":"string","optional":true}}}}}}},"azurerm_recovery_services_vault":{"version":0,"block":{"attributes":{"id":{"type":"string","optional":true,"computed":true},"location":{"type":"string","computed":true},"name":{"type":"string","required":true},"resource_group_name":{"type":"string","required":true},"sku":{"type":"string","computed":true},"tags":{"type":["map","string"],"computed":true}},"block_types":{"timeouts":{"nesting_mode":"single","block":{"attributes":{"read":{"type":"string","optional":true}}}}}}},"azurerm_redis_cache":{"version":0,"block":{"attributes":{"capacity":{"type":"number","computed":true},"enable_non_ssl_port":{"type":"bool","computed":true},"family":{"type":"string","computed":true},"hostname":{"type":"string","computed":true},"id":{"type":"string","optional":true,"computed":true},"location":{"type":"string","computed":true},"minimum_tls_version":{"type":"string","computed":true},"name":{"type":"string","required":true},"patch_schedule":{"type":["list",["object",{"day_of_week":"string","start_hour_utc":"number"}]],"computed":true},"port":{"type":"number","computed":true},"primary_access_key":{"type":"string","computed":true,"sensitive":true},"primary_connection_string":{"type":"string","computed":true,"sensitive":true},"private_static_ip_address":{"type":"string","computed":true},"redis_configuration":{"type":["list",["object",{"aof_backup_enabled":"bool","aof_storage_connection_string_0":"string","aof_storage_connection_string_1":"string","enable_authentication":"bool","maxclients":"number","maxfragmentationmemory_reserved":"number","maxmemory_delta":"number","maxmemory_policy":"string","maxmemory_reserved":"number","notify_keyspace_events":"string","rdb_backup_enabled":"bool","rdb_backup_frequency":"number","rdb_backup_max_snapshot_count":"number","rdb_storage_connection_string":"string"}]],"computed":true},"resource_group_name":{"type":"string","required":true},"secondary_access_key":{"type":"string","computed":true,"sensitive":true},"secondary_connection_string":{"type":"string","computed":true,"sensitive":true},"shard_count":{"type":"number","computed":true},"sku_name":{"type":"string","computed":true},"ssl_port":{"type":"number","computed":true},"subnet_id":{"type":"string","computed":true},"tags":{"type":["map","string"],"computed":true},"zones":{"type":["list","string"],"optional":true,"computed":true}},"block_types":{"timeouts":{"nesting_mode":"single","block":{"attributes":{"read":{"type":"string","optional":true}}}}}}},"azurerm_resource_group":{"version":0,"block":{"attributes":{"id":{"type":"string","optional":true,"computed":true},"location":{"type":"string","computed":true},"name":{"type":"string","required":true},"tags":{"type":["map","string"],"computed":true}},"block_types":{"timeouts":{"nesting_mode":"single","block":{"attributes":{"read":{"type":"string","optional":true}}}}}}},"azurerm_resources":{"version":0,"block":{"attributes":{"id":{"type":"string","optional":true,"computed":true},"name":{"type":"string","optional":true,"computed":true},"required_tags":{"type":["map","string"],"optional":true},"resource_group_name":{"type":"string","optional":true,"computed":true},"resources":{"type":["list",["object",{"id":"string","location":"string","name":"string","tags":["map","string"],"type":"string"}]],"computed":true},"type":{"type":"string","optional":true,"computed":true}},"block_types":{"timeouts":{"nesting_mode":"single","block":{"attributes":{"read":{"type":"string","optional":true}}}}}}},"azurerm_role_definition":{"version":0,"block":{"attributes":{"assignable_scopes":{"type":["list","string"],"computed":true},"description":{"type":"string","computed":true},"id":{"type":"string","optional":true,"computed":true},"name":{"type":"string","optional":true,"computed":true},"permissions":{"type":["list",["object",{"actions":["list","string"],"data_actions":["set","string"],"not_actions":["list","string"],"not_data_actions":["set","string"]}]],"computed":true},"role_definition_id":{"type":"string","optional":true,"computed":true},"scope":{"type":"string","optional":true},"type":{"type":"string","computed":true}},"block_types":{"timeouts":{"nesting_mode":"single","block":{"attributes":{"read":{"type":"string","optional":true}}}}}}},"azurerm_route_table":{"version":0,"block":{"attributes":{"id":{"type":"string","optional":true,"computed":true},"location":{"type":"string","computed":true},"name":{"type":"string","required":true},"resource_group_name":{"type":"string","required":true},"route":{"type":["list",["object",{"address_prefix":"string","name":"string","next_hop_in_ip_address":"string","next_hop_type":"string"}]],"computed":true},"subnets":{"type":["set","string"],"computed":true},"tags":{"type":["map","string"],"computed":true}},"block_types":{"timeouts":{"nesting_mode":"single","block":{"attributes":{"read":{"type":"string","optional":true}}}}}}},"azurerm_sentinel_alert_rule":{"version":0,"block":{"attributes":{"id":{"type":"string","optional":true,"computed":true},"log_analytics_workspace_id":{"type":"string","required":true},"name":{"type":"string","required":true}},"block_types":{"timeouts":{"nesting_mode":"single","block":{"attributes":{"read":{"type":"string","optional":true}}}}}}},"azurerm_servicebus_namespace":{"version":1,"block":{"attributes":{"capacity":{"type":"number","computed":true},"default_primary_connection_string":{"type":"string","computed":true,"sensitive":true},"default_primary_key":{"type":"string","computed":true,"sensitive":true},"default_secondary_connection_string":{"type":"string","computed":true,"sensitive":true},"default_secondary_key":{"type":"string","computed":true,"sensitive":true},"id":{"type":"string","optional":true,"computed":true},"location":{"type":"string","computed":true},"name":{"type":"string","required":true},"resource_group_name":{"type":"string","required":true},"sku":{"type":"string","computed":true},"tags":{"type":["map","string"],"computed":true},"zone_redundant":{"type":"bool","computed":true}},"block_types":{"timeouts":{"nesting_mode":"single","block":{"attributes":{"read":{"type":"string","optional":true}}}}}}},"azurerm_servicebus_namespace_authorization_rule":{"version":0,"block":{"attributes":{"id":{"type":"string","optional":true,"computed":true},"name":{"type":"string","required":true},"namespace_name":{"type":"string","required":true},"primary_connection_string":{"type":"string","computed":true,"sensitive":true},"primary_key":{"type":"string","computed":true,"sensitive":true},"resource_group_name":{"type":"string","required":true},"secondary_connection_string":{"type":"string","computed":true,"sensitive":true},"secondary_key":{"type":"string","computed":true,"sensitive":true}},"block_types":{"timeouts":{"nesting_mode":"single","block":{"attributes":{"read":{"type":"string","optional":true}}}}}}},"azurerm_servicebus_topic_authorization_rule":{"version":0,"block":{"attributes":{"id":{"type":"string","optional":true,"computed":true},"listen":{"type":"bool","computed":true},"manage":{"type":"bool","computed":true},"name":{"type":"string","required":true},"namespace_name":{"type":"string","required":true},"primary_connection_string":{"type":"string","computed":true,"sensitive":true},"primary_key":{"type":"string","computed":true,"sensitive":true},"resource_group_name":{"type":"string","required":true},"secondary_connection_string":{"type":"string","computed":true,"sensitive":true},"secondary_key":{"type":"string","computed":true,"sensitive":true},"send":{"type":"bool","computed":true},"topic_name":{"type":"string","required":true}},"block_types":{"timeouts":{"nesting_mode":"single","block":{"attributes":{"read":{"type":"string","optional":true}}}}}}},"azurerm_shared_image":{"version":0,"block":{"attributes":{"description":{"type":"string","computed":true},"eula":{"type":"string","computed":true},"gallery_name":{"type":"string","required":true},"hyper_v_generation":{"type":"string","computed":true},"id":{"type":"string","optional":true,"computed":true},"identifier":{"type":["list",["object",{"offer":"string","publisher":"string","sku":"string"}]],"computed":true},"location":{"type":"string","computed":true},"name":{"type":"string","required":true},"os_type":{"type":"string","computed":true},"privacy_statement_uri":{"type":"string","computed":true},"release_note_uri":{"type":"string","computed":true},"resource_group_name":{"type":"string","required":true},"tags":{"type":["map","string"],"computed":true}},"block_types":{"timeouts":{"nesting_mode":"single","block":{"attributes":{"read":{"type":"string","optional":true}}}}}}},"azurerm_shared_image_gallery":{"version":0,"block":{"attributes":{"description":{"type":"string","computed":true},"id":{"type":"string","optional":true,"computed":true},"location":{"type":"string","computed":true},"name":{"type":"string","required":true},"resource_group_name":{"type":"string","required":true},"tags":{"type":["map","string"],"computed":true},"unique_name":{"type":"string","computed":true}},"block_types":{"timeouts":{"nesting_mode":"single","block":{"attributes":{"read":{"type":"string","optional":true}}}}}}},"azurerm_shared_image_version":{"version":0,"block":{"attributes":{"exclude_from_latest":{"type":"bool","computed":true},"gallery_name":{"type":"string","required":true},"id":{"type":"string","optional":true,"computed":true},"image_name":{"type":"string","required":true},"location":{"type":"string","computed":true},"managed_image_id":{"type":"string","computed":true},"name":{"type":"string","required":true},"resource_group_name":{"type":"string","required":true},"tags":{"type":["map","string"],"computed":true},"target_region":{"type":["list",["object",{"name":"string","regional_replica_count":"number","storage_account_type":"string"}]],"computed":true}},"block_types":{"timeouts":{"nesting_mode":"single","block":{"attributes":{"read":{"type":"string","optional":true}}}}}}},"azurerm_shared_image_versions":{"version":0,"block":{"attributes":{"gallery_name":{"type":"string","required":true},"id":{"type":"string","optional":true,"computed":true},"image_name":{"type":"string","required":true},"images":{"type":["list",["object",{"exclude_from_latest":"bool","location":"string","managed_image_id":"string","name":"string","tags":["map","string"],"target_region":["list",["object",{"name":"string","regional_replica_count":"number","storage_account_type":"string"}]]}]],"computed":true},"resource_group_name":{"type":"string","required":true},"tags_filter":{"type":["map","string"],"optional":true}},"block_types":{"timeouts":{"nesting_mode":"single","block":{"attributes":{"read":{"type":"string","optional":true}}}}}}},"azurerm_signalr_service":{"version":0,"block":{"attributes":{"hostname":{"type":"string","computed":true},"id":{"type":"string","optional":true,"computed":true},"ip_address":{"type":"string","computed":true},"location":{"type":"string","computed":true},"name":{"type":"string","required":true},"primary_access_key":{"type":"string","computed":true,"sensitive":true},"primary_connection_string":{"type":"string","computed":true,"sensitive":true},"public_port":{"type":"number","computed":true},"resource_group_name":{"type":"string","required":true},"secondary_access_key":{"type":"string","computed":true,"sensitive":true},"secondary_connection_string":{"type":"string","computed":true,"sensitive":true},"server_port":{"type":"number","computed":true},"tags":{"type":["map","string"],"computed":true}},"block_types":{"timeouts":{"nesting_mode":"single","block":{"attributes":{"read":{"type":"string","optional":true}}}}}}},"azurerm_snapshot":{"version":0,"block":{"attributes":{"creation_option":{"type":"string","computed":true},"disk_size_gb":{"type":"number","computed":true},"encryption_settings":{"type":["list",["object",{"disk_encryption_key":["list",["object",{"secret_url":"string","source_vault_id":"string"}]],"enabled":"bool","key_encryption_key":["list",["object",{"key_url":"string","source_vault_id":"string"}]]}]],"computed":true},"id":{"type":"string","optional":true,"computed":true},"name":{"type":"string","required":true},"os_type":{"type":"string","computed":true},"resource_group_name":{"type":"string","required":true},"source_resource_id":{"type":"string","computed":true},"source_uri":{"type":"string","computed":true},"storage_account_id":{"type":"string","computed":true},"time_created":{"type":"string","computed":true}},"block_types":{"timeouts":{"nesting_mode":"single","block":{"attributes":{"read":{"type":"string","optional":true}}}}}}},"azurerm_spring_cloud_service":{"version":0,"block":{"attributes":{"config_server_git_setting":{"type":["list",["object",{"http_basic_auth":["list",["object",{"password":"string","username":"string"}]],"label":"string","repository":["list",["object",{"http_basic_auth":["list",["object",{"password":"string","username":"string"}]],"label":"string","name":"string","pattern":["list","string"],"search_paths":["list","string"],"ssh_auth":["list",["object",{"host_key":"string","host_key_algorithm":"string","private_key":"string","strict_host_key_checking_enabled":"bool"}]],"uri":"string"}]],"search_paths":["list","string"],"ssh_auth":["list",["object",{"host_key":"string","host_key_algorithm":"string","private_key":"string","strict_host_key_checking_enabled":"bool"}]],"uri":"string"}]],"computed":true},"id":{"type":"string","optional":true,"computed":true},"location":{"type":"string","computed":true},"name":{"type":"string","required":true},"resource_group_name":{"type":"string","required":true},"tags":{"type":["map","string"],"computed":true}},"block_types":{"timeouts":{"nesting_mode":"single","block":{"attributes":{"read":{"type":"string","optional":true}}}}}}},"azurerm_sql_database":{"version":0,"block":{"attributes":{"collation":{"type":"string","computed":true},"default_secondary_location":{"type":"string","computed":true},"edition":{"type":"string","computed":true},"elastic_pool_name":{"type":"string","computed":true},"failover_group_id":{"type":"string","computed":true},"id":{"type":"string","optional":true,"computed":true},"location":{"type":"string","computed":true},"name":{"type":"string","required":true},"read_scale":{"type":"bool","computed":true},"resource_group_name":{"type":"string","required":true},"server_name":{"type":"string","required":true},"tags":{"type":["map","string"],"optional":true}},"block_types":{"timeouts":{"nesting_mode":"single","block":{"attributes":{"read":{"type":"string","optional":true}}}}}}},"azurerm_sql_server":{"version":0,"block":{"attributes":{"administrator_login":{"type":"string","computed":true},"fqdn":{"type":"string","computed":true},"id":{"type":"string","optional":true,"computed":true},"identity":{"type":["list",["object",{"principal_id":"string","tenant_id":"string","type":"string"}]],"computed":true},"location":{"type":"string","computed":true},"name":{"type":"string","required":true},"resource_group_name":{"type":"string","required":true},"tags":{"type":["map","string"],"computed":true},"version":{"type":"string","computed":true}},"block_types":{"timeouts":{"nesting_mode":"single","block":{"attributes":{"read":{"type":"string","optional":true}}}}}}},"azurerm_storage_account":{"version":2,"block":{"attributes":{"access_tier":{"type":"string","computed":true},"account_kind":{"type":"string","computed":true},"account_replication_type":{"type":"string","computed":true},"account_tier":{"type":"string","computed":true},"custom_domain":{"type":["list",["object",{"name":"string"}]],"computed":true},"enable_https_traffic_only":{"type":"bool","computed":true},"id":{"type":"string","optional":true,"computed":true},"is_hns_enabled":{"type":"bool","computed":true},"location":{"type":"string","computed":true},"name":{"type":"string","required":true},"primary_access_key":{"type":"string","computed":true,"sensitive":true},"primary_blob_connection_string":{"type":"string","computed":true,"sensitive":true},"primary_blob_endpoint":{"type":"string","computed":true},"primary_blob_host":{"type":"string","computed":true},"primary_connection_string":{"type":"string","computed":true,"sensitive":true},"primary_dfs_endpoint":{"type":"string","computed":true},"primary_dfs_host":{"type":"string","computed":true},"primary_file_endpoint":{"type":"string","computed":true},"primary_file_host":{"type":"string","computed":true},"primary_location":{"type":"string","computed":true},"primary_queue_endpoint":{"type":"string","computed":true},"primary_queue_host":{"type":"string","computed":true},"primary_table_endpoint":{"type":"string","computed":true},"primary_table_host":{"type":"string","computed":true},"primary_web_endpoint":{"type":"string","computed":true},"primary_web_host":{"type":"string","computed":true},"resource_group_name":{"type":"string","required":true},"secondary_access_key":{"type":"string","computed":true,"sensitive":true},"secondary_blob_connection_string":{"type":"string","computed":true,"sensitive":true},"secondary_blob_endpoint":{"type":"string","computed":true},"secondary_blob_host":{"type":"string","computed":true},"secondary_connection_string":{"type":"string","computed":true,"sensitive":true},"secondary_dfs_endpoint":{"type":"string","computed":true},"secondary_dfs_host":{"type":"string","computed":true},"secondary_file_endpoint":{"type":"string","computed":true},"secondary_file_host":{"type":"string","computed":true},"secondary_location":{"type":"string","computed":true},"secondary_queue_endpoint":{"type":"string","computed":true},"secondary_queue_host":{"type":"string","computed":true},"secondary_table_endpoint":{"type":"string","computed":true},"secondary_table_host":{"type":"string","computed":true},"secondary_web_endpoint":{"type":"string","computed":true},"secondary_web_host":{"type":"string","computed":true},"tags":{"type":["map","string"],"computed":true}},"block_types":{"timeouts":{"nesting_mode":"single","block":{"attributes":{"read":{"type":"string","optional":true}}}}}}},"azurerm_storage_account_blob_container_sas":{"version":0,"block":{"attributes":{"cache_control":{"type":"string","optional":true},"connection_string":{"type":"string","required":true,"sensitive":true},"container_name":{"type":"string","required":true},"content_disposition":{"type":"string","optional":true},"content_encoding":{"type":"string","optional":true},"content_language":{"type":"string","optional":true},"content_type":{"type":"string","optional":true},"expiry":{"type":"string","required":true},"https_only":{"type":"bool","optional":true},"id":{"type":"string","optional":true,"computed":true},"ip_address":{"type":"string","optional":true},"sas":{"type":"string","computed":true,"sensitive":true},"start":{"type":"string","required":true}},"block_types":{"permissions":{"nesting_mode":"list","block":{"attributes":{"add":{"type":"bool","required":true},"create":{"type":"bool","required":true},"delete":{"type":"bool","required":true},"list":{"type":"bool","required":true},"read":{"type":"bool","required":true},"write":{"type":"bool","required":true}}},"min_items":1,"max_items":1},"timeouts":{"nesting_mode":"single","block":{"attributes":{"read":{"type":"string","optional":true}}}}}}},"azurerm_storage_account_sas":{"version":0,"block":{"attributes":{"connection_string":{"type":"string","required":true,"sensitive":true},"expiry":{"type":"string","required":true},"https_only":{"type":"bool","optional":true},"id":{"type":"string","optional":true,"computed":true},"sas":{"type":"string","computed":true,"sensitive":true},"start":{"type":"string","required":true}},"block_types":{"permissions":{"nesting_mode":"list","block":{"attributes":{"add":{"type":"bool","required":true},"create":{"type":"bool","required":true},"delete":{"type":"bool","required":true},"list":{"type":"bool","required":true},"process":{"type":"bool","required":true},"read":{"type":"bool","required":true},"update":{"type":"bool","required":true},"write":{"type":"bool","required":true}}},"min_items":1,"max_items":1},"resource_types":{"nesting_mode":"list","block":{"attributes":{"container":{"type":"bool","required":true},"object":{"type":"bool","required":true},"service":{"type":"bool","required":true}}},"min_items":1,"max_items":1},"services":{"nesting_mode":"list","block":{"attributes":{"blob":{"type":"bool","required":true},"file":{"type":"bool","required":true},"queue":{"type":"bool","required":true},"table":{"type":"bool","required":true}}},"min_items":1,"max_items":1},"timeouts":{"nesting_mode":"single","block":{"attributes":{"read":{"type":"string","optional":true}}}}}}},"azurerm_storage_container":{"version":1,"block":{"attributes":{"container_access_type":{"type":"string","computed":true},"has_immutability_policy":{"type":"bool","computed":true},"has_legal_hold":{"type":"bool","computed":true},"id":{"type":"string","optional":true,"computed":true},"metadata":{"type":["map","string"],"optional":true,"computed":true},"name":{"type":"string","required":true},"resource_manager_id":{"type":"string","computed":true},"storage_account_name":{"type":"string","required":true}},"block_types":{"timeouts":{"nesting_mode":"single","block":{"attributes":{"read":{"type":"string","optional":true}}}}}}},"azurerm_storage_management_policy":{"version":0,"block":{"attributes":{"id":{"type":"string","optional":true,"computed":true},"rule":{"type":["list",["object",{"actions":["list",["object",{"base_blob":["list",["object",{"delete_after_days_since_modification_greater_than":"number","tier_to_archive_after_days_since_modification_greater_than":"number","tier_to_cool_after_days_since_modification_greater_than":"number"}]],"snapshot":["list",["object",{"delete_after_days_since_creation_greater_than":"number"}]]}]],"enabled":"bool","filters":["list",["object",{"blob_types":["set","string"],"prefix_match":["set","string"]}]],"name":"string"}]],"computed":true},"storage_account_id":{"type":"string","required":true}},"block_types":{"timeouts":{"nesting_mode":"single","block":{"attributes":{"read":{"type":"string","optional":true}}}}}}},"azurerm_stream_analytics_job":{"version":0,"block":{"attributes":{"compatibility_level":{"type":"string","computed":true},"data_locale":{"type":"string","computed":true},"events_late_arrival_max_delay_in_seconds":{"type":"number","computed":true},"events_out_of_order_max_delay_in_seconds":{"type":"number","computed":true},"events_out_of_order_policy":{"type":"string","computed":true},"id":{"type":"string","optional":true,"computed":true},"job_id":{"type":"string","computed":true},"location":{"type":"string","computed":true},"name":{"type":"string","required":true},"output_error_policy":{"type":"string","computed":true},"resource_group_name":{"type":"string","required":true},"streaming_units":{"type":"number","computed":true},"transformation_query":{"type":"string","computed":true}},"block_types":{"timeouts":{"nesting_mode":"single","block":{"attributes":{"read":{"type":"string","optional":true}}}}}}},"azurerm_subnet":{"version":0,"block":{"attributes":{"address_prefix":{"type":"string","computed":true},"address_prefixes":{"type":["list","string"],"computed":true},"enforce_private_link_endpoint_network_policies":{"type":"bool","computed":true},"enforce_private_link_service_network_policies":{"type":"bool","computed":true},"id":{"type":"string","optional":true,"computed":true},"name":{"type":"string","required":true},"network_security_group_id":{"type":"string","computed":true},"resource_group_name":{"type":"string","required":true},"route_table_id":{"type":"string","computed":true},"service_endpoints":{"type":["list","string"],"computed":true},"virtual_network_name":{"type":"string","required":true}},"block_types":{"timeouts":{"nesting_mode":"single","block":{"attributes":{"read":{"type":"string","optional":true}}}}}}},"azurerm_subscription":{"version":0,"block":{"attributes":{"display_name":{"type":"string","computed":true},"id":{"type":"string","optional":true,"computed":true},"location_placement_id":{"type":"string","computed":true},"quota_id":{"type":"string","computed":true},"spending_limit":{"type":"string","computed":true},"state":{"type":"string","computed":true},"subscription_id":{"type":"string","optional":true,"computed":true},"tenant_id":{"type":"string","computed":true}},"block_types":{"timeouts":{"nesting_mode":"single","block":{"attributes":{"read":{"type":"string","optional":true}}}}}}},"azurerm_subscriptions":{"version":0,"block":{"attributes":{"display_name_contains":{"type":"string","optional":true},"display_name_prefix":{"type":"string","optional":true},"id":{"type":"string","optional":true,"computed":true},"subscriptions":{"type":["list",["object",{"display_name":"string","location_placement_id":"string","quota_id":"string","spending_limit":"string","state":"string","subscription_id":"string","tenant_id":"string"}]],"computed":true}},"block_types":{"timeouts":{"nesting_mode":"single","block":{"attributes":{"read":{"type":"string","optional":true}}}}}}},"azurerm_traffic_manager_geographical_location":{"version":0,"block":{"attributes":{"id":{"type":"string","optional":true,"computed":true},"name":{"type":"string","required":true}},"block_types":{"timeouts":{"nesting_mode":"single","block":{"attributes":{"read":{"type":"string","optional":true}}}}}}},"azurerm_user_assigned_identity":{"version":0,"block":{"attributes":{"client_id":{"type":"string","computed":true},"id":{"type":"string","optional":true,"computed":true},"location":{"type":"string","computed":true},"name":{"type":"string","required":true},"principal_id":{"type":"string","computed":true},"resource_group_name":{"type":"string","required":true},"tags":{"type":["map","string"],"computed":true}},"block_types":{"timeouts":{"nesting_mode":"single","block":{"attributes":{"read":{"type":"string","optional":true}}}}}}},"azurerm_virtual_hub":{"version":0,"block":{"attributes":{"address_prefix":{"type":"string","computed":true},"id":{"type":"string","optional":true,"computed":true},"location":{"type":"string","computed":true},"name":{"type":"string","required":true},"resource_group_name":{"type":"string","required":true},"tags":{"type":["map","string"],"computed":true},"virtual_wan_id":{"type":"string","computed":true}},"block_types":{"timeouts":{"nesting_mode":"single","block":{"attributes":{"read":{"type":"string","optional":true}}}}}}},"azurerm_virtual_machine":{"version":0,"block":{"attributes":{"id":{"type":"string","optional":true,"computed":true},"identity":{"type":["list",["object",{"identity_ids":["list","string"],"principal_id":"string","tenant_id":"string","type":"string"}]],"computed":true},"location":{"type":"string","computed":true},"name":{"type":"string","required":true},"resource_group_name":{"type":"string","required":true}},"block_types":{"timeouts":{"nesting_mode":"single","block":{"attributes":{"read":{"type":"string","optional":true}}}}}}},"azurerm_virtual_machine_scale_set":{"version":1,"block":{"attributes":{"id":{"type":"string","optional":true,"computed":true},"identity":{"type":["list",["object",{"identity_ids":["list","string"],"principal_id":"string","type":"string"}]],"computed":true},"location":{"type":"string","computed":true},"name":{"type":"string","required":true},"resource_group_name":{"type":"string","required":true}},"block_types":{"timeouts":{"nesting_mode":"single","block":{"attributes":{"read":{"type":"string","optional":true}}}}}}},"azurerm_virtual_network":{"version":0,"block":{"attributes":{"address_space":{"type":["list","string"],"computed":true},"dns_servers":{"type":["list","string"],"computed":true},"guid":{"type":"string","computed":true},"id":{"type":"string","optional":true,"computed":true},"location":{"type":"string","computed":true},"name":{"type":"string","required":true},"resource_group_name":{"type":"string","required":true},"subnets":{"type":["list","string"],"computed":true},"vnet_peerings":{"type":["map","string"],"computed":true}},"block_types":{"timeouts":{"nesting_mode":"single","block":{"attributes":{"read":{"type":"string","optional":true}}}}}}},"azurerm_virtual_network_gateway":{"version":0,"block":{"attributes":{"active_active":{"type":"bool","computed":true},"bgp_settings":{"type":["list",["object",{"asn":"number","peer_weight":"number","peering_address":"string"}]],"computed":true},"default_local_network_gateway_id":{"type":"string","computed":true},"enable_bgp":{"type":"bool","computed":true},"generation":{"type":"string","computed":true},"id":{"type":"string","optional":true,"computed":true},"ip_configuration":{"type":["list",["object",{"name":"string","private_ip_address_allocation":"string","public_ip_address_id":"string","subnet_id":"string"}]],"computed":true},"location":{"type":"string","computed":true},"name":{"type":"string","required":true},"resource_group_name":{"type":"string","required":true},"sku":{"type":"string","computed":true},"tags":{"type":["map","string"],"computed":true},"type":{"type":"string","computed":true},"vpn_client_configuration":{"type":["list",["object",{"address_space":["list","string"],"radius_server_address":"string","radius_server_secret":"string","revoked_certificate":["list",["object",{"name":"string","thumbprint":"string"}]],"root_certificate":["list",["object",{"name":"string","public_cert_data":"string"}]],"vpn_client_protocols":["set","string"]}]],"computed":true},"vpn_type":{"type":"string","computed":true}},"block_types":{"timeouts":{"nesting_mode":"single","block":{"attributes":{"read":{"type":"string","optional":true}}}}}}},"azurerm_virtual_network_gateway_connection":{"version":0,"block":{"attributes":{"authorization_key":{"type":"string","computed":true},"connection_protocol":{"type":"string","computed":true},"egress_bytes_transferred":{"type":"number","computed":true},"enable_bgp":{"type":"bool","computed":true},"express_route_circuit_id":{"type":"string","computed":true},"express_route_gateway_bypass":{"type":"bool","computed":true},"id":{"type":"string","optional":true,"computed":true},"ingress_bytes_transferred":{"type":"number","computed":true},"ipsec_policy":{"type":["list",["object",{"dh_group":"string","ike_encryption":"string","ike_integrity":"string","ipsec_encryption":"string","ipsec_integrity":"string","pfs_group":"string","sa_datasize":"number","sa_lifetime":"number"}]],"computed":true},"local_network_gateway_id":{"type":"string","computed":true},"location":{"type":"string","computed":true},"name":{"type":"string","required":true},"peer_virtual_network_gateway_id":{"type":"string","computed":true},"resource_group_name":{"type":"string","required":true},"resource_guid":{"type":"string","computed":true},"routing_weight":{"type":"number","computed":true},"shared_key":{"type":"string","computed":true},"tags":{"type":["map","string"],"computed":true},"type":{"type":"string","computed":true},"use_policy_based_traffic_selectors":{"type":"bool","computed":true},"virtual_network_gateway_id":{"type":"string","computed":true}},"block_types":{"timeouts":{"nesting_mode":"single","block":{"attributes":{"read":{"type":"string","optional":true}}}}}}}}}}}
